[0m[1mdata.aws_caller_identity.current: Reading...[0m[0m
[0m[1mmodule.eks.module.kms.data.aws_caller_identity.current[0]: Reading...[0m[0m
[0m[1mmodule.eks.data.aws_caller_identity.current: Reading...[0m[0m
[0m[1mdata.aws_availability_zones.available: Reading...[0m[0m
[0m[1mmodule.eks.data.aws_partition.current: Reading...[0m[0m
[0m[1mdata.aws_region.current: Reading...[0m[0m
[0m[1mmodule.eks.data.aws_partition.current: Read complete after 0s [id=aws][0m
[0m[1mdata.aws_region.current: Read complete after 0s [id=us-west-2][0m
[0m[1mmodule.eks.module.kms.data.aws_partition.current[0]: Reading...[0m[0m
[0m[1mmodule.eks.module.kms.data.aws_partition.current[0]: Read complete after 0s [id=aws][0m
[0m[1mmodule.eks.data.aws_iam_policy_document.assume_role_policy[0]: Reading...[0m[0m
[0m[1mmodule.eks.data.aws_iam_policy_document.assume_role_policy[0]: Read complete after 0s [id=2764486067][0m
[0m[1mmodule.eks.module.kms.data.aws_caller_identity.current[0]: Read complete after 1s [id=343218179954][0m
[0m[1mdata.aws_caller_identity.current: Read complete after 1s [id=343218179954][0m
[0m[1mmodule.eks.data.aws_caller_identity.current: Read complete after 1s [id=343218179954][0m
[0m[1mmodule.eks.data.aws_iam_session_context.current: Reading...[0m[0m
[0m[1mmodule.eks.data.aws_iam_session_context.current: Read complete after 0s [id=arn:aws:iam::343218179954:user/streampipeline][0m
[0m[1mdata.aws_availability_zones.available: Read complete after 2s [id=us-west-2][0m
[0m[1mmodule.eks.module.eks_managed_node_group["tablet_server"].data.aws_caller_identity.current: Reading...[0m[0m
[0m[1mmodule.eks.module.eks_managed_node_group["coordinator"].data.aws_caller_identity.current: Reading...[0m[0m
[0m[1mmodule.eks.module.eks_managed_node_group["coordinator"].data.aws_partition.current: Reading...[0m[0m
[0m[1mmodule.eks.module.eks_managed_node_group["tablet_server"].data.aws_partition.current: Reading...[0m[0m
[0m[1mmodule.eks.module.eks_managed_node_group["coordinator"].data.aws_partition.current: Read complete after 0s [id=aws][0m
[0m[1mmodule.eks.module.eks_managed_node_group["tablet_server"].data.aws_partition.current: Read complete after 0s [id=aws][0m
[0m[1mmodule.eks.module.eks_managed_node_group["tablet_server"].data.aws_iam_policy_document.assume_role_policy[0]: Reading...[0m[0m
[0m[1mmodule.eks.module.eks_managed_node_group["coordinator"].data.aws_iam_policy_document.assume_role_policy[0]: Reading...[0m[0m
[0m[1mmodule.eks.module.eks_managed_node_group["tablet_server"].data.aws_iam_policy_document.assume_role_policy[0]: Read complete after 0s [id=2560088296][0m
[0m[1mmodule.eks.module.eks_managed_node_group["coordinator"].data.aws_iam_policy_document.assume_role_policy[0]: Read complete after 0s [id=2560088296][0m
[0m[1mmodule.eks.module.eks_managed_node_group["coordinator"].data.aws_caller_identity.current: Read complete after 0s [id=343218179954][0m
[0m[1mmodule.eks.module.eks_managed_node_group["tablet_server"].data.aws_caller_identity.current: Read complete after 0s [id=343218179954][0m

Terraform used the selected providers to generate the following execution
plan. Resource actions are indicated with the following symbols:
  [32m+[0m create[0m
 [36m<=[0m read (data resources)[0m

Terraform will perform the following actions:

[1m  # aws_ecr_lifecycle_policy.demo_app[0m will be created
[0m  [32m+[0m[0m resource "aws_ecr_lifecycle_policy" "demo_app" {
      [32m+[0m[0m id          = (known after apply)
      [32m+[0m[0m policy      = jsonencode(
            {
              [32m+[0m[0m rules = [
                  [32m+[0m[0m {
                      [32m+[0m[0m action       = {
                          [32m+[0m[0m type = "expire"
                        }
                      [32m+[0m[0m description  = "Keep last 10 images"
                      [32m+[0m[0m rulePriority = 1
                      [32m+[0m[0m selection    = {
                          [32m+[0m[0m countNumber = 10
                          [32m+[0m[0m countType   = "imageCountMoreThan"
                          [32m+[0m[0m tagStatus   = "any"
                        }
                    },
                ]
            }
        )
      [32m+[0m[0m registry_id = (known after apply)
      [32m+[0m[0m repository  = "fluss-demo"
    }

[1m  # aws_ecr_lifecycle_policy.fluss[0m will be created
[0m  [32m+[0m[0m resource "aws_ecr_lifecycle_policy" "fluss" {
      [32m+[0m[0m id          = (known after apply)
      [32m+[0m[0m policy      = jsonencode(
            {
              [32m+[0m[0m rules = [
                  [32m+[0m[0m {
                      [32m+[0m[0m action       = {
                          [32m+[0m[0m type = "expire"
                        }
                      [32m+[0m[0m description  = "Keep last 5 images"
                      [32m+[0m[0m rulePriority = 1
                      [32m+[0m[0m selection    = {
                          [32m+[0m[0m countNumber = 5
                          [32m+[0m[0m countType   = "imageCountMoreThan"
                          [32m+[0m[0m tagStatus   = "any"
                        }
                    },
                ]
            }
        )
      [32m+[0m[0m registry_id = (known after apply)
      [32m+[0m[0m repository  = "fluss"
    }

[1m  # aws_ecr_repository.demo_app[0m will be created
[0m  [32m+[0m[0m resource "aws_ecr_repository" "demo_app" {
      [32m+[0m[0m arn                  = (known after apply)
      [32m+[0m[0m force_delete         = true
      [32m+[0m[0m id                   = (known after apply)
      [32m+[0m[0m image_tag_mutability = "MUTABLE"
      [32m+[0m[0m name                 = "fluss-demo"
      [32m+[0m[0m registry_id          = (known after apply)
      [32m+[0m[0m repository_url       = (known after apply)
      [32m+[0m[0m tags                 = {
          [32m+[0m[0m "Environment" = "dev"
          [32m+[0m[0m "Name"        = "fluss-demo"
        }
      [32m+[0m[0m tags_all             = {
          [32m+[0m[0m "Environment" = "dev"
          [32m+[0m[0m "ManagedBy"   = "terraform"
          [32m+[0m[0m "Name"        = "fluss-demo"
          [32m+[0m[0m "Project"     = "fluss-deployment"
        }

      [32m+[0m[0m encryption_configuration {
          [32m+[0m[0m encryption_type = "AES256"
          [32m+[0m[0m kms_key         = (known after apply)
        }

      [32m+[0m[0m image_scanning_configuration {
          [32m+[0m[0m scan_on_push = true
        }
    }

[1m  # aws_ecr_repository.fluss[0m will be created
[0m  [32m+[0m[0m resource "aws_ecr_repository" "fluss" {
      [32m+[0m[0m arn                  = (known after apply)
      [32m+[0m[0m force_delete         = true
      [32m+[0m[0m id                   = (known after apply)
      [32m+[0m[0m image_tag_mutability = "MUTABLE"
      [32m+[0m[0m name                 = "fluss"
      [32m+[0m[0m registry_id          = (known after apply)
      [32m+[0m[0m repository_url       = (known after apply)
      [32m+[0m[0m tags                 = {
          [32m+[0m[0m "Environment" = "dev"
          [32m+[0m[0m "Name"        = "fluss"
        }
      [32m+[0m[0m tags_all             = {
          [32m+[0m[0m "Environment" = "dev"
          [32m+[0m[0m "ManagedBy"   = "terraform"
          [32m+[0m[0m "Name"        = "fluss"
          [32m+[0m[0m "Project"     = "fluss-deployment"
        }

      [32m+[0m[0m encryption_configuration {
          [32m+[0m[0m encryption_type = "AES256"
          [32m+[0m[0m kms_key         = (known after apply)
        }

      [32m+[0m[0m image_scanning_configuration {
          [32m+[0m[0m scan_on_push = true
        }
    }

[1m  # aws_eks_addon.ebs_csi_driver[0][0m will be created
[0m  [32m+[0m[0m resource "aws_eks_addon" "ebs_csi_driver" {
      [32m+[0m[0m addon_name                  = "aws-ebs-csi-driver"
      [32m+[0m[0m addon_version               = (known after apply)
      [32m+[0m[0m arn                         = (known after apply)
      [32m+[0m[0m cluster_name                = "fluss-eks-cluster"
      [32m+[0m[0m configuration_values        = (known after apply)
      [32m+[0m[0m created_at                  = (known after apply)
      [32m+[0m[0m id                          = (known after apply)
      [32m+[0m[0m modified_at                 = (known after apply)
      [32m+[0m[0m resolve_conflicts_on_create = "OVERWRITE"
      [32m+[0m[0m resolve_conflicts_on_update = "OVERWRITE"
      [32m+[0m[0m service_account_role_arn    = (known after apply)
      [32m+[0m[0m tags                        = {
          [32m+[0m[0m "Environment" = "dev"
          [32m+[0m[0m "ManagedBy"   = "terraform"
          [32m+[0m[0m "Name"        = "fluss-eks-cluster-ebs-csi-driver"
          [32m+[0m[0m "Project"     = "fluss-deployment"
        }
      [32m+[0m[0m tags_all                    = {
          [32m+[0m[0m "Environment" = "dev"
          [32m+[0m[0m "ManagedBy"   = "terraform"
          [32m+[0m[0m "Name"        = "fluss-eks-cluster-ebs-csi-driver"
          [32m+[0m[0m "Project"     = "fluss-deployment"
        }

      [32m+[0m[0m timeouts {
          [32m+[0m[0m create = "10m"
          [32m+[0m[0m delete = "10m"
          [32m+[0m[0m update = "10m"
        }
    }

[1m  # helm_release.fluss[0m will be created
[0m  [32m+[0m[0m resource "helm_release" "fluss" {
      [32m+[0m[0m atomic                     = false
      [32m+[0m[0m chart                      = "./../helm-charts/fluss"
      [32m+[0m[0m cleanup_on_fail            = false
      [32m+[0m[0m create_namespace           = false
      [32m+[0m[0m dependency_update          = false
      [32m+[0m[0m disable_crd_hooks          = false
      [32m+[0m[0m disable_openapi_validation = false
      [32m+[0m[0m disable_webhooks           = false
      [32m+[0m[0m force_update               = false
      [32m+[0m[0m id                         = (known after apply)
      [32m+[0m[0m lint                       = false
      [32m+[0m[0m manifest                   = (known after apply)
      [32m+[0m[0m max_history                = 0
      [32m+[0m[0m metadata                   = (known after apply)
      [32m+[0m[0m name                       = "fluss"
      [32m+[0m[0m namespace                  = "fluss"
      [32m+[0m[0m pass_credentials           = false
      [32m+[0m[0m recreate_pods              = false
      [32m+[0m[0m render_subchart_notes      = true
      [32m+[0m[0m replace                    = true
      [32m+[0m[0m reset_values               = false
      [32m+[0m[0m reuse_values               = false
      [32m+[0m[0m skip_crds                  = false
      [32m+[0m[0m status                     = "deployed"
      [32m+[0m[0m timeout                    = 300
      [32m+[0m[0m values                     = [
          [32m+[0m[0m <<-EOT
                persistence:
                  enabled: false
                  storageClass: gp3
                  size: 20Gi
                
                image:
                  # If using ECR, registry should be empty and repository should be the full ECR URL
                  # If using Docker Hub, registry should be "docker.io" and repository should be "apache/fluss"
                  registry: 
                  repository: 343218179954.dkr.ecr.us-west-2.amazonaws.com/fluss
                  tag: 0.8.0-incubating
                
                coordinator:
                  replicas: 1
                  nodeSelector:
                    fluss-component: coordinator
                  tolerations:
                    - key: "fluss-component"
                      operator: "Equal"
                      value: "coordinator"
                      effect: "NoSchedule"
                  affinity:
                    nodeAffinity:
                      requiredDuringSchedulingIgnoredDuringExecution:
                        nodeSelectorTerms:
                          - matchExpressions:
                              - key: fluss-component
                                operator: In
                                values:
                                  - coordinator
                
                tabletServer:
                  replicas: 3
                  nodeSelector:
                    fluss-component: tablet-server
                  affinity:
                    nodeAffinity:
                      requiredDuringSchedulingIgnoredDuringExecution:
                        nodeSelectorTerms:
                          - matchExpressions:
                              - key: fluss-component
                                operator: In
                                values:
                                  - tablet-server
                
                configurationOverrides:
                  "zookeeper.address": zk-svc.fluss.svc.cluster.local:2181
            EOT,
        ]
      [32m+[0m[0m verify                     = false
      [32m+[0m[0m version                    = "0.8.0-incubating"
      [32m+[0m[0m wait                       = false
      [32m+[0m[0m wait_for_jobs              = false
    }

[1m  # helm_release.prometheus[0m will be created
[0m  [32m+[0m[0m resource "helm_release" "prometheus" {
      [32m+[0m[0m atomic                     = false
      [32m+[0m[0m chart                      = "kube-prometheus-stack"
      [32m+[0m[0m cleanup_on_fail            = false
      [32m+[0m[0m create_namespace           = false
      [32m+[0m[0m dependency_update          = false
      [32m+[0m[0m disable_crd_hooks          = false
      [32m+[0m[0m disable_openapi_validation = false
      [32m+[0m[0m disable_webhooks           = false
      [32m+[0m[0m force_update               = false
      [32m+[0m[0m id                         = (known after apply)
      [32m+[0m[0m lint                       = false
      [32m+[0m[0m manifest                   = (known after apply)
      [32m+[0m[0m max_history                = 0
      [32m+[0m[0m metadata                   = (known after apply)
      [32m+[0m[0m name                       = "prometheus"
      [32m+[0m[0m namespace                  = "monitoring"
      [32m+[0m[0m pass_credentials           = false
      [32m+[0m[0m recreate_pods              = false
      [32m+[0m[0m render_subchart_notes      = true
      [32m+[0m[0m replace                    = false
      [32m+[0m[0m repository                 = "https://prometheus-community.github.io/helm-charts"
      [32m+[0m[0m reset_values               = false
      [32m+[0m[0m reuse_values               = false
      [32m+[0m[0m skip_crds                  = false
      [32m+[0m[0m status                     = "deployed"
      [32m+[0m[0m timeout                    = 300
      [32m+[0m[0m values                     = [
          [32m+[0m[0m <<-EOT
                "alertmanager":
                  "enabled": false
                "grafana":
                  "adminPassword": "admin123"
                  "adminUser": "admin"
                  "dashboardProviders":
                    "dashboardproviders":
                      "apiVersion": 1
                      "providers":
                      - "disableDeletion": false
                        "editable": true
                        "folder": ""
                        "name": "default"
                        "options":
                          "path": "/var/lib/grafana/dashboards/default"
                        "orgId": 1
                        "type": "file"
                  "dashboards":
                    "default":
                      "fluss-monitoring":
                        "datasource": "Prometheus"
                        "folder": ""
                        "gnetId": null
                        "options":
                          "path": "/var/lib/grafana/dashboards/default"
                        "revision": null
                  "enabled": true
                  "persistence":
                    "enabled": true
                    "size": "10Gi"
                  "service":
                    "type": "LoadBalancer"
                "kubeStateMetrics":
                  "enabled": true
                "nodeExporter":
                  "enabled": true
                "prometheus":
                  "prometheusSpec":
                    "podMonitorSelectorNilUsesHelmValues": false
                    "podScrapeInterval": "30s"
                    "podScrapeTimeout": "10s"
                    "resources":
                      "limits":
                        "cpu": "2000m"
                        "memory": "4Gi"
                      "requests":
                        "cpu": "1000m"
                        "memory": "2Gi"
                    "retention": "30d"
                    "ruleSelectorNilUsesHelmValues": false
                    "serviceMonitorSelectorNilUsesHelmValues": false
                  "service":
                    "type": "ClusterIP"
            EOT,
        ]
      [32m+[0m[0m verify                     = false
      [32m+[0m[0m version                    = "55.5.0"
      [32m+[0m[0m wait                       = true
      [32m+[0m[0m wait_for_jobs              = false
    }

[1m  # kubernetes_config_map.fluss_dashboard_improved[0m will be created
[0m  [32m+[0m[0m resource "kubernetes_config_map" "fluss_dashboard_improved" {
      [32m+[0m[0m data = {
          [32m+[0m[0m "fluss-monitoring.json" = jsonencode(
                {
                  [32m+[0m[0m dashboard = {
                      [32m+[0m[0m panels        = [
                          [32m+[0m[0m {
                              [32m+[0m[0m collapsed = false
                              [32m+[0m[0m gridPos   = {
                                  [32m+[0m[0m h = 1
                                  [32m+[0m[0m w = 24
                                  [32m+[0m[0m x = 0
                                  [32m+[0m[0m y = 0
                                }
                              [32m+[0m[0m id        = 1
                              [32m+[0m[0m title     = "Producer Metrics"
                              [32m+[0m[0m type      = "row"
                            },
                          [32m+[0m[0m {
                              [32m+[0m[0m fieldConfig = {
                                  [32m+[0m[0m defaults = {
                                      [32m+[0m[0m color = {
                                          [32m+[0m[0m mode = "palette-classic"
                                        }
                                      [32m+[0m[0m unit  = "ops"
                                    }
                                }
                              [32m+[0m[0m gridPos     = {
                                  [32m+[0m[0m h = 8
                                  [32m+[0m[0m w = 12
                                  [32m+[0m[0m x = 0
                                  [32m+[0m[0m y = 1
                                }
                              [32m+[0m[0m id          = 2
                              [32m+[0m[0m options     = {
                                  [32m+[0m[0m legend = {
                                      [32m+[0m[0m displayMode = "table"
                                      [32m+[0m[0m placement   = "bottom"
                                    }
                                }
                              [32m+[0m[0m targets     = [
                                  [32m+[0m[0m {
                                      [32m+[0m[0m expr         = "sum(rate(fluss_client_writer_records_total[5m])) by (instance)"
                                      [32m+[0m[0m legendFormat = "{{instance}}"
                                      [32m+[0m[0m refId        = "A"
                                    },
                                ]
                              [32m+[0m[0m title       = "Producer Records Rate (per second)"
                              [32m+[0m[0m type        = "timeseries"
                            },
                          [32m+[0m[0m {
                              [32m+[0m[0m fieldConfig = {
                                  [32m+[0m[0m defaults = {
                                      [32m+[0m[0m color = {
                                          [32m+[0m[0m mode = "palette-classic"
                                        }
                                      [32m+[0m[0m unit  = "short"
                                    }
                                }
                              [32m+[0m[0m gridPos     = {
                                  [32m+[0m[0m h = 8
                                  [32m+[0m[0m w = 12
                                  [32m+[0m[0m x = 12
                                  [32m+[0m[0m y = 1
                                }
                              [32m+[0m[0m id          = 3
                              [32m+[0m[0m targets     = [
                                  [32m+[0m[0m {
                                      [32m+[0m[0m expr         = "sum(fluss_client_writer_records_total) by (instance)"
                                      [32m+[0m[0m legendFormat = "{{instance}}"
                                      [32m+[0m[0m refId        = "A"
                                    },
                                ]
                              [32m+[0m[0m title       = "Producer Total Records Written"
                              [32m+[0m[0m type        = "timeseries"
                            },
                          [32m+[0m[0m {
                              [32m+[0m[0m fieldConfig = {
                                  [32m+[0m[0m defaults = {
                                      [32m+[0m[0m color = {
                                          [32m+[0m[0m mode = "palette-classic"
                                        }
                                      [32m+[0m[0m unit  = "ms"
                                    }
                                }
                              [32m+[0m[0m gridPos     = {
                                  [32m+[0m[0m h = 8
                                  [32m+[0m[0m w = 12
                                  [32m+[0m[0m x = 0
                                  [32m+[0m[0m y = 9
                                }
                              [32m+[0m[0m id          = 4
                              [32m+[0m[0m targets     = [
                                  [32m+[0m[0m {
                                      [32m+[0m[0m expr         = "histogram_quantile(0.95, sum(rate(fluss_client_writer_sendLatencyMs_bucket[5m])) by (le, instance))"
                                      [32m+[0m[0m legendFormat = "p95 - {{instance}}"
                                      [32m+[0m[0m refId        = "A"
                                    },
                                  [32m+[0m[0m {
                                      [32m+[0m[0m expr         = "histogram_quantile(0.99, sum(rate(fluss_client_writer_sendLatencyMs_bucket[5m])) by (le, instance))"
                                      [32m+[0m[0m legendFormat = "p99 - {{instance}}"
                                      [32m+[0m[0m refId        = "B"
                                    },
                                ]
                              [32m+[0m[0m title       = "Producer Write Latency (ms)"
                              [32m+[0m[0m type        = "timeseries"
                            },
                          [32m+[0m[0m {
                              [32m+[0m[0m collapsed = false
                              [32m+[0m[0m gridPos   = {
                                  [32m+[0m[0m h = 1
                                  [32m+[0m[0m w = 24
                                  [32m+[0m[0m x = 0
                                  [32m+[0m[0m y = 17
                                }
                              [32m+[0m[0m id        = 5
                              [32m+[0m[0m title     = "Flink Aggregator Metrics"
                              [32m+[0m[0m type      = "row"
                            },
                          [32m+[0m[0m {
                              [32m+[0m[0m fieldConfig = {
                                  [32m+[0m[0m defaults = {
                                      [32m+[0m[0m color = {
                                          [32m+[0m[0m mode = "palette-classic"
                                        }
                                      [32m+[0m[0m unit  = "ops"
                                    }
                                }
                              [32m+[0m[0m gridPos     = {
                                  [32m+[0m[0m h = 8
                                  [32m+[0m[0m w = 12
                                  [32m+[0m[0m x = 0
                                  [32m+[0m[0m y = 18
                                }
                              [32m+[0m[0m id          = 6
                              [32m+[0m[0m targets     = [
                                  [32m+[0m[0m {
                                      [32m+[0m[0m expr         = "sum(rate(flink_taskmanager_job_task_operator_numRecordsIn[5m])) by (job_name, task_name)"
                                      [32m+[0m[0m legendFormat = "{{job_name}} - {{task_name}}"
                                      [32m+[0m[0m refId        = "A"
                                    },
                                ]
                              [32m+[0m[0m title       = "Flink Input Records Rate"
                              [32m+[0m[0m type        = "timeseries"
                            },
                          [32m+[0m[0m {
                              [32m+[0m[0m fieldConfig = {
                                  [32m+[0m[0m defaults = {
                                      [32m+[0m[0m color = {
                                          [32m+[0m[0m mode = "palette-classic"
                                        }
                                      [32m+[0m[0m unit  = "ops"
                                    }
                                }
                              [32m+[0m[0m gridPos     = {
                                  [32m+[0m[0m h = 8
                                  [32m+[0m[0m w = 12
                                  [32m+[0m[0m x = 12
                                  [32m+[0m[0m y = 18
                                }
                              [32m+[0m[0m id          = 7
                              [32m+[0m[0m targets     = [
                                  [32m+[0m[0m {
                                      [32m+[0m[0m expr         = "sum(rate(flink_taskmanager_job_task_operator_numRecordsOut[5m])) by (job_name, task_name)"
                                      [32m+[0m[0m legendFormat = "{{job_name}} - {{task_name}}"
                                      [32m+[0m[0m refId        = "A"
                                    },
                                ]
                              [32m+[0m[0m title       = "Flink Output Records Rate"
                              [32m+[0m[0m type        = "timeseries"
                            },
                          [32m+[0m[0m {
                              [32m+[0m[0m alert       = {
                                  [32m+[0m[0m conditions          = [
                                      [32m+[0m[0m {
                                          [32m+[0m[0m evaluator = {
                                              [32m+[0m[0m params = [
                                                  [32m+[0m[0m 300000,
                                                ]
                                              [32m+[0m[0m type   = "gt"
                                            }
                                          [32m+[0m[0m operator  = {
                                              [32m+[0m[0m type = "and"
                                            }
                                          [32m+[0m[0m query     = {
                                              [32m+[0m[0m params = [
                                                  [32m+[0m[0m "A",
                                                  [32m+[0m[0m "5m",
                                                  [32m+[0m[0m "now",
                                                ]
                                            }
                                          [32m+[0m[0m reducer   = {
                                              [32m+[0m[0m params = []
                                              [32m+[0m[0m type   = "last"
                                            }
                                          [32m+[0m[0m type      = "query"
                                        },
                                    ]
                                  [32m+[0m[0m executionErrorState = "alerting"
                                  [32m+[0m[0m for                 = "5m"
                                  [32m+[0m[0m frequency           = "10s"
                                  [32m+[0m[0m name                = "High Event Time Lag"
                                  [32m+[0m[0m noDataState         = "no_data"
                                  [32m+[0m[0m state               = "alerting"
                                }
                              [32m+[0m[0m fieldConfig = {
                                  [32m+[0m[0m defaults = {
                                      [32m+[0m[0m color = {
                                          [32m+[0m[0m mode = "palette-classic"
                                        }
                                      [32m+[0m[0m unit  = "ms"
                                    }
                                }
                              [32m+[0m[0m gridPos     = {
                                  [32m+[0m[0m h = 8
                                  [32m+[0m[0m w = 12
                                  [32m+[0m[0m x = 0
                                  [32m+[0m[0m y = 26
                                }
                              [32m+[0m[0m id          = 8
                              [32m+[0m[0m targets     = [
                                  [32m+[0m[0m {
                                      [32m+[0m[0m expr         = "flink_taskmanager_job_task_operator_currentFetchEventTimeLag"
                                      [32m+[0m[0m legendFormat = "Event Time Lag - {{job_name}}"
                                      [32m+[0m[0m refId        = "A"
                                    },
                                ]
                              [32m+[0m[0m title       = "Flink Event Time Lag (milliseconds)"
                              [32m+[0m[0m type        = "timeseries"
                            },
                          [32m+[0m[0m {
                              [32m+[0m[0m fieldConfig = {
                                  [32m+[0m[0m defaults = {
                                      [32m+[0m[0m color = {
                                          [32m+[0m[0m mode = "palette-classic"
                                        }
                                      [32m+[0m[0m unit  = "short"
                                    }
                                }
                              [32m+[0m[0m gridPos     = {
                                  [32m+[0m[0m h = 8
                                  [32m+[0m[0m w = 12
                                  [32m+[0m[0m x = 12
                                  [32m+[0m[0m y = 26
                                }
                              [32m+[0m[0m id          = 18
                              [32m+[0m[0m targets     = [
                                  [32m+[0m[0m {
                                      [32m+[0m[0m expr         = "flink_taskmanager_job_task_operator_fluss_reader_bucket_currentOffset"
                                      [32m+[0m[0m legendFormat = "Bucket {{bucket}} - Offset"
                                      [32m+[0m[0m refId        = "A"
                                    },
                                ]
                              [32m+[0m[0m title       = "Flink Current Offset (per bucket)"
                              [32m+[0m[0m type        = "timeseries"
                            },
                          [32m+[0m[0m {
                              [32m+[0m[0m fieldConfig = {
                                  [32m+[0m[0m defaults = {
                                      [32m+[0m[0m color = {
                                          [32m+[0m[0m mode = "palette-classic"
                                        }
                                      [32m+[0m[0m unit  = "ms"
                                    }
                                }
                              [32m+[0m[0m gridPos     = {
                                  [32m+[0m[0m h = 8
                                  [32m+[0m[0m w = 12
                                  [32m+[0m[0m x = 0
                                  [32m+[0m[0m y = 34
                                }
                              [32m+[0m[0m id          = 9
                              [32m+[0m[0m targets     = [
                                  [32m+[0m[0m {
                                      [32m+[0m[0m expr         = "flink_taskmanager_job_task_backPressuredTimeMsPerSecond"
                                      [32m+[0m[0m legendFormat = "{{job_name}} - {{task_name}}"
                                      [32m+[0m[0m refId        = "A"
                                    },
                                ]
                              [32m+[0m[0m title       = "Flink Backpressure"
                              [32m+[0m[0m type        = "timeseries"
                            },
                          [32m+[0m[0m {
                              [32m+[0m[0m collapsed = false
                              [32m+[0m[0m gridPos   = {
                                  [32m+[0m[0m h = 1
                                  [32m+[0m[0m w = 24
                                  [32m+[0m[0m x = 0
                                  [32m+[0m[0m y = 34
                                }
                              [32m+[0m[0m id        = 10
                              [32m+[0m[0m title     = "Fluss Server Metrics"
                              [32m+[0m[0m type      = "row"
                            },
                          [32m+[0m[0m {
                              [32m+[0m[0m fieldConfig = {
                                  [32m+[0m[0m defaults = {
                                      [32m+[0m[0m color = {
                                          [32m+[0m[0m mode = "palette-classic"
                                        }
                                      [32m+[0m[0m unit  = "ops"
                                    }
                                }
                              [32m+[0m[0m gridPos     = {
                                  [32m+[0m[0m h = 8
                                  [32m+[0m[0m w = 12
                                  [32m+[0m[0m x = 0
                                  [32m+[0m[0m y = 43
                                }
                              [32m+[0m[0m id          = 11
                              [32m+[0m[0m targets     = [
                                  [32m+[0m[0m {
                                      [32m+[0m[0m expr         = "sum(rate(fluss_coordinator_requests_total[5m])) by (instance, method)"
                                      [32m+[0m[0m legendFormat = "{{method}} - {{instance}}"
                                      [32m+[0m[0m refId        = "A"
                                    },
                                ]
                              [32m+[0m[0m title       = "Fluss Coordinator Request Rate"
                              [32m+[0m[0m type        = "timeseries"
                            },
                          [32m+[0m[0m {
                              [32m+[0m[0m fieldConfig = {
                                  [32m+[0m[0m defaults = {
                                      [32m+[0m[0m color = {
                                          [32m+[0m[0m mode = "palette-classic"
                                        }
                                      [32m+[0m[0m unit  = "ops"
                                    }
                                }
                              [32m+[0m[0m gridPos     = {
                                  [32m+[0m[0m h = 8
                                  [32m+[0m[0m w = 12
                                  [32m+[0m[0m x = 12
                                  [32m+[0m[0m y = 43
                                }
                              [32m+[0m[0m id          = 12
                              [32m+[0m[0m targets     = [
                                  [32m+[0m[0m {
                                      [32m+[0m[0m expr         = "sum(rate(fluss_tablet_writes_total[5m])) by (instance)"
                                      [32m+[0m[0m legendFormat = "{{instance}}"
                                      [32m+[0m[0m refId        = "A"
                                    },
                                ]
                              [32m+[0m[0m title       = "Fluss Tablet Server Write Rate"
                              [32m+[0m[0m type        = "timeseries"
                            },
                        ]
                      [32m+[0m[0m refresh       = "30s"
                      [32m+[0m[0m schemaVersion = 38
                      [32m+[0m[0m tags          = [
                          [32m+[0m[0m "fluss",
                          [32m+[0m[0m "flink",
                          [32m+[0m[0m "monitoring",
                          [32m+[0m[0m "producer",
                          [32m+[0m[0m "aggregator",
                        ]
                      [32m+[0m[0m time          = {
                          [32m+[0m[0m from = "now-1h"
                          [32m+[0m[0m to   = "now"
                        }
                      [32m+[0m[0m timezone      = "browser"
                      [32m+[0m[0m title         = "Fluss & Flink Monitoring"
                      [32m+[0m[0m version       = 1
                    }
                }
            )
        }
      [32m+[0m[0m id   = (known after apply)

      [32m+[0m[0m metadata {
          [32m+[0m[0m generation       = (known after apply)
          [32m+[0m[0m labels           = {
              [32m+[0m[0m "grafana_dashboard" = "1"
            }
          [32m+[0m[0m name             = "fluss-monitoring-dashboard-improved"
          [32m+[0m[0m namespace        = "monitoring"
          [32m+[0m[0m resource_version = (known after apply)
          [32m+[0m[0m uid              = (known after apply)
        }
    }

[1m  # kubernetes_job.flink_aggregator[0m will be created
[0m  [32m+[0m[0m resource "kubernetes_job" "flink_aggregator" {
      [32m+[0m[0m id                  = (known after apply)
      [32m+[0m[0m wait_for_completion = false

      [32m+[0m[0m metadata {
          [32m+[0m[0m generation       = (known after apply)
          [32m+[0m[0m labels           = {
              [32m+[0m[0m "app" = "flink-aggregator"
            }
          [32m+[0m[0m name             = "flink-aggregator"
          [32m+[0m[0m namespace        = "fluss"
          [32m+[0m[0m resource_version = (known after apply)
          [32m+[0m[0m uid              = (known after apply)
        }

      [32m+[0m[0m spec {
          [32m+[0m[0m backoff_limit              = 0
          [32m+[0m[0m completion_mode            = (known after apply)
          [32m+[0m[0m completions                = 1
          [32m+[0m[0m parallelism                = 1
          [32m+[0m[0m ttl_seconds_after_finished = "86400"

          [32m+[0m[0m selector (known after apply)

          [32m+[0m[0m template {
              [32m+[0m[0m metadata {
                  [32m+[0m[0m annotations      = {
                      [32m+[0m[0m "prometheus.io/path"   = "/metrics"
                      [32m+[0m[0m "prometheus.io/port"   = "9249"
                      [32m+[0m[0m "prometheus.io/scrape" = "true"
                    }
                  [32m+[0m[0m generation       = (known after apply)
                  [32m+[0m[0m labels           = {
                      [32m+[0m[0m "app" = "flink-aggregator"
                    }
                  [32m+[0m[0m name             = (known after apply)
                  [32m+[0m[0m resource_version = (known after apply)
                  [32m+[0m[0m uid              = (known after apply)
                }
              [32m+[0m[0m spec {
                  [32m+[0m[0m automount_service_account_token  = true
                  [32m+[0m[0m dns_policy                       = "ClusterFirst"
                  [32m+[0m[0m enable_service_links             = true
                  [32m+[0m[0m host_ipc                         = false
                  [32m+[0m[0m host_network                     = false
                  [32m+[0m[0m host_pid                         = false
                  [32m+[0m[0m hostname                         = (known after apply)
                  [32m+[0m[0m node_name                        = (known after apply)
                  [32m+[0m[0m restart_policy                   = "Never"
                  [32m+[0m[0m scheduler_name                   = (known after apply)
                  [32m+[0m[0m service_account_name             = (known after apply)
                  [32m+[0m[0m share_process_namespace          = false
                  [32m+[0m[0m termination_grace_period_seconds = 30

                  [32m+[0m[0m container {
                      [32m+[0m[0m args                       = [
                          [32m+[0m[0m "-cp",
                          [32m+[0m[0m "/app/fluss-flink-realtime-demo.jar",
                          [32m+[0m[0m "com.example.fluss.flink.FlinkSensorAggregatorJob",
                          [32m+[0m[0m "--bootstrap",
                          [32m+[0m[0m "coordinator-server-hs.fluss.svc.cluster.local:9124",
                          [32m+[0m[0m "--database",
                          [32m+[0m[0m "iot",
                          [32m+[0m[0m "--table",
                          [32m+[0m[0m "sensor_readings",
                          [32m+[0m[0m "--window-minutes",
                          [32m+[0m[0m "1",
                        ]
                      [32m+[0m[0m command                    = [
                          [32m+[0m[0m "/app/entrypoint.sh",
                        ]
                      [32m+[0m[0m image                      = "343218179954.dkr.ecr.us-west-2.amazonaws.com/fluss-demo:latest"
                      [32m+[0m[0m image_pull_policy          = (known after apply)
                      [32m+[0m[0m name                       = "aggregator"
                      [32m+[0m[0m stdin                      = false
                      [32m+[0m[0m stdin_once                 = false
                      [32m+[0m[0m termination_message_path   = "/dev/termination-log"
                      [32m+[0m[0m termination_message_policy = (known after apply)
                      [32m+[0m[0m tty                        = false

                      [32m+[0m[0m env {
                          [32m+[0m[0m name  = "FLINK_METRICS_REPORTERS"
                          [32m+[0m[0m value = "prom"
                        }
                      [32m+[0m[0m env {
                          [32m+[0m[0m name  = "FLINK_METRICS_REPORTER_PROM_CLASS"
                          [32m+[0m[0m value = "org.apache.flink.metrics.prometheus.PrometheusReporter"
                        }
                      [32m+[0m[0m env {
                          [32m+[0m[0m name  = "FLINK_METRICS_REPORTER_PROM_PORT"
                          [32m+[0m[0m value = "9249"
                        }

                      [32m+[0m[0m port {
                          [32m+[0m[0m container_port = 9249
                          [32m+[0m[0m name           = "metrics"
                          [32m+[0m[0m protocol       = "TCP"
                        }

                      [32m+[0m[0m resources {
                          [32m+[0m[0m limits   = {
                              [32m+[0m[0m "cpu"    = "1000m"
                              [32m+[0m[0m "memory" = "2Gi"
                            }
                          [32m+[0m[0m requests = {
                              [32m+[0m[0m "cpu"    = "500m"
                              [32m+[0m[0m "memory" = "1Gi"
                            }
                        }

                      [32m+[0m[0m security_context {
                          [32m+[0m[0m allow_privilege_escalation = true
                          [32m+[0m[0m privileged                 = false
                          [32m+[0m[0m read_only_root_filesystem  = false
                          [32m+[0m[0m run_as_user                = "0"
                        }
                    }

                  [32m+[0m[0m image_pull_secrets (known after apply)

                  [32m+[0m[0m init_container {
                      [32m+[0m[0m command                    = [
                          [32m+[0m[0m "sh",
                          [32m+[0m[0m "-c",
                          [32m+[0m[0m <<-EOT
                                echo "Waiting for Fluss coordinator to be ready..."
                                COORD_HOST="coordinator-server-hs.fluss.svc.cluster.local"
                                MAX_ATTEMPTS=60
                                ATTEMPT=0
                                while [ $ATTEMPT -lt $MAX_ATTEMPTS ]; do
                                  if nc -zv -w 2 "$COORD_HOST" 9124 2>&1 | grep -q "open\|succeeded"; then
                                    echo "Fluss coordinator is ready!"
                                    exit 0
                                  fi
                                  ATTEMPT=$((ATTEMPT + 1))
                                  echo "Waiting for Fluss coordinator... (attempt $ATTEMPT/$MAX_ATTEMPTS)"
                                  sleep 2
                                done
                                echo "ERROR: Fluss coordinator did not become ready after $MAX_ATTEMPTS attempts"
                                exit 1
                            EOT,
                        ]
                      [32m+[0m[0m image                      = "busybox:1.36"
                      [32m+[0m[0m image_pull_policy          = (known after apply)
                      [32m+[0m[0m name                       = "wait-for-fluss"
                      [32m+[0m[0m stdin                      = false
                      [32m+[0m[0m stdin_once                 = false
                      [32m+[0m[0m termination_message_path   = "/dev/termination-log"
                      [32m+[0m[0m termination_message_policy = (known after apply)
                      [32m+[0m[0m tty                        = false

                      [32m+[0m[0m resources (known after apply)
                    }
                  [32m+[0m[0m init_container {
                      [32m+[0m[0m command                    = [
                          [32m+[0m[0m "sh",
                          [32m+[0m[0m "-c",
                          [32m+[0m[0m <<-EOT
                                echo "Waiting for producer to start and create database 'iot'..."
                                echo "This init container waits 30 seconds to give the producer time to create the database"
                                sleep 30
                                echo "Proceeding - producer should have created the database by now"
                                exit 0
                            EOT,
                        ]
                      [32m+[0m[0m image                      = "busybox:1.36"
                      [32m+[0m[0m image_pull_policy          = (known after apply)
                      [32m+[0m[0m name                       = "wait-for-producer-database"
                      [32m+[0m[0m stdin                      = false
                      [32m+[0m[0m stdin_once                 = false
                      [32m+[0m[0m termination_message_path   = "/dev/termination-log"
                      [32m+[0m[0m termination_message_policy = (known after apply)
                      [32m+[0m[0m tty                        = false

                      [32m+[0m[0m resources (known after apply)
                    }

                  [32m+[0m[0m readiness_gate (known after apply)
                }
            }
        }

      [32m+[0m[0m timeouts {
          [32m+[0m[0m create = "2m"
          [32m+[0m[0m delete = "10m"
          [32m+[0m[0m update = "10m"
        }
    }

[1m  # kubernetes_job.producer[0m will be created
[0m  [32m+[0m[0m resource "kubernetes_job" "producer" {
      [32m+[0m[0m id                  = (known after apply)
      [32m+[0m[0m wait_for_completion = false

      [32m+[0m[0m metadata {
          [32m+[0m[0m generation       = (known after apply)
          [32m+[0m[0m labels           = {
              [32m+[0m[0m "app" = "fluss-producer"
            }
          [32m+[0m[0m name             = "fluss-producer"
          [32m+[0m[0m namespace        = "fluss"
          [32m+[0m[0m resource_version = (known after apply)
          [32m+[0m[0m uid              = (known after apply)
        }

      [32m+[0m[0m spec {
          [32m+[0m[0m backoff_limit              = 0
          [32m+[0m[0m completion_mode            = (known after apply)
          [32m+[0m[0m completions                = 1
          [32m+[0m[0m parallelism                = 1
          [32m+[0m[0m ttl_seconds_after_finished = "86400"

          [32m+[0m[0m selector (known after apply)

          [32m+[0m[0m template {
              [32m+[0m[0m metadata {
                  [32m+[0m[0m annotations      = {
                      [32m+[0m[0m "prometheus.io/path"   = "/metrics"
                      [32m+[0m[0m "prometheus.io/port"   = "8080"
                      [32m+[0m[0m "prometheus.io/scrape" = "true"
                    }
                  [32m+[0m[0m generation       = (known after apply)
                  [32m+[0m[0m labels           = {
                      [32m+[0m[0m "app" = "fluss-producer"
                    }
                  [32m+[0m[0m name             = (known after apply)
                  [32m+[0m[0m resource_version = (known after apply)
                  [32m+[0m[0m uid              = (known after apply)
                }
              [32m+[0m[0m spec {
                  [32m+[0m[0m automount_service_account_token  = true
                  [32m+[0m[0m dns_policy                       = "ClusterFirst"
                  [32m+[0m[0m enable_service_links             = true
                  [32m+[0m[0m host_ipc                         = false
                  [32m+[0m[0m host_network                     = false
                  [32m+[0m[0m host_pid                         = false
                  [32m+[0m[0m hostname                         = (known after apply)
                  [32m+[0m[0m node_name                        = (known after apply)
                  [32m+[0m[0m restart_policy                   = "Never"
                  [32m+[0m[0m scheduler_name                   = (known after apply)
                  [32m+[0m[0m service_account_name             = (known after apply)
                  [32m+[0m[0m share_process_namespace          = false
                  [32m+[0m[0m termination_grace_period_seconds = 30

                  [32m+[0m[0m container {
                      [32m+[0m[0m args                       = [
                          [32m+[0m[0m "-jar",
                          [32m+[0m[0m "/app/fluss-flink-realtime-demo.jar",
                          [32m+[0m[0m "--bootstrap",
                          [32m+[0m[0m "coordinator-server-hs.fluss.svc.cluster.local:9124",
                          [32m+[0m[0m "--database",
                          [32m+[0m[0m "iot",
                          [32m+[0m[0m "--table",
                          [32m+[0m[0m "sensor_readings",
                          [32m+[0m[0m "--buckets",
                          [32m+[0m[0m "12",
                          [32m+[0m[0m "--rate",
                          [32m+[0m[0m "2000",
                          [32m+[0m[0m "--flush",
                          [32m+[0m[0m "5000",
                          [32m+[0m[0m "--stats",
                          [32m+[0m[0m "1000",
                        ]
                      [32m+[0m[0m command                    = [
                          [32m+[0m[0m "/app/entrypoint.sh",
                        ]
                      [32m+[0m[0m image                      = "343218179954.dkr.ecr.us-west-2.amazonaws.com/fluss-demo:latest"
                      [32m+[0m[0m image_pull_policy          = (known after apply)
                      [32m+[0m[0m name                       = "producer"
                      [32m+[0m[0m stdin                      = false
                      [32m+[0m[0m stdin_once                 = false
                      [32m+[0m[0m termination_message_path   = "/dev/termination-log"
                      [32m+[0m[0m termination_message_policy = (known after apply)
                      [32m+[0m[0m tty                        = false

                      [32m+[0m[0m port {
                          [32m+[0m[0m container_port = 8080
                          [32m+[0m[0m name           = "metrics"
                          [32m+[0m[0m protocol       = "TCP"
                        }

                      [32m+[0m[0m resources {
                          [32m+[0m[0m limits   = {
                              [32m+[0m[0m "cpu"    = "500m"
                              [32m+[0m[0m "memory" = "1Gi"
                            }
                          [32m+[0m[0m requests = {
                              [32m+[0m[0m "cpu"    = "200m"
                              [32m+[0m[0m "memory" = "512Mi"
                            }
                        }

                      [32m+[0m[0m security_context {
                          [32m+[0m[0m allow_privilege_escalation = true
                          [32m+[0m[0m privileged                 = false
                          [32m+[0m[0m read_only_root_filesystem  = false
                          [32m+[0m[0m run_as_user                = "0"
                        }
                    }

                  [32m+[0m[0m image_pull_secrets (known after apply)

                  [32m+[0m[0m init_container {
                      [32m+[0m[0m command                    = [
                          [32m+[0m[0m "sh",
                          [32m+[0m[0m "-c",
                          [32m+[0m[0m <<-EOT
                                echo "Waiting for Fluss coordinator to be ready..."
                                COORD_HOST="coordinator-server-hs.fluss.svc.cluster.local"
                                MAX_ATTEMPTS=60
                                ATTEMPT=0
                                while [ $ATTEMPT -lt $MAX_ATTEMPTS ]; do
                                  if nc -zv -w 2 "$COORD_HOST" 9124 2>&1 | grep -q "open\|succeeded"; then
                                    echo "Fluss coordinator is ready!"
                                    exit 0
                                  fi
                                  ATTEMPT=$((ATTEMPT + 1))
                                  echo "Waiting for Fluss coordinator... (attempt $ATTEMPT/$MAX_ATTEMPTS)"
                                  sleep 2
                                done
                                echo "ERROR: Fluss coordinator did not become ready after $MAX_ATTEMPTS attempts"
                                exit 1
                            EOT,
                        ]
                      [32m+[0m[0m image                      = "busybox:1.36"
                      [32m+[0m[0m image_pull_policy          = (known after apply)
                      [32m+[0m[0m name                       = "wait-for-fluss"
                      [32m+[0m[0m stdin                      = false
                      [32m+[0m[0m stdin_once                 = false
                      [32m+[0m[0m termination_message_path   = "/dev/termination-log"
                      [32m+[0m[0m termination_message_policy = (known after apply)
                      [32m+[0m[0m tty                        = false

                      [32m+[0m[0m resources (known after apply)
                    }

                  [32m+[0m[0m readiness_gate (known after apply)
                }
            }
        }

      [32m+[0m[0m timeouts {
          [32m+[0m[0m create = "2m"
          [32m+[0m[0m delete = "10m"
          [32m+[0m[0m update = "10m"
        }
    }

[1m  # kubernetes_namespace.fluss[0m will be created
[0m  [32m+[0m[0m resource "kubernetes_namespace" "fluss" {
      [32m+[0m[0m id                               = (known after apply)
      [32m+[0m[0m wait_for_default_service_account = false

      [32m+[0m[0m metadata {
          [32m+[0m[0m generation       = (known after apply)
          [32m+[0m[0m labels           = {
              [32m+[0m[0m "name" = "fluss"
            }
          [32m+[0m[0m name             = "fluss"
          [32m+[0m[0m resource_version = (known after apply)
          [32m+[0m[0m uid              = (known after apply)
        }
    }

[1m  # kubernetes_namespace.monitoring[0m will be created
[0m  [32m+[0m[0m resource "kubernetes_namespace" "monitoring" {
      [32m+[0m[0m id                               = (known after apply)
      [32m+[0m[0m wait_for_default_service_account = false

      [32m+[0m[0m metadata {
          [32m+[0m[0m generation       = (known after apply)
          [32m+[0m[0m labels           = {
              [32m+[0m[0m "name" = "monitoring"
            }
          [32m+[0m[0m name             = "monitoring"
          [32m+[0m[0m resource_version = (known after apply)
          [32m+[0m[0m uid              = (known after apply)
        }
    }

[1m  # kubernetes_service.flink_aggregator_metrics[0m will be created
[0m  [32m+[0m[0m resource "kubernetes_service" "flink_aggregator_metrics" {
      [32m+[0m[0m id                     = (known after apply)
      [32m+[0m[0m status                 = (known after apply)
      [32m+[0m[0m wait_for_load_balancer = true

      [32m+[0m[0m metadata {
          [32m+[0m[0m generation       = (known after apply)
          [32m+[0m[0m labels           = {
              [32m+[0m[0m "app" = "flink-aggregator"
            }
          [32m+[0m[0m name             = "flink-aggregator-metrics"
          [32m+[0m[0m namespace        = "fluss"
          [32m+[0m[0m resource_version = (known after apply)
          [32m+[0m[0m uid              = (known after apply)
        }

      [32m+[0m[0m spec {
          [32m+[0m[0m allocate_load_balancer_node_ports = true
          [32m+[0m[0m cluster_ip                        = (known after apply)
          [32m+[0m[0m cluster_ips                       = (known after apply)
          [32m+[0m[0m external_traffic_policy           = (known after apply)
          [32m+[0m[0m health_check_node_port            = (known after apply)
          [32m+[0m[0m internal_traffic_policy           = (known after apply)
          [32m+[0m[0m ip_families                       = (known after apply)
          [32m+[0m[0m ip_family_policy                  = (known after apply)
          [32m+[0m[0m publish_not_ready_addresses       = false
          [32m+[0m[0m selector                          = {
              [32m+[0m[0m "app" = "flink-aggregator"
            }
          [32m+[0m[0m session_affinity                  = "None"
          [32m+[0m[0m type                              = "ClusterIP"

          [32m+[0m[0m port {
              [32m+[0m[0m name        = "metrics"
              [32m+[0m[0m node_port   = (known after apply)
              [32m+[0m[0m port        = 9249
              [32m+[0m[0m protocol    = "TCP"
              [32m+[0m[0m target_port = "9249"
            }

          [32m+[0m[0m session_affinity_config (known after apply)
        }
    }

[1m  # kubernetes_service.producer_metrics[0m will be created
[0m  [32m+[0m[0m resource "kubernetes_service" "producer_metrics" {
      [32m+[0m[0m id                     = (known after apply)
      [32m+[0m[0m status                 = (known after apply)
      [32m+[0m[0m wait_for_load_balancer = true

      [32m+[0m[0m metadata {
          [32m+[0m[0m generation       = (known after apply)
          [32m+[0m[0m labels           = {
              [32m+[0m[0m "app" = "fluss-producer"
            }
          [32m+[0m[0m name             = "fluss-producer-metrics"
          [32m+[0m[0m namespace        = "fluss"
          [32m+[0m[0m resource_version = (known after apply)
          [32m+[0m[0m uid              = (known after apply)
        }

      [32m+[0m[0m spec {
          [32m+[0m[0m allocate_load_balancer_node_ports = true
          [32m+[0m[0m cluster_ip                        = (known after apply)
          [32m+[0m[0m cluster_ips                       = (known after apply)
          [32m+[0m[0m external_traffic_policy           = (known after apply)
          [32m+[0m[0m health_check_node_port            = (known after apply)
          [32m+[0m[0m internal_traffic_policy           = (known after apply)
          [32m+[0m[0m ip_families                       = (known after apply)
          [32m+[0m[0m ip_family_policy                  = (known after apply)
          [32m+[0m[0m publish_not_ready_addresses       = false
          [32m+[0m[0m selector                          = {
              [32m+[0m[0m "app" = "fluss-producer"
            }
          [32m+[0m[0m session_affinity                  = "None"
          [32m+[0m[0m type                              = "ClusterIP"

          [32m+[0m[0m port {
              [32m+[0m[0m name        = "metrics"
              [32m+[0m[0m node_port   = (known after apply)
              [32m+[0m[0m port        = 8080
              [32m+[0m[0m protocol    = "TCP"
              [32m+[0m[0m target_port = "8080"
            }

          [32m+[0m[0m session_affinity_config (known after apply)
        }
    }

[1m  # kubernetes_service.zookeeper[0m will be created
[0m  [32m+[0m[0m resource "kubernetes_service" "zookeeper" {
      [32m+[0m[0m id                     = (known after apply)
      [32m+[0m[0m status                 = (known after apply)
      [32m+[0m[0m wait_for_load_balancer = true

      [32m+[0m[0m metadata {
          [32m+[0m[0m generation       = (known after apply)
          [32m+[0m[0m labels           = {
              [32m+[0m[0m "app" = "zookeeper"
            }
          [32m+[0m[0m name             = "zk-svc"
          [32m+[0m[0m namespace        = "fluss"
          [32m+[0m[0m resource_version = (known after apply)
          [32m+[0m[0m uid              = (known after apply)
        }

      [32m+[0m[0m spec {
          [32m+[0m[0m allocate_load_balancer_node_ports = true
          [32m+[0m[0m cluster_ip                        = "None"
          [32m+[0m[0m cluster_ips                       = (known after apply)
          [32m+[0m[0m external_traffic_policy           = (known after apply)
          [32m+[0m[0m health_check_node_port            = (known after apply)
          [32m+[0m[0m internal_traffic_policy           = (known after apply)
          [32m+[0m[0m ip_families                       = (known after apply)
          [32m+[0m[0m ip_family_policy                  = (known after apply)
          [32m+[0m[0m publish_not_ready_addresses       = false
          [32m+[0m[0m selector                          = {
              [32m+[0m[0m "app" = "zookeeper"
            }
          [32m+[0m[0m session_affinity                  = "None"
          [32m+[0m[0m type                              = "ClusterIP"

          [32m+[0m[0m port {
              [32m+[0m[0m name        = "client"
              [32m+[0m[0m node_port   = (known after apply)
              [32m+[0m[0m port        = 2181
              [32m+[0m[0m protocol    = "TCP"
              [32m+[0m[0m target_port = "2181"
            }

          [32m+[0m[0m session_affinity_config (known after apply)
        }
    }

[1m  # kubernetes_stateful_set.zookeeper[0m will be created
[0m  [32m+[0m[0m resource "kubernetes_stateful_set" "zookeeper" {
      [32m+[0m[0m id               = (known after apply)
      [32m+[0m[0m wait_for_rollout = false

      [32m+[0m[0m metadata {
          [32m+[0m[0m generation       = (known after apply)
          [32m+[0m[0m labels           = {
              [32m+[0m[0m "app" = "zookeeper"
            }
          [32m+[0m[0m name             = "zk"
          [32m+[0m[0m namespace        = "fluss"
          [32m+[0m[0m resource_version = (known after apply)
          [32m+[0m[0m uid              = (known after apply)
        }

      [32m+[0m[0m spec {
          [32m+[0m[0m min_ready_seconds      = 0
          [32m+[0m[0m pod_management_policy  = (known after apply)
          [32m+[0m[0m replicas               = "1"
          [32m+[0m[0m revision_history_limit = (known after apply)
          [32m+[0m[0m service_name           = "zk-svc"

          [32m+[0m[0m persistent_volume_claim_retention_policy (known after apply)

          [32m+[0m[0m selector {
              [32m+[0m[0m match_labels = {
                  [32m+[0m[0m "app" = "zookeeper"
                }
            }

          [32m+[0m[0m template {
              [32m+[0m[0m metadata {
                  [32m+[0m[0m generation       = (known after apply)
                  [32m+[0m[0m labels           = {
                      [32m+[0m[0m "app" = "zookeeper"
                    }
                  [32m+[0m[0m name             = (known after apply)
                  [32m+[0m[0m resource_version = (known after apply)
                  [32m+[0m[0m uid              = (known after apply)
                }
              [32m+[0m[0m spec {
                  [32m+[0m[0m automount_service_account_token  = true
                  [32m+[0m[0m dns_policy                       = "ClusterFirst"
                  [32m+[0m[0m enable_service_links             = true
                  [32m+[0m[0m host_ipc                         = false
                  [32m+[0m[0m host_network                     = false
                  [32m+[0m[0m host_pid                         = false
                  [32m+[0m[0m hostname                         = (known after apply)
                  [32m+[0m[0m node_name                        = (known after apply)
                  [32m+[0m[0m restart_policy                   = "Always"
                  [32m+[0m[0m scheduler_name                   = (known after apply)
                  [32m+[0m[0m service_account_name             = (known after apply)
                  [32m+[0m[0m share_process_namespace          = false
                  [32m+[0m[0m termination_grace_period_seconds = 30

                  [32m+[0m[0m container {
                      [32m+[0m[0m image                      = "zookeeper:3.9.2"
                      [32m+[0m[0m image_pull_policy          = (known after apply)
                      [32m+[0m[0m name                       = "zookeeper"
                      [32m+[0m[0m stdin                      = false
                      [32m+[0m[0m stdin_once                 = false
                      [32m+[0m[0m termination_message_path   = "/dev/termination-log"
                      [32m+[0m[0m termination_message_policy = (known after apply)
                      [32m+[0m[0m tty                        = false

                      [32m+[0m[0m liveness_probe {
                          [32m+[0m[0m failure_threshold     = 3
                          [32m+[0m[0m initial_delay_seconds = 30
                          [32m+[0m[0m period_seconds        = 10
                          [32m+[0m[0m success_threshold     = 1
                          [32m+[0m[0m timeout_seconds       = 1

                          [32m+[0m[0m tcp_socket {
                              [32m+[0m[0m port = "2181"
                            }
                        }

                      [32m+[0m[0m port {
                          [32m+[0m[0m container_port = 2181
                          [32m+[0m[0m name           = "client"
                          [32m+[0m[0m protocol       = "TCP"
                        }

                      [32m+[0m[0m readiness_probe {
                          [32m+[0m[0m failure_threshold     = 3
                          [32m+[0m[0m initial_delay_seconds = 10
                          [32m+[0m[0m period_seconds        = 5
                          [32m+[0m[0m success_threshold     = 1
                          [32m+[0m[0m timeout_seconds       = 1

                          [32m+[0m[0m tcp_socket {
                              [32m+[0m[0m port = "2181"
                            }
                        }

                      [32m+[0m[0m resources {
                          [32m+[0m[0m limits   = {
                              [32m+[0m[0m "cpu"    = "500m"
                              [32m+[0m[0m "memory" = "512Mi"
                            }
                          [32m+[0m[0m requests = {
                              [32m+[0m[0m "cpu"    = "200m"
                              [32m+[0m[0m "memory" = "256Mi"
                            }
                        }
                    }

                  [32m+[0m[0m image_pull_secrets (known after apply)

                  [32m+[0m[0m readiness_gate (known after apply)
                }
            }
        }
    }

[1m  # null_resource.flink_aggregator_podmonitor[0m will be created
[0m  [32m+[0m[0m resource "null_resource" "flink_aggregator_podmonitor" {
      [32m+[0m[0m id       = (known after apply)
      [32m+[0m[0m triggers = {
          [32m+[0m[0m "cluster"    = "fluss-eks-cluster"
          [32m+[0m[0m "flink_job"  = (known after apply)
          [32m+[0m[0m "namespace"  = "fluss"
          [32m+[0m[0m "prometheus" = (known after apply)
        }
    }

[1m  # null_resource.fluss_coordinator_servicemonitor[0m will be created
[0m  [32m+[0m[0m resource "null_resource" "fluss_coordinator_servicemonitor" {
      [32m+[0m[0m id       = (known after apply)
      [32m+[0m[0m triggers = {
          [32m+[0m[0m "cluster"    = "fluss-eks-cluster"
          [32m+[0m[0m "fluss"      = (known after apply)
          [32m+[0m[0m "namespace"  = "fluss"
          [32m+[0m[0m "prometheus" = (known after apply)
        }
    }

[1m  # null_resource.fluss_tablet_servicemonitor[0m will be created
[0m  [32m+[0m[0m resource "null_resource" "fluss_tablet_servicemonitor" {
      [32m+[0m[0m id       = (known after apply)
      [32m+[0m[0m triggers = {
          [32m+[0m[0m "cluster"    = "fluss-eks-cluster"
          [32m+[0m[0m "fluss"      = (known after apply)
          [32m+[0m[0m "namespace"  = "fluss"
          [32m+[0m[0m "prometheus" = (known after apply)
        }
    }

[1m  # null_resource.producer_podmonitor[0m will be created
[0m  [32m+[0m[0m resource "null_resource" "producer_podmonitor" {
      [32m+[0m[0m id       = (known after apply)
      [32m+[0m[0m triggers = {
          [32m+[0m[0m "cluster"      = "fluss-eks-cluster"
          [32m+[0m[0m "namespace"    = "fluss"
          [32m+[0m[0m "producer_job" = (known after apply)
          [32m+[0m[0m "prometheus"   = (known after apply)
        }
    }

[1m  # module.ebs_csi_irsa[0].data.aws_caller_identity.current[0m will be read during apply
  # (depends on a resource or a module with changes pending)
[0m [36m<=[0m[0m data "aws_caller_identity" "current" {
      [32m+[0m[0m account_id = (known after apply)
      [32m+[0m[0m arn        = (known after apply)
      [32m+[0m[0m id         = (known after apply)
      [32m+[0m[0m user_id    = (known after apply)
    }

[1m  # module.ebs_csi_irsa[0].data.aws_iam_policy_document.ebs_csi[0][0m will be read during apply
  # (config refers to values not yet known)
[0m [36m<=[0m[0m data "aws_iam_policy_document" "ebs_csi" {
      [32m+[0m[0m id            = (known after apply)
      [32m+[0m[0m json          = (known after apply)
      [32m+[0m[0m minified_json = (known after apply)

      [32m+[0m[0m statement {
          [32m+[0m[0m actions   = [
              [32m+[0m[0m "ec2:DescribeAvailabilityZones",
              [32m+[0m[0m "ec2:DescribeInstances",
              [32m+[0m[0m "ec2:DescribeSnapshots",
              [32m+[0m[0m "ec2:DescribeTags",
              [32m+[0m[0m "ec2:DescribeVolumes",
              [32m+[0m[0m "ec2:DescribeVolumesModifications",
            ]
          [32m+[0m[0m resources = [
              [32m+[0m[0m "*",
            ]
        }
      [32m+[0m[0m statement {
          [32m+[0m[0m actions   = [
              [32m+[0m[0m "ec2:CreateSnapshot",
              [32m+[0m[0m "ec2:ModifyVolume",
            ]
          [32m+[0m[0m resources = [
              [32m+[0m[0m (known after apply),
            ]
        }
      [32m+[0m[0m statement {
          [32m+[0m[0m actions   = [
              [32m+[0m[0m "ec2:AttachVolume",
              [32m+[0m[0m "ec2:DetachVolume",
            ]
          [32m+[0m[0m resources = [
              [32m+[0m[0m (known after apply),
              [32m+[0m[0m (known after apply),
            ]
        }
      [32m+[0m[0m statement {
          [32m+[0m[0m actions   = [
              [32m+[0m[0m "ec2:CreateVolume",
              [32m+[0m[0m "ec2:EnableFastSnapshotRestores",
            ]
          [32m+[0m[0m resources = [
              [32m+[0m[0m (known after apply),
            ]
        }
      [32m+[0m[0m statement {
          [32m+[0m[0m actions   = [
              [32m+[0m[0m "ec2:CreateTags",
            ]
          [32m+[0m[0m resources = [
              [32m+[0m[0m (known after apply),
              [32m+[0m[0m (known after apply),
            ]

          [32m+[0m[0m condition {
              [32m+[0m[0m test     = "StringEquals"
              [32m+[0m[0m values   = [
                  [32m+[0m[0m "CreateVolume",
                  [32m+[0m[0m "CreateSnapshot",
                ]
              [32m+[0m[0m variable = "ec2:CreateAction"
            }
        }
      [32m+[0m[0m statement {
          [32m+[0m[0m actions   = [
              [32m+[0m[0m "ec2:DeleteTags",
            ]
          [32m+[0m[0m resources = [
              [32m+[0m[0m (known after apply),
              [32m+[0m[0m (known after apply),
            ]
        }
      [32m+[0m[0m statement {
          [32m+[0m[0m actions   = [
              [32m+[0m[0m "ec2:CreateVolume",
            ]
          [32m+[0m[0m resources = [
              [32m+[0m[0m (known after apply),
            ]

          [32m+[0m[0m condition {
              [32m+[0m[0m test     = "StringLike"
              [32m+[0m[0m values   = [
                  [32m+[0m[0m "true",
                ]
              [32m+[0m[0m variable = "aws:RequestTag/ebs.csi.aws.com/cluster"
            }
        }
      [32m+[0m[0m statement {
          [32m+[0m[0m actions   = [
              [32m+[0m[0m "ec2:CreateVolume",
            ]
          [32m+[0m[0m resources = [
              [32m+[0m[0m (known after apply),
            ]

          [32m+[0m[0m condition {
              [32m+[0m[0m test     = "StringLike"
              [32m+[0m[0m values   = [
                  [32m+[0m[0m "*",
                ]
              [32m+[0m[0m variable = "aws:RequestTag/CSIVolumeName"
            }
        }
      [32m+[0m[0m statement {
          [32m+[0m[0m actions   = [
              [32m+[0m[0m "ec2:DeleteVolume",
            ]
          [32m+[0m[0m resources = [
              [32m+[0m[0m (known after apply),
            ]

          [32m+[0m[0m condition {
              [32m+[0m[0m test     = "StringLike"
              [32m+[0m[0m values   = [
                  [32m+[0m[0m "true",
                ]
              [32m+[0m[0m variable = "aws:ResourceTag/ebs.csi.aws.com/cluster"
            }
        }
      [32m+[0m[0m statement {
          [32m+[0m[0m actions   = [
              [32m+[0m[0m "ec2:DeleteVolume",
            ]
          [32m+[0m[0m resources = [
              [32m+[0m[0m (known after apply),
            ]

          [32m+[0m[0m condition {
              [32m+[0m[0m test     = "StringLike"
              [32m+[0m[0m values   = [
                  [32m+[0m[0m "*",
                ]
              [32m+[0m[0m variable = "aws:ResourceTag/CSIVolumeName"
            }
        }
      [32m+[0m[0m statement {
          [32m+[0m[0m actions   = [
              [32m+[0m[0m "ec2:DeleteVolume",
            ]
          [32m+[0m[0m resources = [
              [32m+[0m[0m (known after apply),
            ]

          [32m+[0m[0m condition {
              [32m+[0m[0m test     = "StringLike"
              [32m+[0m[0m values   = [
                  [32m+[0m[0m "*",
                ]
              [32m+[0m[0m variable = "ec2:ResourceTag/kubernetes.io/created-for/pvc/name"
            }
        }
      [32m+[0m[0m statement {
          [32m+[0m[0m actions   = [
              [32m+[0m[0m "ec2:CreateSnapshot",
            ]
          [32m+[0m[0m resources = [
              [32m+[0m[0m (known after apply),
            ]

          [32m+[0m[0m condition {
              [32m+[0m[0m test     = "StringLike"
              [32m+[0m[0m values   = [
                  [32m+[0m[0m "*",
                ]
              [32m+[0m[0m variable = "aws:RequestTag/CSIVolumeSnapshotName"
            }
        }
      [32m+[0m[0m statement {
          [32m+[0m[0m actions   = [
              [32m+[0m[0m "ec2:CreateSnapshot",
            ]
          [32m+[0m[0m resources = [
              [32m+[0m[0m (known after apply),
            ]

          [32m+[0m[0m condition {
              [32m+[0m[0m test     = "StringLike"
              [32m+[0m[0m values   = [
                  [32m+[0m[0m "true",
                ]
              [32m+[0m[0m variable = "aws:RequestTag/ebs.csi.aws.com/cluster"
            }
        }
      [32m+[0m[0m statement {
          [32m+[0m[0m actions   = [
              [32m+[0m[0m "ec2:DeleteSnapshot",
            ]
          [32m+[0m[0m resources = [
              [32m+[0m[0m (known after apply),
            ]

          [32m+[0m[0m condition {
              [32m+[0m[0m test     = "StringLike"
              [32m+[0m[0m values   = [
                  [32m+[0m[0m "*",
                ]
              [32m+[0m[0m variable = "aws:ResourceTag/CSIVolumeSnapshotName"
            }
        }
      [32m+[0m[0m statement {
          [32m+[0m[0m actions   = [
              [32m+[0m[0m "ec2:DeleteSnapshot",
            ]
          [32m+[0m[0m resources = [
              [32m+[0m[0m (known after apply),
            ]

          [32m+[0m[0m condition {
              [32m+[0m[0m test     = "StringLike"
              [32m+[0m[0m values   = [
                  [32m+[0m[0m "true",
                ]
              [32m+[0m[0m variable = "aws:ResourceTag/ebs.csi.aws.com/cluster"
            }
        }
    }

[1m  # module.ebs_csi_irsa[0].data.aws_iam_policy_document.this[0][0m will be read during apply
  # (config refers to values not yet known)
[0m [36m<=[0m[0m data "aws_iam_policy_document" "this" {
      [32m+[0m[0m id            = (known after apply)
      [32m+[0m[0m json          = (known after apply)
      [32m+[0m[0m minified_json = (known after apply)

      [32m+[0m[0m statement {
          [32m+[0m[0m actions = [
              [32m+[0m[0m "sts:AssumeRoleWithWebIdentity",
            ]
          [32m+[0m[0m effect  = "Allow"

          [32m+[0m[0m condition {
              [32m+[0m[0m test     = "StringEquals"
              [32m+[0m[0m values   = [
                  [32m+[0m[0m "sts.amazonaws.com",
                ]
              [32m+[0m[0m variable = (known after apply)
            }
          [32m+[0m[0m condition {
              [32m+[0m[0m test     = "StringEquals"
              [32m+[0m[0m values   = [
                  [32m+[0m[0m "system:serviceaccount:kube-system:ebs-csi-controller-sa",
                ]
              [32m+[0m[0m variable = (known after apply)
            }

          [32m+[0m[0m principals {
              [32m+[0m[0m identifiers = [
                  [32m+[0m[0m (known after apply),
                ]
              [32m+[0m[0m type        = "Federated"
            }
        }
    }

[1m  # module.ebs_csi_irsa[0].data.aws_partition.current[0m will be read during apply
  # (depends on a resource or a module with changes pending)
[0m [36m<=[0m[0m data "aws_partition" "current" {
      [32m+[0m[0m dns_suffix         = (known after apply)
      [32m+[0m[0m id                 = (known after apply)
      [32m+[0m[0m partition          = (known after apply)
      [32m+[0m[0m reverse_dns_prefix = (known after apply)
    }

[1m  # module.ebs_csi_irsa[0].data.aws_region.current[0m will be read during apply
  # (depends on a resource or a module with changes pending)
[0m [36m<=[0m[0m data "aws_region" "current" {
      [32m+[0m[0m description = (known after apply)
      [32m+[0m[0m endpoint    = (known after apply)
      [32m+[0m[0m id          = (known after apply)
      [32m+[0m[0m name        = (known after apply)
    }

[1m  # module.ebs_csi_irsa[0].aws_iam_policy.ebs_csi[0][0m will be created
[0m  [32m+[0m[0m resource "aws_iam_policy" "ebs_csi" {
      [32m+[0m[0m arn              = (known after apply)
      [32m+[0m[0m attachment_count = (known after apply)
      [32m+[0m[0m description      = "Provides permissions to manage EBS volumes via the container storage interface driver"
      [32m+[0m[0m id               = (known after apply)
      [32m+[0m[0m name             = (known after apply)
      [32m+[0m[0m name_prefix      = "AmazonEKS_EBS_CSI_Policy-"
      [32m+[0m[0m path             = "/"
      [32m+[0m[0m policy           = (known after apply)
      [32m+[0m[0m policy_id        = (known after apply)
      [32m+[0m[0m tags             = {
          [32m+[0m[0m "Environment" = "dev"
          [32m+[0m[0m "ManagedBy"   = "terraform"
          [32m+[0m[0m "Name"        = "fluss-eks-cluster-ebs-csi-driver"
          [32m+[0m[0m "Project"     = "fluss-deployment"
        }
      [32m+[0m[0m tags_all         = {
          [32m+[0m[0m "Environment" = "dev"
          [32m+[0m[0m "ManagedBy"   = "terraform"
          [32m+[0m[0m "Name"        = "fluss-eks-cluster-ebs-csi-driver"
          [32m+[0m[0m "Project"     = "fluss-deployment"
        }
    }

[1m  # module.ebs_csi_irsa[0].aws_iam_role.this[0][0m will be created
[0m  [32m+[0m[0m resource "aws_iam_role" "this" {
      [32m+[0m[0m arn                   = (known after apply)
      [32m+[0m[0m assume_role_policy    = (known after apply)
      [32m+[0m[0m create_date           = (known after apply)
      [32m+[0m[0m force_detach_policies = true
      [32m+[0m[0m id                    = (known after apply)
      [32m+[0m[0m managed_policy_arns   = (known after apply)
      [32m+[0m[0m max_session_duration  = 3600
      [32m+[0m[0m name                  = "fluss-eks-cluster-ebs-csi-driver"
      [32m+[0m[0m name_prefix           = (known after apply)
      [32m+[0m[0m path                  = "/"
      [32m+[0m[0m tags                  = {
          [32m+[0m[0m "Environment" = "dev"
          [32m+[0m[0m "ManagedBy"   = "terraform"
          [32m+[0m[0m "Name"        = "fluss-eks-cluster-ebs-csi-driver"
          [32m+[0m[0m "Project"     = "fluss-deployment"
        }
      [32m+[0m[0m tags_all              = {
          [32m+[0m[0m "Environment" = "dev"
          [32m+[0m[0m "ManagedBy"   = "terraform"
          [32m+[0m[0m "Name"        = "fluss-eks-cluster-ebs-csi-driver"
          [32m+[0m[0m "Project"     = "fluss-deployment"
        }
      [32m+[0m[0m unique_id             = (known after apply)

      [32m+[0m[0m inline_policy (known after apply)
    }

[1m  # module.ebs_csi_irsa[0].aws_iam_role_policy_attachment.ebs_csi[0][0m will be created
[0m  [32m+[0m[0m resource "aws_iam_role_policy_attachment" "ebs_csi" {
      [32m+[0m[0m id         = (known after apply)
      [32m+[0m[0m policy_arn = (known after apply)
      [32m+[0m[0m role       = "fluss-eks-cluster-ebs-csi-driver"
    }

[1m  # module.eks.data.aws_eks_addon_version.this["coredns"][0m will be read during apply
  # (depends on a resource or a module with changes pending)
[0m [36m<=[0m[0m data "aws_eks_addon_version" "this" {
      [32m+[0m[0m addon_name         = "coredns"
      [32m+[0m[0m id                 = (known after apply)
      [32m+[0m[0m kubernetes_version = "1.28"
      [32m+[0m[0m most_recent        = true
      [32m+[0m[0m version            = (known after apply)
    }

[1m  # module.eks.data.aws_eks_addon_version.this["kube-proxy"][0m will be read during apply
  # (depends on a resource or a module with changes pending)
[0m [36m<=[0m[0m data "aws_eks_addon_version" "this" {
      [32m+[0m[0m addon_name         = "kube-proxy"
      [32m+[0m[0m id                 = (known after apply)
      [32m+[0m[0m kubernetes_version = "1.28"
      [32m+[0m[0m most_recent        = true
      [32m+[0m[0m version            = (known after apply)
    }

[1m  # module.eks.data.aws_eks_addon_version.this["vpc-cni"][0m will be read during apply
  # (depends on a resource or a module with changes pending)
[0m [36m<=[0m[0m data "aws_eks_addon_version" "this" {
      [32m+[0m[0m addon_name         = "vpc-cni"
      [32m+[0m[0m id                 = (known after apply)
      [32m+[0m[0m kubernetes_version = "1.28"
      [32m+[0m[0m most_recent        = true
      [32m+[0m[0m version            = (known after apply)
    }

[1m  # module.eks.data.tls_certificate.this[0][0m will be read during apply
  # (config refers to values not yet known)
[0m [36m<=[0m[0m data "tls_certificate" "this" {
      [32m+[0m[0m certificates = (known after apply)
      [32m+[0m[0m id           = (known after apply)
      [32m+[0m[0m url          = (known after apply)
    }

[1m  # module.eks.aws_cloudwatch_log_group.this[0][0m will be created
[0m  [32m+[0m[0m resource "aws_cloudwatch_log_group" "this" {
      [32m+[0m[0m arn               = (known after apply)
      [32m+[0m[0m id                = (known after apply)
      [32m+[0m[0m log_group_class   = (known after apply)
      [32m+[0m[0m name              = "/aws/eks/fluss-eks-cluster/cluster"
      [32m+[0m[0m name_prefix       = (known after apply)
      [32m+[0m[0m retention_in_days = 90
      [32m+[0m[0m skip_destroy      = false
      [32m+[0m[0m tags              = {
          [32m+[0m[0m "Environment" = "dev"
          [32m+[0m[0m "ManagedBy"   = "terraform"
          [32m+[0m[0m "Name"        = "/aws/eks/fluss-eks-cluster/cluster"
          [32m+[0m[0m "Project"     = "fluss-deployment"
        }
      [32m+[0m[0m tags_all          = {
          [32m+[0m[0m "Environment" = "dev"
          [32m+[0m[0m "ManagedBy"   = "terraform"
          [32m+[0m[0m "Name"        = "/aws/eks/fluss-eks-cluster/cluster"
          [32m+[0m[0m "Project"     = "fluss-deployment"
        }
    }

[1m  # module.eks.aws_ec2_tag.cluster_primary_security_group["Environment"][0m will be created
[0m  [32m+[0m[0m resource "aws_ec2_tag" "cluster_primary_security_group" {
      [32m+[0m[0m id          = (known after apply)
      [32m+[0m[0m key         = "Environment"
      [32m+[0m[0m resource_id = (known after apply)
      [32m+[0m[0m value       = "dev"
    }

[1m  # module.eks.aws_ec2_tag.cluster_primary_security_group["ManagedBy"][0m will be created
[0m  [32m+[0m[0m resource "aws_ec2_tag" "cluster_primary_security_group" {
      [32m+[0m[0m id          = (known after apply)
      [32m+[0m[0m key         = "ManagedBy"
      [32m+[0m[0m resource_id = (known after apply)
      [32m+[0m[0m value       = "terraform"
    }

[1m  # module.eks.aws_ec2_tag.cluster_primary_security_group["Project"][0m will be created
[0m  [32m+[0m[0m resource "aws_ec2_tag" "cluster_primary_security_group" {
      [32m+[0m[0m id          = (known after apply)
      [32m+[0m[0m key         = "Project"
      [32m+[0m[0m resource_id = (known after apply)
      [32m+[0m[0m value       = "fluss-deployment"
    }

[1m  # module.eks.aws_eks_addon.this["coredns"][0m will be created
[0m  [32m+[0m[0m resource "aws_eks_addon" "this" {
      [32m+[0m[0m addon_name           = "coredns"
      [32m+[0m[0m addon_version        = (known after apply)
      [32m+[0m[0m arn                  = (known after apply)
      [32m+[0m[0m cluster_name         = "fluss-eks-cluster"
      [32m+[0m[0m configuration_values = (known after apply)
      [32m+[0m[0m created_at           = (known after apply)
      [32m+[0m[0m id                   = (known after apply)
      [32m+[0m[0m modified_at          = (known after apply)
      [32m+[0m[0m resolve_conflicts    = "OVERWRITE"
      [32m+[0m[0m tags                 = {
          [32m+[0m[0m "Environment" = "dev"
          [32m+[0m[0m "ManagedBy"   = "terraform"
          [32m+[0m[0m "Name"        = "fluss-eks-cluster"
          [32m+[0m[0m "Project"     = "fluss-deployment"
        }
      [32m+[0m[0m tags_all             = {
          [32m+[0m[0m "Environment" = "dev"
          [32m+[0m[0m "ManagedBy"   = "terraform"
          [32m+[0m[0m "Name"        = "fluss-eks-cluster"
          [32m+[0m[0m "Project"     = "fluss-deployment"
        }

      [32m+[0m[0m timeouts {}
    }

[1m  # module.eks.aws_eks_addon.this["kube-proxy"][0m will be created
[0m  [32m+[0m[0m resource "aws_eks_addon" "this" {
      [32m+[0m[0m addon_name           = "kube-proxy"
      [32m+[0m[0m addon_version        = (known after apply)
      [32m+[0m[0m arn                  = (known after apply)
      [32m+[0m[0m cluster_name         = "fluss-eks-cluster"
      [32m+[0m[0m configuration_values = (known after apply)
      [32m+[0m[0m created_at           = (known after apply)
      [32m+[0m[0m id                   = (known after apply)
      [32m+[0m[0m modified_at          = (known after apply)
      [32m+[0m[0m resolve_conflicts    = "OVERWRITE"
      [32m+[0m[0m tags                 = {
          [32m+[0m[0m "Environment" = "dev"
          [32m+[0m[0m "ManagedBy"   = "terraform"
          [32m+[0m[0m "Name"        = "fluss-eks-cluster"
          [32m+[0m[0m "Project"     = "fluss-deployment"
        }
      [32m+[0m[0m tags_all             = {
          [32m+[0m[0m "Environment" = "dev"
          [32m+[0m[0m "ManagedBy"   = "terraform"
          [32m+[0m[0m "Name"        = "fluss-eks-cluster"
          [32m+[0m[0m "Project"     = "fluss-deployment"
        }

      [32m+[0m[0m timeouts {}
    }

[1m  # module.eks.aws_eks_addon.this["vpc-cni"][0m will be created
[0m  [32m+[0m[0m resource "aws_eks_addon" "this" {
      [32m+[0m[0m addon_name           = "vpc-cni"
      [32m+[0m[0m addon_version        = (known after apply)
      [32m+[0m[0m arn                  = (known after apply)
      [32m+[0m[0m cluster_name         = "fluss-eks-cluster"
      [32m+[0m[0m configuration_values = (known after apply)
      [32m+[0m[0m created_at           = (known after apply)
      [32m+[0m[0m id                   = (known after apply)
      [32m+[0m[0m modified_at          = (known after apply)
      [32m+[0m[0m resolve_conflicts    = "OVERWRITE"
      [32m+[0m[0m tags                 = {
          [32m+[0m[0m "Environment" = "dev"
          [32m+[0m[0m "ManagedBy"   = "terraform"
          [32m+[0m[0m "Name"        = "fluss-eks-cluster"
          [32m+[0m[0m "Project"     = "fluss-deployment"
        }
      [32m+[0m[0m tags_all             = {
          [32m+[0m[0m "Environment" = "dev"
          [32m+[0m[0m "ManagedBy"   = "terraform"
          [32m+[0m[0m "Name"        = "fluss-eks-cluster"
          [32m+[0m[0m "Project"     = "fluss-deployment"
        }

      [32m+[0m[0m timeouts {}
    }

[1m  # module.eks.aws_eks_cluster.this[0][0m will be created
[0m  [32m+[0m[0m resource "aws_eks_cluster" "this" {
      [32m+[0m[0m arn                           = (known after apply)
      [32m+[0m[0m bootstrap_self_managed_addons = true
      [32m+[0m[0m certificate_authority         = (known after apply)
      [32m+[0m[0m cluster_id                    = (known after apply)
      [32m+[0m[0m created_at                    = (known after apply)
      [32m+[0m[0m enabled_cluster_log_types     = [
          [32m+[0m[0m "api",
          [32m+[0m[0m "audit",
          [32m+[0m[0m "authenticator",
          [32m+[0m[0m "controllerManager",
          [32m+[0m[0m "scheduler",
        ]
      [32m+[0m[0m endpoint                      = (known after apply)
      [32m+[0m[0m id                            = (known after apply)
      [32m+[0m[0m identity                      = (known after apply)
      [32m+[0m[0m name                          = "fluss-eks-cluster"
      [32m+[0m[0m platform_version              = (known after apply)
      [32m+[0m[0m role_arn                      = (known after apply)
      [32m+[0m[0m status                        = (known after apply)
      [32m+[0m[0m tags                          = {
          [32m+[0m[0m "Environment" = "dev"
          [32m+[0m[0m "ManagedBy"   = "terraform"
          [32m+[0m[0m "Name"        = "fluss-eks-cluster"
          [32m+[0m[0m "Project"     = "fluss-deployment"
        }
      [32m+[0m[0m tags_all                      = {
          [32m+[0m[0m "Environment" = "dev"
          [32m+[0m[0m "ManagedBy"   = "terraform"
          [32m+[0m[0m "Name"        = "fluss-eks-cluster"
          [32m+[0m[0m "Project"     = "fluss-deployment"
        }
      [32m+[0m[0m version                       = "1.28"

      [32m+[0m[0m access_config (known after apply)

      [32m+[0m[0m encryption_config {
          [32m+[0m[0m resources = [
              [32m+[0m[0m "secrets",
            ]

          [32m+[0m[0m provider {
              [32m+[0m[0m key_arn = (known after apply)
            }
        }

      [32m+[0m[0m kubernetes_network_config {
          [32m+[0m[0m ip_family         = (known after apply)
          [32m+[0m[0m service_ipv4_cidr = (known after apply)
          [32m+[0m[0m service_ipv6_cidr = (known after apply)

          [32m+[0m[0m elastic_load_balancing (known after apply)
        }

      [32m+[0m[0m timeouts {}

      [32m+[0m[0m upgrade_policy (known after apply)

      [32m+[0m[0m vpc_config {
          [32m+[0m[0m cluster_security_group_id = (known after apply)
          [32m+[0m[0m endpoint_private_access   = true
          [32m+[0m[0m endpoint_public_access    = true
          [32m+[0m[0m public_access_cidrs       = [
              [32m+[0m[0m "0.0.0.0/0",
            ]
          [32m+[0m[0m security_group_ids        = (known after apply)
          [32m+[0m[0m subnet_ids                = (known after apply)
          [32m+[0m[0m vpc_id                    = (known after apply)
        }
    }

[1m  # module.eks.aws_iam_openid_connect_provider.oidc_provider[0][0m will be created
[0m  [32m+[0m[0m resource "aws_iam_openid_connect_provider" "oidc_provider" {
      [32m+[0m[0m arn             = (known after apply)
      [32m+[0m[0m client_id_list  = [
          [32m+[0m[0m "sts.amazonaws.com",
        ]
      [32m+[0m[0m id              = (known after apply)
      [32m+[0m[0m tags            = {
          [32m+[0m[0m "Environment" = "dev"
          [32m+[0m[0m "ManagedBy"   = "terraform"
          [32m+[0m[0m "Name"        = "fluss-eks-cluster"
          [32m+[0m[0m "Project"     = "fluss-deployment"
        }
      [32m+[0m[0m tags_all        = {
          [32m+[0m[0m "Environment" = "dev"
          [32m+[0m[0m "ManagedBy"   = "terraform"
          [32m+[0m[0m "Name"        = "fluss-eks-cluster"
          [32m+[0m[0m "Project"     = "fluss-deployment"
        }
      [32m+[0m[0m thumbprint_list = (known after apply)
      [32m+[0m[0m url             = (known after apply)
    }

[1m  # module.eks.aws_iam_policy.cluster_encryption[0][0m will be created
[0m  [32m+[0m[0m resource "aws_iam_policy" "cluster_encryption" {
      [32m+[0m[0m arn              = (known after apply)
      [32m+[0m[0m attachment_count = (known after apply)
      [32m+[0m[0m description      = "Cluster encryption policy to allow cluster role to utilize CMK provided"
      [32m+[0m[0m id               = (known after apply)
      [32m+[0m[0m name             = (known after apply)
      [32m+[0m[0m name_prefix      = "fluss-eks-cluster-cluster-ClusterEncryption"
      [32m+[0m[0m path             = "/"
      [32m+[0m[0m policy           = (known after apply)
      [32m+[0m[0m policy_id        = (known after apply)
      [32m+[0m[0m tags             = {
          [32m+[0m[0m "Environment" = "dev"
          [32m+[0m[0m "ManagedBy"   = "terraform"
          [32m+[0m[0m "Name"        = "fluss-eks-cluster"
          [32m+[0m[0m "Project"     = "fluss-deployment"
        }
      [32m+[0m[0m tags_all         = {
          [32m+[0m[0m "Environment" = "dev"
          [32m+[0m[0m "ManagedBy"   = "terraform"
          [32m+[0m[0m "Name"        = "fluss-eks-cluster"
          [32m+[0m[0m "Project"     = "fluss-deployment"
        }
    }

[1m  # module.eks.aws_iam_role.this[0][0m will be created
[0m  [32m+[0m[0m resource "aws_iam_role" "this" {
      [32m+[0m[0m arn                   = (known after apply)
      [32m+[0m[0m assume_role_policy    = jsonencode(
            {
              [32m+[0m[0m Statement = [
                  [32m+[0m[0m {
                      [32m+[0m[0m Action    = "sts:AssumeRole"
                      [32m+[0m[0m Effect    = "Allow"
                      [32m+[0m[0m Principal = {
                          [32m+[0m[0m Service = "eks.amazonaws.com"
                        }
                      [32m+[0m[0m Sid       = "EKSClusterAssumeRole"
                    },
                ]
              [32m+[0m[0m Version   = "2012-10-17"
            }
        )
      [32m+[0m[0m create_date           = (known after apply)
      [32m+[0m[0m force_detach_policies = true
      [32m+[0m[0m id                    = (known after apply)
      [32m+[0m[0m managed_policy_arns   = (known after apply)
      [32m+[0m[0m max_session_duration  = 3600
      [32m+[0m[0m name                  = (known after apply)
      [32m+[0m[0m name_prefix           = "fluss-eks-cluster-cluster-"
      [32m+[0m[0m path                  = "/"
      [32m+[0m[0m tags                  = {
          [32m+[0m[0m "Environment" = "dev"
          [32m+[0m[0m "ManagedBy"   = "terraform"
          [32m+[0m[0m "Name"        = "fluss-eks-cluster"
          [32m+[0m[0m "Project"     = "fluss-deployment"
        }
      [32m+[0m[0m tags_all              = {
          [32m+[0m[0m "Environment" = "dev"
          [32m+[0m[0m "ManagedBy"   = "terraform"
          [32m+[0m[0m "Name"        = "fluss-eks-cluster"
          [32m+[0m[0m "Project"     = "fluss-deployment"
        }
      [32m+[0m[0m unique_id             = (known after apply)

      [32m+[0m[0m inline_policy {
          [32m+[0m[0m name   = "fluss-eks-cluster-cluster"
          [32m+[0m[0m policy = jsonencode(
                {
                  [32m+[0m[0m Statement = [
                      [32m+[0m[0m {
                          [32m+[0m[0m Action   = [
                              [32m+[0m[0m "logs:CreateLogGroup",
                            ]
                          [32m+[0m[0m Effect   = "Deny"
                          [32m+[0m[0m Resource = "*"
                        },
                    ]
                  [32m+[0m[0m Version   = "2012-10-17"
                }
            )
        }
    }

[1m  # module.eks.aws_iam_role_policy_attachment.cluster_encryption[0][0m will be created
[0m  [32m+[0m[0m resource "aws_iam_role_policy_attachment" "cluster_encryption" {
      [32m+[0m[0m id         = (known after apply)
      [32m+[0m[0m policy_arn = (known after apply)
      [32m+[0m[0m role       = (known after apply)
    }

[1m  # module.eks.aws_iam_role_policy_attachment.this["AmazonEKSClusterPolicy"][0m will be created
[0m  [32m+[0m[0m resource "aws_iam_role_policy_attachment" "this" {
      [32m+[0m[0m id         = (known after apply)
      [32m+[0m[0m policy_arn = "arn:aws:iam::aws:policy/AmazonEKSClusterPolicy"
      [32m+[0m[0m role       = (known after apply)
    }

[1m  # module.eks.aws_iam_role_policy_attachment.this["AmazonEKSVPCResourceController"][0m will be created
[0m  [32m+[0m[0m resource "aws_iam_role_policy_attachment" "this" {
      [32m+[0m[0m id         = (known after apply)
      [32m+[0m[0m policy_arn = "arn:aws:iam::aws:policy/AmazonEKSVPCResourceController"
      [32m+[0m[0m role       = (known after apply)
    }

[1m  # module.eks.aws_security_group.cluster[0][0m will be created
[0m  [32m+[0m[0m resource "aws_security_group" "cluster" {
      [32m+[0m[0m arn                    = (known after apply)
      [32m+[0m[0m description            = "EKS cluster security group"
      [32m+[0m[0m egress                 = (known after apply)
      [32m+[0m[0m id                     = (known after apply)
      [32m+[0m[0m ingress                = (known after apply)
      [32m+[0m[0m name                   = (known after apply)
      [32m+[0m[0m name_prefix            = "fluss-eks-cluster-cluster-"
      [32m+[0m[0m owner_id               = (known after apply)
      [32m+[0m[0m revoke_rules_on_delete = false
      [32m+[0m[0m tags                   = {
          [32m+[0m[0m "Environment" = "dev"
          [32m+[0m[0m "ManagedBy"   = "terraform"
          [32m+[0m[0m "Name"        = "fluss-eks-cluster-cluster"
          [32m+[0m[0m "Project"     = "fluss-deployment"
        }
      [32m+[0m[0m tags_all               = {
          [32m+[0m[0m "Environment" = "dev"
          [32m+[0m[0m "ManagedBy"   = "terraform"
          [32m+[0m[0m "Name"        = "fluss-eks-cluster-cluster"
          [32m+[0m[0m "Project"     = "fluss-deployment"
        }
      [32m+[0m[0m vpc_id                 = (known after apply)
    }

[1m  # module.eks.aws_security_group.node[0][0m will be created
[0m  [32m+[0m[0m resource "aws_security_group" "node" {
      [32m+[0m[0m arn                    = (known after apply)
      [32m+[0m[0m description            = "EKS node shared security group"
      [32m+[0m[0m egress                 = (known after apply)
      [32m+[0m[0m id                     = (known after apply)
      [32m+[0m[0m ingress                = (known after apply)
      [32m+[0m[0m name                   = (known after apply)
      [32m+[0m[0m name_prefix            = "fluss-eks-cluster-node-"
      [32m+[0m[0m owner_id               = (known after apply)
      [32m+[0m[0m revoke_rules_on_delete = false
      [32m+[0m[0m tags                   = {
          [32m+[0m[0m "Environment"                             = "dev"
          [32m+[0m[0m "ManagedBy"                               = "terraform"
          [32m+[0m[0m "Name"                                    = "fluss-eks-cluster-node"
          [32m+[0m[0m "Project"                                 = "fluss-deployment"
          [32m+[0m[0m "kubernetes.io/cluster/fluss-eks-cluster" = "owned"
        }
      [32m+[0m[0m tags_all               = {
          [32m+[0m[0m "Environment"                             = "dev"
          [32m+[0m[0m "ManagedBy"                               = "terraform"
          [32m+[0m[0m "Name"                                    = "fluss-eks-cluster-node"
          [32m+[0m[0m "Project"                                 = "fluss-deployment"
          [32m+[0m[0m "kubernetes.io/cluster/fluss-eks-cluster" = "owned"
        }
      [32m+[0m[0m vpc_id                 = (known after apply)
    }

[1m  # module.eks.aws_security_group_rule.cluster["ingress_nodes_443"][0m will be created
[0m  [32m+[0m[0m resource "aws_security_group_rule" "cluster" {
      [32m+[0m[0m description              = "Node groups to cluster API"
      [32m+[0m[0m from_port                = 443
      [32m+[0m[0m id                       = (known after apply)
      [32m+[0m[0m protocol                 = "tcp"
      [32m+[0m[0m security_group_id        = (known after apply)
      [32m+[0m[0m security_group_rule_id   = (known after apply)
      [32m+[0m[0m self                     = false
      [32m+[0m[0m source_security_group_id = (known after apply)
      [32m+[0m[0m to_port                  = 443
      [32m+[0m[0m type                     = "ingress"
    }

[1m  # module.eks.aws_security_group_rule.node["egress_all"][0m will be created
[0m  [32m+[0m[0m resource "aws_security_group_rule" "node" {
      [32m+[0m[0m cidr_blocks              = [
          [32m+[0m[0m "0.0.0.0/0",
        ]
      [32m+[0m[0m description              = "Allow all egress"
      [32m+[0m[0m from_port                = 0
      [32m+[0m[0m id                       = (known after apply)
      [32m+[0m[0m prefix_list_ids          = []
      [32m+[0m[0m protocol                 = "-1"
      [32m+[0m[0m security_group_id        = (known after apply)
      [32m+[0m[0m security_group_rule_id   = (known after apply)
      [32m+[0m[0m self                     = false
      [32m+[0m[0m source_security_group_id = (known after apply)
      [32m+[0m[0m to_port                  = 0
      [32m+[0m[0m type                     = "egress"
    }

[1m  # module.eks.aws_security_group_rule.node["ingress_cluster_443"][0m will be created
[0m  [32m+[0m[0m resource "aws_security_group_rule" "node" {
      [32m+[0m[0m description              = "Cluster API to node groups"
      [32m+[0m[0m from_port                = 443
      [32m+[0m[0m id                       = (known after apply)
      [32m+[0m[0m prefix_list_ids          = []
      [32m+[0m[0m protocol                 = "tcp"
      [32m+[0m[0m security_group_id        = (known after apply)
      [32m+[0m[0m security_group_rule_id   = (known after apply)
      [32m+[0m[0m self                     = false
      [32m+[0m[0m source_security_group_id = (known after apply)
      [32m+[0m[0m to_port                  = 443
      [32m+[0m[0m type                     = "ingress"
    }

[1m  # module.eks.aws_security_group_rule.node["ingress_cluster_4443_webhook"][0m will be created
[0m  [32m+[0m[0m resource "aws_security_group_rule" "node" {
      [32m+[0m[0m description              = "Cluster API to node 4443/tcp webhook"
      [32m+[0m[0m from_port                = 4443
      [32m+[0m[0m id                       = (known after apply)
      [32m+[0m[0m prefix_list_ids          = []
      [32m+[0m[0m protocol                 = "tcp"
      [32m+[0m[0m security_group_id        = (known after apply)
      [32m+[0m[0m security_group_rule_id   = (known after apply)
      [32m+[0m[0m self                     = false
      [32m+[0m[0m source_security_group_id = (known after apply)
      [32m+[0m[0m to_port                  = 4443
      [32m+[0m[0m type                     = "ingress"
    }

[1m  # module.eks.aws_security_group_rule.node["ingress_cluster_6443_webhook"][0m will be created
[0m  [32m+[0m[0m resource "aws_security_group_rule" "node" {
      [32m+[0m[0m description              = "Cluster API to node 6443/tcp webhook"
      [32m+[0m[0m from_port                = 6443
      [32m+[0m[0m id                       = (known after apply)
      [32m+[0m[0m prefix_list_ids          = []
      [32m+[0m[0m protocol                 = "tcp"
      [32m+[0m[0m security_group_id        = (known after apply)
      [32m+[0m[0m security_group_rule_id   = (known after apply)
      [32m+[0m[0m self                     = false
      [32m+[0m[0m source_security_group_id = (known after apply)
      [32m+[0m[0m to_port                  = 6443
      [32m+[0m[0m type                     = "ingress"
    }

[1m  # module.eks.aws_security_group_rule.node["ingress_cluster_8443_webhook"][0m will be created
[0m  [32m+[0m[0m resource "aws_security_group_rule" "node" {
      [32m+[0m[0m description              = "Cluster API to node 8443/tcp webhook"
      [32m+[0m[0m from_port                = 8443
      [32m+[0m[0m id                       = (known after apply)
      [32m+[0m[0m prefix_list_ids          = []
      [32m+[0m[0m protocol                 = "tcp"
      [32m+[0m[0m security_group_id        = (known after apply)
      [32m+[0m[0m security_group_rule_id   = (known after apply)
      [32m+[0m[0m self                     = false
      [32m+[0m[0m source_security_group_id = (known after apply)
      [32m+[0m[0m to_port                  = 8443
      [32m+[0m[0m type                     = "ingress"
    }

[1m  # module.eks.aws_security_group_rule.node["ingress_cluster_9443_webhook"][0m will be created
[0m  [32m+[0m[0m resource "aws_security_group_rule" "node" {
      [32m+[0m[0m description              = "Cluster API to node 9443/tcp webhook"
      [32m+[0m[0m from_port                = 9443
      [32m+[0m[0m id                       = (known after apply)
      [32m+[0m[0m prefix_list_ids          = []
      [32m+[0m[0m protocol                 = "tcp"
      [32m+[0m[0m security_group_id        = (known after apply)
      [32m+[0m[0m security_group_rule_id   = (known after apply)
      [32m+[0m[0m self                     = false
      [32m+[0m[0m source_security_group_id = (known after apply)
      [32m+[0m[0m to_port                  = 9443
      [32m+[0m[0m type                     = "ingress"
    }

[1m  # module.eks.aws_security_group_rule.node["ingress_cluster_kubelet"][0m will be created
[0m  [32m+[0m[0m resource "aws_security_group_rule" "node" {
      [32m+[0m[0m description              = "Cluster API to node kubelets"
      [32m+[0m[0m from_port                = 10250
      [32m+[0m[0m id                       = (known after apply)
      [32m+[0m[0m prefix_list_ids          = []
      [32m+[0m[0m protocol                 = "tcp"
      [32m+[0m[0m security_group_id        = (known after apply)
      [32m+[0m[0m security_group_rule_id   = (known after apply)
      [32m+[0m[0m self                     = false
      [32m+[0m[0m source_security_group_id = (known after apply)
      [32m+[0m[0m to_port                  = 10250
      [32m+[0m[0m type                     = "ingress"
    }

[1m  # module.eks.aws_security_group_rule.node["ingress_nodes_ephemeral"][0m will be created
[0m  [32m+[0m[0m resource "aws_security_group_rule" "node" {
      [32m+[0m[0m description              = "Node to node ingress on ephemeral ports"
      [32m+[0m[0m from_port                = 1025
      [32m+[0m[0m id                       = (known after apply)
      [32m+[0m[0m prefix_list_ids          = []
      [32m+[0m[0m protocol                 = "tcp"
      [32m+[0m[0m security_group_id        = (known after apply)
      [32m+[0m[0m security_group_rule_id   = (known after apply)
      [32m+[0m[0m self                     = true
      [32m+[0m[0m source_security_group_id = (known after apply)
      [32m+[0m[0m to_port                  = 65535
      [32m+[0m[0m type                     = "ingress"
    }

[1m  # module.eks.aws_security_group_rule.node["ingress_self_coredns_tcp"][0m will be created
[0m  [32m+[0m[0m resource "aws_security_group_rule" "node" {
      [32m+[0m[0m description              = "Node to node CoreDNS"
      [32m+[0m[0m from_port                = 53
      [32m+[0m[0m id                       = (known after apply)
      [32m+[0m[0m prefix_list_ids          = []
      [32m+[0m[0m protocol                 = "tcp"
      [32m+[0m[0m security_group_id        = (known after apply)
      [32m+[0m[0m security_group_rule_id   = (known after apply)
      [32m+[0m[0m self                     = true
      [32m+[0m[0m source_security_group_id = (known after apply)
      [32m+[0m[0m to_port                  = 53
      [32m+[0m[0m type                     = "ingress"
    }

[1m  # module.eks.aws_security_group_rule.node["ingress_self_coredns_udp"][0m will be created
[0m  [32m+[0m[0m resource "aws_security_group_rule" "node" {
      [32m+[0m[0m description              = "Node to node CoreDNS UDP"
      [32m+[0m[0m from_port                = 53
      [32m+[0m[0m id                       = (known after apply)
      [32m+[0m[0m prefix_list_ids          = []
      [32m+[0m[0m protocol                 = "udp"
      [32m+[0m[0m security_group_id        = (known after apply)
      [32m+[0m[0m security_group_rule_id   = (known after apply)
      [32m+[0m[0m self                     = true
      [32m+[0m[0m source_security_group_id = (known after apply)
      [32m+[0m[0m to_port                  = 53
      [32m+[0m[0m type                     = "ingress"
    }

[1m  # module.eks.kubernetes_config_map_v1_data.aws_auth[0][0m will be created
[0m  [32m+[0m[0m resource "kubernetes_config_map_v1_data" "aws_auth" {
      [32m+[0m[0m data          = (known after apply)
      [32m+[0m[0m field_manager = "Terraform"
      [32m+[0m[0m force         = true
      [32m+[0m[0m id            = (known after apply)

      [32m+[0m[0m metadata {
          [32m+[0m[0m name      = "aws-auth"
          [32m+[0m[0m namespace = "kube-system"
        }
    }

[1m  # module.eks.time_sleep.this[0][0m will be created
[0m  [32m+[0m[0m resource "time_sleep" "this" {
      [32m+[0m[0m create_duration = "30s"
      [32m+[0m[0m id              = (known after apply)
      [32m+[0m[0m triggers        = {
          [32m+[0m[0m "cluster_certificate_authority_data" = (known after apply)
          [32m+[0m[0m "cluster_endpoint"                   = (known after apply)
          [32m+[0m[0m "cluster_name"                       = "fluss-eks-cluster"
          [32m+[0m[0m "cluster_version"                    = "1.28"
        }
    }

[1m  # module.vpc.aws_default_network_acl.this[0][0m will be created
[0m  [32m+[0m[0m resource "aws_default_network_acl" "this" {
      [32m+[0m[0m arn                    = (known after apply)
      [32m+[0m[0m default_network_acl_id = (known after apply)
      [32m+[0m[0m id                     = (known after apply)
      [32m+[0m[0m owner_id               = (known after apply)
      [32m+[0m[0m tags                   = {
          [32m+[0m[0m "Environment" = "dev"
          [32m+[0m[0m "ManagedBy"   = "terraform"
          [32m+[0m[0m "Name"        = "fluss-eks-cluster-vpc"
          [32m+[0m[0m "Project"     = "fluss-deployment"
        }
      [32m+[0m[0m tags_all               = {
          [32m+[0m[0m "Environment" = "dev"
          [32m+[0m[0m "ManagedBy"   = "terraform"
          [32m+[0m[0m "Name"        = "fluss-eks-cluster-vpc"
          [32m+[0m[0m "Project"     = "fluss-deployment"
        }
      [32m+[0m[0m vpc_id                 = (known after apply)

      [32m+[0m[0m egress {
          [32m+[0m[0m action          = "allow"
          [32m+[0m[0m from_port       = 0
          [32m+[0m[0m ipv6_cidr_block = "::/0"
          [32m+[0m[0m protocol        = "-1"
          [32m+[0m[0m rule_no         = 101
          [32m+[0m[0m to_port         = 0
            [90m# (1 unchanged attribute hidden)[0m[0m
        }
      [32m+[0m[0m egress {
          [32m+[0m[0m action          = "allow"
          [32m+[0m[0m cidr_block      = "0.0.0.0/0"
          [32m+[0m[0m from_port       = 0
          [32m+[0m[0m protocol        = "-1"
          [32m+[0m[0m rule_no         = 100
          [32m+[0m[0m to_port         = 0
            [90m# (1 unchanged attribute hidden)[0m[0m
        }

      [32m+[0m[0m ingress {
          [32m+[0m[0m action          = "allow"
          [32m+[0m[0m from_port       = 0
          [32m+[0m[0m ipv6_cidr_block = "::/0"
          [32m+[0m[0m protocol        = "-1"
          [32m+[0m[0m rule_no         = 101
          [32m+[0m[0m to_port         = 0
            [90m# (1 unchanged attribute hidden)[0m[0m
        }
      [32m+[0m[0m ingress {
          [32m+[0m[0m action          = "allow"
          [32m+[0m[0m cidr_block      = "0.0.0.0/0"
          [32m+[0m[0m from_port       = 0
          [32m+[0m[0m protocol        = "-1"
          [32m+[0m[0m rule_no         = 100
          [32m+[0m[0m to_port         = 0
            [90m# (1 unchanged attribute hidden)[0m[0m
        }
    }

[1m  # module.vpc.aws_default_route_table.default[0][0m will be created
[0m  [32m+[0m[0m resource "aws_default_route_table" "default" {
      [32m+[0m[0m arn                    = (known after apply)
      [32m+[0m[0m default_route_table_id = (known after apply)
      [32m+[0m[0m id                     = (known after apply)
      [32m+[0m[0m owner_id               = (known after apply)
      [32m+[0m[0m route                  = (known after apply)
      [32m+[0m[0m tags                   = {
          [32m+[0m[0m "Environment" = "dev"
          [32m+[0m[0m "ManagedBy"   = "terraform"
          [32m+[0m[0m "Name"        = "fluss-eks-cluster-vpc"
          [32m+[0m[0m "Project"     = "fluss-deployment"
        }
      [32m+[0m[0m tags_all               = {
          [32m+[0m[0m "Environment" = "dev"
          [32m+[0m[0m "ManagedBy"   = "terraform"
          [32m+[0m[0m "Name"        = "fluss-eks-cluster-vpc"
          [32m+[0m[0m "Project"     = "fluss-deployment"
        }
      [32m+[0m[0m vpc_id                 = (known after apply)

      [32m+[0m[0m timeouts {
          [32m+[0m[0m create = "5m"
          [32m+[0m[0m update = "5m"
        }
    }

[1m  # module.vpc.aws_default_security_group.this[0][0m will be created
[0m  [32m+[0m[0m resource "aws_default_security_group" "this" {
      [32m+[0m[0m arn                    = (known after apply)
      [32m+[0m[0m description            = (known after apply)
      [32m+[0m[0m egress                 = (known after apply)
      [32m+[0m[0m id                     = (known after apply)
      [32m+[0m[0m ingress                = (known after apply)
      [32m+[0m[0m name                   = (known after apply)
      [32m+[0m[0m name_prefix            = (known after apply)
      [32m+[0m[0m owner_id               = (known after apply)
      [32m+[0m[0m revoke_rules_on_delete = false
      [32m+[0m[0m tags                   = {
          [32m+[0m[0m "Environment" = "dev"
          [32m+[0m[0m "ManagedBy"   = "terraform"
          [32m+[0m[0m "Name"        = "fluss-eks-cluster-vpc"
          [32m+[0m[0m "Project"     = "fluss-deployment"
        }
      [32m+[0m[0m tags_all               = {
          [32m+[0m[0m "Environment" = "dev"
          [32m+[0m[0m "ManagedBy"   = "terraform"
          [32m+[0m[0m "Name"        = "fluss-eks-cluster-vpc"
          [32m+[0m[0m "Project"     = "fluss-deployment"
        }
      [32m+[0m[0m vpc_id                 = (known after apply)
    }

[1m  # module.vpc.aws_eip.nat[0][0m will be created
[0m  [32m+[0m[0m resource "aws_eip" "nat" {
      [32m+[0m[0m allocation_id        = (known after apply)
      [32m+[0m[0m arn                  = (known after apply)
      [32m+[0m[0m association_id       = (known after apply)
      [32m+[0m[0m carrier_ip           = (known after apply)
      [32m+[0m[0m customer_owned_ip    = (known after apply)
      [32m+[0m[0m domain               = "vpc"
      [32m+[0m[0m id                   = (known after apply)
      [32m+[0m[0m instance             = (known after apply)
      [32m+[0m[0m ipam_pool_id         = (known after apply)
      [32m+[0m[0m network_border_group = (known after apply)
      [32m+[0m[0m network_interface    = (known after apply)
      [32m+[0m[0m private_dns          = (known after apply)
      [32m+[0m[0m private_ip           = (known after apply)
      [32m+[0m[0m ptr_record           = (known after apply)
      [32m+[0m[0m public_dns           = (known after apply)
      [32m+[0m[0m public_ip            = (known after apply)
      [32m+[0m[0m public_ipv4_pool     = (known after apply)
      [32m+[0m[0m tags                 = {
          [32m+[0m[0m "Environment" = "dev"
          [32m+[0m[0m "ManagedBy"   = "terraform"
          [32m+[0m[0m "Name"        = "fluss-eks-cluster-vpc"
          [32m+[0m[0m "Project"     = "fluss-deployment"
        }
      [32m+[0m[0m tags_all             = {
          [32m+[0m[0m "Environment" = "dev"
          [32m+[0m[0m "ManagedBy"   = "terraform"
          [32m+[0m[0m "Name"        = "fluss-eks-cluster-vpc"
          [32m+[0m[0m "Project"     = "fluss-deployment"
        }
      [32m+[0m[0m vpc                  = (known after apply)
    }

[1m  # module.vpc.aws_eip.nat[1][0m will be created
[0m  [32m+[0m[0m resource "aws_eip" "nat" {
      [32m+[0m[0m allocation_id        = (known after apply)
      [32m+[0m[0m arn                  = (known after apply)
      [32m+[0m[0m association_id       = (known after apply)
      [32m+[0m[0m carrier_ip           = (known after apply)
      [32m+[0m[0m customer_owned_ip    = (known after apply)
      [32m+[0m[0m domain               = "vpc"
      [32m+[0m[0m id                   = (known after apply)
      [32m+[0m[0m instance             = (known after apply)
      [32m+[0m[0m ipam_pool_id         = (known after apply)
      [32m+[0m[0m network_border_group = (known after apply)
      [32m+[0m[0m network_interface    = (known after apply)
      [32m+[0m[0m private_dns          = (known after apply)
      [32m+[0m[0m private_ip           = (known after apply)
      [32m+[0m[0m ptr_record           = (known after apply)
      [32m+[0m[0m public_dns           = (known after apply)
      [32m+[0m[0m public_ip            = (known after apply)
      [32m+[0m[0m public_ipv4_pool     = (known after apply)
      [32m+[0m[0m tags                 = {
          [32m+[0m[0m "Environment" = "dev"
          [32m+[0m[0m "ManagedBy"   = "terraform"
          [32m+[0m[0m "Name"        = "fluss-eks-cluster-vpc"
          [32m+[0m[0m "Project"     = "fluss-deployment"
        }
      [32m+[0m[0m tags_all             = {
          [32m+[0m[0m "Environment" = "dev"
          [32m+[0m[0m "ManagedBy"   = "terraform"
          [32m+[0m[0m "Name"        = "fluss-eks-cluster-vpc"
          [32m+[0m[0m "Project"     = "fluss-deployment"
        }
      [32m+[0m[0m vpc                  = (known after apply)
    }

[1m  # module.vpc.aws_internet_gateway.this[0][0m will be created
[0m  [32m+[0m[0m resource "aws_internet_gateway" "this" {
      [32m+[0m[0m arn      = (known after apply)
      [32m+[0m[0m id       = (known after apply)
      [32m+[0m[0m owner_id = (known after apply)
      [32m+[0m[0m tags     = {
          [32m+[0m[0m "Environment" = "dev"
          [32m+[0m[0m "ManagedBy"   = "terraform"
          [32m+[0m[0m "Name"        = "fluss-eks-cluster-vpc"
          [32m+[0m[0m "Project"     = "fluss-deployment"
        }
      [32m+[0m[0m tags_all = {
          [32m+[0m[0m "Environment" = "dev"
          [32m+[0m[0m "ManagedBy"   = "terraform"
          [32m+[0m[0m "Name"        = "fluss-eks-cluster-vpc"
          [32m+[0m[0m "Project"     = "fluss-deployment"
        }
      [32m+[0m[0m vpc_id   = (known after apply)
    }

[1m  # module.vpc.aws_nat_gateway.this[0][0m will be created
[0m  [32m+[0m[0m resource "aws_nat_gateway" "this" {
      [32m+[0m[0m allocation_id                      = (known after apply)
      [32m+[0m[0m association_id                     = (known after apply)
      [32m+[0m[0m connectivity_type                  = "public"
      [32m+[0m[0m id                                 = (known after apply)
      [32m+[0m[0m network_interface_id               = (known after apply)
      [32m+[0m[0m private_ip                         = (known after apply)
      [32m+[0m[0m public_ip                          = (known after apply)
      [32m+[0m[0m secondary_private_ip_address_count = (known after apply)
      [32m+[0m[0m secondary_private_ip_addresses     = (known after apply)
      [32m+[0m[0m subnet_id                          = (known after apply)
      [32m+[0m[0m tags                               = {
          [32m+[0m[0m "Environment" = "dev"
          [32m+[0m[0m "ManagedBy"   = "terraform"
          [32m+[0m[0m "Name"        = "fluss-eks-cluster-vpc"
          [32m+[0m[0m "Project"     = "fluss-deployment"
        }
      [32m+[0m[0m tags_all                           = {
          [32m+[0m[0m "Environment" = "dev"
          [32m+[0m[0m "ManagedBy"   = "terraform"
          [32m+[0m[0m "Name"        = "fluss-eks-cluster-vpc"
          [32m+[0m[0m "Project"     = "fluss-deployment"
        }
    }

[1m  # module.vpc.aws_nat_gateway.this[1][0m will be created
[0m  [32m+[0m[0m resource "aws_nat_gateway" "this" {
      [32m+[0m[0m allocation_id                      = (known after apply)
      [32m+[0m[0m association_id                     = (known after apply)
      [32m+[0m[0m connectivity_type                  = "public"
      [32m+[0m[0m id                                 = (known after apply)
      [32m+[0m[0m network_interface_id               = (known after apply)
      [32m+[0m[0m private_ip                         = (known after apply)
      [32m+[0m[0m public_ip                          = (known after apply)
      [32m+[0m[0m secondary_private_ip_address_count = (known after apply)
      [32m+[0m[0m secondary_private_ip_addresses     = (known after apply)
      [32m+[0m[0m subnet_id                          = (known after apply)
      [32m+[0m[0m tags                               = {
          [32m+[0m[0m "Environment" = "dev"
          [32m+[0m[0m "ManagedBy"   = "terraform"
          [32m+[0m[0m "Name"        = "fluss-eks-cluster-vpc"
          [32m+[0m[0m "Project"     = "fluss-deployment"
        }
      [32m+[0m[0m tags_all                           = {
          [32m+[0m[0m "Environment" = "dev"
          [32m+[0m[0m "ManagedBy"   = "terraform"
          [32m+[0m[0m "Name"        = "fluss-eks-cluster-vpc"
          [32m+[0m[0m "Project"     = "fluss-deployment"
        }
    }

[1m  # module.vpc.aws_route.private_nat_gateway[0][0m will be created
[0m  [32m+[0m[0m resource "aws_route" "private_nat_gateway" {
      [32m+[0m[0m destination_cidr_block = "0.0.0.0/0"
      [32m+[0m[0m id                     = (known after apply)
      [32m+[0m[0m instance_id            = (known after apply)
      [32m+[0m[0m instance_owner_id      = (known after apply)
      [32m+[0m[0m nat_gateway_id         = (known after apply)
      [32m+[0m[0m network_interface_id   = (known after apply)
      [32m+[0m[0m origin                 = (known after apply)
      [32m+[0m[0m route_table_id         = (known after apply)
      [32m+[0m[0m state                  = (known after apply)

      [32m+[0m[0m timeouts {
          [32m+[0m[0m create = "5m"
        }
    }

[1m  # module.vpc.aws_route.private_nat_gateway[1][0m will be created
[0m  [32m+[0m[0m resource "aws_route" "private_nat_gateway" {
      [32m+[0m[0m destination_cidr_block = "0.0.0.0/0"
      [32m+[0m[0m id                     = (known after apply)
      [32m+[0m[0m instance_id            = (known after apply)
      [32m+[0m[0m instance_owner_id      = (known after apply)
      [32m+[0m[0m nat_gateway_id         = (known after apply)
      [32m+[0m[0m network_interface_id   = (known after apply)
      [32m+[0m[0m origin                 = (known after apply)
      [32m+[0m[0m route_table_id         = (known after apply)
      [32m+[0m[0m state                  = (known after apply)

      [32m+[0m[0m timeouts {
          [32m+[0m[0m create = "5m"
        }
    }

[1m  # module.vpc.aws_route.public_internet_gateway[0][0m will be created
[0m  [32m+[0m[0m resource "aws_route" "public_internet_gateway" {
      [32m+[0m[0m destination_cidr_block = "0.0.0.0/0"
      [32m+[0m[0m gateway_id             = (known after apply)
      [32m+[0m[0m id                     = (known after apply)
      [32m+[0m[0m instance_id            = (known after apply)
      [32m+[0m[0m instance_owner_id      = (known after apply)
      [32m+[0m[0m network_interface_id   = (known after apply)
      [32m+[0m[0m origin                 = (known after apply)
      [32m+[0m[0m route_table_id         = (known after apply)
      [32m+[0m[0m state                  = (known after apply)

      [32m+[0m[0m timeouts {
          [32m+[0m[0m create = "5m"
        }
    }

[1m  # module.vpc.aws_route_table.private[0][0m will be created
[0m  [32m+[0m[0m resource "aws_route_table" "private" {
      [32m+[0m[0m arn              = (known after apply)
      [32m+[0m[0m id               = (known after apply)
      [32m+[0m[0m owner_id         = (known after apply)
      [32m+[0m[0m propagating_vgws = (known after apply)
      [32m+[0m[0m route            = (known after apply)
      [32m+[0m[0m tags             = {
          [32m+[0m[0m "Environment" = "dev"
          [32m+[0m[0m "ManagedBy"   = "terraform"
          [32m+[0m[0m "Name"        = "fluss-eks-cluster-vpc"
          [32m+[0m[0m "Project"     = "fluss-deployment"
        }
      [32m+[0m[0m tags_all         = {
          [32m+[0m[0m "Environment" = "dev"
          [32m+[0m[0m "ManagedBy"   = "terraform"
          [32m+[0m[0m "Name"        = "fluss-eks-cluster-vpc"
          [32m+[0m[0m "Project"     = "fluss-deployment"
        }
      [32m+[0m[0m vpc_id           = (known after apply)
    }

[1m  # module.vpc.aws_route_table.private[1][0m will be created
[0m  [32m+[0m[0m resource "aws_route_table" "private" {
      [32m+[0m[0m arn              = (known after apply)
      [32m+[0m[0m id               = (known after apply)
      [32m+[0m[0m owner_id         = (known after apply)
      [32m+[0m[0m propagating_vgws = (known after apply)
      [32m+[0m[0m route            = (known after apply)
      [32m+[0m[0m tags             = {
          [32m+[0m[0m "Environment" = "dev"
          [32m+[0m[0m "ManagedBy"   = "terraform"
          [32m+[0m[0m "Name"        = "fluss-eks-cluster-vpc"
          [32m+[0m[0m "Project"     = "fluss-deployment"
        }
      [32m+[0m[0m tags_all         = {
          [32m+[0m[0m "Environment" = "dev"
          [32m+[0m[0m "ManagedBy"   = "terraform"
          [32m+[0m[0m "Name"        = "fluss-eks-cluster-vpc"
          [32m+[0m[0m "Project"     = "fluss-deployment"
        }
      [32m+[0m[0m vpc_id           = (known after apply)
    }

[1m  # module.vpc.aws_route_table.public[0][0m will be created
[0m  [32m+[0m[0m resource "aws_route_table" "public" {
      [32m+[0m[0m arn              = (known after apply)
      [32m+[0m[0m id               = (known after apply)
      [32m+[0m[0m owner_id         = (known after apply)
      [32m+[0m[0m propagating_vgws = (known after apply)
      [32m+[0m[0m route            = (known after apply)
      [32m+[0m[0m tags             = {
          [32m+[0m[0m "Environment" = "dev"
          [32m+[0m[0m "ManagedBy"   = "terraform"
          [32m+[0m[0m "Name"        = "fluss-eks-cluster-vpc"
          [32m+[0m[0m "Project"     = "fluss-deployment"
        }
      [32m+[0m[0m tags_all         = {
          [32m+[0m[0m "Environment" = "dev"
          [32m+[0m[0m "ManagedBy"   = "terraform"
          [32m+[0m[0m "Name"        = "fluss-eks-cluster-vpc"
          [32m+[0m[0m "Project"     = "fluss-deployment"
        }
      [32m+[0m[0m vpc_id           = (known after apply)
    }

[1m  # module.vpc.aws_route_table_association.private[0][0m will be created
[0m  [32m+[0m[0m resource "aws_route_table_association" "private" {
      [32m+[0m[0m id             = (known after apply)
      [32m+[0m[0m route_table_id = (known after apply)
      [32m+[0m[0m subnet_id      = (known after apply)
    }

[1m  # module.vpc.aws_route_table_association.private[1][0m will be created
[0m  [32m+[0m[0m resource "aws_route_table_association" "private" {
      [32m+[0m[0m id             = (known after apply)
      [32m+[0m[0m route_table_id = (known after apply)
      [32m+[0m[0m subnet_id      = (known after apply)
    }

[1m  # module.vpc.aws_route_table_association.public[0][0m will be created
[0m  [32m+[0m[0m resource "aws_route_table_association" "public" {
      [32m+[0m[0m id             = (known after apply)
      [32m+[0m[0m route_table_id = (known after apply)
      [32m+[0m[0m subnet_id      = (known after apply)
    }

[1m  # module.vpc.aws_route_table_association.public[1][0m will be created
[0m  [32m+[0m[0m resource "aws_route_table_association" "public" {
      [32m+[0m[0m id             = (known after apply)
      [32m+[0m[0m route_table_id = (known after apply)
      [32m+[0m[0m subnet_id      = (known after apply)
    }

[1m  # module.vpc.aws_subnet.private[0][0m will be created
[0m  [32m+[0m[0m resource "aws_subnet" "private" {
      [32m+[0m[0m arn                                            = (known after apply)
      [32m+[0m[0m assign_ipv6_address_on_creation                = false
      [32m+[0m[0m availability_zone                              = "us-west-2a"
      [32m+[0m[0m availability_zone_id                           = (known after apply)
      [32m+[0m[0m cidr_block                                     = "10.0.1.0/24"
      [32m+[0m[0m enable_dns64                                   = false
      [32m+[0m[0m enable_resource_name_dns_a_record_on_launch    = false
      [32m+[0m[0m enable_resource_name_dns_aaaa_record_on_launch = false
      [32m+[0m[0m id                                             = (known after apply)
      [32m+[0m[0m ipv6_cidr_block_association_id                 = (known after apply)
      [32m+[0m[0m ipv6_native                                    = false
      [32m+[0m[0m map_public_ip_on_launch                        = false
      [32m+[0m[0m owner_id                                       = (known after apply)
      [32m+[0m[0m private_dns_hostname_type_on_launch            = (known after apply)
      [32m+[0m[0m tags                                           = {
          [32m+[0m[0m "Environment"                             = "dev"
          [32m+[0m[0m "ManagedBy"                               = "terraform"
          [32m+[0m[0m "Name"                                    = "fluss-eks-cluster-vpc"
          [32m+[0m[0m "Project"                                 = "fluss-deployment"
          [32m+[0m[0m "kubernetes.io/cluster/fluss-eks-cluster" = "shared"
          [32m+[0m[0m "kubernetes.io/role/internal-elb"         = "1"
        }
      [32m+[0m[0m tags_all                                       = {
          [32m+[0m[0m "Environment"                             = "dev"
          [32m+[0m[0m "ManagedBy"                               = "terraform"
          [32m+[0m[0m "Name"                                    = "fluss-eks-cluster-vpc"
          [32m+[0m[0m "Project"                                 = "fluss-deployment"
          [32m+[0m[0m "kubernetes.io/cluster/fluss-eks-cluster" = "shared"
          [32m+[0m[0m "kubernetes.io/role/internal-elb"         = "1"
        }
      [32m+[0m[0m vpc_id                                         = (known after apply)
    }

[1m  # module.vpc.aws_subnet.private[1][0m will be created
[0m  [32m+[0m[0m resource "aws_subnet" "private" {
      [32m+[0m[0m arn                                            = (known after apply)
      [32m+[0m[0m assign_ipv6_address_on_creation                = false
      [32m+[0m[0m availability_zone                              = "us-west-2b"
      [32m+[0m[0m availability_zone_id                           = (known after apply)
      [32m+[0m[0m cidr_block                                     = "10.0.2.0/24"
      [32m+[0m[0m enable_dns64                                   = false
      [32m+[0m[0m enable_resource_name_dns_a_record_on_launch    = false
      [32m+[0m[0m enable_resource_name_dns_aaaa_record_on_launch = false
      [32m+[0m[0m id                                             = (known after apply)
      [32m+[0m[0m ipv6_cidr_block_association_id                 = (known after apply)
      [32m+[0m[0m ipv6_native                                    = false
      [32m+[0m[0m map_public_ip_on_launch                        = false
      [32m+[0m[0m owner_id                                       = (known after apply)
      [32m+[0m[0m private_dns_hostname_type_on_launch            = (known after apply)
      [32m+[0m[0m tags                                           = {
          [32m+[0m[0m "Environment"                             = "dev"
          [32m+[0m[0m "ManagedBy"                               = "terraform"
          [32m+[0m[0m "Name"                                    = "fluss-eks-cluster-vpc"
          [32m+[0m[0m "Project"                                 = "fluss-deployment"
          [32m+[0m[0m "kubernetes.io/cluster/fluss-eks-cluster" = "shared"
          [32m+[0m[0m "kubernetes.io/role/internal-elb"         = "1"
        }
      [32m+[0m[0m tags_all                                       = {
          [32m+[0m[0m "Environment"                             = "dev"
          [32m+[0m[0m "ManagedBy"                               = "terraform"
          [32m+[0m[0m "Name"                                    = "fluss-eks-cluster-vpc"
          [32m+[0m[0m "Project"                                 = "fluss-deployment"
          [32m+[0m[0m "kubernetes.io/cluster/fluss-eks-cluster" = "shared"
          [32m+[0m[0m "kubernetes.io/role/internal-elb"         = "1"
        }
      [32m+[0m[0m vpc_id                                         = (known after apply)
    }

[1m  # module.vpc.aws_subnet.public[0][0m will be created
[0m  [32m+[0m[0m resource "aws_subnet" "public" {
      [32m+[0m[0m arn                                            = (known after apply)
      [32m+[0m[0m assign_ipv6_address_on_creation                = false
      [32m+[0m[0m availability_zone                              = "us-west-2a"
      [32m+[0m[0m availability_zone_id                           = (known after apply)
      [32m+[0m[0m cidr_block                                     = "10.0.101.0/24"
      [32m+[0m[0m enable_dns64                                   = false
      [32m+[0m[0m enable_resource_name_dns_a_record_on_launch    = false
      [32m+[0m[0m enable_resource_name_dns_aaaa_record_on_launch = false
      [32m+[0m[0m id                                             = (known after apply)
      [32m+[0m[0m ipv6_cidr_block_association_id                 = (known after apply)
      [32m+[0m[0m ipv6_native                                    = false
      [32m+[0m[0m map_public_ip_on_launch                        = false
      [32m+[0m[0m owner_id                                       = (known after apply)
      [32m+[0m[0m private_dns_hostname_type_on_launch            = (known after apply)
      [32m+[0m[0m tags                                           = {
          [32m+[0m[0m "Environment"                             = "dev"
          [32m+[0m[0m "ManagedBy"                               = "terraform"
          [32m+[0m[0m "Name"                                    = "fluss-eks-cluster-vpc"
          [32m+[0m[0m "Project"                                 = "fluss-deployment"
          [32m+[0m[0m "kubernetes.io/cluster/fluss-eks-cluster" = "shared"
          [32m+[0m[0m "kubernetes.io/role/elb"                  = "1"
        }
      [32m+[0m[0m tags_all                                       = {
          [32m+[0m[0m "Environment"                             = "dev"
          [32m+[0m[0m "ManagedBy"                               = "terraform"
          [32m+[0m[0m "Name"                                    = "fluss-eks-cluster-vpc"
          [32m+[0m[0m "Project"                                 = "fluss-deployment"
          [32m+[0m[0m "kubernetes.io/cluster/fluss-eks-cluster" = "shared"
          [32m+[0m[0m "kubernetes.io/role/elb"                  = "1"
        }
      [32m+[0m[0m vpc_id                                         = (known after apply)
    }

[1m  # module.vpc.aws_subnet.public[1][0m will be created
[0m  [32m+[0m[0m resource "aws_subnet" "public" {
      [32m+[0m[0m arn                                            = (known after apply)
      [32m+[0m[0m assign_ipv6_address_on_creation                = false
      [32m+[0m[0m availability_zone                              = "us-west-2b"
      [32m+[0m[0m availability_zone_id                           = (known after apply)
      [32m+[0m[0m cidr_block                                     = "10.0.102.0/24"
      [32m+[0m[0m enable_dns64                                   = false
      [32m+[0m[0m enable_resource_name_dns_a_record_on_launch    = false
      [32m+[0m[0m enable_resource_name_dns_aaaa_record_on_launch = false
      [32m+[0m[0m id                                             = (known after apply)
      [32m+[0m[0m ipv6_cidr_block_association_id                 = (known after apply)
      [32m+[0m[0m ipv6_native                                    = false
      [32m+[0m[0m map_public_ip_on_launch                        = false
      [32m+[0m[0m owner_id                                       = (known after apply)
      [32m+[0m[0m private_dns_hostname_type_on_launch            = (known after apply)
      [32m+[0m[0m tags                                           = {
          [32m+[0m[0m "Environment"                             = "dev"
          [32m+[0m[0m "ManagedBy"                               = "terraform"
          [32m+[0m[0m "Name"                                    = "fluss-eks-cluster-vpc"
          [32m+[0m[0m "Project"                                 = "fluss-deployment"
          [32m+[0m[0m "kubernetes.io/cluster/fluss-eks-cluster" = "shared"
          [32m+[0m[0m "kubernetes.io/role/elb"                  = "1"
        }
      [32m+[0m[0m tags_all                                       = {
          [32m+[0m[0m "Environment"                             = "dev"
          [32m+[0m[0m "ManagedBy"                               = "terraform"
          [32m+[0m[0m "Name"                                    = "fluss-eks-cluster-vpc"
          [32m+[0m[0m "Project"                                 = "fluss-deployment"
          [32m+[0m[0m "kubernetes.io/cluster/fluss-eks-cluster" = "shared"
          [32m+[0m[0m "kubernetes.io/role/elb"                  = "1"
        }
      [32m+[0m[0m vpc_id                                         = (known after apply)
    }

[1m  # module.vpc.aws_vpc.this[0][0m will be created
[0m  [32m+[0m[0m resource "aws_vpc" "this" {
      [32m+[0m[0m arn                                  = (known after apply)
      [32m+[0m[0m cidr_block                           = "10.0.0.0/16"
      [32m+[0m[0m default_network_acl_id               = (known after apply)
      [32m+[0m[0m default_route_table_id               = (known after apply)
      [32m+[0m[0m default_security_group_id            = (known after apply)
      [32m+[0m[0m dhcp_options_id                      = (known after apply)
      [32m+[0m[0m enable_dns_hostnames                 = true
      [32m+[0m[0m enable_dns_support                   = true
      [32m+[0m[0m enable_network_address_usage_metrics = (known after apply)
      [32m+[0m[0m id                                   = (known after apply)
      [32m+[0m[0m instance_tenancy                     = "default"
      [32m+[0m[0m ipv6_association_id                  = (known after apply)
      [32m+[0m[0m ipv6_cidr_block                      = (known after apply)
      [32m+[0m[0m ipv6_cidr_block_network_border_group = (known after apply)
      [32m+[0m[0m main_route_table_id                  = (known after apply)
      [32m+[0m[0m owner_id                             = (known after apply)
      [32m+[0m[0m tags                                 = {
          [32m+[0m[0m "Environment" = "dev"
          [32m+[0m[0m "ManagedBy"   = "terraform"
          [32m+[0m[0m "Name"        = "fluss-eks-cluster-vpc"
          [32m+[0m[0m "Project"     = "fluss-deployment"
        }
      [32m+[0m[0m tags_all                             = {
          [32m+[0m[0m "Environment" = "dev"
          [32m+[0m[0m "ManagedBy"   = "terraform"
          [32m+[0m[0m "Name"        = "fluss-eks-cluster-vpc"
          [32m+[0m[0m "Project"     = "fluss-deployment"
        }
    }

[1m  # module.eks.module.eks_managed_node_group["coordinator"].aws_eks_node_group.this[0][0m will be created
[0m  [32m+[0m[0m resource "aws_eks_node_group" "this" {
      [32m+[0m[0m ami_type               = (known after apply)
      [32m+[0m[0m arn                    = (known after apply)
      [32m+[0m[0m capacity_type          = "ON_DEMAND"
      [32m+[0m[0m cluster_name           = "fluss-eks-cluster"
      [32m+[0m[0m disk_size              = (known after apply)
      [32m+[0m[0m id                     = (known after apply)
      [32m+[0m[0m instance_types         = [
          [32m+[0m[0m "t3.medium",
        ]
      [32m+[0m[0m labels                 = {
          [32m+[0m[0m "fluss-component" = "coordinator"
          [32m+[0m[0m "node-type"       = "coordinator"
          [32m+[0m[0m "service"         = "coordinator"
          [32m+[0m[0m "workload"        = "fluss"
        }
      [32m+[0m[0m node_group_name        = (known after apply)
      [32m+[0m[0m node_group_name_prefix = "coordinator-"
      [32m+[0m[0m node_role_arn          = (known after apply)
      [32m+[0m[0m release_version        = (known after apply)
      [32m+[0m[0m resources              = (known after apply)
      [32m+[0m[0m status                 = (known after apply)
      [32m+[0m[0m subnet_ids             = (known after apply)
      [32m+[0m[0m tags                   = {
          [32m+[0m[0m "Component"   = "coordinator"
          [32m+[0m[0m "Environment" = "dev"
          [32m+[0m[0m "ManagedBy"   = "terraform"
          [32m+[0m[0m "Name"        = "coordinator"
          [32m+[0m[0m "Project"     = "fluss-deployment"
          [32m+[0m[0m "Service"     = "fluss"
        }
      [32m+[0m[0m tags_all               = {
          [32m+[0m[0m "Component"   = "coordinator"
          [32m+[0m[0m "Environment" = "dev"
          [32m+[0m[0m "ManagedBy"   = "terraform"
          [32m+[0m[0m "Name"        = "coordinator"
          [32m+[0m[0m "Project"     = "fluss-deployment"
          [32m+[0m[0m "Service"     = "fluss"
        }
      [32m+[0m[0m version                = "1.28"

      [32m+[0m[0m launch_template {
          [32m+[0m[0m id      = (known after apply)
          [32m+[0m[0m name    = (known after apply)
          [32m+[0m[0m version = (known after apply)
        }

      [32m+[0m[0m node_repair_config (known after apply)

      [32m+[0m[0m scaling_config {
          [32m+[0m[0m desired_size = 1
          [32m+[0m[0m max_size     = 1
          [32m+[0m[0m min_size     = 1
        }

      [32m+[0m[0m taint {
          [32m+[0m[0m effect = "NO_SCHEDULE"
          [32m+[0m[0m key    = "fluss-component"
          [32m+[0m[0m value  = "coordinator"
        }

      [32m+[0m[0m timeouts {}

      [32m+[0m[0m update_config {
          [32m+[0m[0m max_unavailable_percentage = 33
        }
    }

[1m  # module.eks.module.eks_managed_node_group["coordinator"].aws_iam_role.this[0][0m will be created
[0m  [32m+[0m[0m resource "aws_iam_role" "this" {
      [32m+[0m[0m arn                   = (known after apply)
      [32m+[0m[0m assume_role_policy    = jsonencode(
            {
              [32m+[0m[0m Statement = [
                  [32m+[0m[0m {
                      [32m+[0m[0m Action    = "sts:AssumeRole"
                      [32m+[0m[0m Effect    = "Allow"
                      [32m+[0m[0m Principal = {
                          [32m+[0m[0m Service = "ec2.amazonaws.com"
                        }
                      [32m+[0m[0m Sid       = "EKSNodeAssumeRole"
                    },
                ]
              [32m+[0m[0m Version   = "2012-10-17"
            }
        )
      [32m+[0m[0m create_date           = (known after apply)
      [32m+[0m[0m description           = "EKS managed node group IAM role"
      [32m+[0m[0m force_detach_policies = true
      [32m+[0m[0m id                    = (known after apply)
      [32m+[0m[0m managed_policy_arns   = (known after apply)
      [32m+[0m[0m max_session_duration  = 3600
      [32m+[0m[0m name                  = (known after apply)
      [32m+[0m[0m name_prefix           = "coordinator-eks-node-group-"
      [32m+[0m[0m path                  = "/"
      [32m+[0m[0m tags                  = {
          [32m+[0m[0m "Component"   = "coordinator"
          [32m+[0m[0m "Environment" = "dev"
          [32m+[0m[0m "ManagedBy"   = "terraform"
          [32m+[0m[0m "Name"        = "fluss-eks-cluster-coordinator"
          [32m+[0m[0m "Project"     = "fluss-deployment"
          [32m+[0m[0m "Service"     = "fluss"
        }
      [32m+[0m[0m tags_all              = {
          [32m+[0m[0m "Component"   = "coordinator"
          [32m+[0m[0m "Environment" = "dev"
          [32m+[0m[0m "ManagedBy"   = "terraform"
          [32m+[0m[0m "Name"        = "fluss-eks-cluster-coordinator"
          [32m+[0m[0m "Project"     = "fluss-deployment"
          [32m+[0m[0m "Service"     = "fluss"
        }
      [32m+[0m[0m unique_id             = (known after apply)

      [32m+[0m[0m inline_policy (known after apply)
    }

[1m  # module.eks.module.eks_managed_node_group["coordinator"].aws_iam_role_policy_attachment.additional["AmazonEBSCSIDriverPolicy"][0m will be created
[0m  [32m+[0m[0m resource "aws_iam_role_policy_attachment" "additional" {
      [32m+[0m[0m id         = (known after apply)
      [32m+[0m[0m policy_arn = "arn:aws:iam::aws:policy/service-role/AmazonEBSCSIDriverPolicy"
      [32m+[0m[0m role       = (known after apply)
    }

[1m  # module.eks.module.eks_managed_node_group["coordinator"].aws_iam_role_policy_attachment.this["arn:aws:iam::aws:policy/AmazonEC2ContainerRegistryReadOnly"][0m will be created
[0m  [32m+[0m[0m resource "aws_iam_role_policy_attachment" "this" {
      [32m+[0m[0m id         = (known after apply)
      [32m+[0m[0m policy_arn = "arn:aws:iam::aws:policy/AmazonEC2ContainerRegistryReadOnly"
      [32m+[0m[0m role       = (known after apply)
    }

[1m  # module.eks.module.eks_managed_node_group["coordinator"].aws_iam_role_policy_attachment.this["arn:aws:iam::aws:policy/AmazonEKSWorkerNodePolicy"][0m will be created
[0m  [32m+[0m[0m resource "aws_iam_role_policy_attachment" "this" {
      [32m+[0m[0m id         = (known after apply)
      [32m+[0m[0m policy_arn = "arn:aws:iam::aws:policy/AmazonEKSWorkerNodePolicy"
      [32m+[0m[0m role       = (known after apply)
    }

[1m  # module.eks.module.eks_managed_node_group["coordinator"].aws_iam_role_policy_attachment.this["arn:aws:iam::aws:policy/AmazonEKS_CNI_Policy"][0m will be created
[0m  [32m+[0m[0m resource "aws_iam_role_policy_attachment" "this" {
      [32m+[0m[0m id         = (known after apply)
      [32m+[0m[0m policy_arn = "arn:aws:iam::aws:policy/AmazonEKS_CNI_Policy"
      [32m+[0m[0m role       = (known after apply)
    }

[1m  # module.eks.module.eks_managed_node_group["coordinator"].aws_launch_template.this[0][0m will be created
[0m  [32m+[0m[0m resource "aws_launch_template" "this" {
      [32m+[0m[0m arn                    = (known after apply)
      [32m+[0m[0m default_version        = (known after apply)
      [32m+[0m[0m description            = "Custom launch template for coordinator EKS managed node group"
      [32m+[0m[0m id                     = (known after apply)
      [32m+[0m[0m latest_version         = (known after apply)
      [32m+[0m[0m name                   = (known after apply)
      [32m+[0m[0m name_prefix            = "coordinator-"
      [32m+[0m[0m tags                   = {
          [32m+[0m[0m "Component"   = "coordinator"
          [32m+[0m[0m "Environment" = "dev"
          [32m+[0m[0m "ManagedBy"   = "terraform"
          [32m+[0m[0m "Name"        = "fluss-eks-cluster-coordinator"
          [32m+[0m[0m "Project"     = "fluss-deployment"
          [32m+[0m[0m "Service"     = "fluss"
        }
      [32m+[0m[0m tags_all               = {
          [32m+[0m[0m "Component"   = "coordinator"
          [32m+[0m[0m "Environment" = "dev"
          [32m+[0m[0m "ManagedBy"   = "terraform"
          [32m+[0m[0m "Name"        = "fluss-eks-cluster-coordinator"
          [32m+[0m[0m "Project"     = "fluss-deployment"
          [32m+[0m[0m "Service"     = "fluss"
        }
      [32m+[0m[0m update_default_version = true
      [32m+[0m[0m vpc_security_group_ids = (known after apply)
        [90m# (2 unchanged attributes hidden)[0m[0m

      [32m+[0m[0m metadata_options {
          [32m+[0m[0m http_endpoint               = "enabled"
          [32m+[0m[0m http_protocol_ipv6          = (known after apply)
          [32m+[0m[0m http_put_response_hop_limit = 2
          [32m+[0m[0m http_tokens                 = "required"
          [32m+[0m[0m instance_metadata_tags      = (known after apply)
        }

      [32m+[0m[0m tag_specifications {
          [32m+[0m[0m resource_type = "instance"
          [32m+[0m[0m tags          = {
              [32m+[0m[0m "Component"   = "coordinator"
              [32m+[0m[0m "Environment" = "dev"
              [32m+[0m[0m "ManagedBy"   = "terraform"
              [32m+[0m[0m "Name"        = "coordinator"
              [32m+[0m[0m "Project"     = "fluss-deployment"
              [32m+[0m[0m "Service"     = "fluss"
            }
        }
      [32m+[0m[0m tag_specifications {
          [32m+[0m[0m resource_type = "network-interface"
          [32m+[0m[0m tags          = {
              [32m+[0m[0m "Component"   = "coordinator"
              [32m+[0m[0m "Environment" = "dev"
              [32m+[0m[0m "ManagedBy"   = "terraform"
              [32m+[0m[0m "Name"        = "coordinator"
              [32m+[0m[0m "Project"     = "fluss-deployment"
              [32m+[0m[0m "Service"     = "fluss"
            }
        }
      [32m+[0m[0m tag_specifications {
          [32m+[0m[0m resource_type = "volume"
          [32m+[0m[0m tags          = {
              [32m+[0m[0m "Component"   = "coordinator"
              [32m+[0m[0m "Environment" = "dev"
              [32m+[0m[0m "ManagedBy"   = "terraform"
              [32m+[0m[0m "Name"        = "coordinator"
              [32m+[0m[0m "Project"     = "fluss-deployment"
              [32m+[0m[0m "Service"     = "fluss"
            }
        }
    }

[1m  # module.eks.module.eks_managed_node_group["tablet_server"].aws_eks_node_group.this[0][0m will be created
[0m  [32m+[0m[0m resource "aws_eks_node_group" "this" {
      [32m+[0m[0m ami_type               = (known after apply)
      [32m+[0m[0m arn                    = (known after apply)
      [32m+[0m[0m capacity_type          = "ON_DEMAND"
      [32m+[0m[0m cluster_name           = "fluss-eks-cluster"
      [32m+[0m[0m disk_size              = (known after apply)
      [32m+[0m[0m id                     = (known after apply)
      [32m+[0m[0m instance_types         = [
          [32m+[0m[0m "t3.medium",
        ]
      [32m+[0m[0m labels                 = {
          [32m+[0m[0m "fluss-component" = "tablet-server"
          [32m+[0m[0m "node-type"       = "tablet-server"
          [32m+[0m[0m "service"         = "tablet-server"
          [32m+[0m[0m "workload"        = "fluss"
        }
      [32m+[0m[0m node_group_name        = (known after apply)
      [32m+[0m[0m node_group_name_prefix = "tablet-server-"
      [32m+[0m[0m node_role_arn          = (known after apply)
      [32m+[0m[0m release_version        = (known after apply)
      [32m+[0m[0m resources              = (known after apply)
      [32m+[0m[0m status                 = (known after apply)
      [32m+[0m[0m subnet_ids             = (known after apply)
      [32m+[0m[0m tags                   = {
          [32m+[0m[0m "Component"   = "tablet-server"
          [32m+[0m[0m "Environment" = "dev"
          [32m+[0m[0m "ManagedBy"   = "terraform"
          [32m+[0m[0m "Name"        = "tablet-server"
          [32m+[0m[0m "Project"     = "fluss-deployment"
          [32m+[0m[0m "Service"     = "fluss"
        }
      [32m+[0m[0m tags_all               = {
          [32m+[0m[0m "Component"   = "tablet-server"
          [32m+[0m[0m "Environment" = "dev"
          [32m+[0m[0m "ManagedBy"   = "terraform"
          [32m+[0m[0m "Name"        = "tablet-server"
          [32m+[0m[0m "Project"     = "fluss-deployment"
          [32m+[0m[0m "Service"     = "fluss"
        }
      [32m+[0m[0m version                = "1.28"

      [32m+[0m[0m launch_template {
          [32m+[0m[0m id      = (known after apply)
          [32m+[0m[0m name    = (known after apply)
          [32m+[0m[0m version = (known after apply)
        }

      [32m+[0m[0m node_repair_config (known after apply)

      [32m+[0m[0m scaling_config {
          [32m+[0m[0m desired_size = 3
          [32m+[0m[0m max_size     = 3
          [32m+[0m[0m min_size     = 3
        }

      [32m+[0m[0m timeouts {}

      [32m+[0m[0m update_config {
          [32m+[0m[0m max_unavailable_percentage = 33
        }
    }

[1m  # module.eks.module.eks_managed_node_group["tablet_server"].aws_iam_role.this[0][0m will be created
[0m  [32m+[0m[0m resource "aws_iam_role" "this" {
      [32m+[0m[0m arn                   = (known after apply)
      [32m+[0m[0m assume_role_policy    = jsonencode(
            {
              [32m+[0m[0m Statement = [
                  [32m+[0m[0m {
                      [32m+[0m[0m Action    = "sts:AssumeRole"
                      [32m+[0m[0m Effect    = "Allow"
                      [32m+[0m[0m Principal = {
                          [32m+[0m[0m Service = "ec2.amazonaws.com"
                        }
                      [32m+[0m[0m Sid       = "EKSNodeAssumeRole"
                    },
                ]
              [32m+[0m[0m Version   = "2012-10-17"
            }
        )
      [32m+[0m[0m create_date           = (known after apply)
      [32m+[0m[0m description           = "EKS managed node group IAM role"
      [32m+[0m[0m force_detach_policies = true
      [32m+[0m[0m id                    = (known after apply)
      [32m+[0m[0m managed_policy_arns   = (known after apply)
      [32m+[0m[0m max_session_duration  = 3600
      [32m+[0m[0m name                  = (known after apply)
      [32m+[0m[0m name_prefix           = "tablet-server-eks-node-group-"
      [32m+[0m[0m path                  = "/"
      [32m+[0m[0m tags                  = {
          [32m+[0m[0m "Component"   = "tablet-server"
          [32m+[0m[0m "Environment" = "dev"
          [32m+[0m[0m "ManagedBy"   = "terraform"
          [32m+[0m[0m "Name"        = "fluss-eks-cluster-tablet-server"
          [32m+[0m[0m "Project"     = "fluss-deployment"
          [32m+[0m[0m "Service"     = "fluss"
        }
      [32m+[0m[0m tags_all              = {
          [32m+[0m[0m "Component"   = "tablet-server"
          [32m+[0m[0m "Environment" = "dev"
          [32m+[0m[0m "ManagedBy"   = "terraform"
          [32m+[0m[0m "Name"        = "fluss-eks-cluster-tablet-server"
          [32m+[0m[0m "Project"     = "fluss-deployment"
          [32m+[0m[0m "Service"     = "fluss"
        }
      [32m+[0m[0m unique_id             = (known after apply)

      [32m+[0m[0m inline_policy (known after apply)
    }

[1m  # module.eks.module.eks_managed_node_group["tablet_server"].aws_iam_role_policy_attachment.additional["AmazonEBSCSIDriverPolicy"][0m will be created
[0m  [32m+[0m[0m resource "aws_iam_role_policy_attachment" "additional" {
      [32m+[0m[0m id         = (known after apply)
      [32m+[0m[0m policy_arn = "arn:aws:iam::aws:policy/service-role/AmazonEBSCSIDriverPolicy"
      [32m+[0m[0m role       = (known after apply)
    }

[1m  # module.eks.module.eks_managed_node_group["tablet_server"].aws_iam_role_policy_attachment.this["arn:aws:iam::aws:policy/AmazonEC2ContainerRegistryReadOnly"][0m will be created
[0m  [32m+[0m[0m resource "aws_iam_role_policy_attachment" "this" {
      [32m+[0m[0m id         = (known after apply)
      [32m+[0m[0m policy_arn = "arn:aws:iam::aws:policy/AmazonEC2ContainerRegistryReadOnly"
      [32m+[0m[0m role       = (known after apply)
    }

[1m  # module.eks.module.eks_managed_node_group["tablet_server"].aws_iam_role_policy_attachment.this["arn:aws:iam::aws:policy/AmazonEKSWorkerNodePolicy"][0m will be created
[0m  [32m+[0m[0m resource "aws_iam_role_policy_attachment" "this" {
      [32m+[0m[0m id         = (known after apply)
      [32m+[0m[0m policy_arn = "arn:aws:iam::aws:policy/AmazonEKSWorkerNodePolicy"
      [32m+[0m[0m role       = (known after apply)
    }

[1m  # module.eks.module.eks_managed_node_group["tablet_server"].aws_iam_role_policy_attachment.this["arn:aws:iam::aws:policy/AmazonEKS_CNI_Policy"][0m will be created
[0m  [32m+[0m[0m resource "aws_iam_role_policy_attachment" "this" {
      [32m+[0m[0m id         = (known after apply)
      [32m+[0m[0m policy_arn = "arn:aws:iam::aws:policy/AmazonEKS_CNI_Policy"
      [32m+[0m[0m role       = (known after apply)
    }

[1m  # module.eks.module.eks_managed_node_group["tablet_server"].aws_launch_template.this[0][0m will be created
[0m  [32m+[0m[0m resource "aws_launch_template" "this" {
      [32m+[0m[0m arn                    = (known after apply)
      [32m+[0m[0m default_version        = (known after apply)
      [32m+[0m[0m description            = "Custom launch template for tablet-server EKS managed node group"
      [32m+[0m[0m id                     = (known after apply)
      [32m+[0m[0m latest_version         = (known after apply)
      [32m+[0m[0m name                   = (known after apply)
      [32m+[0m[0m name_prefix            = "tablet_server-"
      [32m+[0m[0m tags                   = {
          [32m+[0m[0m "Component"   = "tablet-server"
          [32m+[0m[0m "Environment" = "dev"
          [32m+[0m[0m "ManagedBy"   = "terraform"
          [32m+[0m[0m "Name"        = "fluss-eks-cluster-tablet-server"
          [32m+[0m[0m "Project"     = "fluss-deployment"
          [32m+[0m[0m "Service"     = "fluss"
        }
      [32m+[0m[0m tags_all               = {
          [32m+[0m[0m "Component"   = "tablet-server"
          [32m+[0m[0m "Environment" = "dev"
          [32m+[0m[0m "ManagedBy"   = "terraform"
          [32m+[0m[0m "Name"        = "fluss-eks-cluster-tablet-server"
          [32m+[0m[0m "Project"     = "fluss-deployment"
          [32m+[0m[0m "Service"     = "fluss"
        }
      [32m+[0m[0m update_default_version = true
      [32m+[0m[0m vpc_security_group_ids = (known after apply)
        [90m# (2 unchanged attributes hidden)[0m[0m

      [32m+[0m[0m metadata_options {
          [32m+[0m[0m http_endpoint               = "enabled"
          [32m+[0m[0m http_protocol_ipv6          = (known after apply)
          [32m+[0m[0m http_put_response_hop_limit = 2
          [32m+[0m[0m http_tokens                 = "required"
          [32m+[0m[0m instance_metadata_tags      = (known after apply)
        }

      [32m+[0m[0m tag_specifications {
          [32m+[0m[0m resource_type = "instance"
          [32m+[0m[0m tags          = {
              [32m+[0m[0m "Component"   = "tablet-server"
              [32m+[0m[0m "Environment" = "dev"
              [32m+[0m[0m "ManagedBy"   = "terraform"
              [32m+[0m[0m "Name"        = "tablet-server"
              [32m+[0m[0m "Project"     = "fluss-deployment"
              [32m+[0m[0m "Service"     = "fluss"
            }
        }
      [32m+[0m[0m tag_specifications {
          [32m+[0m[0m resource_type = "network-interface"
          [32m+[0m[0m tags          = {
              [32m+[0m[0m "Component"   = "tablet-server"
              [32m+[0m[0m "Environment" = "dev"
              [32m+[0m[0m "ManagedBy"   = "terraform"
              [32m+[0m[0m "Name"        = "tablet-server"
              [32m+[0m[0m "Project"     = "fluss-deployment"
              [32m+[0m[0m "Service"     = "fluss"
            }
        }
      [32m+[0m[0m tag_specifications {
          [32m+[0m[0m resource_type = "volume"
          [32m+[0m[0m tags          = {
              [32m+[0m[0m "Component"   = "tablet-server"
              [32m+[0m[0m "Environment" = "dev"
              [32m+[0m[0m "ManagedBy"   = "terraform"
              [32m+[0m[0m "Name"        = "tablet-server"
              [32m+[0m[0m "Project"     = "fluss-deployment"
              [32m+[0m[0m "Service"     = "fluss"
            }
        }
    }

[1m  # module.eks.module.kms.data.aws_iam_policy_document.this[0][0m will be read during apply
  # (config refers to values not yet known)
[0m [36m<=[0m[0m data "aws_iam_policy_document" "this" {
      [32m+[0m[0m id                        = (known after apply)
      [32m+[0m[0m json                      = (known after apply)
      [32m+[0m[0m minified_json             = (known after apply)
      [32m+[0m[0m override_policy_documents = []
      [32m+[0m[0m source_policy_documents   = []

      [32m+[0m[0m statement {
          [32m+[0m[0m actions   = [
              [32m+[0m[0m "kms:CancelKeyDeletion",
              [32m+[0m[0m "kms:Create*",
              [32m+[0m[0m "kms:Delete*",
              [32m+[0m[0m "kms:Describe*",
              [32m+[0m[0m "kms:Disable*",
              [32m+[0m[0m "kms:Enable*",
              [32m+[0m[0m "kms:Get*",
              [32m+[0m[0m "kms:ImportKeyMaterial",
              [32m+[0m[0m "kms:List*",
              [32m+[0m[0m "kms:Put*",
              [32m+[0m[0m "kms:ReplicateKey",
              [32m+[0m[0m "kms:Revoke*",
              [32m+[0m[0m "kms:ScheduleKeyDeletion",
              [32m+[0m[0m "kms:TagResource",
              [32m+[0m[0m "kms:UntagResource",
              [32m+[0m[0m "kms:Update*",
            ]
          [32m+[0m[0m resources = [
              [32m+[0m[0m "*",
            ]
          [32m+[0m[0m sid       = "KeyAdministration"

          [32m+[0m[0m principals {
              [32m+[0m[0m identifiers = [
                  [32m+[0m[0m "arn:aws:iam::343218179954:user/streampipeline",
                ]
              [32m+[0m[0m type        = "AWS"
            }
        }
      [32m+[0m[0m statement {
          [32m+[0m[0m actions   = [
              [32m+[0m[0m "kms:Decrypt",
              [32m+[0m[0m "kms:DescribeKey",
              [32m+[0m[0m "kms:Encrypt",
              [32m+[0m[0m "kms:GenerateDataKey*",
              [32m+[0m[0m "kms:ReEncrypt*",
            ]
          [32m+[0m[0m resources = [
              [32m+[0m[0m "*",
            ]
          [32m+[0m[0m sid       = "KeyUsage"

          [32m+[0m[0m principals {
              [32m+[0m[0m identifiers = [
                  [32m+[0m[0m (known after apply),
                ]
              [32m+[0m[0m type        = "AWS"
            }
        }
    }

[1m  # module.eks.module.kms.aws_kms_alias.this["cluster"][0m will be created
[0m  [32m+[0m[0m resource "aws_kms_alias" "this" {
      [32m+[0m[0m arn            = (known after apply)
      [32m+[0m[0m id             = (known after apply)
      [32m+[0m[0m name           = "alias/eks/fluss-eks-cluster"
      [32m+[0m[0m name_prefix    = (known after apply)
      [32m+[0m[0m target_key_arn = (known after apply)
      [32m+[0m[0m target_key_id  = (known after apply)
    }

[1m  # module.eks.module.kms.aws_kms_key.this[0][0m will be created
[0m  [32m+[0m[0m resource "aws_kms_key" "this" {
      [32m+[0m[0m arn                                = (known after apply)
      [32m+[0m[0m bypass_policy_lockout_safety_check = false
      [32m+[0m[0m customer_master_key_spec           = "SYMMETRIC_DEFAULT"
      [32m+[0m[0m description                        = "fluss-eks-cluster cluster encryption key"
      [32m+[0m[0m enable_key_rotation                = true
      [32m+[0m[0m id                                 = (known after apply)
      [32m+[0m[0m is_enabled                         = true
      [32m+[0m[0m key_id                             = (known after apply)
      [32m+[0m[0m key_usage                          = "ENCRYPT_DECRYPT"
      [32m+[0m[0m multi_region                       = false
      [32m+[0m[0m policy                             = (known after apply)
      [32m+[0m[0m rotation_period_in_days            = (known after apply)
      [32m+[0m[0m tags                               = {
          [32m+[0m[0m "Environment" = "dev"
          [32m+[0m[0m "ManagedBy"   = "terraform"
          [32m+[0m[0m "Name"        = "fluss-eks-cluster"
          [32m+[0m[0m "Project"     = "fluss-deployment"
        }
      [32m+[0m[0m tags_all                           = {
          [32m+[0m[0m "Environment" = "dev"
          [32m+[0m[0m "ManagedBy"   = "terraform"
          [32m+[0m[0m "Name"        = "fluss-eks-cluster"
          [32m+[0m[0m "Project"     = "fluss-deployment"
        }
    }

[1mPlan:[0m 91 to add, 0 to change, 0 to destroy.
[0m
Changes to Outputs:
  [32m+[0m[0m coordinator_node_group_id   = (known after apply)
  [32m+[0m[0m demo_image_repository       = "343218179954.dkr.ecr.us-west-2.amazonaws.com/fluss-demo"
  [32m+[0m[0m ebs_csi_driver_installed    = true
  [32m+[0m[0m ebs_csi_driver_role_arn     = (known after apply)
  [32m+[0m[0m ecr_fluss_repository_url    = (known after apply)
  [32m+[0m[0m ecr_repository_url          = (known after apply)
  [32m+[0m[0m eks_cluster_endpoint        = (known after apply)
  [32m+[0m[0m eks_cluster_name            = "fluss-eks-cluster"
  [32m+[0m[0m fluss_coordinator_service   = "coordinator-server-hs.fluss.svc.cluster.local:9124"
  [32m+[0m[0m fluss_image_repository      = "343218179954.dkr.ecr.us-west-2.amazonaws.com/fluss"
  [32m+[0m[0m grafana_credentials         = "Username: admin, Password: admin123"
  [32m+[0m[0m grafana_url                 = "Access Grafana via: kubectl port-forward -n monitoring svc/prometheus-grafana 3000:80"
  [32m+[0m[0m monitoring_namespace        = "monitoring"
  [32m+[0m[0m namespace                   = "fluss"
  [32m+[0m[0m private_subnet_ids          = [
      [32m+[0m[0m (known after apply),
      [32m+[0m[0m (known after apply),
    ]
  [32m+[0m[0m prometheus_url              = "http://prometheus-kube-prometheus-prometheus.monitoring.svc.cluster.local:9090"
  [32m+[0m[0m public_subnet_ids           = [
      [32m+[0m[0m (known after apply),
      [32m+[0m[0m (known after apply),
    ]
  [32m+[0m[0m tablet_server_node_group_id = (known after apply)
  [32m+[0m[0m vpc_id                      = (known after apply)
  [32m+[0m[0m zookeeper_service           = "zk-svc.fluss.svc.cluster.local:2181"
[0m[1mmodule.eks.aws_cloudwatch_log_group.this[0]: Creating...[0m[0m
[0m[1maws_ecr_repository.demo_app: Creating...[0m[0m
[0m[1mmodule.vpc.aws_vpc.this[0]: Creating...[0m[0m
[0m[1maws_ecr_repository.fluss: Creating...[0m[0m
[0m[1mmodule.eks.aws_iam_role.this[0]: Creating...[0m[0m
[0m[1mmodule.eks.aws_cloudwatch_log_group.this[0]: Creation complete after 2s [id=/aws/eks/fluss-eks-cluster/cluster][0m
[0m[1mmodule.eks.aws_iam_role.this[0]: Creation complete after 2s [id=fluss-eks-cluster-cluster-20251123153139170400000001][0m
[0m[1mmodule.eks.aws_iam_role_policy_attachment.this["AmazonEKSClusterPolicy"]: Creating...[0m[0m
[0m[1mmodule.eks.aws_iam_role_policy_attachment.this["AmazonEKSVPCResourceController"]: Creating...[0m[0m
[0m[1mmodule.eks.module.kms.data.aws_iam_policy_document.this[0]: Reading...[0m[0m
[0m[1mmodule.eks.module.kms.data.aws_iam_policy_document.this[0]: Read complete after 0s [id=2723642490][0m
[0m[1mmodule.eks.module.kms.aws_kms_key.this[0]: Creating...[0m[0m
[0m[1mmodule.eks.aws_iam_role_policy_attachment.this["AmazonEKSClusterPolicy"]: Creation complete after 1s [id=fluss-eks-cluster-cluster-20251123153139170400000001-20251123153141761200000002][0m
[0m[1mmodule.eks.aws_iam_role_policy_attachment.this["AmazonEKSVPCResourceController"]: Creation complete after 1s [id=fluss-eks-cluster-cluster-20251123153139170400000001-20251123153142081300000003][0m
[0m[1mmodule.vpc.aws_vpc.this[0]: Still creating... [10s elapsed][0m[0m
[0m[1mmodule.eks.module.kms.aws_kms_key.this[0]: Still creating... [10s elapsed][0m[0m
[0m[1mmodule.vpc.aws_vpc.this[0]: Creation complete after 15s [id=vpc-059688e24cb8b7065][0m
[0m[1mmodule.vpc.aws_default_security_group.this[0]: Creating...[0m[0m
[0m[1mmodule.vpc.aws_default_route_table.default[0]: Creating...[0m[0m
[0m[1mmodule.vpc.aws_subnet.public[0]: Creating...[0m[0m
[0m[1mmodule.vpc.aws_subnet.public[1]: Creating...[0m[0m
[0m[1mmodule.vpc.aws_internet_gateway.this[0]: Creating...[0m[0m
[0m[1mmodule.eks.aws_security_group.cluster[0]: Creating...[0m[0m
[0m[1mmodule.vpc.aws_subnet.private[1]: Creating...[0m[0m
[0m[1mmodule.vpc.aws_route_table.public[0]: Creating...[0m[0m
[0m[1mmodule.vpc.aws_default_network_acl.this[0]: Creating...[0m[0m
[0m[1mmodule.vpc.aws_default_route_table.default[0]: Creation complete after 2s [id=rtb-053a4268df828afe8][0m
[0m[1mmodule.vpc.aws_subnet.private[0]: Creating...[0m[0m
[0m[1mmodule.vpc.aws_subnet.private[1]: Creation complete after 2s [id=subnet-08380d3aed50b591e][0m
[0m[1mmodule.vpc.aws_route_table.private[1]: Creating...[0m[0m
[0m[1mmodule.vpc.aws_subnet.public[1]: Creation complete after 2s [id=subnet-0ab43ac7f34c620d2][0m
[0m[1mmodule.vpc.aws_route_table.private[0]: Creating...[0m[0m
[0m[1mmodule.vpc.aws_internet_gateway.this[0]: Creation complete after 2s [id=igw-0d958fff5d9b77e03][0m
[0m[1mmodule.eks.aws_security_group.node[0]: Creating...[0m[0m
[0m[1mmodule.vpc.aws_route_table.public[0]: Creation complete after 2s [id=rtb-057f05042f5e8123e][0m
[0m[1mmodule.vpc.aws_eip.nat[1]: Creating...[0m[0m
[0m[1mmodule.vpc.aws_subnet.public[0]: Creation complete after 3s [id=subnet-0edd3133c262ca5bf][0m
[0m[1mmodule.vpc.aws_eip.nat[0]: Creating...[0m[0m
[0m[1mmodule.vpc.aws_subnet.private[0]: Creation complete after 1s [id=subnet-0a3e5aace87f7d4f8][0m
[0m[1mmodule.vpc.aws_route.public_internet_gateway[0]: Creating...[0m[0m
[0m[1mmodule.vpc.aws_route_table.private[1]: Creation complete after 1s [id=rtb-0f7f5cee5b4e30324][0m
[0m[1mmodule.vpc.aws_route_table_association.public[1]: Creating...[0m[0m
[0m[1mmodule.vpc.aws_route_table.private[0]: Creation complete after 2s [id=rtb-0250d4d8f6ee59136][0m
[0m[1mmodule.vpc.aws_route_table_association.public[0]: Creating...[0m[0m
[0m[1mmodule.vpc.aws_default_security_group.this[0]: Creation complete after 4s [id=sg-09c4c5ea96ab9e709][0m
[0m[1mmodule.vpc.aws_route_table_association.private[1]: Creating...[0m[0m
[0m[1mmodule.vpc.aws_eip.nat[1]: Creation complete after 2s [id=eipalloc-09ba079a80254ba25][0m
[0m[1mmodule.vpc.aws_route_table_association.private[0]: Creating...[0m[0m
[0m[1mmodule.vpc.aws_default_network_acl.this[0]: Creation complete after 4s [id=acl-0d7be5a4dacbc14d0][0m
[0m[1mmodule.eks.module.eks_managed_node_group["coordinator"].aws_iam_role.this[0]: Creating...[0m[0m
[0m[1mmodule.vpc.aws_route_table_association.public[1]: Creation complete after 1s [id=rtbassoc-0106ff2074e508bde][0m
[0m[1mmodule.eks.module.eks_managed_node_group["tablet_server"].aws_iam_role.this[0]: Creating...[0m[0m
[0m[1mmodule.vpc.aws_eip.nat[0]: Creation complete after 2s [id=eipalloc-02de1812c243fd963][0m
[0m[1mmodule.vpc.aws_nat_gateway.this[1]: Creating...[0m[0m
[0m[1mmodule.vpc.aws_route_table_association.public[0]: Creation complete after 1s [id=rtbassoc-0812ee283b157b983][0m
[0m[1mmodule.vpc.aws_nat_gateway.this[0]: Creating...[0m[0m
[0m[1mmodule.vpc.aws_route_table_association.private[1]: Creation complete after 1s [id=rtbassoc-05c15d025433c173d][0m
[0m[1mmodule.vpc.aws_route.public_internet_gateway[0]: Creation complete after 2s [id=r-rtb-057f05042f5e8123e1080289494][0m
[0m[1mmodule.eks.aws_security_group.cluster[0]: Creation complete after 5s [id=sg-07304cc7507c13511][0m
[0m[1mmodule.vpc.aws_route_table_association.private[0]: Creation complete after 1s [id=rtbassoc-0bc75c160af577aa4][0m
[0m[1mmodule.eks.module.eks_managed_node_group["coordinator"].aws_iam_role.this[0]: Creation complete after 1s [id=coordinator-eks-node-group-20251123153158179000000009][0m
[0m[1mmodule.eks.module.eks_managed_node_group["tablet_server"].aws_iam_role.this[0]: Creation complete after 1s [id=tablet-server-eks-node-group-2025112315315851390000000a][0m
[0m[1mmodule.eks.module.eks_managed_node_group["tablet_server"].aws_iam_role_policy_attachment.this["arn:aws:iam::aws:policy/AmazonEKS_CNI_Policy"]: Creating...[0m[0m
[0m[1mmodule.eks.module.eks_managed_node_group["coordinator"].aws_iam_role_policy_attachment.this["arn:aws:iam::aws:policy/AmazonEKSWorkerNodePolicy"]: Creating...[0m[0m
[0m[1mmodule.eks.module.eks_managed_node_group["tablet_server"].aws_iam_role_policy_attachment.additional["AmazonEBSCSIDriverPolicy"]: Creating...[0m[0m
[0m[1mmodule.eks.module.eks_managed_node_group["coordinator"].aws_iam_role_policy_attachment.this["arn:aws:iam::aws:policy/AmazonEC2ContainerRegistryReadOnly"]: Creating...[0m[0m
[0m[1mmodule.eks.module.eks_managed_node_group["coordinator"].aws_iam_role_policy_attachment.additional["AmazonEBSCSIDriverPolicy"]: Creating...[0m[0m
[0m[1mmodule.eks.module.eks_managed_node_group["tablet_server"].aws_iam_role_policy_attachment.this["arn:aws:iam::aws:policy/AmazonEKSWorkerNodePolicy"]: Creating...[0m[0m
[0m[1mmodule.eks.aws_security_group.node[0]: Creation complete after 4s [id=sg-0482ea5c0bdeabefd][0m
[0m[1mmodule.eks.module.eks_managed_node_group["coordinator"].aws_iam_role_policy_attachment.this["arn:aws:iam::aws:policy/AmazonEKS_CNI_Policy"]: Creating...[0m[0m
[0m[1mmodule.eks.module.eks_managed_node_group["tablet_server"].aws_iam_role_policy_attachment.this["arn:aws:iam::aws:policy/AmazonEKS_CNI_Policy"]: Creation complete after 0s [id=tablet-server-eks-node-group-2025112315315851390000000a-20251123153159915000000010][0m
[0m[1mmodule.eks.module.eks_managed_node_group["tablet_server"].aws_iam_role_policy_attachment.this["arn:aws:iam::aws:policy/AmazonEC2ContainerRegistryReadOnly"]: Creating...[0m[0m
[0m[1mmodule.eks.module.eks_managed_node_group["tablet_server"].aws_iam_role_policy_attachment.this["arn:aws:iam::aws:policy/AmazonEKSWorkerNodePolicy"]: Creation complete after 0s [id=tablet-server-eks-node-group-2025112315315851390000000a-2025112315315987350000000d][0m
[0m[1mmodule.eks.aws_security_group_rule.node["ingress_cluster_kubelet"]: Creating...[0m[0m
[0m[1mmodule.eks.module.eks_managed_node_group["coordinator"].aws_iam_role_policy_attachment.this["arn:aws:iam::aws:policy/AmazonEC2ContainerRegistryReadOnly"]: Creation complete after 0s [id=coordinator-eks-node-group-20251123153158179000000009-2025112315315991480000000f][0m
[0m[1mmodule.eks.aws_security_group_rule.node["ingress_nodes_ephemeral"]: Creating...[0m[0m
[0m[1mmodule.eks.module.eks_managed_node_group["tablet_server"].aws_iam_role_policy_attachment.additional["AmazonEBSCSIDriverPolicy"]: Creation complete after 0s [id=tablet-server-eks-node-group-2025112315315851390000000a-2025112315315991470000000e][0m
[0m[1mmodule.eks.aws_security_group_rule.node["egress_all"]: Creating...[0m[0m
[0m[1mmodule.eks.module.eks_managed_node_group["coordinator"].aws_iam_role_policy_attachment.additional["AmazonEBSCSIDriverPolicy"]: Creation complete after 0s [id=coordinator-eks-node-group-20251123153158179000000009-20251123153200157300000011][0m
[0m[1mmodule.eks.aws_security_group_rule.node["ingress_self_coredns_udp"]: Creating...[0m[0m
[0m[1mmodule.eks.module.eks_managed_node_group["coordinator"].aws_iam_role_policy_attachment.this["arn:aws:iam::aws:policy/AmazonEKSWorkerNodePolicy"]: Creation complete after 1s [id=coordinator-eks-node-group-20251123153158179000000009-20251123153200220200000012][0m
[0m[1mmodule.eks.aws_security_group_rule.node["ingress_cluster_9443_webhook"]: Creating...[0m[0m
[0m[1mmodule.eks.module.eks_managed_node_group["coordinator"].aws_iam_role_policy_attachment.this["arn:aws:iam::aws:policy/AmazonEKS_CNI_Policy"]: Creation complete after 1s [id=coordinator-eks-node-group-20251123153158179000000009-20251123153200495600000013][0m
[0m[1mmodule.eks.aws_security_group_rule.node["ingress_self_coredns_tcp"]: Creating...[0m[0m
[0m[1mmodule.eks.module.eks_managed_node_group["tablet_server"].aws_iam_role_policy_attachment.this["arn:aws:iam::aws:policy/AmazonEC2ContainerRegistryReadOnly"]: Creation complete after 1s [id=tablet-server-eks-node-group-2025112315315851390000000a-20251123153200531400000014][0m
[0m[1mmodule.eks.aws_security_group_rule.node["ingress_cluster_443"]: Creating...[0m[0m
[0m[1mmodule.eks.aws_security_group_rule.node["ingress_cluster_kubelet"]: Creation complete after 1s [id=sgrule-2745903878][0m
[0m[1mmodule.eks.aws_security_group_rule.node["ingress_cluster_8443_webhook"]: Creating...[0m[0m
[0m[1mmodule.eks.module.kms.aws_kms_key.this[0]: Still creating... [20s elapsed][0m[0m
[0m[1mmodule.eks.aws_security_group_rule.node["ingress_nodes_ephemeral"]: Creation complete after 3s [id=sgrule-1051444273][0m
[0m[1mmodule.eks.aws_security_group_rule.node["ingress_cluster_4443_webhook"]: Creating...[0m[0m
[0m[1mmodule.eks.aws_security_group_rule.node["egress_all"]: Creation complete after 4s [id=sgrule-1470712033][0m
[0m[1mmodule.eks.aws_security_group_rule.node["ingress_cluster_6443_webhook"]: Creating...[0m[0m
[0m[1mmodule.eks.aws_security_group_rule.node["ingress_self_coredns_udp"]: Creation complete after 5s [id=sgrule-1080352013][0m
[0m[1mmodule.eks.aws_security_group_rule.cluster["ingress_nodes_443"]: Creating...[0m[0m
[0m[1mmodule.eks.aws_security_group_rule.node["ingress_cluster_9443_webhook"]: Creation complete after 6s [id=sgrule-14593021][0m
[0m[1mmodule.eks.aws_security_group_rule.cluster["ingress_nodes_443"]: Creation complete after 2s [id=sgrule-1339418848][0m
[0m[1mmodule.eks.module.kms.aws_kms_key.this[0]: Creation complete after 27s [id=9a875898-0ceb-4f5e-8138-bdfbe3e790ae][0m
[0m[1mmodule.eks.module.kms.aws_kms_alias.this["cluster"]: Creating...[0m[0m
[0m[1mmodule.eks.aws_iam_policy.cluster_encryption[0]: Creating...[0m[0m
[0m[1mmodule.eks.aws_security_group_rule.node["ingress_self_coredns_tcp"]: Creation complete after 7s [id=sgrule-3829104354][0m
[0m[1mmodule.eks.module.kms.aws_kms_alias.this["cluster"]: Creation complete after 0s [id=alias/eks/fluss-eks-cluster][0m
[0m[1mmodule.vpc.aws_nat_gateway.this[1]: Still creating... [10s elapsed][0m[0m
[0m[1mmodule.eks.aws_iam_policy.cluster_encryption[0]: Creation complete after 1s [id=arn:aws:iam::343218179954:policy/fluss-eks-cluster-cluster-ClusterEncryption20251123153207802300000015][0m
[0m[1mmodule.eks.aws_iam_role_policy_attachment.cluster_encryption[0]: Creating...[0m[0m
[0m[1mmodule.vpc.aws_nat_gateway.this[0]: Still creating... [10s elapsed][0m[0m
[0m[1mmodule.eks.aws_security_group_rule.node["ingress_cluster_443"]: Creation complete after 8s [id=sgrule-209009691][0m
[0m[1mmodule.eks.aws_iam_role_policy_attachment.cluster_encryption[0]: Creation complete after 0s [id=fluss-eks-cluster-cluster-20251123153139170400000001-20251123153208928100000016][0m
[0m[1mmodule.eks.aws_security_group_rule.node["ingress_cluster_8443_webhook"]: Creation complete after 9s [id=sgrule-1686083638][0m
[0m[1mmodule.eks.aws_security_group_rule.node["ingress_cluster_4443_webhook"]: Creation complete after 8s [id=sgrule-3194078081][0m
[0m[1mmodule.eks.aws_security_group_rule.node["ingress_cluster_6443_webhook"]: Creation complete after 9s [id=sgrule-1998824471][0m
[0m[1mmodule.eks.aws_eks_cluster.this[0]: Creating...[0m[0m
[0m[1mmodule.vpc.aws_nat_gateway.this[1]: Still creating... [20s elapsed][0m[0m
[0m[1mmodule.vpc.aws_nat_gateway.this[0]: Still creating... [20s elapsed][0m[0m
[0m[1mmodule.eks.aws_eks_cluster.this[0]: Still creating... [10s elapsed][0m[0m
[0m[1mmodule.vpc.aws_nat_gateway.this[1]: Still creating... [30s elapsed][0m[0m
[0m[1mmodule.vpc.aws_nat_gateway.this[0]: Still creating... [30s elapsed][0m[0m
[0m[1mmodule.eks.aws_eks_cluster.this[0]: Still creating... [20s elapsed][0m[0m
[0m[1mmodule.vpc.aws_nat_gateway.this[1]: Still creating... [40s elapsed][0m[0m
[0m[1mmodule.vpc.aws_nat_gateway.this[0]: Still creating... [40s elapsed][0m[0m
[0m[1mmodule.eks.aws_eks_cluster.this[0]: Still creating... [30s elapsed][0m[0m
[0m[1mmodule.vpc.aws_nat_gateway.this[1]: Still creating... [50s elapsed][0m[0m
[0m[1mmodule.vpc.aws_nat_gateway.this[0]: Still creating... [50s elapsed][0m[0m
[0m[1mmodule.eks.aws_eks_cluster.this[0]: Still creating... [40s elapsed][0m[0m
[0m[1mmodule.vpc.aws_nat_gateway.this[1]: Still creating... [1m0s elapsed][0m[0m
[0m[1mmodule.vpc.aws_nat_gateway.this[0]: Still creating... [1m0s elapsed][0m[0m
[0m[1mmodule.eks.aws_eks_cluster.this[0]: Still creating... [50s elapsed][0m[0m
[0m[1mmodule.vpc.aws_nat_gateway.this[1]: Still creating... [1m10s elapsed][0m[0m
[0m[1mmodule.vpc.aws_nat_gateway.this[0]: Still creating... [1m10s elapsed][0m[0m
[0m[1mmodule.eks.aws_eks_cluster.this[0]: Still creating... [1m0s elapsed][0m[0m
[0m[1mmodule.vpc.aws_nat_gateway.this[1]: Still creating... [1m20s elapsed][0m[0m
[0m[1mmodule.vpc.aws_nat_gateway.this[0]: Still creating... [1m20s elapsed][0m[0m
[0m[1mmodule.eks.aws_eks_cluster.this[0]: Still creating... [1m10s elapsed][0m[0m
[0m[1mmodule.vpc.aws_nat_gateway.this[1]: Creation complete after 1m27s [id=nat-0381b48f25aa3e75d][0m
[0m[1mmodule.vpc.aws_nat_gateway.this[0]: Still creating... [1m30s elapsed][0m[0m
[0m[1mmodule.eks.aws_eks_cluster.this[0]: Still creating... [1m20s elapsed][0m[0m
[0m[1mmodule.vpc.aws_nat_gateway.this[0]: Creation complete after 1m37s [id=nat-0115c0a802e6846bb][0m
[0m[1mmodule.vpc.aws_route.private_nat_gateway[0]: Creating...[0m[0m
[0m[1mmodule.vpc.aws_route.private_nat_gateway[1]: Creating...[0m[0m
[0m[1mmodule.vpc.aws_route.private_nat_gateway[0]: Creation complete after 2s [id=r-rtb-0250d4d8f6ee591361080289494][0m
[0m[1mmodule.vpc.aws_route.private_nat_gateway[1]: Creation complete after 2s [id=r-rtb-0f7f5cee5b4e303241080289494][0m
[0m[1mmodule.eks.aws_eks_cluster.this[0]: Still creating... [1m30s elapsed][0m[0m
[0m[1mmodule.eks.aws_eks_cluster.this[0]: Still creating... [1m40s elapsed][0m[0m
[0m[1mmodule.eks.aws_eks_cluster.this[0]: Still creating... [1m50s elapsed][0m[0m
[0m[1mmodule.eks.aws_eks_cluster.this[0]: Still creating... [2m0s elapsed][0m[0m
[0m[1mmodule.eks.aws_eks_cluster.this[0]: Still creating... [2m10s elapsed][0m[0m
[0m[1mmodule.eks.aws_eks_cluster.this[0]: Still creating... [2m20s elapsed][0m[0m
[0m[1mmodule.eks.aws_eks_cluster.this[0]: Still creating... [2m30s elapsed][0m[0m
[0m[1mmodule.eks.aws_eks_cluster.this[0]: Still creating... [2m40s elapsed][0m[0m
[0m[1mmodule.eks.aws_eks_cluster.this[0]: Still creating... [2m50s elapsed][0m[0m
[0m[1mmodule.eks.aws_eks_cluster.this[0]: Still creating... [3m0s elapsed][0m[0m
[0m[1mmodule.eks.aws_eks_cluster.this[0]: Still creating... [3m10s elapsed][0m[0m
[0m[1mmodule.eks.aws_eks_cluster.this[0]: Still creating... [3m20s elapsed][0m[0m
[0m[1mmodule.eks.aws_eks_cluster.this[0]: Still creating... [3m30s elapsed][0m[0m
[0m[1mmodule.eks.aws_eks_cluster.this[0]: Still creating... [3m40s elapsed][0m[0m
[0m[1mmodule.eks.aws_eks_cluster.this[0]: Still creating... [3m50s elapsed][0m[0m
[0m[1mmodule.eks.aws_eks_cluster.this[0]: Still creating... [4m0s elapsed][0m[0m
[0m[1mmodule.eks.aws_eks_cluster.this[0]: Still creating... [4m10s elapsed][0m[0m
[0m[1mmodule.eks.aws_eks_cluster.this[0]: Still creating... [4m20s elapsed][0m[0m
[0m[1mmodule.eks.aws_eks_cluster.this[0]: Still creating... [4m30s elapsed][0m[0m
[0m[1mmodule.eks.aws_eks_cluster.this[0]: Still creating... [4m40s elapsed][0m[0m
[0m[1mmodule.eks.aws_eks_cluster.this[0]: Still creating... [4m50s elapsed][0m[0m
[0m[1mmodule.eks.aws_eks_cluster.this[0]: Still creating... [5m0s elapsed][0m[0m
[0m[1mmodule.eks.aws_eks_cluster.this[0]: Still creating... [5m10s elapsed][0m[0m
[0m[1mmodule.eks.aws_eks_cluster.this[0]: Still creating... [5m20s elapsed][0m[0m
[0m[1mmodule.eks.aws_eks_cluster.this[0]: Still creating... [5m30s elapsed][0m[0m
[0m[1mmodule.eks.aws_eks_cluster.this[0]: Still creating... [5m40s elapsed][0m[0m
[0m[1mmodule.eks.aws_eks_cluster.this[0]: Still creating... [5m50s elapsed][0m[0m
[0m[1mmodule.eks.aws_eks_cluster.this[0]: Still creating... [6m0s elapsed][0m[0m
[0m[1mmodule.eks.aws_eks_cluster.this[0]: Still creating... [6m10s elapsed][0m[0m
[0m[1mmodule.eks.aws_eks_cluster.this[0]: Still creating... [6m20s elapsed][0m[0m
[0m[1mmodule.eks.aws_eks_cluster.this[0]: Still creating... [6m30s elapsed][0m[0m
[0m[1mmodule.eks.aws_eks_cluster.this[0]: Still creating... [6m40s elapsed][0m[0m
[0m[1mmodule.eks.aws_eks_cluster.this[0]: Still creating... [6m50s elapsed][0m[0m
[0m[1mmodule.eks.aws_eks_cluster.this[0]: Still creating... [7m0s elapsed][0m[0m
[0m[1mmodule.eks.aws_eks_cluster.this[0]: Still creating... [7m10s elapsed][0m[0m
[0m[1mmodule.eks.aws_eks_cluster.this[0]: Still creating... [7m20s elapsed][0m[0m
[0m[1mmodule.eks.aws_eks_cluster.this[0]: Still creating... [7m30s elapsed][0m[0m
[0m[1mmodule.eks.aws_eks_cluster.this[0]: Still creating... [7m40s elapsed][0m[0m
[0m[1mmodule.eks.aws_eks_cluster.this[0]: Still creating... [7m50s elapsed][0m[0m
[0m[1mmodule.eks.aws_eks_cluster.this[0]: Still creating... [8m0s elapsed][0m[0m
[0m[1mmodule.eks.aws_eks_cluster.this[0]: Still creating... [8m10s elapsed][0m[0m
[0m[1mmodule.eks.aws_eks_cluster.this[0]: Still creating... [8m20s elapsed][0m[0m
[0m[1mmodule.eks.aws_eks_cluster.this[0]: Still creating... [8m30s elapsed][0m[0m
[0m[1mmodule.eks.aws_eks_cluster.this[0]: Still creating... [8m40s elapsed][0m[0m
[0m[1mmodule.eks.aws_eks_cluster.this[0]: Still creating... [8m50s elapsed][0m[0m
[0m[1mmodule.eks.aws_eks_cluster.this[0]: Still creating... [9m0s elapsed][0m[0m
[0m[1mmodule.eks.aws_eks_cluster.this[0]: Still creating... [9m10s elapsed][0m[0m
[0m[1mmodule.eks.aws_eks_cluster.this[0]: Still creating... [9m20s elapsed][0m[0m
[0m[1mmodule.eks.aws_eks_cluster.this[0]: Still creating... [9m30s elapsed][0m[0m
[0m[1mmodule.eks.aws_eks_cluster.this[0]: Still creating... [9m40s elapsed][0m[0m
[0m[1mmodule.eks.aws_eks_cluster.this[0]: Still creating... [9m50s elapsed][0m[0m
[0m[1mmodule.eks.aws_eks_cluster.this[0]: Still creating... [10m0s elapsed][0m[0m
[0m[1mmodule.eks.aws_eks_cluster.this[0]: Still creating... [10m10s elapsed][0m[0m
[0m[1mmodule.eks.aws_eks_cluster.this[0]: Still creating... [10m20s elapsed][0m[0m
[0m[1mmodule.eks.aws_eks_cluster.this[0]: Creation complete after 10m21s [id=fluss-eks-cluster][0m
[0m[1mmodule.eks.data.aws_eks_addon_version.this["coredns"]: Reading...[0m[0m
[0m[1mmodule.eks.data.aws_eks_addon_version.this["kube-proxy"]: Reading...[0m[0m
[0m[1mmodule.eks.data.tls_certificate.this[0]: Reading...[0m[0m
[0m[1mmodule.eks.aws_ec2_tag.cluster_primary_security_group["Environment"]: Creating...[0m[0m
[0m[1mmodule.eks.aws_ec2_tag.cluster_primary_security_group["Project"]: Creating...[0m[0m
[0m[1mmodule.eks.aws_ec2_tag.cluster_primary_security_group["ManagedBy"]: Creating...[0m[0m
[0m[1mmodule.eks.time_sleep.this[0]: Creating...[0m[0m
[0m[1mmodule.eks.data.aws_eks_addon_version.this["vpc-cni"]: Reading...[0m[0m
[0m[1mkubernetes_namespace.monitoring: Creating...[0m[0m
[0m[1mkubernetes_namespace.fluss: Creating...[0m[0m
[0m[1mmodule.eks.data.aws_eks_addon_version.this["coredns"]: Read complete after 0s [id=coredns][0m
[0m[1mmodule.eks.data.aws_eks_addon_version.this["kube-proxy"]: Read complete after 0s [id=kube-proxy][0m
[0m[1mmodule.eks.data.aws_eks_addon_version.this["vpc-cni"]: Read complete after 0s [id=vpc-cni][0m
[0m[1mmodule.eks.data.tls_certificate.this[0]: Read complete after 0s [id=4687b9863b4f2caa907e2ad6c9ffcf73433dc367][0m
[0m[1mmodule.eks.aws_iam_openid_connect_provider.oidc_provider[0]: Creating...[0m[0m
[0m[1mmodule.eks.aws_ec2_tag.cluster_primary_security_group["Project"]: Creation complete after 1s [id=sg-0286a33628f230baa,Project][0m
[0m[1mmodule.eks.aws_ec2_tag.cluster_primary_security_group["Environment"]: Creation complete after 1s [id=sg-0286a33628f230baa,Environment][0m
[0m[1mmodule.eks.aws_ec2_tag.cluster_primary_security_group["ManagedBy"]: Creation complete after 1s [id=sg-0286a33628f230baa,ManagedBy][0m
[0m[1mkubernetes_namespace.fluss: Creation complete after 2s [id=fluss][0m
[0m[1mkubernetes_namespace.monitoring: Creation complete after 2s [id=monitoring][0m
[0m[1mkubernetes_service.zookeeper: Creating...[0m[0m
[0m[1mmodule.eks.aws_iam_openid_connect_provider.oidc_provider[0]: Creation complete after 2s [id=arn:aws:iam::343218179954:oidc-provider/oidc.eks.us-west-2.amazonaws.com/id/C3A2BF51523816133FF13E8EF88CE562][0m
[0m[1mkubernetes_service.zookeeper: Creation complete after 0s [id=fluss/zk-svc][0m
[0m[1mmodule.eks.time_sleep.this[0]: Still creating... [10s elapsed][0m[0m
[0m[1mmodule.eks.time_sleep.this[0]: Still creating... [20s elapsed][0m[0m
[0m[1mmodule.eks.time_sleep.this[0]: Still creating... [30s elapsed][0m[0m
[0m[1mmodule.eks.time_sleep.this[0]: Creation complete after 30s [id=2025-11-23T15:43:03Z][0m
[0m[1mmodule.eks.module.eks_managed_node_group["coordinator"].aws_launch_template.this[0]: Creating...[0m[0m
[0m[1mmodule.eks.module.eks_managed_node_group["tablet_server"].aws_launch_template.this[0]: Creating...[0m[0m
[0m[1mmodule.eks.module.eks_managed_node_group["tablet_server"].aws_launch_template.this[0]: Creation complete after 7s [id=lt-090adc6432ad18974][0m
[0m[1mmodule.eks.module.eks_managed_node_group["coordinator"].aws_launch_template.this[0]: Creation complete after 8s [id=lt-0f0be507d4cc4c648][0m
[0m[1mmodule.eks.module.eks_managed_node_group["tablet_server"].aws_eks_node_group.this[0]: Creating...[0m[0m
[0m[1mmodule.eks.module.eks_managed_node_group["coordinator"].aws_eks_node_group.this[0]: Creating...[0m[0m
[0m[1mmodule.eks.module.eks_managed_node_group["tablet_server"].aws_eks_node_group.this[0]: Still creating... [10s elapsed][0m[0m
[0m[1mmodule.eks.module.eks_managed_node_group["coordinator"].aws_eks_node_group.this[0]: Still creating... [10s elapsed][0m[0m
[0m[1mmodule.eks.module.eks_managed_node_group["tablet_server"].aws_eks_node_group.this[0]: Still creating... [20s elapsed][0m[0m
[0m[1mmodule.eks.module.eks_managed_node_group["coordinator"].aws_eks_node_group.this[0]: Still creating... [20s elapsed][0m[0m
[0m[1mmodule.eks.module.eks_managed_node_group["coordinator"].aws_eks_node_group.this[0]: Still creating... [30s elapsed][0m[0m
[0m[1mmodule.eks.module.eks_managed_node_group["tablet_server"].aws_eks_node_group.this[0]: Still creating... [30s elapsed][0m[0m
[0m[1mmodule.eks.module.eks_managed_node_group["tablet_server"].aws_eks_node_group.this[0]: Still creating... [40s elapsed][0m[0m
[0m[1mmodule.eks.module.eks_managed_node_group["coordinator"].aws_eks_node_group.this[0]: Still creating... [40s elapsed][0m[0m
[0m[1mmodule.eks.module.eks_managed_node_group["coordinator"].aws_eks_node_group.this[0]: Still creating... [50s elapsed][0m[0m
[0m[1mmodule.eks.module.eks_managed_node_group["tablet_server"].aws_eks_node_group.this[0]: Still creating... [50s elapsed][0m[0m
[0m[1mmodule.eks.module.eks_managed_node_group["tablet_server"].aws_eks_node_group.this[0]: Still creating... [1m0s elapsed][0m[0m
[0m[1mmodule.eks.module.eks_managed_node_group["coordinator"].aws_eks_node_group.this[0]: Still creating... [1m0s elapsed][0m[0m
[0m[1mmodule.eks.module.eks_managed_node_group["coordinator"].aws_eks_node_group.this[0]: Still creating... [1m10s elapsed][0m[0m
[0m[1mmodule.eks.module.eks_managed_node_group["tablet_server"].aws_eks_node_group.this[0]: Still creating... [1m10s elapsed][0m[0m
[0m[1mmodule.eks.module.eks_managed_node_group["tablet_server"].aws_eks_node_group.this[0]: Still creating... [1m20s elapsed][0m[0m
[0m[1mmodule.eks.module.eks_managed_node_group["coordinator"].aws_eks_node_group.this[0]: Still creating... [1m20s elapsed][0m[0m
[0m[1mmodule.eks.module.eks_managed_node_group["coordinator"].aws_eks_node_group.this[0]: Still creating... [1m30s elapsed][0m[0m
[0m[1mmodule.eks.module.eks_managed_node_group["tablet_server"].aws_eks_node_group.this[0]: Still creating... [1m30s elapsed][0m[0m
[0m[1mmodule.eks.module.eks_managed_node_group["tablet_server"].aws_eks_node_group.this[0]: Still creating... [1m40s elapsed][0m[0m
[0m[1mmodule.eks.module.eks_managed_node_group["coordinator"].aws_eks_node_group.this[0]: Still creating... [1m40s elapsed][0m[0m
[0m[1mmodule.eks.module.eks_managed_node_group["coordinator"].aws_eks_node_group.this[0]: Still creating... [1m50s elapsed][0m[0m
[0m[1mmodule.eks.module.eks_managed_node_group["tablet_server"].aws_eks_node_group.this[0]: Still creating... [1m50s elapsed][0m[0m
[0m[1mmodule.eks.module.eks_managed_node_group["tablet_server"].aws_eks_node_group.this[0]: Creation complete after 1m51s [id=fluss-eks-cluster:tablet-server-2025112315431159290000001d][0m
[0m[1mmodule.eks.module.eks_managed_node_group["coordinator"].aws_eks_node_group.this[0]: Creation complete after 1m51s [id=fluss-eks-cluster:coordinator-2025112315431159280000001b][0m
[0m[1mmodule.eks.aws_eks_addon.this["kube-proxy"]: Creating...[0m[0m
[0m[1mmodule.eks.aws_eks_addon.this["vpc-cni"]: Creating...[0m[0m
[0m[1mmodule.eks.aws_eks_addon.this["coredns"]: Creating...[0m[0m
[0m[1mmodule.eks.kubernetes_config_map_v1_data.aws_auth[0]: Creating...[0m[0m
[0m[1mmodule.eks.kubernetes_config_map_v1_data.aws_auth[0]: Creation complete after 1s [id=kube-system/aws-auth][0m
[0m[1mmodule.eks.aws_eks_addon.this["vpc-cni"]: Still creating... [10s elapsed][0m[0m
[0m[1mmodule.eks.aws_eks_addon.this["coredns"]: Still creating... [10s elapsed][0m[0m
[0m[1mmodule.eks.aws_eks_addon.this["kube-proxy"]: Still creating... [10s elapsed][0m[0m
[0m[1mmodule.eks.aws_eks_addon.this["coredns"]: Creation complete after 16s [id=fluss-eks-cluster:coredns][0m
[0m[1mmodule.eks.aws_eks_addon.this["vpc-cni"]: Still creating... [20s elapsed][0m[0m
[0m[1mmodule.eks.aws_eks_addon.this["kube-proxy"]: Still creating... [20s elapsed][0m[0m
[0m[1mmodule.eks.aws_eks_addon.this["kube-proxy"]: Creation complete after 27s [id=fluss-eks-cluster:kube-proxy][0m
[0m[1mmodule.eks.aws_eks_addon.this["vpc-cni"]: Still creating... [30s elapsed][0m[0m
[0m[1mmodule.eks.aws_eks_addon.this["vpc-cni"]: Still creating... [40s elapsed][0m[0m
[0m[1mmodule.eks.aws_eks_addon.this["vpc-cni"]: Still creating... [50s elapsed][0m[0m
[0m[1mmodule.eks.aws_eks_addon.this["vpc-cni"]: Creation complete after 58s [id=fluss-eks-cluster:vpc-cni][0m
[0m[1mmodule.ebs_csi_irsa[0].data.aws_caller_identity.current: Reading...[0m[0m
[0m[1mmodule.ebs_csi_irsa[0].data.aws_region.current: Reading...[0m[0m
[0m[1mmodule.ebs_csi_irsa[0].data.aws_partition.current: Reading...[0m[0m
[0m[1mmodule.ebs_csi_irsa[0].data.aws_region.current: Read complete after 0s [id=us-west-2][0m
[0m[1mmodule.ebs_csi_irsa[0].data.aws_partition.current: Read complete after 0s [id=aws][0m
[0m[1mkubernetes_stateful_set.zookeeper: Creating...[0m[0m
[0m[1mmodule.ebs_csi_irsa[0].data.aws_iam_policy_document.ebs_csi[0]: Reading...[0m[0m
[0m[1mmodule.ebs_csi_irsa[0].data.aws_iam_policy_document.ebs_csi[0]: Read complete after 0s [id=4189668531][0m
[0m[1mmodule.ebs_csi_irsa[0].aws_iam_policy.ebs_csi[0]: Creating...[0m[0m
[0m[1mkubernetes_stateful_set.zookeeper: Creation complete after 1s [id=fluss/zk][0m
[0m[1mmodule.ebs_csi_irsa[0].data.aws_caller_identity.current: Read complete after 1s [id=343218179954][0m
[0m[1mmodule.ebs_csi_irsa[0].data.aws_iam_policy_document.this[0]: Reading...[0m[0m
[0m[1mmodule.ebs_csi_irsa[0].data.aws_iam_policy_document.this[0]: Read complete after 0s [id=564926653][0m
[0m[1mmodule.ebs_csi_irsa[0].aws_iam_role.this[0]: Creating...[0m[0m
[0m[1mmodule.ebs_csi_irsa[0].aws_iam_policy.ebs_csi[0]: Creation complete after 2s [id=arn:aws:iam::343218179954:policy/AmazonEKS_EBS_CSI_Policy-20251123154600748400000022][0m
[0m[1mmodule.ebs_csi_irsa[0].aws_iam_role.this[0]: Creation complete after 1s [id=fluss-eks-cluster-ebs-csi-driver][0m
[0m[1mmodule.ebs_csi_irsa[0].aws_iam_role_policy_attachment.ebs_csi[0]: Creating...[0m[0m
[0m[1mhelm_release.prometheus: Creating...[0m[0m
[0m[1mhelm_release.fluss: Creating...[0m[0m
[0m[1mmodule.ebs_csi_irsa[0].aws_iam_role_policy_attachment.ebs_csi[0]: Creation complete after 1s [id=fluss-eks-cluster-ebs-csi-driver-20251123154603544500000023][0m
[0m[1maws_eks_addon.ebs_csi_driver[0]: Creating...[0m[0m
[0m[1mhelm_release.prometheus: Still creating... [10s elapsed][0m[0m
[0m[1mhelm_release.fluss: Still creating... [10s elapsed][0m[0m
[0m[1maws_eks_addon.ebs_csi_driver[0]: Still creating... [10s elapsed][0m[0m
[0m[1mhelm_release.fluss: Creation complete after 14s [id=fluss][0m
[0m[1mkubernetes_job.producer: Creating...[0m[0m
[0m[1mkubernetes_job.producer: Creation complete after 0s [id=fluss/fluss-producer][0m
[0m[1mkubernetes_service.producer_metrics: Creating...[0m[0m
[0m[1mkubernetes_job.flink_aggregator: Creating...[0m[0m
[0m[1mkubernetes_service.producer_metrics: Creation complete after 1s [id=fluss/fluss-producer-metrics][0m
[0m[1mkubernetes_job.flink_aggregator: Creation complete after 1s [id=fluss/flink-aggregator][0m
[0m[1mkubernetes_service.flink_aggregator_metrics: Creating...[0m[0m
[0m[1mkubernetes_service.flink_aggregator_metrics: Creation complete after 1s [id=fluss/flink-aggregator-metrics][0m
[0m[1mhelm_release.prometheus: Still creating... [20s elapsed][0m[0m
[0m[1maws_eks_addon.ebs_csi_driver[0]: Still creating... [20s elapsed][0m[0m
[0m[1mhelm_release.prometheus: Still creating... [30s elapsed][0m[0m
[0m[1maws_eks_addon.ebs_csi_driver[0]: Still creating... [30s elapsed][0m[0m
[0m[1mhelm_release.prometheus: Still creating... [40s elapsed][0m[0m
[0m[1maws_eks_addon.ebs_csi_driver[0]: Still creating... [40s elapsed][0m[0m
[0m[1maws_eks_addon.ebs_csi_driver[0]: Creation complete after 47s [id=fluss-eks-cluster:aws-ebs-csi-driver][0m
[0m[1mhelm_release.prometheus: Still creating... [50s elapsed][0m[0m
[0m[1mhelm_release.prometheus: Still creating... [1m0s elapsed][0m[0m
[0m[1mhelm_release.prometheus: Still creating... [1m10s elapsed][0m[0m
[0m[1mhelm_release.prometheus: Still creating... [1m20s elapsed][0m[0m
[0m[1mhelm_release.prometheus: Still creating... [1m30s elapsed][0m[0m
[0m[1mhelm_release.prometheus: Still creating... [1m40s elapsed][0m[0m
[0m[1mhelm_release.prometheus: Still creating... [1m50s elapsed][0m[0m
[0m[1mhelm_release.prometheus: Still creating... [2m0s elapsed][0m[0m
[0m[1mhelm_release.prometheus: Still creating... [2m10s elapsed][0m[0m
[0m[1mhelm_release.prometheus: Still creating... [2m20s elapsed][0m[0m
[0m[1mhelm_release.prometheus: Still creating... [2m30s elapsed][0m[0m
[0m[1mhelm_release.prometheus: Still creating... [2m40s elapsed][0m[0m
[0m[1mhelm_release.prometheus: Still creating... [2m50s elapsed][0m[0m
[0m[1mhelm_release.prometheus: Still creating... [3m0s elapsed][0m[0m
[0m[1mhelm_release.prometheus: Still creating... [3m10s elapsed][0m[0m
[0m[1mhelm_release.prometheus: Still creating... [3m20s elapsed][0m[0m
[0m[1mhelm_release.prometheus: Still creating... [3m30s elapsed][0m[0m
[0m[1mhelm_release.prometheus: Still creating... [3m40s elapsed][0m[0m
[0m[1mhelm_release.prometheus: Still creating... [3m50s elapsed][0m[0m
[0m[1mhelm_release.prometheus: Still creating... [4m0s elapsed][0m[0m
[0m[1mhelm_release.prometheus: Still creating... [4m10s elapsed][0m[0m
[0m[1mhelm_release.prometheus: Still creating... [4m20s elapsed][0m[0m
[0m[1mhelm_release.prometheus: Creation complete after 4m20s [id=prometheus][0m
[0m[1mnull_resource.producer_podmonitor: Creating...[0m[0m
[0m[1mnull_resource.fluss_coordinator_servicemonitor: Creating...[0m[0m
[0m[1mnull_resource.fluss_tablet_servicemonitor: Creating...[0m[0m
[0m[1mnull_resource.flink_aggregator_podmonitor: Creating...[0m[0m
[0m[1mkubernetes_config_map.fluss_dashboard_improved: Creating...[0m[0m
[0m[1mnull_resource.fluss_tablet_servicemonitor: Provisioning with 'local-exec'...[0m[0m
[0m[1mnull_resource.fluss_coordinator_servicemonitor: Provisioning with 'local-exec'...[0m[0m
[0m[1mnull_resource.producer_podmonitor: Provisioning with 'local-exec'...[0m[0m
[0m[1mnull_resource.flink_aggregator_podmonitor: Provisioning with 'local-exec'...[0m[0m
[0m[1mnull_resource.producer_podmonitor (local-exec):[0m [0mExecuting: ["/bin/sh" "-c" "      aws eks update-kubeconfig --region us-west-2 --name fluss-eks-cluster --kubeconfig /tmp/kubeconfig-fluss-eks-cluster || true\n      export KUBECONFIG=/tmp/kubeconfig-fluss-eks-cluster\n      kubectl apply -f - <<EOF\napiVersion: monitoring.coreos.com/v1\nkind: PodMonitor\nmetadata:\n  name: fluss-producer\n  namespace: fluss\n  labels:\n    app: fluss-producer\nspec:\n  selector:\n    matchLabels:\n      app: fluss-producer\n  podMetricsEndpoints:\n    - port: metrics\n      interval: 30s\n      path: /metrics\nEOF\n"]
[0m[1mnull_resource.fluss_tablet_servicemonitor (local-exec):[0m [0mExecuting: ["/bin/sh" "-c" "      aws eks update-kubeconfig --region us-west-2 --name fluss-eks-cluster --kubeconfig /tmp/kubeconfig-fluss-eks-cluster || true\n      export KUBECONFIG=/tmp/kubeconfig-fluss-eks-cluster\n      kubectl apply -f - <<EOF\napiVersion: monitoring.coreos.com/v1\nkind: ServiceMonitor\nmetadata:\n  name: fluss-tablet\n  namespace: fluss\n  labels:\n    app: fluss-tablet\nspec:\n  selector:\n    matchLabels:\n      app: fluss-tablet\n  endpoints:\n    - port: metrics\n      interval: 30s\n      path: /metrics\nEOF\n"]
[0m[1mnull_resource.fluss_coordinator_servicemonitor (local-exec):[0m [0mExecuting: ["/bin/sh" "-c" "      aws eks update-kubeconfig --region us-west-2 --name fluss-eks-cluster --kubeconfig /tmp/kubeconfig-fluss-eks-cluster || true\n      export KUBECONFIG=/tmp/kubeconfig-fluss-eks-cluster\n      kubectl apply -f - <<EOF\napiVersion: monitoring.coreos.com/v1\nkind: ServiceMonitor\nmetadata:\n  name: fluss-coordinator\n  namespace: fluss\n  labels:\n    app: fluss-coordinator\nspec:\n  selector:\n    matchLabels:\n      app: fluss-coordinator\n  endpoints:\n    - port: metrics\n      interval: 30s\n      path: /metrics\nEOF\n"]
[0m[1mnull_resource.flink_aggregator_podmonitor (local-exec):[0m [0mExecuting: ["/bin/sh" "-c" "      aws eks update-kubeconfig --region us-west-2 --name fluss-eks-cluster --kubeconfig /tmp/kubeconfig-fluss-eks-cluster || true\n      export KUBECONFIG=/tmp/kubeconfig-fluss-eks-cluster\n      kubectl apply -f - <<EOF\napiVersion: monitoring.coreos.com/v1\nkind: PodMonitor\nmetadata:\n  name: flink-aggregator\n  namespace: fluss\n  labels:\n    app: flink-aggregator\nspec:\n  selector:\n    matchLabels:\n      app: flink-aggregator\n  podMetricsEndpoints:\n    - port: metrics\n      interval: 30s\n      path: /metrics\nEOF\n"]
[0m[1mkubernetes_config_map.fluss_dashboard_improved: Creation complete after 2s [id=monitoring/fluss-monitoring-dashboard-improved][0m
[0m[1mnull_resource.fluss_coordinator_servicemonitor (local-exec):[0m [0mAdded new context arn:aws:eks:us-west-2:343218179954:cluster/fluss-eks-cluster to /tmp/kubeconfig-fluss-eks-cluster
[0m[1mnull_resource.flink_aggregator_podmonitor (local-exec):[0m [0mAdded new context arn:aws:eks:us-west-2:343218179954:cluster/fluss-eks-cluster to /tmp/kubeconfig-fluss-eks-cluster
[0m[1mnull_resource.producer_podmonitor (local-exec):[0m [0mAdded new context arn:aws:eks:us-west-2:343218179954:cluster/fluss-eks-cluster to /tmp/kubeconfig-fluss-eks-cluster
[0m[1mnull_resource.fluss_tablet_servicemonitor (local-exec):[0m [0mUpdated context arn:aws:eks:us-west-2:343218179954:cluster/fluss-eks-cluster in /tmp/kubeconfig-fluss-eks-cluster
[0m[1mnull_resource.producer_podmonitor (local-exec):[0m [0mpodmonitor.monitoring.coreos.com/fluss-producer created
[0m[1mnull_resource.producer_podmonitor: Creation complete after 7s [id=3052294546644696322][0m
[0m[1mnull_resource.flink_aggregator_podmonitor (local-exec):[0m [0mpodmonitor.monitoring.coreos.com/flink-aggregator created
[0m[1mnull_resource.flink_aggregator_podmonitor: Creation complete after 7s [id=1827514448612421076][0m
[0m[1mnull_resource.fluss_coordinator_servicemonitor (local-exec):[0m [0mservicemonitor.monitoring.coreos.com/fluss-coordinator created
[0m[1mnull_resource.fluss_coordinator_servicemonitor: Creation complete after 7s [id=7622045354182438396][0m
[0m[1mnull_resource.fluss_tablet_servicemonitor (local-exec):[0m [0mservicemonitor.monitoring.coreos.com/fluss-tablet created
[0m[1mnull_resource.fluss_tablet_servicemonitor: Creation complete after 7s [id=7511108867443292563][0m
[33m╷[0m[0m
[33m│[0m [0m[1m[33mWarning: [0m[0m[1mArgument is deprecated[0m
[33m│[0m [0m
[33m│[0m [0m[0m  with module.eks.aws_iam_role.this[0],
[33m│[0m [0m  on .terraform/modules/eks/main.tf line 293, in resource "aws_iam_role" "this":
[33m│[0m [0m 293: resource "aws_iam_role" "this" [4m{[0m[0m
[33m│[0m [0m
[33m│[0m [0minline_policy is deprecated. Use the aws_iam_role_policy resource instead.
[33m│[0m [0mIf Terraform should exclusively manage all inline policy associations (the
[33m│[0m [0mcurrent behavior of this argument), use the aws_iam_role_policies_exclusive
[33m│[0m [0mresource as well.
[33m│[0m [0m
[33m│[0m [0m(and 7 more similar warnings elsewhere)
[33m╵[0m[0m
[31m╷[0m[0m
[31m│[0m [0m[1m[31mError: [0m[0m[1mcreating ECR Repository (fluss-demo): operation error ECR: CreateRepository, https response error StatusCode: 400, RequestID: b828216a-e06c-48a2-b034-532d299e390c, RepositoryAlreadyExistsException: The repository with name 'fluss-demo' already exists in the registry with id '343218179954'[0m
[31m│[0m [0m
[31m│[0m [0m[0m  with aws_ecr_repository.demo_app,
[31m│[0m [0m  on ecr.tf line 2, in resource "aws_ecr_repository" "demo_app":
[31m│[0m [0m   2: resource "aws_ecr_repository" "demo_app" [4m{[0m[0m
[31m│[0m [0m
[31m╵[0m[0m
[31m╷[0m[0m
[31m│[0m [0m[1m[31mError: [0m[0m[1mcreating ECR Repository (fluss): operation error ECR: CreateRepository, https response error StatusCode: 400, RequestID: 894ab70c-43e0-4bfc-a034-0d60eb170321, RepositoryAlreadyExistsException: The repository with name 'fluss' already exists in the registry with id '343218179954'[0m
[31m│[0m [0m
[31m│[0m [0m[0m  with aws_ecr_repository.fluss,
[31m│[0m [0m  on ecr.tf line 48, in resource "aws_ecr_repository" "fluss":
[31m│[0m [0m  48: resource "aws_ecr_repository" "fluss" [4m{[0m[0m
[31m│[0m [0m
[31m╵[0m[0m
