[0m[1mmodule.eks.data.aws_partition.current: Reading...[0m[0m
[0m[1mdata.aws_availability_zones.available: Reading...[0m[0m
[0m[1mdata.aws_caller_identity.current: Reading...[0m[0m
[0m[1mmodule.eks.module.kms.data.aws_partition.current[0]: Reading...[0m[0m
[0m[1mdata.aws_region.current: Reading...[0m[0m
[0m[1mmodule.eks.data.aws_caller_identity.current: Reading...[0m[0m
[0m[1maws_ecr_repository.demo_app: Refreshing state... [id=fluss-demo][0m
[0m[1mmodule.vpc.aws_vpc.this[0]: Refreshing state... [id=vpc-059688e24cb8b7065][0m
[0m[1mmodule.eks.aws_cloudwatch_log_group.this[0]: Refreshing state... [id=/aws/eks/fluss-eks-cluster/cluster][0m
[0m[1mmodule.eks.data.aws_partition.current: Read complete after 0s [id=aws][0m
[0m[1mdata.aws_region.current: Read complete after 0s [id=us-west-2][0m
[0m[1mmodule.eks.module.kms.data.aws_partition.current[0]: Read complete after 0s [id=aws][0m
[0m[1mmodule.eks.module.kms.data.aws_caller_identity.current[0]: Reading...[0m[0m
[0m[1mmodule.eks.data.aws_iam_policy_document.assume_role_policy[0]: Reading...[0m[0m
[0m[1mmodule.eks.data.aws_iam_policy_document.assume_role_policy[0]: Read complete after 0s [id=2764486067][0m
[0m[1mmodule.eks.aws_iam_role.this[0]: Refreshing state... [id=fluss-eks-cluster-cluster-20251123153139170400000001][0m
[0m[1mmodule.eks.data.aws_caller_identity.current: Read complete after 0s [id=343218179954][0m
[0m[1mmodule.eks.data.aws_iam_session_context.current: Reading...[0m[0m
[0m[1mmodule.eks.data.aws_iam_session_context.current: Read complete after 0s [id=arn:aws:iam::343218179954:user/streampipeline][0m
[0m[1mdata.aws_caller_identity.current: Read complete after 1s [id=343218179954][0m
[0m[1mmodule.eks.module.kms.data.aws_caller_identity.current[0]: Read complete after 1s [id=343218179954][0m
[0m[1mdata.aws_availability_zones.available: Read complete after 1s [id=us-west-2][0m
[0m[1mmodule.eks.aws_iam_role_policy_attachment.this["AmazonEKSVPCResourceController"]: Refreshing state... [id=fluss-eks-cluster-cluster-20251123153139170400000001-20251123153142081300000003][0m
[0m[1mmodule.eks.aws_iam_role_policy_attachment.this["AmazonEKSClusterPolicy"]: Refreshing state... [id=fluss-eks-cluster-cluster-20251123153139170400000001-20251123153141761200000002][0m
[0m[1mmodule.eks.module.kms.data.aws_iam_policy_document.this[0]: Reading...[0m[0m
[0m[1mmodule.eks.module.kms.data.aws_iam_policy_document.this[0]: Read complete after 0s [id=2723642490][0m
[0m[1mmodule.eks.module.kms.aws_kms_key.this[0]: Refreshing state... [id=9a875898-0ceb-4f5e-8138-bdfbe3e790ae][0m
[0m[1mmodule.eks.aws_security_group.node[0]: Refreshing state... [id=sg-0482ea5c0bdeabefd][0m
[0m[1mmodule.vpc.aws_default_route_table.default[0]: Refreshing state... [id=rtb-053a4268df828afe8][0m
[0m[1mmodule.vpc.aws_route_table.private[1]: Refreshing state... [id=rtb-0f7f5cee5b4e30324][0m
[0m[1mmodule.eks.aws_security_group.cluster[0]: Refreshing state... [id=sg-07304cc7507c13511][0m
[0m[1mmodule.vpc.aws_subnet.public[0]: Refreshing state... [id=subnet-0edd3133c262ca5bf][0m
[0m[1mmodule.vpc.aws_default_security_group.this[0]: Refreshing state... [id=sg-09c4c5ea96ab9e709][0m
[0m[1mmodule.vpc.aws_route_table.private[0]: Refreshing state... [id=rtb-0250d4d8f6ee59136][0m
[0m[1mmodule.vpc.aws_subnet.public[1]: Refreshing state... [id=subnet-0ab43ac7f34c620d2][0m
[0m[1mmodule.vpc.aws_default_network_acl.this[0]: Refreshing state... [id=acl-0d7be5a4dacbc14d0][0m
[0m[1mmodule.vpc.aws_subnet.private[1]: Refreshing state... [id=subnet-08380d3aed50b591e][0m
[0m[1mmodule.vpc.aws_subnet.private[0]: Refreshing state... [id=subnet-0a3e5aace87f7d4f8][0m
[0m[1mmodule.vpc.aws_internet_gateway.this[0]: Refreshing state... [id=igw-0d958fff5d9b77e03][0m
[0m[1mmodule.vpc.aws_route_table.public[0]: Refreshing state... [id=rtb-057f05042f5e8123e][0m
[0m[1mmodule.eks.module.kms.aws_kms_alias.this["cluster"]: Refreshing state... [id=alias/eks/fluss-eks-cluster][0m
[0m[1mmodule.eks.aws_iam_policy.cluster_encryption[0]: Refreshing state... [id=arn:aws:iam::343218179954:policy/fluss-eks-cluster-cluster-ClusterEncryption20251123153207802300000015][0m
[0m[1mmodule.eks.aws_security_group_rule.cluster["ingress_nodes_443"]: Refreshing state... [id=sgrule-1339418848][0m
[0m[1mmodule.eks.aws_security_group_rule.node["egress_all"]: Refreshing state... [id=sgrule-1470712033][0m
[0m[1mmodule.eks.aws_security_group_rule.node["ingress_cluster_4443_webhook"]: Refreshing state... [id=sgrule-3194078081][0m
[0m[1mmodule.eks.aws_security_group_rule.node["ingress_cluster_kubelet"]: Refreshing state... [id=sgrule-2745903878][0m
[0m[1mmodule.eks.aws_security_group_rule.node["ingress_self_coredns_tcp"]: Refreshing state... [id=sgrule-3829104354][0m
[0m[1mmodule.eks.aws_security_group_rule.node["ingress_self_coredns_udp"]: Refreshing state... [id=sgrule-1080352013][0m
[0m[1mmodule.eks.aws_security_group_rule.node["ingress_cluster_8443_webhook"]: Refreshing state... [id=sgrule-1686083638][0m
[0m[1mmodule.eks.aws_security_group_rule.node["ingress_nodes_ephemeral"]: Refreshing state... [id=sgrule-1051444273][0m
[0m[1mmodule.eks.aws_security_group_rule.node["ingress_cluster_443"]: Refreshing state... [id=sgrule-209009691][0m
[0m[1mmodule.eks.aws_security_group_rule.node["ingress_cluster_9443_webhook"]: Refreshing state... [id=sgrule-14593021][0m
[0m[1mmodule.eks.aws_security_group_rule.node["ingress_cluster_6443_webhook"]: Refreshing state... [id=sgrule-1998824471][0m
[0m[1mmodule.vpc.aws_eip.nat[0]: Refreshing state... [id=eipalloc-02de1812c243fd963][0m
[0m[1mmodule.vpc.aws_eip.nat[1]: Refreshing state... [id=eipalloc-09ba079a80254ba25][0m
[0m[1mmodule.vpc.aws_route_table_association.private[0]: Refreshing state... [id=rtbassoc-0bc75c160af577aa4][0m
[0m[1mmodule.vpc.aws_route_table_association.private[1]: Refreshing state... [id=rtbassoc-05c15d025433c173d][0m
[0m[1mmodule.vpc.aws_route.public_internet_gateway[0]: Refreshing state... [id=r-rtb-057f05042f5e8123e1080289494][0m
[0m[1mmodule.vpc.aws_route_table_association.public[1]: Refreshing state... [id=rtbassoc-0106ff2074e508bde][0m
[0m[1mmodule.vpc.aws_route_table_association.public[0]: Refreshing state... [id=rtbassoc-0812ee283b157b983][0m
[0m[1mmodule.eks.aws_iam_role_policy_attachment.cluster_encryption[0]: Refreshing state... [id=fluss-eks-cluster-cluster-20251123153139170400000001-20251123153208928100000016][0m
[0m[1mmodule.eks.module.eks_managed_node_group["tablet_server"].data.aws_partition.current: Reading...[0m[0m
[0m[1mmodule.eks.module.eks_managed_node_group["tablet_server"].data.aws_partition.current: Read complete after 0s [id=aws][0m
[0m[1mmodule.eks.module.eks_managed_node_group["coordinator"].data.aws_partition.current: Reading...[0m[0m
[0m[1mmodule.eks.module.eks_managed_node_group["coordinator"].data.aws_partition.current: Read complete after 0s [id=aws][0m
[0m[1mmodule.eks.module.eks_managed_node_group["tablet_server"].data.aws_caller_identity.current: Reading...[0m[0m
[0m[1mmodule.eks.module.eks_managed_node_group["coordinator"].data.aws_caller_identity.current: Reading...[0m[0m
[0m[1mmodule.eks.module.eks_managed_node_group["tablet_server"].data.aws_iam_policy_document.assume_role_policy[0]: Reading...[0m[0m
[0m[1mmodule.eks.module.eks_managed_node_group["coordinator"].data.aws_iam_policy_document.assume_role_policy[0]: Reading...[0m[0m
[0m[1mmodule.eks.module.eks_managed_node_group["coordinator"].data.aws_iam_policy_document.assume_role_policy[0]: Read complete after 0s [id=2560088296][0m
[0m[1mmodule.eks.module.eks_managed_node_group["tablet_server"].data.aws_iam_policy_document.assume_role_policy[0]: Read complete after 0s [id=2560088296][0m
[0m[1mmodule.eks.module.eks_managed_node_group["tablet_server"].aws_iam_role.this[0]: Refreshing state... [id=tablet-server-eks-node-group-2025112315315851390000000a][0m
[0m[1mmodule.eks.module.eks_managed_node_group["coordinator"].aws_iam_role.this[0]: Refreshing state... [id=coordinator-eks-node-group-20251123153158179000000009][0m
[0m[1mmodule.eks.aws_eks_cluster.this[0]: Refreshing state... [id=fluss-eks-cluster][0m
[0m[1mmodule.eks.module.eks_managed_node_group["tablet_server"].data.aws_caller_identity.current: Read complete after 0s [id=343218179954][0m
[0m[1mmodule.eks.module.eks_managed_node_group["coordinator"].data.aws_caller_identity.current: Read complete after 0s [id=343218179954][0m
[0m[1mmodule.vpc.aws_nat_gateway.this[0]: Refreshing state... [id=nat-0115c0a802e6846bb][0m
[0m[1mmodule.vpc.aws_nat_gateway.this[1]: Refreshing state... [id=nat-0381b48f25aa3e75d][0m
[0m[1mmodule.vpc.aws_route.private_nat_gateway[1]: Refreshing state... [id=r-rtb-0f7f5cee5b4e303241080289494][0m
[0m[1mmodule.vpc.aws_route.private_nat_gateway[0]: Refreshing state... [id=r-rtb-0250d4d8f6ee591361080289494][0m
[0m[1mmodule.eks.module.eks_managed_node_group["tablet_server"].aws_iam_role_policy_attachment.this["arn:aws:iam::aws:policy/AmazonEKSWorkerNodePolicy"]: Refreshing state... [id=tablet-server-eks-node-group-2025112315315851390000000a-2025112315315987350000000d][0m
[0m[1mmodule.eks.module.eks_managed_node_group["tablet_server"].aws_iam_role_policy_attachment.this["arn:aws:iam::aws:policy/AmazonEC2ContainerRegistryReadOnly"]: Refreshing state... [id=tablet-server-eks-node-group-2025112315315851390000000a-20251123153200531400000014][0m
[0m[1mmodule.eks.module.eks_managed_node_group["coordinator"].aws_iam_role_policy_attachment.this["arn:aws:iam::aws:policy/AmazonEC2ContainerRegistryReadOnly"]: Refreshing state... [id=coordinator-eks-node-group-20251123153158179000000009-2025112315315991480000000f][0m
[0m[1mmodule.eks.module.eks_managed_node_group["tablet_server"].aws_iam_role_policy_attachment.this["arn:aws:iam::aws:policy/AmazonEKS_CNI_Policy"]: Refreshing state... [id=tablet-server-eks-node-group-2025112315315851390000000a-20251123153159915000000010][0m
[0m[1mmodule.eks.module.eks_managed_node_group["coordinator"].aws_iam_role_policy_attachment.this["arn:aws:iam::aws:policy/AmazonEKS_CNI_Policy"]: Refreshing state... [id=coordinator-eks-node-group-20251123153158179000000009-20251123153200495600000013][0m
[0m[1mmodule.eks.module.eks_managed_node_group["coordinator"].aws_iam_role_policy_attachment.additional["AmazonEBSCSIDriverPolicy"]: Refreshing state... [id=coordinator-eks-node-group-20251123153158179000000009-20251123153200157300000011][0m
[0m[1mmodule.eks.module.eks_managed_node_group["coordinator"].aws_iam_role_policy_attachment.this["arn:aws:iam::aws:policy/AmazonEKSWorkerNodePolicy"]: Refreshing state... [id=coordinator-eks-node-group-20251123153158179000000009-20251123153200220200000012][0m
[0m[1mmodule.eks.module.eks_managed_node_group["tablet_server"].aws_iam_role_policy_attachment.additional["AmazonEBSCSIDriverPolicy"]: Refreshing state... [id=tablet-server-eks-node-group-2025112315315851390000000a-2025112315315991470000000e][0m
[0m[1mmodule.eks.aws_ec2_tag.cluster_primary_security_group["ManagedBy"]: Refreshing state... [id=sg-0286a33628f230baa,ManagedBy][0m
[0m[1mmodule.eks.aws_ec2_tag.cluster_primary_security_group["Project"]: Refreshing state... [id=sg-0286a33628f230baa,Project][0m
[0m[1mmodule.eks.aws_ec2_tag.cluster_primary_security_group["Environment"]: Refreshing state... [id=sg-0286a33628f230baa,Environment][0m
[0m[1mmodule.eks.time_sleep.this[0]: Refreshing state... [id=2025-11-23T15:43:03Z][0m
[0m[1mmodule.eks.data.tls_certificate.this[0]: Reading...[0m[0m
[0m[1mmodule.eks.data.aws_eks_addon_version.this["coredns"]: Reading...[0m[0m
[0m[1mmodule.eks.data.aws_eks_addon_version.this["vpc-cni"]: Reading...[0m[0m
[0m[1mmodule.eks.data.aws_eks_addon_version.this["kube-proxy"]: Reading...[0m[0m
[0m[1mkubernetes_namespace.monitoring: Refreshing state... [id=monitoring][0m
[0m[1mkubernetes_namespace.fluss: Refreshing state... [id=fluss][0m
[0m[1mmodule.eks.data.aws_eks_addon_version.this["coredns"]: Read complete after 1s [id=coredns][0m
[0m[1mmodule.eks.module.eks_managed_node_group["tablet_server"].aws_launch_template.this[0]: Refreshing state... [id=lt-090adc6432ad18974][0m
[0m[1mmodule.eks.module.eks_managed_node_group["coordinator"].aws_launch_template.this[0]: Refreshing state... [id=lt-0f0be507d4cc4c648][0m
[0m[1mmodule.eks.data.aws_eks_addon_version.this["vpc-cni"]: Read complete after 1s [id=vpc-cni][0m
[0m[1mmodule.eks.data.tls_certificate.this[0]: Read complete after 1s [id=4687b9863b4f2caa907e2ad6c9ffcf73433dc367][0m
[0m[1mmodule.eks.aws_iam_openid_connect_provider.oidc_provider[0]: Refreshing state... [id=arn:aws:iam::343218179954:oidc-provider/oidc.eks.us-west-2.amazonaws.com/id/C3A2BF51523816133FF13E8EF88CE562][0m
[0m[1mmodule.eks.data.aws_eks_addon_version.this["kube-proxy"]: Read complete after 0s [id=kube-proxy][0m
[0m[1mmodule.eks.module.eks_managed_node_group["tablet_server"].aws_eks_node_group.this[0]: Refreshing state... [id=fluss-eks-cluster:tablet-server-2025112315431159290000001d][0m
[0m[1mmodule.eks.module.eks_managed_node_group["coordinator"].aws_eks_node_group.this[0]: Refreshing state... [id=fluss-eks-cluster:coordinator-2025112315431159280000001b][0m
[0m[1mmodule.eks.aws_eks_addon.this["vpc-cni"]: Refreshing state... [id=fluss-eks-cluster:vpc-cni][0m
[0m[1mmodule.eks.aws_eks_addon.this["kube-proxy"]: Refreshing state... [id=fluss-eks-cluster:kube-proxy][0m
[0m[1mmodule.eks.aws_eks_addon.this["coredns"]: Refreshing state... [id=fluss-eks-cluster:coredns][0m
[0m[1mmodule.eks.kubernetes_config_map_v1_data.aws_auth[0]: Refreshing state... [id=kube-system/aws-auth][0m
[0m[1mkubernetes_service.zookeeper: Refreshing state... [id=fluss/zk-svc][0m
[0m[1mmodule.ebs_csi_irsa[0].data.aws_region.current: Reading...[0m[0m
[0m[1mmodule.ebs_csi_irsa[0].data.aws_region.current: Read complete after 0s [id=us-west-2][0m
[0m[1mmodule.ebs_csi_irsa[0].data.aws_partition.current: Reading...[0m[0m
[0m[1mmodule.ebs_csi_irsa[0].data.aws_caller_identity.current: Reading...[0m[0m
[0m[1mmodule.ebs_csi_irsa[0].data.aws_partition.current: Read complete after 0s [id=aws][0m
[0m[1mhelm_release.prometheus: Refreshing state... [id=prometheus][0m
[0m[1mmodule.ebs_csi_irsa[0].data.aws_iam_policy_document.ebs_csi[0]: Reading...[0m[0m
[0m[1mmodule.ebs_csi_irsa[0].data.aws_iam_policy_document.ebs_csi[0]: Read complete after 0s [id=4189668531][0m
[0m[1mmodule.ebs_csi_irsa[0].aws_iam_policy.ebs_csi[0]: Refreshing state... [id=arn:aws:iam::343218179954:policy/AmazonEKS_EBS_CSI_Policy-20251123154600748400000022][0m
[0m[1mmodule.ebs_csi_irsa[0].data.aws_caller_identity.current: Read complete after 0s [id=343218179954][0m
[0m[1mmodule.ebs_csi_irsa[0].data.aws_iam_policy_document.this[0]: Reading...[0m[0m
[0m[1mmodule.ebs_csi_irsa[0].data.aws_iam_policy_document.this[0]: Read complete after 0s [id=564926653][0m
[0m[1mmodule.ebs_csi_irsa[0].aws_iam_role.this[0]: Refreshing state... [id=fluss-eks-cluster-ebs-csi-driver][0m
[0m[1mkubernetes_stateful_set.zookeeper: Refreshing state... [id=fluss/zk][0m
[0m[1mmodule.ebs_csi_irsa[0].aws_iam_role_policy_attachment.ebs_csi[0]: Refreshing state... [id=fluss-eks-cluster-ebs-csi-driver-20251123154603544500000023][0m
[0m[1mhelm_release.fluss: Refreshing state... [id=fluss][0m
[0m[1maws_eks_addon.ebs_csi_driver[0]: Refreshing state... [id=fluss-eks-cluster:aws-ebs-csi-driver][0m
[0m[1mkubernetes_config_map.fluss_dashboard_improved: Refreshing state... [id=monitoring/fluss-monitoring-dashboard-improved][0m
[0m[1mnull_resource.fluss_coordinator_servicemonitor: Refreshing state... [id=7622045354182438396][0m
[0m[1mnull_resource.fluss_tablet_servicemonitor: Refreshing state... [id=7511108867443292563][0m
[0m[1mkubernetes_job.producer: Refreshing state... [id=fluss/fluss-producer][0m
[0m[1mnull_resource.producer_podmonitor: Refreshing state... [id=3052294546644696322][0m
[0m[1mkubernetes_service.producer_metrics: Refreshing state... [id=fluss/fluss-producer-metrics][0m
[0m[1mkubernetes_job.flink_aggregator: Refreshing state... [id=fluss/flink-aggregator][0m
[0m[1mnull_resource.flink_aggregator_podmonitor: Refreshing state... [id=1827514448612421076][0m
[0m[1mkubernetes_service.flink_aggregator_metrics: Refreshing state... [id=fluss/flink-aggregator-metrics][0m

Terraform used the selected providers to generate the following execution
plan. Resource actions are indicated with the following symbols:
  [32m+[0m create[0m
  [33m~[0m update in-place[0m

Terraform will perform the following actions:

[1m  # aws_ecr_lifecycle_policy.demo_app[0m will be created
[0m  [32m+[0m[0m resource "aws_ecr_lifecycle_policy" "demo_app" {
      [32m+[0m[0m id          = (known after apply)
      [32m+[0m[0m policy      = jsonencode(
            {
              [32m+[0m[0m rules = [
                  [32m+[0m[0m {
                      [32m+[0m[0m action       = {
                          [32m+[0m[0m type = "expire"
                        }
                      [32m+[0m[0m description  = "Keep last 10 images"
                      [32m+[0m[0m rulePriority = 1
                      [32m+[0m[0m selection    = {
                          [32m+[0m[0m countNumber = 10
                          [32m+[0m[0m countType   = "imageCountMoreThan"
                          [32m+[0m[0m tagStatus   = "any"
                        }
                    },
                ]
            }
        )
      [32m+[0m[0m registry_id = (known after apply)
      [32m+[0m[0m repository  = "fluss-demo"
    }

[1m  # aws_ecr_lifecycle_policy.fluss[0m will be created
[0m  [32m+[0m[0m resource "aws_ecr_lifecycle_policy" "fluss" {
      [32m+[0m[0m id          = (known after apply)
      [32m+[0m[0m policy      = jsonencode(
            {
              [32m+[0m[0m rules = [
                  [32m+[0m[0m {
                      [32m+[0m[0m action       = {
                          [32m+[0m[0m type = "expire"
                        }
                      [32m+[0m[0m description  = "Keep last 5 images"
                      [32m+[0m[0m rulePriority = 1
                      [32m+[0m[0m selection    = {
                          [32m+[0m[0m countNumber = 5
                          [32m+[0m[0m countType   = "imageCountMoreThan"
                          [32m+[0m[0m tagStatus   = "any"
                        }
                    },
                ]
            }
        )
      [32m+[0m[0m registry_id = (known after apply)
      [32m+[0m[0m repository  = "fluss"
    }

[1m  # aws_ecr_repository.demo_app[0m will be updated in-place
[0m  [33m~[0m[0m resource "aws_ecr_repository" "demo_app" {
      [32m+[0m[0m force_delete         = true
        id                   = "fluss-demo"
        name                 = "fluss-demo"
      [33m~[0m[0m tags                 = {
          [32m+[0m[0m "Environment" = "dev"
          [32m+[0m[0m "Name"        = "fluss-demo"
        }
      [33m~[0m[0m tags_all             = {
          [32m+[0m[0m "Environment" = "dev"
          [32m+[0m[0m "ManagedBy"   = "terraform"
          [32m+[0m[0m "Name"        = "fluss-demo"
          [32m+[0m[0m "Project"     = "fluss-deployment"
        }
        [90m# (4 unchanged attributes hidden)[0m[0m

      [33m~[0m[0m image_scanning_configuration {
          [33m~[0m[0m scan_on_push = false [33m->[0m[0m true
        }

        [90m# (1 unchanged block hidden)[0m[0m
    }

[1m  # aws_ecr_repository.fluss[0m will be created
[0m  [32m+[0m[0m resource "aws_ecr_repository" "fluss" {
      [32m+[0m[0m arn                  = (known after apply)
      [32m+[0m[0m force_delete         = true
      [32m+[0m[0m id                   = (known after apply)
      [32m+[0m[0m image_tag_mutability = "MUTABLE"
      [32m+[0m[0m name                 = "fluss"
      [32m+[0m[0m registry_id          = (known after apply)
      [32m+[0m[0m repository_url       = (known after apply)
      [32m+[0m[0m tags                 = {
          [32m+[0m[0m "Environment" = "dev"
          [32m+[0m[0m "Name"        = "fluss"
        }
      [32m+[0m[0m tags_all             = {
          [32m+[0m[0m "Environment" = "dev"
          [32m+[0m[0m "ManagedBy"   = "terraform"
          [32m+[0m[0m "Name"        = "fluss"
          [32m+[0m[0m "Project"     = "fluss-deployment"
        }

      [32m+[0m[0m encryption_configuration {
          [32m+[0m[0m encryption_type = "AES256"
          [32m+[0m[0m kms_key         = (known after apply)
        }

      [32m+[0m[0m image_scanning_configuration {
          [32m+[0m[0m scan_on_push = true
        }
    }

[1m  # null_resource.import_demo_ecr[0][0m will be created
[0m  [32m+[0m[0m resource "null_resource" "import_demo_ecr" {
      [32m+[0m[0m id       = (known after apply)
      [32m+[0m[0m triggers = {
          [32m+[0m[0m "always_run" = (known after apply)
        }
    }

[1m  # null_resource.import_fluss_ecr[0][0m will be created
[0m  [32m+[0m[0m resource "null_resource" "import_fluss_ecr" {
      [32m+[0m[0m id       = (known after apply)
      [32m+[0m[0m triggers = {
          [32m+[0m[0m "always_run" = (known after apply)
        }
    }

[1mPlan:[0m 5 to add, 1 to change, 0 to destroy.
[0m
Changes to Outputs:
  [32m+[0m[0m ecr_fluss_repository_url    = (known after apply)
[0m[1mnull_resource.import_demo_ecr[0]: Creating...[0m[0m
[0m[1mnull_resource.import_fluss_ecr[0]: Creating...[0m[0m
[0m[1mnull_resource.import_fluss_ecr[0]: Provisioning with 'local-exec'...[0m[0m
[0m[1mnull_resource.import_fluss_ecr[0] (local-exec):[0m [0mExecuting: ["/bin/sh" "-c" "if aws ecr describe-repositories --repository-names fluss --region us-west-2 >/dev/null 2>&1; then\n  terraform import -state=/Users/vijayabhaskarv/IOT/FLUSS/aws-deploy-fluss/low-infra/terraform/terraform.tfstate aws_ecr_repository.fluss fluss 2>/dev/null || true\nfi\n"]
[0m[1mnull_resource.import_demo_ecr[0]: Provisioning with 'local-exec'...[0m[0m
[0m[1mnull_resource.import_demo_ecr[0] (local-exec):[0m [0mExecuting: ["/bin/sh" "-c" "if aws ecr describe-repositories --repository-names fluss-demo --region us-west-2 >/dev/null 2>&1; then\n  terraform import -state=/Users/vijayabhaskarv/IOT/FLUSS/aws-deploy-fluss/low-infra/terraform/terraform.tfstate aws_ecr_repository.demo_app fluss-demo 2>/dev/null || true\nfi\n"]
[0m[1maws_ecr_repository.fluss: Creating...[0m[0m
[0m[1mnull_resource.import_fluss_ecr[0]: Creation complete after 2s [id=5756342297758768019][0m
[0m[1mnull_resource.import_demo_ecr[0]: Creation complete after 2s [id=4454505349742918436][0m
[0m[1maws_ecr_repository.demo_app: Modifying... [id=fluss-demo][0m[0m
[0m[1maws_ecr_repository.demo_app: Modifications complete after 1s [id=fluss-demo][0m
[0m[1maws_ecr_lifecycle_policy.demo_app: Creating...[0m[0m
[0m[1maws_ecr_lifecycle_policy.demo_app: Creation complete after 1s [id=fluss-demo][0m
[33m╷[0m[0m
[33m│[0m [0m[1m[33mWarning: [0m[0m[1mArgument is deprecated[0m
[33m│[0m [0m
[33m│[0m [0m[0m  with module.eks.aws_iam_role.this[0],
[33m│[0m [0m  on .terraform/modules/eks/main.tf line 293, in resource "aws_iam_role" "this":
[33m│[0m [0m 293: resource "aws_iam_role" "this" [4m{[0m[0m
[33m│[0m [0m
[33m│[0m [0minline_policy is deprecated. Use the aws_iam_role_policy resource instead.
[33m│[0m [0mIf Terraform should exclusively manage all inline policy associations (the
[33m│[0m [0mcurrent behavior of this argument), use the aws_iam_role_policies_exclusive
[33m│[0m [0mresource as well.
[33m│[0m [0m
[33m│[0m [0m(and 3 more similar warnings elsewhere)
[33m╵[0m[0m
[31m╷[0m[0m
[31m│[0m [0m[1m[31mError: [0m[0m[1mcreating ECR Repository (fluss): operation error ECR: CreateRepository, https response error StatusCode: 400, RequestID: a21d2ee4-9419-4f05-9ab9-496fcef5b778, RepositoryAlreadyExistsException: The repository with name 'fluss' already exists in the registry with id '343218179954'[0m
[31m│[0m [0m
[31m│[0m [0m[0m  with aws_ecr_repository.fluss,
[31m│[0m [0m  on ecr.tf line 83, in resource "aws_ecr_repository" "fluss":
[31m│[0m [0m  83: resource "aws_ecr_repository" "fluss" [4m{[0m[0m
[31m│[0m [0m
[31m╵[0m[0m
