[0m[1mmodule.eks.data.aws_partition.current: Reading...[0m[0m
[0m[1mdata.aws_caller_identity.current: Reading...[0m[0m
[0m[1mmodule.eks.module.kms.data.aws_partition.current[0]: Reading...[0m[0m
[0m[1mmodule.eks.data.aws_caller_identity.current: Reading...[0m[0m
[0m[1mdata.aws_availability_zones.available: Reading...[0m[0m
[0m[1mdata.aws_region.current: Reading...[0m[0m
[0m[1mmodule.eks.module.kms.data.aws_caller_identity.current[0]: Reading...[0m[0m
[0m[1maws_ecr_repository.demo_app: Refreshing state... [id=fluss-demo][0m
[0m[1maws_ecr_repository.fluss: Refreshing state... [id=fluss][0m
[0m[1mmodule.eks.module.kms.data.aws_partition.current[0]: Read complete after 0s [id=aws][0m
[0m[1mdata.aws_region.current: Read complete after 0s [id=us-west-2][0m
[0m[1mmodule.eks.data.aws_partition.current: Read complete after 0s [id=aws][0m
[0m[1mmodule.eks.data.aws_iam_policy_document.assume_role_policy[0]: Reading...[0m[0m
[0m[1mmodule.eks.data.aws_iam_policy_document.assume_role_policy[0]: Read complete after 0s [id=2764486067][0m
[0m[1mmodule.eks.module.kms.data.aws_caller_identity.current[0]: Read complete after 0s [id=343218179954][0m
[0m[1mmodule.eks.data.aws_caller_identity.current: Read complete after 0s [id=343218179954][0m
[0m[1mmodule.eks.data.aws_iam_session_context.current: Reading...[0m[0m
[0m[1mmodule.eks.data.aws_iam_session_context.current: Read complete after 0s [id=arn:aws:iam::343218179954:user/streampipeline][0m
[0m[1mdata.aws_caller_identity.current: Read complete after 0s [id=343218179954][0m
[0m[1mdata.aws_availability_zones.available: Read complete after 1s [id=us-west-2][0m
[0m[1mmodule.eks.module.eks_managed_node_group["coordinator"].data.aws_partition.current: Reading...[0m[0m
[0m[1mmodule.eks.module.eks_managed_node_group["tablet_server"].data.aws_partition.current: Reading...[0m[0m
[0m[1mmodule.eks.module.eks_managed_node_group["coordinator"].data.aws_caller_identity.current: Reading...[0m[0m
[0m[1mmodule.eks.module.eks_managed_node_group["tablet_server"].data.aws_caller_identity.current: Reading...[0m[0m
[0m[1mmodule.eks.module.eks_managed_node_group["coordinator"].data.aws_partition.current: Read complete after 0s [id=aws][0m
[0m[1mmodule.eks.module.eks_managed_node_group["tablet_server"].data.aws_partition.current: Read complete after 0s [id=aws][0m
[0m[1mmodule.eks.module.eks_managed_node_group["tablet_server"].data.aws_iam_policy_document.assume_role_policy[0]: Reading...[0m[0m
[0m[1mmodule.eks.module.eks_managed_node_group["coordinator"].data.aws_iam_policy_document.assume_role_policy[0]: Reading...[0m[0m
[0m[1mmodule.eks.module.eks_managed_node_group["tablet_server"].data.aws_iam_policy_document.assume_role_policy[0]: Read complete after 0s [id=2560088296][0m
[0m[1mmodule.eks.module.eks_managed_node_group["coordinator"].data.aws_iam_policy_document.assume_role_policy[0]: Read complete after 0s [id=2560088296][0m
[0m[1maws_ecr_lifecycle_policy.fluss: Refreshing state... [id=fluss][0m
[0m[1maws_ecr_lifecycle_policy.demo_app: Refreshing state... [id=fluss-demo][0m
[0m[1mmodule.eks.module.eks_managed_node_group["coordinator"].data.aws_caller_identity.current: Read complete after 0s [id=343218179954][0m
[0m[1mmodule.eks.module.eks_managed_node_group["tablet_server"].data.aws_caller_identity.current: Read complete after 0s [id=343218179954][0m

Terraform used the selected providers to generate the following execution
plan. Resource actions are indicated with the following symbols:
  [32m+[0m create[0m
 [36m<=[0m read (data resources)[0m

Terraform will perform the following actions:

[1m  # aws_eks_addon.ebs_csi_driver[0][0m will be created
[0m  [32m+[0m[0m resource "aws_eks_addon" "ebs_csi_driver" {
      [32m+[0m[0m addon_name                  = "aws-ebs-csi-driver"
      [32m+[0m[0m addon_version               = (known after apply)
      [32m+[0m[0m arn                         = (known after apply)
      [32m+[0m[0m cluster_name                = "fluss-eks-cluster"
      [32m+[0m[0m configuration_values        = (known after apply)
      [32m+[0m[0m created_at                  = (known after apply)
      [32m+[0m[0m id                          = (known after apply)
      [32m+[0m[0m modified_at                 = (known after apply)
      [32m+[0m[0m resolve_conflicts_on_create = "OVERWRITE"
      [32m+[0m[0m resolve_conflicts_on_update = "OVERWRITE"
      [32m+[0m[0m service_account_role_arn    = (known after apply)
      [32m+[0m[0m tags                        = {
          [32m+[0m[0m "Environment" = "dev"
          [32m+[0m[0m "ManagedBy"   = "terraform"
          [32m+[0m[0m "Name"        = "fluss-eks-cluster-ebs-csi-driver"
          [32m+[0m[0m "Project"     = "fluss-deployment"
        }
      [32m+[0m[0m tags_all                    = {
          [32m+[0m[0m "Environment" = "dev"
          [32m+[0m[0m "ManagedBy"   = "terraform"
          [32m+[0m[0m "Name"        = "fluss-eks-cluster-ebs-csi-driver"
          [32m+[0m[0m "Project"     = "fluss-deployment"
        }

      [32m+[0m[0m timeouts {
          [32m+[0m[0m create = "10m"
          [32m+[0m[0m delete = "10m"
          [32m+[0m[0m update = "10m"
        }
    }

[1m  # helm_release.fluss[0m will be created
[0m  [32m+[0m[0m resource "helm_release" "fluss" {
      [32m+[0m[0m atomic                     = false
      [32m+[0m[0m chart                      = "./../helm-charts/fluss"
      [32m+[0m[0m cleanup_on_fail            = false
      [32m+[0m[0m create_namespace           = false
      [32m+[0m[0m dependency_update          = false
      [32m+[0m[0m disable_crd_hooks          = false
      [32m+[0m[0m disable_openapi_validation = false
      [32m+[0m[0m disable_webhooks           = false
      [32m+[0m[0m force_update               = false
      [32m+[0m[0m id                         = (known after apply)
      [32m+[0m[0m lint                       = false
      [32m+[0m[0m manifest                   = (known after apply)
      [32m+[0m[0m max_history                = 0
      [32m+[0m[0m metadata                   = (known after apply)
      [32m+[0m[0m name                       = "fluss"
      [32m+[0m[0m namespace                  = "fluss"
      [32m+[0m[0m pass_credentials           = false
      [32m+[0m[0m recreate_pods              = false
      [32m+[0m[0m render_subchart_notes      = true
      [32m+[0m[0m replace                    = true
      [32m+[0m[0m reset_values               = false
      [32m+[0m[0m reuse_values               = false
      [32m+[0m[0m skip_crds                  = false
      [32m+[0m[0m status                     = "deployed"
      [32m+[0m[0m timeout                    = 300
      [32m+[0m[0m values                     = [
          [32m+[0m[0m <<-EOT
                persistence:
                  enabled: false
                  storageClass: gp3
                  size: 20Gi
                
                image:
                  # If using ECR, registry should be empty and repository should be the full ECR URL
                  # If using Docker Hub, registry should be "docker.io" and repository should be "apache/fluss"
                  registry: 
                  repository: 343218179954.dkr.ecr.us-west-2.amazonaws.com/fluss
                  tag: 0.8.0-incubating
                
                coordinator:
                  replicas: 1
                  nodeSelector:
                    fluss-component: coordinator
                  tolerations:
                    - key: "fluss-component"
                      operator: "Equal"
                      value: "coordinator"
                      effect: "NoSchedule"
                  affinity:
                    nodeAffinity:
                      requiredDuringSchedulingIgnoredDuringExecution:
                        nodeSelectorTerms:
                          - matchExpressions:
                              - key: fluss-component
                                operator: In
                                values:
                                  - coordinator
                
                tabletServer:
                  replicas: 3
                  nodeSelector:
                    fluss-component: tablet-server
                  affinity:
                    nodeAffinity:
                      requiredDuringSchedulingIgnoredDuringExecution:
                        nodeSelectorTerms:
                          - matchExpressions:
                              - key: fluss-component
                                operator: In
                                values:
                                  - tablet-server
                
                configurationOverrides:
                  "zookeeper.address": zk-svc.fluss.svc.cluster.local:2181
            EOT,
        ]
      [32m+[0m[0m verify                     = false
      [32m+[0m[0m version                    = "0.8.0-incubating"
      [32m+[0m[0m wait                       = false
      [32m+[0m[0m wait_for_jobs              = false
    }

[1m  # kubernetes_job.flink_aggregator[0m will be created
[0m  [32m+[0m[0m resource "kubernetes_job" "flink_aggregator" {
      [32m+[0m[0m id                  = (known after apply)
      [32m+[0m[0m wait_for_completion = true

      [32m+[0m[0m metadata {
          [32m+[0m[0m generation       = (known after apply)
          [32m+[0m[0m labels           = {
              [32m+[0m[0m "app" = "flink-aggregator"
            }
          [32m+[0m[0m name             = "flink-aggregator"
          [32m+[0m[0m namespace        = "fluss"
          [32m+[0m[0m resource_version = (known after apply)
          [32m+[0m[0m uid              = (known after apply)
        }

      [32m+[0m[0m spec {
          [32m+[0m[0m backoff_limit              = 0
          [32m+[0m[0m completion_mode            = (known after apply)
          [32m+[0m[0m completions                = 1
          [32m+[0m[0m parallelism                = 1
          [32m+[0m[0m ttl_seconds_after_finished = "86400"

          [32m+[0m[0m selector (known after apply)

          [32m+[0m[0m template {
              [32m+[0m[0m metadata {
                  [32m+[0m[0m generation       = (known after apply)
                  [32m+[0m[0m labels           = {
                      [32m+[0m[0m "app" = "flink-aggregator"
                    }
                  [32m+[0m[0m name             = (known after apply)
                  [32m+[0m[0m resource_version = (known after apply)
                  [32m+[0m[0m uid              = (known after apply)
                }
              [32m+[0m[0m spec {
                  [32m+[0m[0m automount_service_account_token  = true
                  [32m+[0m[0m dns_policy                       = "ClusterFirst"
                  [32m+[0m[0m enable_service_links             = true
                  [32m+[0m[0m host_ipc                         = false
                  [32m+[0m[0m host_network                     = false
                  [32m+[0m[0m host_pid                         = false
                  [32m+[0m[0m hostname                         = (known after apply)
                  [32m+[0m[0m node_name                        = (known after apply)
                  [32m+[0m[0m restart_policy                   = "Never"
                  [32m+[0m[0m scheduler_name                   = (known after apply)
                  [32m+[0m[0m service_account_name             = (known after apply)
                  [32m+[0m[0m share_process_namespace          = false
                  [32m+[0m[0m termination_grace_period_seconds = 30

                  [32m+[0m[0m container {
                      [32m+[0m[0m args                       = [
                          [32m+[0m[0m "-cp",
                          [32m+[0m[0m "/app/fluss-flink-realtime-demo.jar",
                          [32m+[0m[0m "com.example.fluss.flink.FlinkSensorAggregatorJob",
                          [32m+[0m[0m "--bootstrap",
                          [32m+[0m[0m "coordinator-server-hs.fluss.svc.cluster.local:9124",
                          [32m+[0m[0m "--database",
                          [32m+[0m[0m "iot",
                          [32m+[0m[0m "--table",
                          [32m+[0m[0m "sensor_readings",
                          [32m+[0m[0m "--window-minutes",
                          [32m+[0m[0m "1",
                        ]
                      [32m+[0m[0m command                    = [
                          [32m+[0m[0m "/app/entrypoint.sh",
                        ]
                      [32m+[0m[0m image                      = "343218179954.dkr.ecr.us-west-2.amazonaws.com/fluss-demo:latest"
                      [32m+[0m[0m image_pull_policy          = (known after apply)
                      [32m+[0m[0m name                       = "aggregator"
                      [32m+[0m[0m stdin                      = false
                      [32m+[0m[0m stdin_once                 = false
                      [32m+[0m[0m termination_message_path   = "/dev/termination-log"
                      [32m+[0m[0m termination_message_policy = (known after apply)
                      [32m+[0m[0m tty                        = false

                      [32m+[0m[0m resources {
                          [32m+[0m[0m limits   = {
                              [32m+[0m[0m "cpu"    = "1000m"
                              [32m+[0m[0m "memory" = "2Gi"
                            }
                          [32m+[0m[0m requests = {
                              [32m+[0m[0m "cpu"    = "500m"
                              [32m+[0m[0m "memory" = "1Gi"
                            }
                        }

                      [32m+[0m[0m security_context {
                          [32m+[0m[0m allow_privilege_escalation = true
                          [32m+[0m[0m privileged                 = false
                          [32m+[0m[0m read_only_root_filesystem  = false
                          [32m+[0m[0m run_as_user                = "0"
                        }
                    }

                  [32m+[0m[0m image_pull_secrets (known after apply)

                  [32m+[0m[0m init_container {
                      [32m+[0m[0m command                    = [
                          [32m+[0m[0m "sh",
                          [32m+[0m[0m "-c",
                          [32m+[0m[0m <<-EOT
                                echo "Waiting for Fluss coordinator to be ready..."
                                COORD_HOST="coordinator-server-hs.fluss.svc.cluster.local"
                                until ping -4 -c 1 -W 1 "$COORD_HOST" >/dev/null 2>&1; do
                                  echo "Waiting for Fluss DNS resolution..."
                                  sleep 2
                                done
                                until nc -zv "$COORD_HOST" 9124 2>&1 | grep -q "open"; do
                                  echo "Waiting for Fluss on port 9124..."
                                  sleep 2
                                done
                                echo "Fluss coordinator is ready!"
                            EOT,
                        ]
                      [32m+[0m[0m image                      = "busybox:1.36"
                      [32m+[0m[0m image_pull_policy          = (known after apply)
                      [32m+[0m[0m name                       = "wait-for-fluss"
                      [32m+[0m[0m stdin                      = false
                      [32m+[0m[0m stdin_once                 = false
                      [32m+[0m[0m termination_message_path   = "/dev/termination-log"
                      [32m+[0m[0m termination_message_policy = (known after apply)
                      [32m+[0m[0m tty                        = false

                      [32m+[0m[0m resources (known after apply)
                    }

                  [32m+[0m[0m readiness_gate (known after apply)
                }
            }
        }
    }

[1m  # kubernetes_job.producer[0m will be created
[0m  [32m+[0m[0m resource "kubernetes_job" "producer" {
      [32m+[0m[0m id                  = (known after apply)
      [32m+[0m[0m wait_for_completion = true

      [32m+[0m[0m metadata {
          [32m+[0m[0m generation       = (known after apply)
          [32m+[0m[0m labels           = {
              [32m+[0m[0m "app" = "fluss-producer"
            }
          [32m+[0m[0m name             = "fluss-producer"
          [32m+[0m[0m namespace        = "fluss"
          [32m+[0m[0m resource_version = (known after apply)
          [32m+[0m[0m uid              = (known after apply)
        }

      [32m+[0m[0m spec {
          [32m+[0m[0m backoff_limit              = 0
          [32m+[0m[0m completion_mode            = (known after apply)
          [32m+[0m[0m completions                = 1
          [32m+[0m[0m parallelism                = 1
          [32m+[0m[0m ttl_seconds_after_finished = "86400"

          [32m+[0m[0m selector (known after apply)

          [32m+[0m[0m template {
              [32m+[0m[0m metadata {
                  [32m+[0m[0m generation       = (known after apply)
                  [32m+[0m[0m labels           = {
                      [32m+[0m[0m "app" = "fluss-producer"
                    }
                  [32m+[0m[0m name             = (known after apply)
                  [32m+[0m[0m resource_version = (known after apply)
                  [32m+[0m[0m uid              = (known after apply)
                }
              [32m+[0m[0m spec {
                  [32m+[0m[0m automount_service_account_token  = true
                  [32m+[0m[0m dns_policy                       = "ClusterFirst"
                  [32m+[0m[0m enable_service_links             = true
                  [32m+[0m[0m host_ipc                         = false
                  [32m+[0m[0m host_network                     = false
                  [32m+[0m[0m host_pid                         = false
                  [32m+[0m[0m hostname                         = (known after apply)
                  [32m+[0m[0m node_name                        = (known after apply)
                  [32m+[0m[0m restart_policy                   = "Never"
                  [32m+[0m[0m scheduler_name                   = (known after apply)
                  [32m+[0m[0m service_account_name             = (known after apply)
                  [32m+[0m[0m share_process_namespace          = false
                  [32m+[0m[0m termination_grace_period_seconds = 30

                  [32m+[0m[0m container {
                      [32m+[0m[0m args                       = [
                          [32m+[0m[0m "-jar",
                          [32m+[0m[0m "/app/fluss-flink-realtime-demo.jar",
                          [32m+[0m[0m "--bootstrap",
                          [32m+[0m[0m "coordinator-server-hs.fluss.svc.cluster.local:9124",
                          [32m+[0m[0m "--database",
                          [32m+[0m[0m "iot",
                          [32m+[0m[0m "--table",
                          [32m+[0m[0m "sensor_readings",
                          [32m+[0m[0m "--buckets",
                          [32m+[0m[0m "12",
                          [32m+[0m[0m "--rate",
                          [32m+[0m[0m "2000",
                          [32m+[0m[0m "--flush",
                          [32m+[0m[0m "5000",
                          [32m+[0m[0m "--stats",
                          [32m+[0m[0m "1000",
                        ]
                      [32m+[0m[0m command                    = [
                          [32m+[0m[0m "/app/entrypoint.sh",
                        ]
                      [32m+[0m[0m image                      = "343218179954.dkr.ecr.us-west-2.amazonaws.com/fluss-demo:latest"
                      [32m+[0m[0m image_pull_policy          = (known after apply)
                      [32m+[0m[0m name                       = "producer"
                      [32m+[0m[0m stdin                      = false
                      [32m+[0m[0m stdin_once                 = false
                      [32m+[0m[0m termination_message_path   = "/dev/termination-log"
                      [32m+[0m[0m termination_message_policy = (known after apply)
                      [32m+[0m[0m tty                        = false

                      [32m+[0m[0m resources {
                          [32m+[0m[0m limits   = {
                              [32m+[0m[0m "cpu"    = "500m"
                              [32m+[0m[0m "memory" = "1Gi"
                            }
                          [32m+[0m[0m requests = {
                              [32m+[0m[0m "cpu"    = "200m"
                              [32m+[0m[0m "memory" = "512Mi"
                            }
                        }

                      [32m+[0m[0m security_context {
                          [32m+[0m[0m allow_privilege_escalation = true
                          [32m+[0m[0m privileged                 = false
                          [32m+[0m[0m read_only_root_filesystem  = false
                          [32m+[0m[0m run_as_user                = "0"
                        }
                    }

                  [32m+[0m[0m image_pull_secrets (known after apply)

                  [32m+[0m[0m init_container {
                      [32m+[0m[0m command                    = [
                          [32m+[0m[0m "sh",
                          [32m+[0m[0m "-c",
                          [32m+[0m[0m <<-EOT
                                echo "Waiting for Fluss coordinator to be ready..."
                                COORD_HOST="coordinator-server-hs.fluss.svc.cluster.local"
                                until ping -4 -c 1 -W 1 "$COORD_HOST" >/dev/null 2>&1; do
                                  echo "Waiting for Fluss DNS resolution..."
                                  sleep 2
                                done
                                until nc -zv "$COORD_HOST" 9124 2>&1 | grep -q "open"; do
                                  echo "Waiting for Fluss on port 9124..."
                                  sleep 2
                                done
                                echo "Fluss coordinator is ready!"
                            EOT,
                        ]
                      [32m+[0m[0m image                      = "busybox:1.36"
                      [32m+[0m[0m image_pull_policy          = (known after apply)
                      [32m+[0m[0m name                       = "wait-for-fluss"
                      [32m+[0m[0m stdin                      = false
                      [32m+[0m[0m stdin_once                 = false
                      [32m+[0m[0m termination_message_path   = "/dev/termination-log"
                      [32m+[0m[0m termination_message_policy = (known after apply)
                      [32m+[0m[0m tty                        = false

                      [32m+[0m[0m resources (known after apply)
                    }

                  [32m+[0m[0m readiness_gate (known after apply)
                }
            }
        }
    }

[1m  # kubernetes_namespace.fluss[0m will be created
[0m  [32m+[0m[0m resource "kubernetes_namespace" "fluss" {
      [32m+[0m[0m id                               = (known after apply)
      [32m+[0m[0m wait_for_default_service_account = false

      [32m+[0m[0m metadata {
          [32m+[0m[0m generation       = (known after apply)
          [32m+[0m[0m labels           = {
              [32m+[0m[0m "name" = "fluss"
            }
          [32m+[0m[0m name             = "fluss"
          [32m+[0m[0m resource_version = (known after apply)
          [32m+[0m[0m uid              = (known after apply)
        }
    }

[1m  # kubernetes_service.zookeeper[0m will be created
[0m  [32m+[0m[0m resource "kubernetes_service" "zookeeper" {
      [32m+[0m[0m id                     = (known after apply)
      [32m+[0m[0m status                 = (known after apply)
      [32m+[0m[0m wait_for_load_balancer = true

      [32m+[0m[0m metadata {
          [32m+[0m[0m generation       = (known after apply)
          [32m+[0m[0m labels           = {
              [32m+[0m[0m "app" = "zookeeper"
            }
          [32m+[0m[0m name             = "zk-svc"
          [32m+[0m[0m namespace        = "fluss"
          [32m+[0m[0m resource_version = (known after apply)
          [32m+[0m[0m uid              = (known after apply)
        }

      [32m+[0m[0m spec {
          [32m+[0m[0m allocate_load_balancer_node_ports = true
          [32m+[0m[0m cluster_ip                        = "None"
          [32m+[0m[0m cluster_ips                       = (known after apply)
          [32m+[0m[0m external_traffic_policy           = (known after apply)
          [32m+[0m[0m health_check_node_port            = (known after apply)
          [32m+[0m[0m internal_traffic_policy           = (known after apply)
          [32m+[0m[0m ip_families                       = (known after apply)
          [32m+[0m[0m ip_family_policy                  = (known after apply)
          [32m+[0m[0m publish_not_ready_addresses       = false
          [32m+[0m[0m selector                          = {
              [32m+[0m[0m "app" = "zookeeper"
            }
          [32m+[0m[0m session_affinity                  = "None"
          [32m+[0m[0m type                              = "ClusterIP"

          [32m+[0m[0m port {
              [32m+[0m[0m name        = "client"
              [32m+[0m[0m node_port   = (known after apply)
              [32m+[0m[0m port        = 2181
              [32m+[0m[0m protocol    = "TCP"
              [32m+[0m[0m target_port = "2181"
            }

          [32m+[0m[0m session_affinity_config (known after apply)
        }
    }

[1m  # kubernetes_stateful_set.zookeeper[0m will be created
[0m  [32m+[0m[0m resource "kubernetes_stateful_set" "zookeeper" {
      [32m+[0m[0m id               = (known after apply)
      [32m+[0m[0m wait_for_rollout = false

      [32m+[0m[0m metadata {
          [32m+[0m[0m generation       = (known after apply)
          [32m+[0m[0m labels           = {
              [32m+[0m[0m "app" = "zookeeper"
            }
          [32m+[0m[0m name             = "zk"
          [32m+[0m[0m namespace        = "fluss"
          [32m+[0m[0m resource_version = (known after apply)
          [32m+[0m[0m uid              = (known after apply)
        }

      [32m+[0m[0m spec {
          [32m+[0m[0m min_ready_seconds      = 0
          [32m+[0m[0m pod_management_policy  = (known after apply)
          [32m+[0m[0m replicas               = "1"
          [32m+[0m[0m revision_history_limit = (known after apply)
          [32m+[0m[0m service_name           = "zk-svc"

          [32m+[0m[0m persistent_volume_claim_retention_policy (known after apply)

          [32m+[0m[0m selector {
              [32m+[0m[0m match_labels = {
                  [32m+[0m[0m "app" = "zookeeper"
                }
            }

          [32m+[0m[0m template {
              [32m+[0m[0m metadata {
                  [32m+[0m[0m generation       = (known after apply)
                  [32m+[0m[0m labels           = {
                      [32m+[0m[0m "app" = "zookeeper"
                    }
                  [32m+[0m[0m name             = (known after apply)
                  [32m+[0m[0m resource_version = (known after apply)
                  [32m+[0m[0m uid              = (known after apply)
                }
              [32m+[0m[0m spec {
                  [32m+[0m[0m automount_service_account_token  = true
                  [32m+[0m[0m dns_policy                       = "ClusterFirst"
                  [32m+[0m[0m enable_service_links             = true
                  [32m+[0m[0m host_ipc                         = false
                  [32m+[0m[0m host_network                     = false
                  [32m+[0m[0m host_pid                         = false
                  [32m+[0m[0m hostname                         = (known after apply)
                  [32m+[0m[0m node_name                        = (known after apply)
                  [32m+[0m[0m restart_policy                   = "Always"
                  [32m+[0m[0m scheduler_name                   = (known after apply)
                  [32m+[0m[0m service_account_name             = (known after apply)
                  [32m+[0m[0m share_process_namespace          = false
                  [32m+[0m[0m termination_grace_period_seconds = 30

                  [32m+[0m[0m container {
                      [32m+[0m[0m image                      = "zookeeper:3.9.2"
                      [32m+[0m[0m image_pull_policy          = (known after apply)
                      [32m+[0m[0m name                       = "zookeeper"
                      [32m+[0m[0m stdin                      = false
                      [32m+[0m[0m stdin_once                 = false
                      [32m+[0m[0m termination_message_path   = "/dev/termination-log"
                      [32m+[0m[0m termination_message_policy = (known after apply)
                      [32m+[0m[0m tty                        = false

                      [32m+[0m[0m liveness_probe {
                          [32m+[0m[0m failure_threshold     = 3
                          [32m+[0m[0m initial_delay_seconds = 30
                          [32m+[0m[0m period_seconds        = 10
                          [32m+[0m[0m success_threshold     = 1
                          [32m+[0m[0m timeout_seconds       = 1

                          [32m+[0m[0m tcp_socket {
                              [32m+[0m[0m port = "2181"
                            }
                        }

                      [32m+[0m[0m port {
                          [32m+[0m[0m container_port = 2181
                          [32m+[0m[0m name           = "client"
                          [32m+[0m[0m protocol       = "TCP"
                        }

                      [32m+[0m[0m readiness_probe {
                          [32m+[0m[0m failure_threshold     = 3
                          [32m+[0m[0m initial_delay_seconds = 10
                          [32m+[0m[0m period_seconds        = 5
                          [32m+[0m[0m success_threshold     = 1
                          [32m+[0m[0m timeout_seconds       = 1

                          [32m+[0m[0m tcp_socket {
                              [32m+[0m[0m port = "2181"
                            }
                        }

                      [32m+[0m[0m resources {
                          [32m+[0m[0m limits   = {
                              [32m+[0m[0m "cpu"    = "500m"
                              [32m+[0m[0m "memory" = "512Mi"
                            }
                          [32m+[0m[0m requests = {
                              [32m+[0m[0m "cpu"    = "200m"
                              [32m+[0m[0m "memory" = "256Mi"
                            }
                        }
                    }

                  [32m+[0m[0m image_pull_secrets (known after apply)

                  [32m+[0m[0m readiness_gate (known after apply)
                }
            }
        }
    }

[1m  # module.ebs_csi_irsa[0].data.aws_caller_identity.current[0m will be read during apply
  # (depends on a resource or a module with changes pending)
[0m [36m<=[0m[0m data "aws_caller_identity" "current" {
      [32m+[0m[0m account_id = (known after apply)
      [32m+[0m[0m arn        = (known after apply)
      [32m+[0m[0m id         = (known after apply)
      [32m+[0m[0m user_id    = (known after apply)
    }

[1m  # module.ebs_csi_irsa[0].data.aws_iam_policy_document.ebs_csi[0][0m will be read during apply
  # (config refers to values not yet known)
[0m [36m<=[0m[0m data "aws_iam_policy_document" "ebs_csi" {
      [32m+[0m[0m id            = (known after apply)
      [32m+[0m[0m json          = (known after apply)
      [32m+[0m[0m minified_json = (known after apply)

      [32m+[0m[0m statement {
          [32m+[0m[0m actions   = [
              [32m+[0m[0m "ec2:DescribeAvailabilityZones",
              [32m+[0m[0m "ec2:DescribeInstances",
              [32m+[0m[0m "ec2:DescribeSnapshots",
              [32m+[0m[0m "ec2:DescribeTags",
              [32m+[0m[0m "ec2:DescribeVolumes",
              [32m+[0m[0m "ec2:DescribeVolumesModifications",
            ]
          [32m+[0m[0m resources = [
              [32m+[0m[0m "*",
            ]
        }
      [32m+[0m[0m statement {
          [32m+[0m[0m actions   = [
              [32m+[0m[0m "ec2:CreateSnapshot",
              [32m+[0m[0m "ec2:ModifyVolume",
            ]
          [32m+[0m[0m resources = [
              [32m+[0m[0m (known after apply),
            ]
        }
      [32m+[0m[0m statement {
          [32m+[0m[0m actions   = [
              [32m+[0m[0m "ec2:AttachVolume",
              [32m+[0m[0m "ec2:DetachVolume",
            ]
          [32m+[0m[0m resources = [
              [32m+[0m[0m (known after apply),
              [32m+[0m[0m (known after apply),
            ]
        }
      [32m+[0m[0m statement {
          [32m+[0m[0m actions   = [
              [32m+[0m[0m "ec2:CreateVolume",
              [32m+[0m[0m "ec2:EnableFastSnapshotRestores",
            ]
          [32m+[0m[0m resources = [
              [32m+[0m[0m (known after apply),
            ]
        }
      [32m+[0m[0m statement {
          [32m+[0m[0m actions   = [
              [32m+[0m[0m "ec2:CreateTags",
            ]
          [32m+[0m[0m resources = [
              [32m+[0m[0m (known after apply),
              [32m+[0m[0m (known after apply),
            ]

          [32m+[0m[0m condition {
              [32m+[0m[0m test     = "StringEquals"
              [32m+[0m[0m values   = [
                  [32m+[0m[0m "CreateVolume",
                  [32m+[0m[0m "CreateSnapshot",
                ]
              [32m+[0m[0m variable = "ec2:CreateAction"
            }
        }
      [32m+[0m[0m statement {
          [32m+[0m[0m actions   = [
              [32m+[0m[0m "ec2:DeleteTags",
            ]
          [32m+[0m[0m resources = [
              [32m+[0m[0m (known after apply),
              [32m+[0m[0m (known after apply),
            ]
        }
      [32m+[0m[0m statement {
          [32m+[0m[0m actions   = [
              [32m+[0m[0m "ec2:CreateVolume",
            ]
          [32m+[0m[0m resources = [
              [32m+[0m[0m (known after apply),
            ]

          [32m+[0m[0m condition {
              [32m+[0m[0m test     = "StringLike"
              [32m+[0m[0m values   = [
                  [32m+[0m[0m "true",
                ]
              [32m+[0m[0m variable = "aws:RequestTag/ebs.csi.aws.com/cluster"
            }
        }
      [32m+[0m[0m statement {
          [32m+[0m[0m actions   = [
              [32m+[0m[0m "ec2:CreateVolume",
            ]
          [32m+[0m[0m resources = [
              [32m+[0m[0m (known after apply),
            ]

          [32m+[0m[0m condition {
              [32m+[0m[0m test     = "StringLike"
              [32m+[0m[0m values   = [
                  [32m+[0m[0m "*",
                ]
              [32m+[0m[0m variable = "aws:RequestTag/CSIVolumeName"
            }
        }
      [32m+[0m[0m statement {
          [32m+[0m[0m actions   = [
              [32m+[0m[0m "ec2:DeleteVolume",
            ]
          [32m+[0m[0m resources = [
              [32m+[0m[0m (known after apply),
            ]

          [32m+[0m[0m condition {
              [32m+[0m[0m test     = "StringLike"
              [32m+[0m[0m values   = [
                  [32m+[0m[0m "true",
                ]
              [32m+[0m[0m variable = "aws:ResourceTag/ebs.csi.aws.com/cluster"
            }
        }
      [32m+[0m[0m statement {
          [32m+[0m[0m actions   = [
              [32m+[0m[0m "ec2:DeleteVolume",
            ]
          [32m+[0m[0m resources = [
              [32m+[0m[0m (known after apply),
            ]

          [32m+[0m[0m condition {
              [32m+[0m[0m test     = "StringLike"
              [32m+[0m[0m values   = [
                  [32m+[0m[0m "*",
                ]
              [32m+[0m[0m variable = "aws:ResourceTag/CSIVolumeName"
            }
        }
      [32m+[0m[0m statement {
          [32m+[0m[0m actions   = [
              [32m+[0m[0m "ec2:DeleteVolume",
            ]
          [32m+[0m[0m resources = [
              [32m+[0m[0m (known after apply),
            ]

          [32m+[0m[0m condition {
              [32m+[0m[0m test     = "StringLike"
              [32m+[0m[0m values   = [
                  [32m+[0m[0m "*",
                ]
              [32m+[0m[0m variable = "ec2:ResourceTag/kubernetes.io/created-for/pvc/name"
            }
        }
      [32m+[0m[0m statement {
          [32m+[0m[0m actions   = [
              [32m+[0m[0m "ec2:CreateSnapshot",
            ]
          [32m+[0m[0m resources = [
              [32m+[0m[0m (known after apply),
            ]

          [32m+[0m[0m condition {
              [32m+[0m[0m test     = "StringLike"
              [32m+[0m[0m values   = [
                  [32m+[0m[0m "*",
                ]
              [32m+[0m[0m variable = "aws:RequestTag/CSIVolumeSnapshotName"
            }
        }
      [32m+[0m[0m statement {
          [32m+[0m[0m actions   = [
              [32m+[0m[0m "ec2:CreateSnapshot",
            ]
          [32m+[0m[0m resources = [
              [32m+[0m[0m (known after apply),
            ]

          [32m+[0m[0m condition {
              [32m+[0m[0m test     = "StringLike"
              [32m+[0m[0m values   = [
                  [32m+[0m[0m "true",
                ]
              [32m+[0m[0m variable = "aws:RequestTag/ebs.csi.aws.com/cluster"
            }
        }
      [32m+[0m[0m statement {
          [32m+[0m[0m actions   = [
              [32m+[0m[0m "ec2:DeleteSnapshot",
            ]
          [32m+[0m[0m resources = [
              [32m+[0m[0m (known after apply),
            ]

          [32m+[0m[0m condition {
              [32m+[0m[0m test     = "StringLike"
              [32m+[0m[0m values   = [
                  [32m+[0m[0m "*",
                ]
              [32m+[0m[0m variable = "aws:ResourceTag/CSIVolumeSnapshotName"
            }
        }
      [32m+[0m[0m statement {
          [32m+[0m[0m actions   = [
              [32m+[0m[0m "ec2:DeleteSnapshot",
            ]
          [32m+[0m[0m resources = [
              [32m+[0m[0m (known after apply),
            ]

          [32m+[0m[0m condition {
              [32m+[0m[0m test     = "StringLike"
              [32m+[0m[0m values   = [
                  [32m+[0m[0m "true",
                ]
              [32m+[0m[0m variable = "aws:ResourceTag/ebs.csi.aws.com/cluster"
            }
        }
    }

[1m  # module.ebs_csi_irsa[0].data.aws_iam_policy_document.this[0][0m will be read during apply
  # (config refers to values not yet known)
[0m [36m<=[0m[0m data "aws_iam_policy_document" "this" {
      [32m+[0m[0m id            = (known after apply)
      [32m+[0m[0m json          = (known after apply)
      [32m+[0m[0m minified_json = (known after apply)

      [32m+[0m[0m statement {
          [32m+[0m[0m actions = [
              [32m+[0m[0m "sts:AssumeRoleWithWebIdentity",
            ]
          [32m+[0m[0m effect  = "Allow"

          [32m+[0m[0m condition {
              [32m+[0m[0m test     = "StringEquals"
              [32m+[0m[0m values   = [
                  [32m+[0m[0m "sts.amazonaws.com",
                ]
              [32m+[0m[0m variable = (known after apply)
            }
          [32m+[0m[0m condition {
              [32m+[0m[0m test     = "StringEquals"
              [32m+[0m[0m values   = [
                  [32m+[0m[0m "system:serviceaccount:kube-system:ebs-csi-controller-sa",
                ]
              [32m+[0m[0m variable = (known after apply)
            }

          [32m+[0m[0m principals {
              [32m+[0m[0m identifiers = [
                  [32m+[0m[0m (known after apply),
                ]
              [32m+[0m[0m type        = "Federated"
            }
        }
    }

[1m  # module.ebs_csi_irsa[0].data.aws_partition.current[0m will be read during apply
  # (depends on a resource or a module with changes pending)
[0m [36m<=[0m[0m data "aws_partition" "current" {
      [32m+[0m[0m dns_suffix         = (known after apply)
      [32m+[0m[0m id                 = (known after apply)
      [32m+[0m[0m partition          = (known after apply)
      [32m+[0m[0m reverse_dns_prefix = (known after apply)
    }

[1m  # module.ebs_csi_irsa[0].data.aws_region.current[0m will be read during apply
  # (depends on a resource or a module with changes pending)
[0m [36m<=[0m[0m data "aws_region" "current" {
      [32m+[0m[0m description = (known after apply)
      [32m+[0m[0m endpoint    = (known after apply)
      [32m+[0m[0m id          = (known after apply)
      [32m+[0m[0m name        = (known after apply)
    }

[1m  # module.ebs_csi_irsa[0].aws_iam_policy.ebs_csi[0][0m will be created
[0m  [32m+[0m[0m resource "aws_iam_policy" "ebs_csi" {
      [32m+[0m[0m arn              = (known after apply)
      [32m+[0m[0m attachment_count = (known after apply)
      [32m+[0m[0m description      = "Provides permissions to manage EBS volumes via the container storage interface driver"
      [32m+[0m[0m id               = (known after apply)
      [32m+[0m[0m name             = (known after apply)
      [32m+[0m[0m name_prefix      = "AmazonEKS_EBS_CSI_Policy-"
      [32m+[0m[0m path             = "/"
      [32m+[0m[0m policy           = (known after apply)
      [32m+[0m[0m policy_id        = (known after apply)
      [32m+[0m[0m tags             = {
          [32m+[0m[0m "Environment" = "dev"
          [32m+[0m[0m "ManagedBy"   = "terraform"
          [32m+[0m[0m "Name"        = "fluss-eks-cluster-ebs-csi-driver"
          [32m+[0m[0m "Project"     = "fluss-deployment"
        }
      [32m+[0m[0m tags_all         = {
          [32m+[0m[0m "Environment" = "dev"
          [32m+[0m[0m "ManagedBy"   = "terraform"
          [32m+[0m[0m "Name"        = "fluss-eks-cluster-ebs-csi-driver"
          [32m+[0m[0m "Project"     = "fluss-deployment"
        }
    }

[1m  # module.ebs_csi_irsa[0].aws_iam_role.this[0][0m will be created
[0m  [32m+[0m[0m resource "aws_iam_role" "this" {
      [32m+[0m[0m arn                   = (known after apply)
      [32m+[0m[0m assume_role_policy    = (known after apply)
      [32m+[0m[0m create_date           = (known after apply)
      [32m+[0m[0m force_detach_policies = true
      [32m+[0m[0m id                    = (known after apply)
      [32m+[0m[0m managed_policy_arns   = (known after apply)
      [32m+[0m[0m max_session_duration  = 3600
      [32m+[0m[0m name                  = "fluss-eks-cluster-ebs-csi-driver"
      [32m+[0m[0m name_prefix           = (known after apply)
      [32m+[0m[0m path                  = "/"
      [32m+[0m[0m tags                  = {
          [32m+[0m[0m "Environment" = "dev"
          [32m+[0m[0m "ManagedBy"   = "terraform"
          [32m+[0m[0m "Name"        = "fluss-eks-cluster-ebs-csi-driver"
          [32m+[0m[0m "Project"     = "fluss-deployment"
        }
      [32m+[0m[0m tags_all              = {
          [32m+[0m[0m "Environment" = "dev"
          [32m+[0m[0m "ManagedBy"   = "terraform"
          [32m+[0m[0m "Name"        = "fluss-eks-cluster-ebs-csi-driver"
          [32m+[0m[0m "Project"     = "fluss-deployment"
        }
      [32m+[0m[0m unique_id             = (known after apply)

      [32m+[0m[0m inline_policy (known after apply)
    }

[1m  # module.ebs_csi_irsa[0].aws_iam_role_policy_attachment.ebs_csi[0][0m will be created
[0m  [32m+[0m[0m resource "aws_iam_role_policy_attachment" "ebs_csi" {
      [32m+[0m[0m id         = (known after apply)
      [32m+[0m[0m policy_arn = (known after apply)
      [32m+[0m[0m role       = "fluss-eks-cluster-ebs-csi-driver"
    }

[1m  # module.eks.data.aws_eks_addon_version.this["coredns"][0m will be read during apply
  # (depends on a resource or a module with changes pending)
[0m [36m<=[0m[0m data "aws_eks_addon_version" "this" {
      [32m+[0m[0m addon_name         = "coredns"
      [32m+[0m[0m id                 = (known after apply)
      [32m+[0m[0m kubernetes_version = "1.28"
      [32m+[0m[0m most_recent        = true
      [32m+[0m[0m version            = (known after apply)
    }

[1m  # module.eks.data.aws_eks_addon_version.this["kube-proxy"][0m will be read during apply
  # (depends on a resource or a module with changes pending)
[0m [36m<=[0m[0m data "aws_eks_addon_version" "this" {
      [32m+[0m[0m addon_name         = "kube-proxy"
      [32m+[0m[0m id                 = (known after apply)
      [32m+[0m[0m kubernetes_version = "1.28"
      [32m+[0m[0m most_recent        = true
      [32m+[0m[0m version            = (known after apply)
    }

[1m  # module.eks.data.aws_eks_addon_version.this["vpc-cni"][0m will be read during apply
  # (depends on a resource or a module with changes pending)
[0m [36m<=[0m[0m data "aws_eks_addon_version" "this" {
      [32m+[0m[0m addon_name         = "vpc-cni"
      [32m+[0m[0m id                 = (known after apply)
      [32m+[0m[0m kubernetes_version = "1.28"
      [32m+[0m[0m most_recent        = true
      [32m+[0m[0m version            = (known after apply)
    }

[1m  # module.eks.data.tls_certificate.this[0][0m will be read during apply
  # (config refers to values not yet known)
[0m [36m<=[0m[0m data "tls_certificate" "this" {
      [32m+[0m[0m certificates = (known after apply)
      [32m+[0m[0m id           = (known after apply)
      [32m+[0m[0m url          = (known after apply)
    }

[1m  # module.eks.aws_cloudwatch_log_group.this[0][0m will be created
[0m  [32m+[0m[0m resource "aws_cloudwatch_log_group" "this" {
      [32m+[0m[0m arn               = (known after apply)
      [32m+[0m[0m id                = (known after apply)
      [32m+[0m[0m log_group_class   = (known after apply)
      [32m+[0m[0m name              = "/aws/eks/fluss-eks-cluster/cluster"
      [32m+[0m[0m name_prefix       = (known after apply)
      [32m+[0m[0m retention_in_days = 90
      [32m+[0m[0m skip_destroy      = false
      [32m+[0m[0m tags              = {
          [32m+[0m[0m "Environment" = "dev"
          [32m+[0m[0m "ManagedBy"   = "terraform"
          [32m+[0m[0m "Name"        = "/aws/eks/fluss-eks-cluster/cluster"
          [32m+[0m[0m "Project"     = "fluss-deployment"
        }
      [32m+[0m[0m tags_all          = {
          [32m+[0m[0m "Environment" = "dev"
          [32m+[0m[0m "ManagedBy"   = "terraform"
          [32m+[0m[0m "Name"        = "/aws/eks/fluss-eks-cluster/cluster"
          [32m+[0m[0m "Project"     = "fluss-deployment"
        }
    }

[1m  # module.eks.aws_ec2_tag.cluster_primary_security_group["Environment"][0m will be created
[0m  [32m+[0m[0m resource "aws_ec2_tag" "cluster_primary_security_group" {
      [32m+[0m[0m id          = (known after apply)
      [32m+[0m[0m key         = "Environment"
      [32m+[0m[0m resource_id = (known after apply)
      [32m+[0m[0m value       = "dev"
    }

[1m  # module.eks.aws_ec2_tag.cluster_primary_security_group["ManagedBy"][0m will be created
[0m  [32m+[0m[0m resource "aws_ec2_tag" "cluster_primary_security_group" {
      [32m+[0m[0m id          = (known after apply)
      [32m+[0m[0m key         = "ManagedBy"
      [32m+[0m[0m resource_id = (known after apply)
      [32m+[0m[0m value       = "terraform"
    }

[1m  # module.eks.aws_ec2_tag.cluster_primary_security_group["Project"][0m will be created
[0m  [32m+[0m[0m resource "aws_ec2_tag" "cluster_primary_security_group" {
      [32m+[0m[0m id          = (known after apply)
      [32m+[0m[0m key         = "Project"
      [32m+[0m[0m resource_id = (known after apply)
      [32m+[0m[0m value       = "fluss-deployment"
    }

[1m  # module.eks.aws_eks_addon.this["coredns"][0m will be created
[0m  [32m+[0m[0m resource "aws_eks_addon" "this" {
      [32m+[0m[0m addon_name           = "coredns"
      [32m+[0m[0m addon_version        = (known after apply)
      [32m+[0m[0m arn                  = (known after apply)
      [32m+[0m[0m cluster_name         = "fluss-eks-cluster"
      [32m+[0m[0m configuration_values = (known after apply)
      [32m+[0m[0m created_at           = (known after apply)
      [32m+[0m[0m id                   = (known after apply)
      [32m+[0m[0m modified_at          = (known after apply)
      [32m+[0m[0m resolve_conflicts    = "OVERWRITE"
      [32m+[0m[0m tags                 = {
          [32m+[0m[0m "Environment" = "dev"
          [32m+[0m[0m "ManagedBy"   = "terraform"
          [32m+[0m[0m "Name"        = "fluss-eks-cluster"
          [32m+[0m[0m "Project"     = "fluss-deployment"
        }
      [32m+[0m[0m tags_all             = {
          [32m+[0m[0m "Environment" = "dev"
          [32m+[0m[0m "ManagedBy"   = "terraform"
          [32m+[0m[0m "Name"        = "fluss-eks-cluster"
          [32m+[0m[0m "Project"     = "fluss-deployment"
        }

      [32m+[0m[0m timeouts {}
    }

[1m  # module.eks.aws_eks_addon.this["kube-proxy"][0m will be created
[0m  [32m+[0m[0m resource "aws_eks_addon" "this" {
      [32m+[0m[0m addon_name           = "kube-proxy"
      [32m+[0m[0m addon_version        = (known after apply)
      [32m+[0m[0m arn                  = (known after apply)
      [32m+[0m[0m cluster_name         = "fluss-eks-cluster"
      [32m+[0m[0m configuration_values = (known after apply)
      [32m+[0m[0m created_at           = (known after apply)
      [32m+[0m[0m id                   = (known after apply)
      [32m+[0m[0m modified_at          = (known after apply)
      [32m+[0m[0m resolve_conflicts    = "OVERWRITE"
      [32m+[0m[0m tags                 = {
          [32m+[0m[0m "Environment" = "dev"
          [32m+[0m[0m "ManagedBy"   = "terraform"
          [32m+[0m[0m "Name"        = "fluss-eks-cluster"
          [32m+[0m[0m "Project"     = "fluss-deployment"
        }
      [32m+[0m[0m tags_all             = {
          [32m+[0m[0m "Environment" = "dev"
          [32m+[0m[0m "ManagedBy"   = "terraform"
          [32m+[0m[0m "Name"        = "fluss-eks-cluster"
          [32m+[0m[0m "Project"     = "fluss-deployment"
        }

      [32m+[0m[0m timeouts {}
    }

[1m  # module.eks.aws_eks_addon.this["vpc-cni"][0m will be created
[0m  [32m+[0m[0m resource "aws_eks_addon" "this" {
      [32m+[0m[0m addon_name           = "vpc-cni"
      [32m+[0m[0m addon_version        = (known after apply)
      [32m+[0m[0m arn                  = (known after apply)
      [32m+[0m[0m cluster_name         = "fluss-eks-cluster"
      [32m+[0m[0m configuration_values = (known after apply)
      [32m+[0m[0m created_at           = (known after apply)
      [32m+[0m[0m id                   = (known after apply)
      [32m+[0m[0m modified_at          = (known after apply)
      [32m+[0m[0m resolve_conflicts    = "OVERWRITE"
      [32m+[0m[0m tags                 = {
          [32m+[0m[0m "Environment" = "dev"
          [32m+[0m[0m "ManagedBy"   = "terraform"
          [32m+[0m[0m "Name"        = "fluss-eks-cluster"
          [32m+[0m[0m "Project"     = "fluss-deployment"
        }
      [32m+[0m[0m tags_all             = {
          [32m+[0m[0m "Environment" = "dev"
          [32m+[0m[0m "ManagedBy"   = "terraform"
          [32m+[0m[0m "Name"        = "fluss-eks-cluster"
          [32m+[0m[0m "Project"     = "fluss-deployment"
        }

      [32m+[0m[0m timeouts {}
    }

[1m  # module.eks.aws_eks_cluster.this[0][0m will be created
[0m  [32m+[0m[0m resource "aws_eks_cluster" "this" {
      [32m+[0m[0m arn                           = (known after apply)
      [32m+[0m[0m bootstrap_self_managed_addons = true
      [32m+[0m[0m certificate_authority         = (known after apply)
      [32m+[0m[0m cluster_id                    = (known after apply)
      [32m+[0m[0m created_at                    = (known after apply)
      [32m+[0m[0m enabled_cluster_log_types     = [
          [32m+[0m[0m "api",
          [32m+[0m[0m "audit",
          [32m+[0m[0m "authenticator",
          [32m+[0m[0m "controllerManager",
          [32m+[0m[0m "scheduler",
        ]
      [32m+[0m[0m endpoint                      = (known after apply)
      [32m+[0m[0m id                            = (known after apply)
      [32m+[0m[0m identity                      = (known after apply)
      [32m+[0m[0m name                          = "fluss-eks-cluster"
      [32m+[0m[0m platform_version              = (known after apply)
      [32m+[0m[0m role_arn                      = (known after apply)
      [32m+[0m[0m status                        = (known after apply)
      [32m+[0m[0m tags                          = {
          [32m+[0m[0m "Environment" = "dev"
          [32m+[0m[0m "ManagedBy"   = "terraform"
          [32m+[0m[0m "Name"        = "fluss-eks-cluster"
          [32m+[0m[0m "Project"     = "fluss-deployment"
        }
      [32m+[0m[0m tags_all                      = {
          [32m+[0m[0m "Environment" = "dev"
          [32m+[0m[0m "ManagedBy"   = "terraform"
          [32m+[0m[0m "Name"        = "fluss-eks-cluster"
          [32m+[0m[0m "Project"     = "fluss-deployment"
        }
      [32m+[0m[0m version                       = "1.28"

      [32m+[0m[0m access_config (known after apply)

      [32m+[0m[0m encryption_config {
          [32m+[0m[0m resources = [
              [32m+[0m[0m "secrets",
            ]

          [32m+[0m[0m provider {
              [32m+[0m[0m key_arn = (known after apply)
            }
        }

      [32m+[0m[0m kubernetes_network_config {
          [32m+[0m[0m ip_family         = (known after apply)
          [32m+[0m[0m service_ipv4_cidr = (known after apply)
          [32m+[0m[0m service_ipv6_cidr = (known after apply)

          [32m+[0m[0m elastic_load_balancing (known after apply)
        }

      [32m+[0m[0m timeouts {}

      [32m+[0m[0m upgrade_policy (known after apply)

      [32m+[0m[0m vpc_config {
          [32m+[0m[0m cluster_security_group_id = (known after apply)
          [32m+[0m[0m endpoint_private_access   = true
          [32m+[0m[0m endpoint_public_access    = true
          [32m+[0m[0m public_access_cidrs       = [
              [32m+[0m[0m "0.0.0.0/0",
            ]
          [32m+[0m[0m security_group_ids        = (known after apply)
          [32m+[0m[0m subnet_ids                = (known after apply)
          [32m+[0m[0m vpc_id                    = (known after apply)
        }
    }

[1m  # module.eks.aws_iam_openid_connect_provider.oidc_provider[0][0m will be created
[0m  [32m+[0m[0m resource "aws_iam_openid_connect_provider" "oidc_provider" {
      [32m+[0m[0m arn             = (known after apply)
      [32m+[0m[0m client_id_list  = [
          [32m+[0m[0m "sts.amazonaws.com",
        ]
      [32m+[0m[0m id              = (known after apply)
      [32m+[0m[0m tags            = {
          [32m+[0m[0m "Environment" = "dev"
          [32m+[0m[0m "ManagedBy"   = "terraform"
          [32m+[0m[0m "Name"        = "fluss-eks-cluster"
          [32m+[0m[0m "Project"     = "fluss-deployment"
        }
      [32m+[0m[0m tags_all        = {
          [32m+[0m[0m "Environment" = "dev"
          [32m+[0m[0m "ManagedBy"   = "terraform"
          [32m+[0m[0m "Name"        = "fluss-eks-cluster"
          [32m+[0m[0m "Project"     = "fluss-deployment"
        }
      [32m+[0m[0m thumbprint_list = (known after apply)
      [32m+[0m[0m url             = (known after apply)
    }

[1m  # module.eks.aws_iam_policy.cluster_encryption[0][0m will be created
[0m  [32m+[0m[0m resource "aws_iam_policy" "cluster_encryption" {
      [32m+[0m[0m arn              = (known after apply)
      [32m+[0m[0m attachment_count = (known after apply)
      [32m+[0m[0m description      = "Cluster encryption policy to allow cluster role to utilize CMK provided"
      [32m+[0m[0m id               = (known after apply)
      [32m+[0m[0m name             = (known after apply)
      [32m+[0m[0m name_prefix      = "fluss-eks-cluster-cluster-ClusterEncryption"
      [32m+[0m[0m path             = "/"
      [32m+[0m[0m policy           = (known after apply)
      [32m+[0m[0m policy_id        = (known after apply)
      [32m+[0m[0m tags             = {
          [32m+[0m[0m "Environment" = "dev"
          [32m+[0m[0m "ManagedBy"   = "terraform"
          [32m+[0m[0m "Name"        = "fluss-eks-cluster"
          [32m+[0m[0m "Project"     = "fluss-deployment"
        }
      [32m+[0m[0m tags_all         = {
          [32m+[0m[0m "Environment" = "dev"
          [32m+[0m[0m "ManagedBy"   = "terraform"
          [32m+[0m[0m "Name"        = "fluss-eks-cluster"
          [32m+[0m[0m "Project"     = "fluss-deployment"
        }
    }

[1m  # module.eks.aws_iam_role.this[0][0m will be created
[0m  [32m+[0m[0m resource "aws_iam_role" "this" {
      [32m+[0m[0m arn                   = (known after apply)
      [32m+[0m[0m assume_role_policy    = jsonencode(
            {
              [32m+[0m[0m Statement = [
                  [32m+[0m[0m {
                      [32m+[0m[0m Action    = "sts:AssumeRole"
                      [32m+[0m[0m Effect    = "Allow"
                      [32m+[0m[0m Principal = {
                          [32m+[0m[0m Service = "eks.amazonaws.com"
                        }
                      [32m+[0m[0m Sid       = "EKSClusterAssumeRole"
                    },
                ]
              [32m+[0m[0m Version   = "2012-10-17"
            }
        )
      [32m+[0m[0m create_date           = (known after apply)
      [32m+[0m[0m force_detach_policies = true
      [32m+[0m[0m id                    = (known after apply)
      [32m+[0m[0m managed_policy_arns   = (known after apply)
      [32m+[0m[0m max_session_duration  = 3600
      [32m+[0m[0m name                  = (known after apply)
      [32m+[0m[0m name_prefix           = "fluss-eks-cluster-cluster-"
      [32m+[0m[0m path                  = "/"
      [32m+[0m[0m tags                  = {
          [32m+[0m[0m "Environment" = "dev"
          [32m+[0m[0m "ManagedBy"   = "terraform"
          [32m+[0m[0m "Name"        = "fluss-eks-cluster"
          [32m+[0m[0m "Project"     = "fluss-deployment"
        }
      [32m+[0m[0m tags_all              = {
          [32m+[0m[0m "Environment" = "dev"
          [32m+[0m[0m "ManagedBy"   = "terraform"
          [32m+[0m[0m "Name"        = "fluss-eks-cluster"
          [32m+[0m[0m "Project"     = "fluss-deployment"
        }
      [32m+[0m[0m unique_id             = (known after apply)

      [32m+[0m[0m inline_policy {
          [32m+[0m[0m name   = "fluss-eks-cluster-cluster"
          [32m+[0m[0m policy = jsonencode(
                {
                  [32m+[0m[0m Statement = [
                      [32m+[0m[0m {
                          [32m+[0m[0m Action   = [
                              [32m+[0m[0m "logs:CreateLogGroup",
                            ]
                          [32m+[0m[0m Effect   = "Deny"
                          [32m+[0m[0m Resource = "*"
                        },
                    ]
                  [32m+[0m[0m Version   = "2012-10-17"
                }
            )
        }
    }

[1m  # module.eks.aws_iam_role_policy_attachment.cluster_encryption[0][0m will be created
[0m  [32m+[0m[0m resource "aws_iam_role_policy_attachment" "cluster_encryption" {
      [32m+[0m[0m id         = (known after apply)
      [32m+[0m[0m policy_arn = (known after apply)
      [32m+[0m[0m role       = (known after apply)
    }

[1m  # module.eks.aws_iam_role_policy_attachment.this["AmazonEKSClusterPolicy"][0m will be created
[0m  [32m+[0m[0m resource "aws_iam_role_policy_attachment" "this" {
      [32m+[0m[0m id         = (known after apply)
      [32m+[0m[0m policy_arn = "arn:aws:iam::aws:policy/AmazonEKSClusterPolicy"
      [32m+[0m[0m role       = (known after apply)
    }

[1m  # module.eks.aws_iam_role_policy_attachment.this["AmazonEKSVPCResourceController"][0m will be created
[0m  [32m+[0m[0m resource "aws_iam_role_policy_attachment" "this" {
      [32m+[0m[0m id         = (known after apply)
      [32m+[0m[0m policy_arn = "arn:aws:iam::aws:policy/AmazonEKSVPCResourceController"
      [32m+[0m[0m role       = (known after apply)
    }

[1m  # module.eks.aws_security_group.cluster[0][0m will be created
[0m  [32m+[0m[0m resource "aws_security_group" "cluster" {
      [32m+[0m[0m arn                    = (known after apply)
      [32m+[0m[0m description            = "EKS cluster security group"
      [32m+[0m[0m egress                 = (known after apply)
      [32m+[0m[0m id                     = (known after apply)
      [32m+[0m[0m ingress                = (known after apply)
      [32m+[0m[0m name                   = (known after apply)
      [32m+[0m[0m name_prefix            = "fluss-eks-cluster-cluster-"
      [32m+[0m[0m owner_id               = (known after apply)
      [32m+[0m[0m revoke_rules_on_delete = false
      [32m+[0m[0m tags                   = {
          [32m+[0m[0m "Environment" = "dev"
          [32m+[0m[0m "ManagedBy"   = "terraform"
          [32m+[0m[0m "Name"        = "fluss-eks-cluster-cluster"
          [32m+[0m[0m "Project"     = "fluss-deployment"
        }
      [32m+[0m[0m tags_all               = {
          [32m+[0m[0m "Environment" = "dev"
          [32m+[0m[0m "ManagedBy"   = "terraform"
          [32m+[0m[0m "Name"        = "fluss-eks-cluster-cluster"
          [32m+[0m[0m "Project"     = "fluss-deployment"
        }
      [32m+[0m[0m vpc_id                 = (known after apply)
    }

[1m  # module.eks.aws_security_group.node[0][0m will be created
[0m  [32m+[0m[0m resource "aws_security_group" "node" {
      [32m+[0m[0m arn                    = (known after apply)
      [32m+[0m[0m description            = "EKS node shared security group"
      [32m+[0m[0m egress                 = (known after apply)
      [32m+[0m[0m id                     = (known after apply)
      [32m+[0m[0m ingress                = (known after apply)
      [32m+[0m[0m name                   = (known after apply)
      [32m+[0m[0m name_prefix            = "fluss-eks-cluster-node-"
      [32m+[0m[0m owner_id               = (known after apply)
      [32m+[0m[0m revoke_rules_on_delete = false
      [32m+[0m[0m tags                   = {
          [32m+[0m[0m "Environment"                             = "dev"
          [32m+[0m[0m "ManagedBy"                               = "terraform"
          [32m+[0m[0m "Name"                                    = "fluss-eks-cluster-node"
          [32m+[0m[0m "Project"                                 = "fluss-deployment"
          [32m+[0m[0m "kubernetes.io/cluster/fluss-eks-cluster" = "owned"
        }
      [32m+[0m[0m tags_all               = {
          [32m+[0m[0m "Environment"                             = "dev"
          [32m+[0m[0m "ManagedBy"                               = "terraform"
          [32m+[0m[0m "Name"                                    = "fluss-eks-cluster-node"
          [32m+[0m[0m "Project"                                 = "fluss-deployment"
          [32m+[0m[0m "kubernetes.io/cluster/fluss-eks-cluster" = "owned"
        }
      [32m+[0m[0m vpc_id                 = (known after apply)
    }

[1m  # module.eks.aws_security_group_rule.cluster["ingress_nodes_443"][0m will be created
[0m  [32m+[0m[0m resource "aws_security_group_rule" "cluster" {
      [32m+[0m[0m description              = "Node groups to cluster API"
      [32m+[0m[0m from_port                = 443
      [32m+[0m[0m id                       = (known after apply)
      [32m+[0m[0m protocol                 = "tcp"
      [32m+[0m[0m security_group_id        = (known after apply)
      [32m+[0m[0m security_group_rule_id   = (known after apply)
      [32m+[0m[0m self                     = false
      [32m+[0m[0m source_security_group_id = (known after apply)
      [32m+[0m[0m to_port                  = 443
      [32m+[0m[0m type                     = "ingress"
    }

[1m  # module.eks.aws_security_group_rule.node["egress_all"][0m will be created
[0m  [32m+[0m[0m resource "aws_security_group_rule" "node" {
      [32m+[0m[0m cidr_blocks              = [
          [32m+[0m[0m "0.0.0.0/0",
        ]
      [32m+[0m[0m description              = "Allow all egress"
      [32m+[0m[0m from_port                = 0
      [32m+[0m[0m id                       = (known after apply)
      [32m+[0m[0m prefix_list_ids          = []
      [32m+[0m[0m protocol                 = "-1"
      [32m+[0m[0m security_group_id        = (known after apply)
      [32m+[0m[0m security_group_rule_id   = (known after apply)
      [32m+[0m[0m self                     = false
      [32m+[0m[0m source_security_group_id = (known after apply)
      [32m+[0m[0m to_port                  = 0
      [32m+[0m[0m type                     = "egress"
    }

[1m  # module.eks.aws_security_group_rule.node["ingress_cluster_443"][0m will be created
[0m  [32m+[0m[0m resource "aws_security_group_rule" "node" {
      [32m+[0m[0m description              = "Cluster API to node groups"
      [32m+[0m[0m from_port                = 443
      [32m+[0m[0m id                       = (known after apply)
      [32m+[0m[0m prefix_list_ids          = []
      [32m+[0m[0m protocol                 = "tcp"
      [32m+[0m[0m security_group_id        = (known after apply)
      [32m+[0m[0m security_group_rule_id   = (known after apply)
      [32m+[0m[0m self                     = false
      [32m+[0m[0m source_security_group_id = (known after apply)
      [32m+[0m[0m to_port                  = 443
      [32m+[0m[0m type                     = "ingress"
    }

[1m  # module.eks.aws_security_group_rule.node["ingress_cluster_4443_webhook"][0m will be created
[0m  [32m+[0m[0m resource "aws_security_group_rule" "node" {
      [32m+[0m[0m description              = "Cluster API to node 4443/tcp webhook"
      [32m+[0m[0m from_port                = 4443
      [32m+[0m[0m id                       = (known after apply)
      [32m+[0m[0m prefix_list_ids          = []
      [32m+[0m[0m protocol                 = "tcp"
      [32m+[0m[0m security_group_id        = (known after apply)
      [32m+[0m[0m security_group_rule_id   = (known after apply)
      [32m+[0m[0m self                     = false
      [32m+[0m[0m source_security_group_id = (known after apply)
      [32m+[0m[0m to_port                  = 4443
      [32m+[0m[0m type                     = "ingress"
    }

[1m  # module.eks.aws_security_group_rule.node["ingress_cluster_6443_webhook"][0m will be created
[0m  [32m+[0m[0m resource "aws_security_group_rule" "node" {
      [32m+[0m[0m description              = "Cluster API to node 6443/tcp webhook"
      [32m+[0m[0m from_port                = 6443
      [32m+[0m[0m id                       = (known after apply)
      [32m+[0m[0m prefix_list_ids          = []
      [32m+[0m[0m protocol                 = "tcp"
      [32m+[0m[0m security_group_id        = (known after apply)
      [32m+[0m[0m security_group_rule_id   = (known after apply)
      [32m+[0m[0m self                     = false
      [32m+[0m[0m source_security_group_id = (known after apply)
      [32m+[0m[0m to_port                  = 6443
      [32m+[0m[0m type                     = "ingress"
    }

[1m  # module.eks.aws_security_group_rule.node["ingress_cluster_8443_webhook"][0m will be created
[0m  [32m+[0m[0m resource "aws_security_group_rule" "node" {
      [32m+[0m[0m description              = "Cluster API to node 8443/tcp webhook"
      [32m+[0m[0m from_port                = 8443
      [32m+[0m[0m id                       = (known after apply)
      [32m+[0m[0m prefix_list_ids          = []
      [32m+[0m[0m protocol                 = "tcp"
      [32m+[0m[0m security_group_id        = (known after apply)
      [32m+[0m[0m security_group_rule_id   = (known after apply)
      [32m+[0m[0m self                     = false
      [32m+[0m[0m source_security_group_id = (known after apply)
      [32m+[0m[0m to_port                  = 8443
      [32m+[0m[0m type                     = "ingress"
    }

[1m  # module.eks.aws_security_group_rule.node["ingress_cluster_9443_webhook"][0m will be created
[0m  [32m+[0m[0m resource "aws_security_group_rule" "node" {
      [32m+[0m[0m description              = "Cluster API to node 9443/tcp webhook"
      [32m+[0m[0m from_port                = 9443
      [32m+[0m[0m id                       = (known after apply)
      [32m+[0m[0m prefix_list_ids          = []
      [32m+[0m[0m protocol                 = "tcp"
      [32m+[0m[0m security_group_id        = (known after apply)
      [32m+[0m[0m security_group_rule_id   = (known after apply)
      [32m+[0m[0m self                     = false
      [32m+[0m[0m source_security_group_id = (known after apply)
      [32m+[0m[0m to_port                  = 9443
      [32m+[0m[0m type                     = "ingress"
    }

[1m  # module.eks.aws_security_group_rule.node["ingress_cluster_kubelet"][0m will be created
[0m  [32m+[0m[0m resource "aws_security_group_rule" "node" {
      [32m+[0m[0m description              = "Cluster API to node kubelets"
      [32m+[0m[0m from_port                = 10250
      [32m+[0m[0m id                       = (known after apply)
      [32m+[0m[0m prefix_list_ids          = []
      [32m+[0m[0m protocol                 = "tcp"
      [32m+[0m[0m security_group_id        = (known after apply)
      [32m+[0m[0m security_group_rule_id   = (known after apply)
      [32m+[0m[0m self                     = false
      [32m+[0m[0m source_security_group_id = (known after apply)
      [32m+[0m[0m to_port                  = 10250
      [32m+[0m[0m type                     = "ingress"
    }

[1m  # module.eks.aws_security_group_rule.node["ingress_nodes_ephemeral"][0m will be created
[0m  [32m+[0m[0m resource "aws_security_group_rule" "node" {
      [32m+[0m[0m description              = "Node to node ingress on ephemeral ports"
      [32m+[0m[0m from_port                = 1025
      [32m+[0m[0m id                       = (known after apply)
      [32m+[0m[0m prefix_list_ids          = []
      [32m+[0m[0m protocol                 = "tcp"
      [32m+[0m[0m security_group_id        = (known after apply)
      [32m+[0m[0m security_group_rule_id   = (known after apply)
      [32m+[0m[0m self                     = true
      [32m+[0m[0m source_security_group_id = (known after apply)
      [32m+[0m[0m to_port                  = 65535
      [32m+[0m[0m type                     = "ingress"
    }

[1m  # module.eks.aws_security_group_rule.node["ingress_self_coredns_tcp"][0m will be created
[0m  [32m+[0m[0m resource "aws_security_group_rule" "node" {
      [32m+[0m[0m description              = "Node to node CoreDNS"
      [32m+[0m[0m from_port                = 53
      [32m+[0m[0m id                       = (known after apply)
      [32m+[0m[0m prefix_list_ids          = []
      [32m+[0m[0m protocol                 = "tcp"
      [32m+[0m[0m security_group_id        = (known after apply)
      [32m+[0m[0m security_group_rule_id   = (known after apply)
      [32m+[0m[0m self                     = true
      [32m+[0m[0m source_security_group_id = (known after apply)
      [32m+[0m[0m to_port                  = 53
      [32m+[0m[0m type                     = "ingress"
    }

[1m  # module.eks.aws_security_group_rule.node["ingress_self_coredns_udp"][0m will be created
[0m  [32m+[0m[0m resource "aws_security_group_rule" "node" {
      [32m+[0m[0m description              = "Node to node CoreDNS UDP"
      [32m+[0m[0m from_port                = 53
      [32m+[0m[0m id                       = (known after apply)
      [32m+[0m[0m prefix_list_ids          = []
      [32m+[0m[0m protocol                 = "udp"
      [32m+[0m[0m security_group_id        = (known after apply)
      [32m+[0m[0m security_group_rule_id   = (known after apply)
      [32m+[0m[0m self                     = true
      [32m+[0m[0m source_security_group_id = (known after apply)
      [32m+[0m[0m to_port                  = 53
      [32m+[0m[0m type                     = "ingress"
    }

[1m  # module.eks.kubernetes_config_map_v1_data.aws_auth[0][0m will be created
[0m  [32m+[0m[0m resource "kubernetes_config_map_v1_data" "aws_auth" {
      [32m+[0m[0m data          = (known after apply)
      [32m+[0m[0m field_manager = "Terraform"
      [32m+[0m[0m force         = true
      [32m+[0m[0m id            = (known after apply)

      [32m+[0m[0m metadata {
          [32m+[0m[0m name      = "aws-auth"
          [32m+[0m[0m namespace = "kube-system"
        }
    }

[1m  # module.eks.time_sleep.this[0][0m will be created
[0m  [32m+[0m[0m resource "time_sleep" "this" {
      [32m+[0m[0m create_duration = "30s"
      [32m+[0m[0m id              = (known after apply)
      [32m+[0m[0m triggers        = {
          [32m+[0m[0m "cluster_certificate_authority_data" = (known after apply)
          [32m+[0m[0m "cluster_endpoint"                   = (known after apply)
          [32m+[0m[0m "cluster_name"                       = "fluss-eks-cluster"
          [32m+[0m[0m "cluster_version"                    = "1.28"
        }
    }

[1m  # module.vpc.aws_default_network_acl.this[0][0m will be created
[0m  [32m+[0m[0m resource "aws_default_network_acl" "this" {
      [32m+[0m[0m arn                    = (known after apply)
      [32m+[0m[0m default_network_acl_id = (known after apply)
      [32m+[0m[0m id                     = (known after apply)
      [32m+[0m[0m owner_id               = (known after apply)
      [32m+[0m[0m tags                   = {
          [32m+[0m[0m "Environment" = "dev"
          [32m+[0m[0m "ManagedBy"   = "terraform"
          [32m+[0m[0m "Name"        = "fluss-eks-cluster-vpc"
          [32m+[0m[0m "Project"     = "fluss-deployment"
        }
      [32m+[0m[0m tags_all               = {
          [32m+[0m[0m "Environment" = "dev"
          [32m+[0m[0m "ManagedBy"   = "terraform"
          [32m+[0m[0m "Name"        = "fluss-eks-cluster-vpc"
          [32m+[0m[0m "Project"     = "fluss-deployment"
        }
      [32m+[0m[0m vpc_id                 = (known after apply)

      [32m+[0m[0m egress {
          [32m+[0m[0m action          = "allow"
          [32m+[0m[0m from_port       = 0
          [32m+[0m[0m ipv6_cidr_block = "::/0"
          [32m+[0m[0m protocol        = "-1"
          [32m+[0m[0m rule_no         = 101
          [32m+[0m[0m to_port         = 0
            [90m# (1 unchanged attribute hidden)[0m[0m
        }
      [32m+[0m[0m egress {
          [32m+[0m[0m action          = "allow"
          [32m+[0m[0m cidr_block      = "0.0.0.0/0"
          [32m+[0m[0m from_port       = 0
          [32m+[0m[0m protocol        = "-1"
          [32m+[0m[0m rule_no         = 100
          [32m+[0m[0m to_port         = 0
            [90m# (1 unchanged attribute hidden)[0m[0m
        }

      [32m+[0m[0m ingress {
          [32m+[0m[0m action          = "allow"
          [32m+[0m[0m from_port       = 0
          [32m+[0m[0m ipv6_cidr_block = "::/0"
          [32m+[0m[0m protocol        = "-1"
          [32m+[0m[0m rule_no         = 101
          [32m+[0m[0m to_port         = 0
            [90m# (1 unchanged attribute hidden)[0m[0m
        }
      [32m+[0m[0m ingress {
          [32m+[0m[0m action          = "allow"
          [32m+[0m[0m cidr_block      = "0.0.0.0/0"
          [32m+[0m[0m from_port       = 0
          [32m+[0m[0m protocol        = "-1"
          [32m+[0m[0m rule_no         = 100
          [32m+[0m[0m to_port         = 0
            [90m# (1 unchanged attribute hidden)[0m[0m
        }
    }

[1m  # module.vpc.aws_default_route_table.default[0][0m will be created
[0m  [32m+[0m[0m resource "aws_default_route_table" "default" {
      [32m+[0m[0m arn                    = (known after apply)
      [32m+[0m[0m default_route_table_id = (known after apply)
      [32m+[0m[0m id                     = (known after apply)
      [32m+[0m[0m owner_id               = (known after apply)
      [32m+[0m[0m route                  = (known after apply)
      [32m+[0m[0m tags                   = {
          [32m+[0m[0m "Environment" = "dev"
          [32m+[0m[0m "ManagedBy"   = "terraform"
          [32m+[0m[0m "Name"        = "fluss-eks-cluster-vpc"
          [32m+[0m[0m "Project"     = "fluss-deployment"
        }
      [32m+[0m[0m tags_all               = {
          [32m+[0m[0m "Environment" = "dev"
          [32m+[0m[0m "ManagedBy"   = "terraform"
          [32m+[0m[0m "Name"        = "fluss-eks-cluster-vpc"
          [32m+[0m[0m "Project"     = "fluss-deployment"
        }
      [32m+[0m[0m vpc_id                 = (known after apply)

      [32m+[0m[0m timeouts {
          [32m+[0m[0m create = "5m"
          [32m+[0m[0m update = "5m"
        }
    }

[1m  # module.vpc.aws_default_security_group.this[0][0m will be created
[0m  [32m+[0m[0m resource "aws_default_security_group" "this" {
      [32m+[0m[0m arn                    = (known after apply)
      [32m+[0m[0m description            = (known after apply)
      [32m+[0m[0m egress                 = (known after apply)
      [32m+[0m[0m id                     = (known after apply)
      [32m+[0m[0m ingress                = (known after apply)
      [32m+[0m[0m name                   = (known after apply)
      [32m+[0m[0m name_prefix            = (known after apply)
      [32m+[0m[0m owner_id               = (known after apply)
      [32m+[0m[0m revoke_rules_on_delete = false
      [32m+[0m[0m tags                   = {
          [32m+[0m[0m "Environment" = "dev"
          [32m+[0m[0m "ManagedBy"   = "terraform"
          [32m+[0m[0m "Name"        = "fluss-eks-cluster-vpc"
          [32m+[0m[0m "Project"     = "fluss-deployment"
        }
      [32m+[0m[0m tags_all               = {
          [32m+[0m[0m "Environment" = "dev"
          [32m+[0m[0m "ManagedBy"   = "terraform"
          [32m+[0m[0m "Name"        = "fluss-eks-cluster-vpc"
          [32m+[0m[0m "Project"     = "fluss-deployment"
        }
      [32m+[0m[0m vpc_id                 = (known after apply)
    }

[1m  # module.vpc.aws_eip.nat[0][0m will be created
[0m  [32m+[0m[0m resource "aws_eip" "nat" {
      [32m+[0m[0m allocation_id        = (known after apply)
      [32m+[0m[0m arn                  = (known after apply)
      [32m+[0m[0m association_id       = (known after apply)
      [32m+[0m[0m carrier_ip           = (known after apply)
      [32m+[0m[0m customer_owned_ip    = (known after apply)
      [32m+[0m[0m domain               = "vpc"
      [32m+[0m[0m id                   = (known after apply)
      [32m+[0m[0m instance             = (known after apply)
      [32m+[0m[0m ipam_pool_id         = (known after apply)
      [32m+[0m[0m network_border_group = (known after apply)
      [32m+[0m[0m network_interface    = (known after apply)
      [32m+[0m[0m private_dns          = (known after apply)
      [32m+[0m[0m private_ip           = (known after apply)
      [32m+[0m[0m ptr_record           = (known after apply)
      [32m+[0m[0m public_dns           = (known after apply)
      [32m+[0m[0m public_ip            = (known after apply)
      [32m+[0m[0m public_ipv4_pool     = (known after apply)
      [32m+[0m[0m tags                 = {
          [32m+[0m[0m "Environment" = "dev"
          [32m+[0m[0m "ManagedBy"   = "terraform"
          [32m+[0m[0m "Name"        = "fluss-eks-cluster-vpc"
          [32m+[0m[0m "Project"     = "fluss-deployment"
        }
      [32m+[0m[0m tags_all             = {
          [32m+[0m[0m "Environment" = "dev"
          [32m+[0m[0m "ManagedBy"   = "terraform"
          [32m+[0m[0m "Name"        = "fluss-eks-cluster-vpc"
          [32m+[0m[0m "Project"     = "fluss-deployment"
        }
      [32m+[0m[0m vpc                  = (known after apply)
    }

[1m  # module.vpc.aws_eip.nat[1][0m will be created
[0m  [32m+[0m[0m resource "aws_eip" "nat" {
      [32m+[0m[0m allocation_id        = (known after apply)
      [32m+[0m[0m arn                  = (known after apply)
      [32m+[0m[0m association_id       = (known after apply)
      [32m+[0m[0m carrier_ip           = (known after apply)
      [32m+[0m[0m customer_owned_ip    = (known after apply)
      [32m+[0m[0m domain               = "vpc"
      [32m+[0m[0m id                   = (known after apply)
      [32m+[0m[0m instance             = (known after apply)
      [32m+[0m[0m ipam_pool_id         = (known after apply)
      [32m+[0m[0m network_border_group = (known after apply)
      [32m+[0m[0m network_interface    = (known after apply)
      [32m+[0m[0m private_dns          = (known after apply)
      [32m+[0m[0m private_ip           = (known after apply)
      [32m+[0m[0m ptr_record           = (known after apply)
      [32m+[0m[0m public_dns           = (known after apply)
      [32m+[0m[0m public_ip            = (known after apply)
      [32m+[0m[0m public_ipv4_pool     = (known after apply)
      [32m+[0m[0m tags                 = {
          [32m+[0m[0m "Environment" = "dev"
          [32m+[0m[0m "ManagedBy"   = "terraform"
          [32m+[0m[0m "Name"        = "fluss-eks-cluster-vpc"
          [32m+[0m[0m "Project"     = "fluss-deployment"
        }
      [32m+[0m[0m tags_all             = {
          [32m+[0m[0m "Environment" = "dev"
          [32m+[0m[0m "ManagedBy"   = "terraform"
          [32m+[0m[0m "Name"        = "fluss-eks-cluster-vpc"
          [32m+[0m[0m "Project"     = "fluss-deployment"
        }
      [32m+[0m[0m vpc                  = (known after apply)
    }

[1m  # module.vpc.aws_internet_gateway.this[0][0m will be created
[0m  [32m+[0m[0m resource "aws_internet_gateway" "this" {
      [32m+[0m[0m arn      = (known after apply)
      [32m+[0m[0m id       = (known after apply)
      [32m+[0m[0m owner_id = (known after apply)
      [32m+[0m[0m tags     = {
          [32m+[0m[0m "Environment" = "dev"
          [32m+[0m[0m "ManagedBy"   = "terraform"
          [32m+[0m[0m "Name"        = "fluss-eks-cluster-vpc"
          [32m+[0m[0m "Project"     = "fluss-deployment"
        }
      [32m+[0m[0m tags_all = {
          [32m+[0m[0m "Environment" = "dev"
          [32m+[0m[0m "ManagedBy"   = "terraform"
          [32m+[0m[0m "Name"        = "fluss-eks-cluster-vpc"
          [32m+[0m[0m "Project"     = "fluss-deployment"
        }
      [32m+[0m[0m vpc_id   = (known after apply)
    }

[1m  # module.vpc.aws_nat_gateway.this[0][0m will be created
[0m  [32m+[0m[0m resource "aws_nat_gateway" "this" {
      [32m+[0m[0m allocation_id                      = (known after apply)
      [32m+[0m[0m association_id                     = (known after apply)
      [32m+[0m[0m connectivity_type                  = "public"
      [32m+[0m[0m id                                 = (known after apply)
      [32m+[0m[0m network_interface_id               = (known after apply)
      [32m+[0m[0m private_ip                         = (known after apply)
      [32m+[0m[0m public_ip                          = (known after apply)
      [32m+[0m[0m secondary_private_ip_address_count = (known after apply)
      [32m+[0m[0m secondary_private_ip_addresses     = (known after apply)
      [32m+[0m[0m subnet_id                          = (known after apply)
      [32m+[0m[0m tags                               = {
          [32m+[0m[0m "Environment" = "dev"
          [32m+[0m[0m "ManagedBy"   = "terraform"
          [32m+[0m[0m "Name"        = "fluss-eks-cluster-vpc"
          [32m+[0m[0m "Project"     = "fluss-deployment"
        }
      [32m+[0m[0m tags_all                           = {
          [32m+[0m[0m "Environment" = "dev"
          [32m+[0m[0m "ManagedBy"   = "terraform"
          [32m+[0m[0m "Name"        = "fluss-eks-cluster-vpc"
          [32m+[0m[0m "Project"     = "fluss-deployment"
        }
    }

[1m  # module.vpc.aws_nat_gateway.this[1][0m will be created
[0m  [32m+[0m[0m resource "aws_nat_gateway" "this" {
      [32m+[0m[0m allocation_id                      = (known after apply)
      [32m+[0m[0m association_id                     = (known after apply)
      [32m+[0m[0m connectivity_type                  = "public"
      [32m+[0m[0m id                                 = (known after apply)
      [32m+[0m[0m network_interface_id               = (known after apply)
      [32m+[0m[0m private_ip                         = (known after apply)
      [32m+[0m[0m public_ip                          = (known after apply)
      [32m+[0m[0m secondary_private_ip_address_count = (known after apply)
      [32m+[0m[0m secondary_private_ip_addresses     = (known after apply)
      [32m+[0m[0m subnet_id                          = (known after apply)
      [32m+[0m[0m tags                               = {
          [32m+[0m[0m "Environment" = "dev"
          [32m+[0m[0m "ManagedBy"   = "terraform"
          [32m+[0m[0m "Name"        = "fluss-eks-cluster-vpc"
          [32m+[0m[0m "Project"     = "fluss-deployment"
        }
      [32m+[0m[0m tags_all                           = {
          [32m+[0m[0m "Environment" = "dev"
          [32m+[0m[0m "ManagedBy"   = "terraform"
          [32m+[0m[0m "Name"        = "fluss-eks-cluster-vpc"
          [32m+[0m[0m "Project"     = "fluss-deployment"
        }
    }

[1m  # module.vpc.aws_route.private_nat_gateway[0][0m will be created
[0m  [32m+[0m[0m resource "aws_route" "private_nat_gateway" {
      [32m+[0m[0m destination_cidr_block = "0.0.0.0/0"
      [32m+[0m[0m id                     = (known after apply)
      [32m+[0m[0m instance_id            = (known after apply)
      [32m+[0m[0m instance_owner_id      = (known after apply)
      [32m+[0m[0m nat_gateway_id         = (known after apply)
      [32m+[0m[0m network_interface_id   = (known after apply)
      [32m+[0m[0m origin                 = (known after apply)
      [32m+[0m[0m route_table_id         = (known after apply)
      [32m+[0m[0m state                  = (known after apply)

      [32m+[0m[0m timeouts {
          [32m+[0m[0m create = "5m"
        }
    }

[1m  # module.vpc.aws_route.private_nat_gateway[1][0m will be created
[0m  [32m+[0m[0m resource "aws_route" "private_nat_gateway" {
      [32m+[0m[0m destination_cidr_block = "0.0.0.0/0"
      [32m+[0m[0m id                     = (known after apply)
      [32m+[0m[0m instance_id            = (known after apply)
      [32m+[0m[0m instance_owner_id      = (known after apply)
      [32m+[0m[0m nat_gateway_id         = (known after apply)
      [32m+[0m[0m network_interface_id   = (known after apply)
      [32m+[0m[0m origin                 = (known after apply)
      [32m+[0m[0m route_table_id         = (known after apply)
      [32m+[0m[0m state                  = (known after apply)

      [32m+[0m[0m timeouts {
          [32m+[0m[0m create = "5m"
        }
    }

[1m  # module.vpc.aws_route.public_internet_gateway[0][0m will be created
[0m  [32m+[0m[0m resource "aws_route" "public_internet_gateway" {
      [32m+[0m[0m destination_cidr_block = "0.0.0.0/0"
      [32m+[0m[0m gateway_id             = (known after apply)
      [32m+[0m[0m id                     = (known after apply)
      [32m+[0m[0m instance_id            = (known after apply)
      [32m+[0m[0m instance_owner_id      = (known after apply)
      [32m+[0m[0m network_interface_id   = (known after apply)
      [32m+[0m[0m origin                 = (known after apply)
      [32m+[0m[0m route_table_id         = (known after apply)
      [32m+[0m[0m state                  = (known after apply)

      [32m+[0m[0m timeouts {
          [32m+[0m[0m create = "5m"
        }
    }

[1m  # module.vpc.aws_route_table.private[0][0m will be created
[0m  [32m+[0m[0m resource "aws_route_table" "private" {
      [32m+[0m[0m arn              = (known after apply)
      [32m+[0m[0m id               = (known after apply)
      [32m+[0m[0m owner_id         = (known after apply)
      [32m+[0m[0m propagating_vgws = (known after apply)
      [32m+[0m[0m route            = (known after apply)
      [32m+[0m[0m tags             = {
          [32m+[0m[0m "Environment" = "dev"
          [32m+[0m[0m "ManagedBy"   = "terraform"
          [32m+[0m[0m "Name"        = "fluss-eks-cluster-vpc"
          [32m+[0m[0m "Project"     = "fluss-deployment"
        }
      [32m+[0m[0m tags_all         = {
          [32m+[0m[0m "Environment" = "dev"
          [32m+[0m[0m "ManagedBy"   = "terraform"
          [32m+[0m[0m "Name"        = "fluss-eks-cluster-vpc"
          [32m+[0m[0m "Project"     = "fluss-deployment"
        }
      [32m+[0m[0m vpc_id           = (known after apply)
    }

[1m  # module.vpc.aws_route_table.private[1][0m will be created
[0m  [32m+[0m[0m resource "aws_route_table" "private" {
      [32m+[0m[0m arn              = (known after apply)
      [32m+[0m[0m id               = (known after apply)
      [32m+[0m[0m owner_id         = (known after apply)
      [32m+[0m[0m propagating_vgws = (known after apply)
      [32m+[0m[0m route            = (known after apply)
      [32m+[0m[0m tags             = {
          [32m+[0m[0m "Environment" = "dev"
          [32m+[0m[0m "ManagedBy"   = "terraform"
          [32m+[0m[0m "Name"        = "fluss-eks-cluster-vpc"
          [32m+[0m[0m "Project"     = "fluss-deployment"
        }
      [32m+[0m[0m tags_all         = {
          [32m+[0m[0m "Environment" = "dev"
          [32m+[0m[0m "ManagedBy"   = "terraform"
          [32m+[0m[0m "Name"        = "fluss-eks-cluster-vpc"
          [32m+[0m[0m "Project"     = "fluss-deployment"
        }
      [32m+[0m[0m vpc_id           = (known after apply)
    }

[1m  # module.vpc.aws_route_table.public[0][0m will be created
[0m  [32m+[0m[0m resource "aws_route_table" "public" {
      [32m+[0m[0m arn              = (known after apply)
      [32m+[0m[0m id               = (known after apply)
      [32m+[0m[0m owner_id         = (known after apply)
      [32m+[0m[0m propagating_vgws = (known after apply)
      [32m+[0m[0m route            = (known after apply)
      [32m+[0m[0m tags             = {
          [32m+[0m[0m "Environment" = "dev"
          [32m+[0m[0m "ManagedBy"   = "terraform"
          [32m+[0m[0m "Name"        = "fluss-eks-cluster-vpc"
          [32m+[0m[0m "Project"     = "fluss-deployment"
        }
      [32m+[0m[0m tags_all         = {
          [32m+[0m[0m "Environment" = "dev"
          [32m+[0m[0m "ManagedBy"   = "terraform"
          [32m+[0m[0m "Name"        = "fluss-eks-cluster-vpc"
          [32m+[0m[0m "Project"     = "fluss-deployment"
        }
      [32m+[0m[0m vpc_id           = (known after apply)
    }

[1m  # module.vpc.aws_route_table_association.private[0][0m will be created
[0m  [32m+[0m[0m resource "aws_route_table_association" "private" {
      [32m+[0m[0m id             = (known after apply)
      [32m+[0m[0m route_table_id = (known after apply)
      [32m+[0m[0m subnet_id      = (known after apply)
    }

[1m  # module.vpc.aws_route_table_association.private[1][0m will be created
[0m  [32m+[0m[0m resource "aws_route_table_association" "private" {
      [32m+[0m[0m id             = (known after apply)
      [32m+[0m[0m route_table_id = (known after apply)
      [32m+[0m[0m subnet_id      = (known after apply)
    }

[1m  # module.vpc.aws_route_table_association.public[0][0m will be created
[0m  [32m+[0m[0m resource "aws_route_table_association" "public" {
      [32m+[0m[0m id             = (known after apply)
      [32m+[0m[0m route_table_id = (known after apply)
      [32m+[0m[0m subnet_id      = (known after apply)
    }

[1m  # module.vpc.aws_route_table_association.public[1][0m will be created
[0m  [32m+[0m[0m resource "aws_route_table_association" "public" {
      [32m+[0m[0m id             = (known after apply)
      [32m+[0m[0m route_table_id = (known after apply)
      [32m+[0m[0m subnet_id      = (known after apply)
    }

[1m  # module.vpc.aws_subnet.private[0][0m will be created
[0m  [32m+[0m[0m resource "aws_subnet" "private" {
      [32m+[0m[0m arn                                            = (known after apply)
      [32m+[0m[0m assign_ipv6_address_on_creation                = false
      [32m+[0m[0m availability_zone                              = "us-west-2a"
      [32m+[0m[0m availability_zone_id                           = (known after apply)
      [32m+[0m[0m cidr_block                                     = "10.0.1.0/24"
      [32m+[0m[0m enable_dns64                                   = false
      [32m+[0m[0m enable_resource_name_dns_a_record_on_launch    = false
      [32m+[0m[0m enable_resource_name_dns_aaaa_record_on_launch = false
      [32m+[0m[0m id                                             = (known after apply)
      [32m+[0m[0m ipv6_cidr_block_association_id                 = (known after apply)
      [32m+[0m[0m ipv6_native                                    = false
      [32m+[0m[0m map_public_ip_on_launch                        = false
      [32m+[0m[0m owner_id                                       = (known after apply)
      [32m+[0m[0m private_dns_hostname_type_on_launch            = (known after apply)
      [32m+[0m[0m tags                                           = {
          [32m+[0m[0m "Environment"                             = "dev"
          [32m+[0m[0m "ManagedBy"                               = "terraform"
          [32m+[0m[0m "Name"                                    = "fluss-eks-cluster-vpc"
          [32m+[0m[0m "Project"                                 = "fluss-deployment"
          [32m+[0m[0m "kubernetes.io/cluster/fluss-eks-cluster" = "shared"
          [32m+[0m[0m "kubernetes.io/role/internal-elb"         = "1"
        }
      [32m+[0m[0m tags_all                                       = {
          [32m+[0m[0m "Environment"                             = "dev"
          [32m+[0m[0m "ManagedBy"                               = "terraform"
          [32m+[0m[0m "Name"                                    = "fluss-eks-cluster-vpc"
          [32m+[0m[0m "Project"                                 = "fluss-deployment"
          [32m+[0m[0m "kubernetes.io/cluster/fluss-eks-cluster" = "shared"
          [32m+[0m[0m "kubernetes.io/role/internal-elb"         = "1"
        }
      [32m+[0m[0m vpc_id                                         = (known after apply)
    }

[1m  # module.vpc.aws_subnet.private[1][0m will be created
[0m  [32m+[0m[0m resource "aws_subnet" "private" {
      [32m+[0m[0m arn                                            = (known after apply)
      [32m+[0m[0m assign_ipv6_address_on_creation                = false
      [32m+[0m[0m availability_zone                              = "us-west-2b"
      [32m+[0m[0m availability_zone_id                           = (known after apply)
      [32m+[0m[0m cidr_block                                     = "10.0.2.0/24"
      [32m+[0m[0m enable_dns64                                   = false
      [32m+[0m[0m enable_resource_name_dns_a_record_on_launch    = false
      [32m+[0m[0m enable_resource_name_dns_aaaa_record_on_launch = false
      [32m+[0m[0m id                                             = (known after apply)
      [32m+[0m[0m ipv6_cidr_block_association_id                 = (known after apply)
      [32m+[0m[0m ipv6_native                                    = false
      [32m+[0m[0m map_public_ip_on_launch                        = false
      [32m+[0m[0m owner_id                                       = (known after apply)
      [32m+[0m[0m private_dns_hostname_type_on_launch            = (known after apply)
      [32m+[0m[0m tags                                           = {
          [32m+[0m[0m "Environment"                             = "dev"
          [32m+[0m[0m "ManagedBy"                               = "terraform"
          [32m+[0m[0m "Name"                                    = "fluss-eks-cluster-vpc"
          [32m+[0m[0m "Project"                                 = "fluss-deployment"
          [32m+[0m[0m "kubernetes.io/cluster/fluss-eks-cluster" = "shared"
          [32m+[0m[0m "kubernetes.io/role/internal-elb"         = "1"
        }
      [32m+[0m[0m tags_all                                       = {
          [32m+[0m[0m "Environment"                             = "dev"
          [32m+[0m[0m "ManagedBy"                               = "terraform"
          [32m+[0m[0m "Name"                                    = "fluss-eks-cluster-vpc"
          [32m+[0m[0m "Project"                                 = "fluss-deployment"
          [32m+[0m[0m "kubernetes.io/cluster/fluss-eks-cluster" = "shared"
          [32m+[0m[0m "kubernetes.io/role/internal-elb"         = "1"
        }
      [32m+[0m[0m vpc_id                                         = (known after apply)
    }

[1m  # module.vpc.aws_subnet.public[0][0m will be created
[0m  [32m+[0m[0m resource "aws_subnet" "public" {
      [32m+[0m[0m arn                                            = (known after apply)
      [32m+[0m[0m assign_ipv6_address_on_creation                = false
      [32m+[0m[0m availability_zone                              = "us-west-2a"
      [32m+[0m[0m availability_zone_id                           = (known after apply)
      [32m+[0m[0m cidr_block                                     = "10.0.101.0/24"
      [32m+[0m[0m enable_dns64                                   = false
      [32m+[0m[0m enable_resource_name_dns_a_record_on_launch    = false
      [32m+[0m[0m enable_resource_name_dns_aaaa_record_on_launch = false
      [32m+[0m[0m id                                             = (known after apply)
      [32m+[0m[0m ipv6_cidr_block_association_id                 = (known after apply)
      [32m+[0m[0m ipv6_native                                    = false
      [32m+[0m[0m map_public_ip_on_launch                        = false
      [32m+[0m[0m owner_id                                       = (known after apply)
      [32m+[0m[0m private_dns_hostname_type_on_launch            = (known after apply)
      [32m+[0m[0m tags                                           = {
          [32m+[0m[0m "Environment"                             = "dev"
          [32m+[0m[0m "ManagedBy"                               = "terraform"
          [32m+[0m[0m "Name"                                    = "fluss-eks-cluster-vpc"
          [32m+[0m[0m "Project"                                 = "fluss-deployment"
          [32m+[0m[0m "kubernetes.io/cluster/fluss-eks-cluster" = "shared"
          [32m+[0m[0m "kubernetes.io/role/elb"                  = "1"
        }
      [32m+[0m[0m tags_all                                       = {
          [32m+[0m[0m "Environment"                             = "dev"
          [32m+[0m[0m "ManagedBy"                               = "terraform"
          [32m+[0m[0m "Name"                                    = "fluss-eks-cluster-vpc"
          [32m+[0m[0m "Project"                                 = "fluss-deployment"
          [32m+[0m[0m "kubernetes.io/cluster/fluss-eks-cluster" = "shared"
          [32m+[0m[0m "kubernetes.io/role/elb"                  = "1"
        }
      [32m+[0m[0m vpc_id                                         = (known after apply)
    }

[1m  # module.vpc.aws_subnet.public[1][0m will be created
[0m  [32m+[0m[0m resource "aws_subnet" "public" {
      [32m+[0m[0m arn                                            = (known after apply)
      [32m+[0m[0m assign_ipv6_address_on_creation                = false
      [32m+[0m[0m availability_zone                              = "us-west-2b"
      [32m+[0m[0m availability_zone_id                           = (known after apply)
      [32m+[0m[0m cidr_block                                     = "10.0.102.0/24"
      [32m+[0m[0m enable_dns64                                   = false
      [32m+[0m[0m enable_resource_name_dns_a_record_on_launch    = false
      [32m+[0m[0m enable_resource_name_dns_aaaa_record_on_launch = false
      [32m+[0m[0m id                                             = (known after apply)
      [32m+[0m[0m ipv6_cidr_block_association_id                 = (known after apply)
      [32m+[0m[0m ipv6_native                                    = false
      [32m+[0m[0m map_public_ip_on_launch                        = false
      [32m+[0m[0m owner_id                                       = (known after apply)
      [32m+[0m[0m private_dns_hostname_type_on_launch            = (known after apply)
      [32m+[0m[0m tags                                           = {
          [32m+[0m[0m "Environment"                             = "dev"
          [32m+[0m[0m "ManagedBy"                               = "terraform"
          [32m+[0m[0m "Name"                                    = "fluss-eks-cluster-vpc"
          [32m+[0m[0m "Project"                                 = "fluss-deployment"
          [32m+[0m[0m "kubernetes.io/cluster/fluss-eks-cluster" = "shared"
          [32m+[0m[0m "kubernetes.io/role/elb"                  = "1"
        }
      [32m+[0m[0m tags_all                                       = {
          [32m+[0m[0m "Environment"                             = "dev"
          [32m+[0m[0m "ManagedBy"                               = "terraform"
          [32m+[0m[0m "Name"                                    = "fluss-eks-cluster-vpc"
          [32m+[0m[0m "Project"                                 = "fluss-deployment"
          [32m+[0m[0m "kubernetes.io/cluster/fluss-eks-cluster" = "shared"
          [32m+[0m[0m "kubernetes.io/role/elb"                  = "1"
        }
      [32m+[0m[0m vpc_id                                         = (known after apply)
    }

[1m  # module.vpc.aws_vpc.this[0][0m will be created
[0m  [32m+[0m[0m resource "aws_vpc" "this" {
      [32m+[0m[0m arn                                  = (known after apply)
      [32m+[0m[0m cidr_block                           = "10.0.0.0/16"
      [32m+[0m[0m default_network_acl_id               = (known after apply)
      [32m+[0m[0m default_route_table_id               = (known after apply)
      [32m+[0m[0m default_security_group_id            = (known after apply)
      [32m+[0m[0m dhcp_options_id                      = (known after apply)
      [32m+[0m[0m enable_dns_hostnames                 = true
      [32m+[0m[0m enable_dns_support                   = true
      [32m+[0m[0m enable_network_address_usage_metrics = (known after apply)
      [32m+[0m[0m id                                   = (known after apply)
      [32m+[0m[0m instance_tenancy                     = "default"
      [32m+[0m[0m ipv6_association_id                  = (known after apply)
      [32m+[0m[0m ipv6_cidr_block                      = (known after apply)
      [32m+[0m[0m ipv6_cidr_block_network_border_group = (known after apply)
      [32m+[0m[0m main_route_table_id                  = (known after apply)
      [32m+[0m[0m owner_id                             = (known after apply)
      [32m+[0m[0m tags                                 = {
          [32m+[0m[0m "Environment" = "dev"
          [32m+[0m[0m "ManagedBy"   = "terraform"
          [32m+[0m[0m "Name"        = "fluss-eks-cluster-vpc"
          [32m+[0m[0m "Project"     = "fluss-deployment"
        }
      [32m+[0m[0m tags_all                             = {
          [32m+[0m[0m "Environment" = "dev"
          [32m+[0m[0m "ManagedBy"   = "terraform"
          [32m+[0m[0m "Name"        = "fluss-eks-cluster-vpc"
          [32m+[0m[0m "Project"     = "fluss-deployment"
        }
    }

[1m  # module.eks.module.eks_managed_node_group["coordinator"].aws_eks_node_group.this[0][0m will be created
[0m  [32m+[0m[0m resource "aws_eks_node_group" "this" {
      [32m+[0m[0m ami_type               = (known after apply)
      [32m+[0m[0m arn                    = (known after apply)
      [32m+[0m[0m capacity_type          = "ON_DEMAND"
      [32m+[0m[0m cluster_name           = "fluss-eks-cluster"
      [32m+[0m[0m disk_size              = (known after apply)
      [32m+[0m[0m id                     = (known after apply)
      [32m+[0m[0m instance_types         = [
          [32m+[0m[0m "t3.medium",
        ]
      [32m+[0m[0m labels                 = {
          [32m+[0m[0m "fluss-component" = "coordinator"
          [32m+[0m[0m "node-type"       = "coordinator"
          [32m+[0m[0m "service"         = "coordinator"
          [32m+[0m[0m "workload"        = "fluss"
        }
      [32m+[0m[0m node_group_name        = (known after apply)
      [32m+[0m[0m node_group_name_prefix = "coordinator-"
      [32m+[0m[0m node_role_arn          = (known after apply)
      [32m+[0m[0m release_version        = (known after apply)
      [32m+[0m[0m resources              = (known after apply)
      [32m+[0m[0m status                 = (known after apply)
      [32m+[0m[0m subnet_ids             = (known after apply)
      [32m+[0m[0m tags                   = {
          [32m+[0m[0m "Component"   = "coordinator"
          [32m+[0m[0m "Environment" = "dev"
          [32m+[0m[0m "ManagedBy"   = "terraform"
          [32m+[0m[0m "Name"        = "coordinator"
          [32m+[0m[0m "Project"     = "fluss-deployment"
          [32m+[0m[0m "Service"     = "fluss"
        }
      [32m+[0m[0m tags_all               = {
          [32m+[0m[0m "Component"   = "coordinator"
          [32m+[0m[0m "Environment" = "dev"
          [32m+[0m[0m "ManagedBy"   = "terraform"
          [32m+[0m[0m "Name"        = "coordinator"
          [32m+[0m[0m "Project"     = "fluss-deployment"
          [32m+[0m[0m "Service"     = "fluss"
        }
      [32m+[0m[0m version                = "1.28"

      [32m+[0m[0m launch_template {
          [32m+[0m[0m id      = (known after apply)
          [32m+[0m[0m name    = (known after apply)
          [32m+[0m[0m version = (known after apply)
        }

      [32m+[0m[0m node_repair_config (known after apply)

      [32m+[0m[0m scaling_config {
          [32m+[0m[0m desired_size = 1
          [32m+[0m[0m max_size     = 1
          [32m+[0m[0m min_size     = 1
        }

      [32m+[0m[0m taint {
          [32m+[0m[0m effect = "NO_SCHEDULE"
          [32m+[0m[0m key    = "fluss-component"
          [32m+[0m[0m value  = "coordinator"
        }

      [32m+[0m[0m timeouts {}

      [32m+[0m[0m update_config {
          [32m+[0m[0m max_unavailable_percentage = 33
        }
    }

[1m  # module.eks.module.eks_managed_node_group["coordinator"].aws_iam_role.this[0][0m will be created
[0m  [32m+[0m[0m resource "aws_iam_role" "this" {
      [32m+[0m[0m arn                   = (known after apply)
      [32m+[0m[0m assume_role_policy    = jsonencode(
            {
              [32m+[0m[0m Statement = [
                  [32m+[0m[0m {
                      [32m+[0m[0m Action    = "sts:AssumeRole"
                      [32m+[0m[0m Effect    = "Allow"
                      [32m+[0m[0m Principal = {
                          [32m+[0m[0m Service = "ec2.amazonaws.com"
                        }
                      [32m+[0m[0m Sid       = "EKSNodeAssumeRole"
                    },
                ]
              [32m+[0m[0m Version   = "2012-10-17"
            }
        )
      [32m+[0m[0m create_date           = (known after apply)
      [32m+[0m[0m description           = "EKS managed node group IAM role"
      [32m+[0m[0m force_detach_policies = true
      [32m+[0m[0m id                    = (known after apply)
      [32m+[0m[0m managed_policy_arns   = (known after apply)
      [32m+[0m[0m max_session_duration  = 3600
      [32m+[0m[0m name                  = (known after apply)
      [32m+[0m[0m name_prefix           = "coordinator-eks-node-group-"
      [32m+[0m[0m path                  = "/"
      [32m+[0m[0m tags                  = {
          [32m+[0m[0m "Component"   = "coordinator"
          [32m+[0m[0m "Environment" = "dev"
          [32m+[0m[0m "ManagedBy"   = "terraform"
          [32m+[0m[0m "Name"        = "fluss-eks-cluster-coordinator"
          [32m+[0m[0m "Project"     = "fluss-deployment"
          [32m+[0m[0m "Service"     = "fluss"
        }
      [32m+[0m[0m tags_all              = {
          [32m+[0m[0m "Component"   = "coordinator"
          [32m+[0m[0m "Environment" = "dev"
          [32m+[0m[0m "ManagedBy"   = "terraform"
          [32m+[0m[0m "Name"        = "fluss-eks-cluster-coordinator"
          [32m+[0m[0m "Project"     = "fluss-deployment"
          [32m+[0m[0m "Service"     = "fluss"
        }
      [32m+[0m[0m unique_id             = (known after apply)

      [32m+[0m[0m inline_policy (known after apply)
    }

[1m  # module.eks.module.eks_managed_node_group["coordinator"].aws_iam_role_policy_attachment.additional["AmazonEBSCSIDriverPolicy"][0m will be created
[0m  [32m+[0m[0m resource "aws_iam_role_policy_attachment" "additional" {
      [32m+[0m[0m id         = (known after apply)
      [32m+[0m[0m policy_arn = "arn:aws:iam::aws:policy/service-role/AmazonEBSCSIDriverPolicy"
      [32m+[0m[0m role       = (known after apply)
    }

[1m  # module.eks.module.eks_managed_node_group["coordinator"].aws_iam_role_policy_attachment.this["arn:aws:iam::aws:policy/AmazonEC2ContainerRegistryReadOnly"][0m will be created
[0m  [32m+[0m[0m resource "aws_iam_role_policy_attachment" "this" {
      [32m+[0m[0m id         = (known after apply)
      [32m+[0m[0m policy_arn = "arn:aws:iam::aws:policy/AmazonEC2ContainerRegistryReadOnly"
      [32m+[0m[0m role       = (known after apply)
    }

[1m  # module.eks.module.eks_managed_node_group["coordinator"].aws_iam_role_policy_attachment.this["arn:aws:iam::aws:policy/AmazonEKSWorkerNodePolicy"][0m will be created
[0m  [32m+[0m[0m resource "aws_iam_role_policy_attachment" "this" {
      [32m+[0m[0m id         = (known after apply)
      [32m+[0m[0m policy_arn = "arn:aws:iam::aws:policy/AmazonEKSWorkerNodePolicy"
      [32m+[0m[0m role       = (known after apply)
    }

[1m  # module.eks.module.eks_managed_node_group["coordinator"].aws_iam_role_policy_attachment.this["arn:aws:iam::aws:policy/AmazonEKS_CNI_Policy"][0m will be created
[0m  [32m+[0m[0m resource "aws_iam_role_policy_attachment" "this" {
      [32m+[0m[0m id         = (known after apply)
      [32m+[0m[0m policy_arn = "arn:aws:iam::aws:policy/AmazonEKS_CNI_Policy"
      [32m+[0m[0m role       = (known after apply)
    }

[1m  # module.eks.module.eks_managed_node_group["coordinator"].aws_launch_template.this[0][0m will be created
[0m  [32m+[0m[0m resource "aws_launch_template" "this" {
      [32m+[0m[0m arn                    = (known after apply)
      [32m+[0m[0m default_version        = (known after apply)
      [32m+[0m[0m description            = "Custom launch template for coordinator EKS managed node group"
      [32m+[0m[0m id                     = (known after apply)
      [32m+[0m[0m latest_version         = (known after apply)
      [32m+[0m[0m name                   = (known after apply)
      [32m+[0m[0m name_prefix            = "coordinator-"
      [32m+[0m[0m tags                   = {
          [32m+[0m[0m "Component"   = "coordinator"
          [32m+[0m[0m "Environment" = "dev"
          [32m+[0m[0m "ManagedBy"   = "terraform"
          [32m+[0m[0m "Name"        = "fluss-eks-cluster-coordinator"
          [32m+[0m[0m "Project"     = "fluss-deployment"
          [32m+[0m[0m "Service"     = "fluss"
        }
      [32m+[0m[0m tags_all               = {
          [32m+[0m[0m "Component"   = "coordinator"
          [32m+[0m[0m "Environment" = "dev"
          [32m+[0m[0m "ManagedBy"   = "terraform"
          [32m+[0m[0m "Name"        = "fluss-eks-cluster-coordinator"
          [32m+[0m[0m "Project"     = "fluss-deployment"
          [32m+[0m[0m "Service"     = "fluss"
        }
      [32m+[0m[0m update_default_version = true
      [32m+[0m[0m vpc_security_group_ids = (known after apply)
        [90m# (2 unchanged attributes hidden)[0m[0m

      [32m+[0m[0m metadata_options {
          [32m+[0m[0m http_endpoint               = "enabled"
          [32m+[0m[0m http_protocol_ipv6          = (known after apply)
          [32m+[0m[0m http_put_response_hop_limit = 2
          [32m+[0m[0m http_tokens                 = "required"
          [32m+[0m[0m instance_metadata_tags      = (known after apply)
        }

      [32m+[0m[0m tag_specifications {
          [32m+[0m[0m resource_type = "instance"
          [32m+[0m[0m tags          = {
              [32m+[0m[0m "Component"   = "coordinator"
              [32m+[0m[0m "Environment" = "dev"
              [32m+[0m[0m "ManagedBy"   = "terraform"
              [32m+[0m[0m "Name"        = "coordinator"
              [32m+[0m[0m "Project"     = "fluss-deployment"
              [32m+[0m[0m "Service"     = "fluss"
            }
        }
      [32m+[0m[0m tag_specifications {
          [32m+[0m[0m resource_type = "network-interface"
          [32m+[0m[0m tags          = {
              [32m+[0m[0m "Component"   = "coordinator"
              [32m+[0m[0m "Environment" = "dev"
              [32m+[0m[0m "ManagedBy"   = "terraform"
              [32m+[0m[0m "Name"        = "coordinator"
              [32m+[0m[0m "Project"     = "fluss-deployment"
              [32m+[0m[0m "Service"     = "fluss"
            }
        }
      [32m+[0m[0m tag_specifications {
          [32m+[0m[0m resource_type = "volume"
          [32m+[0m[0m tags          = {
              [32m+[0m[0m "Component"   = "coordinator"
              [32m+[0m[0m "Environment" = "dev"
              [32m+[0m[0m "ManagedBy"   = "terraform"
              [32m+[0m[0m "Name"        = "coordinator"
              [32m+[0m[0m "Project"     = "fluss-deployment"
              [32m+[0m[0m "Service"     = "fluss"
            }
        }
    }

[1m  # module.eks.module.eks_managed_node_group["tablet_server"].aws_eks_node_group.this[0][0m will be created
[0m  [32m+[0m[0m resource "aws_eks_node_group" "this" {
      [32m+[0m[0m ami_type               = (known after apply)
      [32m+[0m[0m arn                    = (known after apply)
      [32m+[0m[0m capacity_type          = "ON_DEMAND"
      [32m+[0m[0m cluster_name           = "fluss-eks-cluster"
      [32m+[0m[0m disk_size              = (known after apply)
      [32m+[0m[0m id                     = (known after apply)
      [32m+[0m[0m instance_types         = [
          [32m+[0m[0m "t3.medium",
        ]
      [32m+[0m[0m labels                 = {
          [32m+[0m[0m "fluss-component" = "tablet-server"
          [32m+[0m[0m "node-type"       = "tablet-server"
          [32m+[0m[0m "service"         = "tablet-server"
          [32m+[0m[0m "workload"        = "fluss"
        }
      [32m+[0m[0m node_group_name        = (known after apply)
      [32m+[0m[0m node_group_name_prefix = "tablet-server-"
      [32m+[0m[0m node_role_arn          = (known after apply)
      [32m+[0m[0m release_version        = (known after apply)
      [32m+[0m[0m resources              = (known after apply)
      [32m+[0m[0m status                 = (known after apply)
      [32m+[0m[0m subnet_ids             = (known after apply)
      [32m+[0m[0m tags                   = {
          [32m+[0m[0m "Component"   = "tablet-server"
          [32m+[0m[0m "Environment" = "dev"
          [32m+[0m[0m "ManagedBy"   = "terraform"
          [32m+[0m[0m "Name"        = "tablet-server"
          [32m+[0m[0m "Project"     = "fluss-deployment"
          [32m+[0m[0m "Service"     = "fluss"
        }
      [32m+[0m[0m tags_all               = {
          [32m+[0m[0m "Component"   = "tablet-server"
          [32m+[0m[0m "Environment" = "dev"
          [32m+[0m[0m "ManagedBy"   = "terraform"
          [32m+[0m[0m "Name"        = "tablet-server"
          [32m+[0m[0m "Project"     = "fluss-deployment"
          [32m+[0m[0m "Service"     = "fluss"
        }
      [32m+[0m[0m version                = "1.28"

      [32m+[0m[0m launch_template {
          [32m+[0m[0m id      = (known after apply)
          [32m+[0m[0m name    = (known after apply)
          [32m+[0m[0m version = (known after apply)
        }

      [32m+[0m[0m node_repair_config (known after apply)

      [32m+[0m[0m scaling_config {
          [32m+[0m[0m desired_size = 3
          [32m+[0m[0m max_size     = 3
          [32m+[0m[0m min_size     = 3
        }

      [32m+[0m[0m timeouts {}

      [32m+[0m[0m update_config {
          [32m+[0m[0m max_unavailable_percentage = 33
        }
    }

[1m  # module.eks.module.eks_managed_node_group["tablet_server"].aws_iam_role.this[0][0m will be created
[0m  [32m+[0m[0m resource "aws_iam_role" "this" {
      [32m+[0m[0m arn                   = (known after apply)
      [32m+[0m[0m assume_role_policy    = jsonencode(
            {
              [32m+[0m[0m Statement = [
                  [32m+[0m[0m {
                      [32m+[0m[0m Action    = "sts:AssumeRole"
                      [32m+[0m[0m Effect    = "Allow"
                      [32m+[0m[0m Principal = {
                          [32m+[0m[0m Service = "ec2.amazonaws.com"
                        }
                      [32m+[0m[0m Sid       = "EKSNodeAssumeRole"
                    },
                ]
              [32m+[0m[0m Version   = "2012-10-17"
            }
        )
      [32m+[0m[0m create_date           = (known after apply)
      [32m+[0m[0m description           = "EKS managed node group IAM role"
      [32m+[0m[0m force_detach_policies = true
      [32m+[0m[0m id                    = (known after apply)
      [32m+[0m[0m managed_policy_arns   = (known after apply)
      [32m+[0m[0m max_session_duration  = 3600
      [32m+[0m[0m name                  = (known after apply)
      [32m+[0m[0m name_prefix           = "tablet-server-eks-node-group-"
      [32m+[0m[0m path                  = "/"
      [32m+[0m[0m tags                  = {
          [32m+[0m[0m "Component"   = "tablet-server"
          [32m+[0m[0m "Environment" = "dev"
          [32m+[0m[0m "ManagedBy"   = "terraform"
          [32m+[0m[0m "Name"        = "fluss-eks-cluster-tablet-server"
          [32m+[0m[0m "Project"     = "fluss-deployment"
          [32m+[0m[0m "Service"     = "fluss"
        }
      [32m+[0m[0m tags_all              = {
          [32m+[0m[0m "Component"   = "tablet-server"
          [32m+[0m[0m "Environment" = "dev"
          [32m+[0m[0m "ManagedBy"   = "terraform"
          [32m+[0m[0m "Name"        = "fluss-eks-cluster-tablet-server"
          [32m+[0m[0m "Project"     = "fluss-deployment"
          [32m+[0m[0m "Service"     = "fluss"
        }
      [32m+[0m[0m unique_id             = (known after apply)

      [32m+[0m[0m inline_policy (known after apply)
    }

[1m  # module.eks.module.eks_managed_node_group["tablet_server"].aws_iam_role_policy_attachment.additional["AmazonEBSCSIDriverPolicy"][0m will be created
[0m  [32m+[0m[0m resource "aws_iam_role_policy_attachment" "additional" {
      [32m+[0m[0m id         = (known after apply)
      [32m+[0m[0m policy_arn = "arn:aws:iam::aws:policy/service-role/AmazonEBSCSIDriverPolicy"
      [32m+[0m[0m role       = (known after apply)
    }

[1m  # module.eks.module.eks_managed_node_group["tablet_server"].aws_iam_role_policy_attachment.this["arn:aws:iam::aws:policy/AmazonEC2ContainerRegistryReadOnly"][0m will be created
[0m  [32m+[0m[0m resource "aws_iam_role_policy_attachment" "this" {
      [32m+[0m[0m id         = (known after apply)
      [32m+[0m[0m policy_arn = "arn:aws:iam::aws:policy/AmazonEC2ContainerRegistryReadOnly"
      [32m+[0m[0m role       = (known after apply)
    }

[1m  # module.eks.module.eks_managed_node_group["tablet_server"].aws_iam_role_policy_attachment.this["arn:aws:iam::aws:policy/AmazonEKSWorkerNodePolicy"][0m will be created
[0m  [32m+[0m[0m resource "aws_iam_role_policy_attachment" "this" {
      [32m+[0m[0m id         = (known after apply)
      [32m+[0m[0m policy_arn = "arn:aws:iam::aws:policy/AmazonEKSWorkerNodePolicy"
      [32m+[0m[0m role       = (known after apply)
    }

[1m  # module.eks.module.eks_managed_node_group["tablet_server"].aws_iam_role_policy_attachment.this["arn:aws:iam::aws:policy/AmazonEKS_CNI_Policy"][0m will be created
[0m  [32m+[0m[0m resource "aws_iam_role_policy_attachment" "this" {
      [32m+[0m[0m id         = (known after apply)
      [32m+[0m[0m policy_arn = "arn:aws:iam::aws:policy/AmazonEKS_CNI_Policy"
      [32m+[0m[0m role       = (known after apply)
    }

[1m  # module.eks.module.eks_managed_node_group["tablet_server"].aws_launch_template.this[0][0m will be created
[0m  [32m+[0m[0m resource "aws_launch_template" "this" {
      [32m+[0m[0m arn                    = (known after apply)
      [32m+[0m[0m default_version        = (known after apply)
      [32m+[0m[0m description            = "Custom launch template for tablet-server EKS managed node group"
      [32m+[0m[0m id                     = (known after apply)
      [32m+[0m[0m latest_version         = (known after apply)
      [32m+[0m[0m name                   = (known after apply)
      [32m+[0m[0m name_prefix            = "tablet_server-"
      [32m+[0m[0m tags                   = {
          [32m+[0m[0m "Component"   = "tablet-server"
          [32m+[0m[0m "Environment" = "dev"
          [32m+[0m[0m "ManagedBy"   = "terraform"
          [32m+[0m[0m "Name"        = "fluss-eks-cluster-tablet-server"
          [32m+[0m[0m "Project"     = "fluss-deployment"
          [32m+[0m[0m "Service"     = "fluss"
        }
      [32m+[0m[0m tags_all               = {
          [32m+[0m[0m "Component"   = "tablet-server"
          [32m+[0m[0m "Environment" = "dev"
          [32m+[0m[0m "ManagedBy"   = "terraform"
          [32m+[0m[0m "Name"        = "fluss-eks-cluster-tablet-server"
          [32m+[0m[0m "Project"     = "fluss-deployment"
          [32m+[0m[0m "Service"     = "fluss"
        }
      [32m+[0m[0m update_default_version = true
      [32m+[0m[0m vpc_security_group_ids = (known after apply)
        [90m# (2 unchanged attributes hidden)[0m[0m

      [32m+[0m[0m metadata_options {
          [32m+[0m[0m http_endpoint               = "enabled"
          [32m+[0m[0m http_protocol_ipv6          = (known after apply)
          [32m+[0m[0m http_put_response_hop_limit = 2
          [32m+[0m[0m http_tokens                 = "required"
          [32m+[0m[0m instance_metadata_tags      = (known after apply)
        }

      [32m+[0m[0m tag_specifications {
          [32m+[0m[0m resource_type = "instance"
          [32m+[0m[0m tags          = {
              [32m+[0m[0m "Component"   = "tablet-server"
              [32m+[0m[0m "Environment" = "dev"
              [32m+[0m[0m "ManagedBy"   = "terraform"
              [32m+[0m[0m "Name"        = "tablet-server"
              [32m+[0m[0m "Project"     = "fluss-deployment"
              [32m+[0m[0m "Service"     = "fluss"
            }
        }
      [32m+[0m[0m tag_specifications {
          [32m+[0m[0m resource_type = "network-interface"
          [32m+[0m[0m tags          = {
              [32m+[0m[0m "Component"   = "tablet-server"
              [32m+[0m[0m "Environment" = "dev"
              [32m+[0m[0m "ManagedBy"   = "terraform"
              [32m+[0m[0m "Name"        = "tablet-server"
              [32m+[0m[0m "Project"     = "fluss-deployment"
              [32m+[0m[0m "Service"     = "fluss"
            }
        }
      [32m+[0m[0m tag_specifications {
          [32m+[0m[0m resource_type = "volume"
          [32m+[0m[0m tags          = {
              [32m+[0m[0m "Component"   = "tablet-server"
              [32m+[0m[0m "Environment" = "dev"
              [32m+[0m[0m "ManagedBy"   = "terraform"
              [32m+[0m[0m "Name"        = "tablet-server"
              [32m+[0m[0m "Project"     = "fluss-deployment"
              [32m+[0m[0m "Service"     = "fluss"
            }
        }
    }

[1m  # module.eks.module.kms.data.aws_iam_policy_document.this[0][0m will be read during apply
  # (config refers to values not yet known)
[0m [36m<=[0m[0m data "aws_iam_policy_document" "this" {
      [32m+[0m[0m id                        = (known after apply)
      [32m+[0m[0m json                      = (known after apply)
      [32m+[0m[0m minified_json             = (known after apply)
      [32m+[0m[0m override_policy_documents = []
      [32m+[0m[0m source_policy_documents   = []

      [32m+[0m[0m statement {
          [32m+[0m[0m actions   = [
              [32m+[0m[0m "kms:CancelKeyDeletion",
              [32m+[0m[0m "kms:Create*",
              [32m+[0m[0m "kms:Delete*",
              [32m+[0m[0m "kms:Describe*",
              [32m+[0m[0m "kms:Disable*",
              [32m+[0m[0m "kms:Enable*",
              [32m+[0m[0m "kms:Get*",
              [32m+[0m[0m "kms:ImportKeyMaterial",
              [32m+[0m[0m "kms:List*",
              [32m+[0m[0m "kms:Put*",
              [32m+[0m[0m "kms:ReplicateKey",
              [32m+[0m[0m "kms:Revoke*",
              [32m+[0m[0m "kms:ScheduleKeyDeletion",
              [32m+[0m[0m "kms:TagResource",
              [32m+[0m[0m "kms:UntagResource",
              [32m+[0m[0m "kms:Update*",
            ]
          [32m+[0m[0m resources = [
              [32m+[0m[0m "*",
            ]
          [32m+[0m[0m sid       = "KeyAdministration"

          [32m+[0m[0m principals {
              [32m+[0m[0m identifiers = [
                  [32m+[0m[0m "arn:aws:iam::343218179954:user/streampipeline",
                ]
              [32m+[0m[0m type        = "AWS"
            }
        }
      [32m+[0m[0m statement {
          [32m+[0m[0m actions   = [
              [32m+[0m[0m "kms:Decrypt",
              [32m+[0m[0m "kms:DescribeKey",
              [32m+[0m[0m "kms:Encrypt",
              [32m+[0m[0m "kms:GenerateDataKey*",
              [32m+[0m[0m "kms:ReEncrypt*",
            ]
          [32m+[0m[0m resources = [
              [32m+[0m[0m "*",
            ]
          [32m+[0m[0m sid       = "KeyUsage"

          [32m+[0m[0m principals {
              [32m+[0m[0m identifiers = [
                  [32m+[0m[0m (known after apply),
                ]
              [32m+[0m[0m type        = "AWS"
            }
        }
    }

[1m  # module.eks.module.kms.aws_kms_alias.this["cluster"][0m will be created
[0m  [32m+[0m[0m resource "aws_kms_alias" "this" {
      [32m+[0m[0m arn            = (known after apply)
      [32m+[0m[0m id             = (known after apply)
      [32m+[0m[0m name           = "alias/eks/fluss-eks-cluster"
      [32m+[0m[0m name_prefix    = (known after apply)
      [32m+[0m[0m target_key_arn = (known after apply)
      [32m+[0m[0m target_key_id  = (known after apply)
    }

[1m  # module.eks.module.kms.aws_kms_key.this[0][0m will be created
[0m  [32m+[0m[0m resource "aws_kms_key" "this" {
      [32m+[0m[0m arn                                = (known after apply)
      [32m+[0m[0m bypass_policy_lockout_safety_check = false
      [32m+[0m[0m customer_master_key_spec           = "SYMMETRIC_DEFAULT"
      [32m+[0m[0m description                        = "fluss-eks-cluster cluster encryption key"
      [32m+[0m[0m enable_key_rotation                = true
      [32m+[0m[0m id                                 = (known after apply)
      [32m+[0m[0m is_enabled                         = true
      [32m+[0m[0m key_id                             = (known after apply)
      [32m+[0m[0m key_usage                          = "ENCRYPT_DECRYPT"
      [32m+[0m[0m multi_region                       = false
      [32m+[0m[0m policy                             = (known after apply)
      [32m+[0m[0m rotation_period_in_days            = (known after apply)
      [32m+[0m[0m tags                               = {
          [32m+[0m[0m "Environment" = "dev"
          [32m+[0m[0m "ManagedBy"   = "terraform"
          [32m+[0m[0m "Name"        = "fluss-eks-cluster"
          [32m+[0m[0m "Project"     = "fluss-deployment"
        }
      [32m+[0m[0m tags_all                           = {
          [32m+[0m[0m "Environment" = "dev"
          [32m+[0m[0m "ManagedBy"   = "terraform"
          [32m+[0m[0m "Name"        = "fluss-eks-cluster"
          [32m+[0m[0m "Project"     = "fluss-deployment"
        }
    }

[1mPlan:[0m 78 to add, 0 to change, 0 to destroy.
[0m
Changes to Outputs:
  [31m-[0m[0m coordinator_instance_ids    = [
      [31m-[0m[0m "i-0ba21fb4722592d99",
    ] [90m-> null[0m[0m
  [32m+[0m[0m coordinator_node_group_id   = (known after apply)
  [31m-[0m[0m coordinator_private_ips     = [
      [31m-[0m[0m "10.0.10.62",
    ] [90m-> null[0m[0m
  [32m+[0m[0m ebs_csi_driver_role_arn     = (known after apply)
  [33m~[0m[0m eks_cluster_endpoint        = "https://7E7E71501A041C9BE6148523A19BF783.sk1.us-west-2.eks.amazonaws.com" -> (known after apply)
  [32m+[0m[0m private_subnet_ids          = [
      [32m+[0m[0m (known after apply),
      [32m+[0m[0m (known after apply),
    ]
  [32m+[0m[0m public_subnet_ids           = [
      [32m+[0m[0m (known after apply),
      [32m+[0m[0m (known after apply),
    ]
  [31m-[0m[0m tablet_server_instance_ids  = [
      [31m-[0m[0m "i-0bae639c69a76554a",
      [31m-[0m[0m "i-0ba217205f6fe4c93",
      [31m-[0m[0m "i-0da9a145a9c49c702",
    ] [90m-> null[0m[0m
  [32m+[0m[0m tablet_server_node_group_id = (known after apply)
  [31m-[0m[0m tablet_server_private_ips   = [
      [31m-[0m[0m "10.0.10.229",
      [31m-[0m[0m "10.0.11.174",
      [31m-[0m[0m "10.0.10.156",
    ] [90m-> null[0m[0m
  [32m+[0m[0m vpc_id                      = (known after apply)
[33m╷[0m[0m
[33m│[0m [0m[1m[33mWarning: [0m[0m[1mArgument is deprecated[0m
[33m│[0m [0m
[33m│[0m [0m[0m  with module.eks.aws_iam_role.this[0],
[33m│[0m [0m  on .terraform/modules/eks/main.tf line 293, in resource "aws_iam_role" "this":
[33m│[0m [0m 293: resource "aws_iam_role" "this" [4m{[0m[0m
[33m│[0m [0m
[33m│[0m [0minline_policy is deprecated. Use the aws_iam_role_policy resource instead.
[33m│[0m [0mIf Terraform should exclusively manage all inline policy associations (the
[33m│[0m [0mcurrent behavior of this argument), use the aws_iam_role_policies_exclusive
[33m│[0m [0mresource as well.
[33m│[0m [0m
[33m│[0m [0m(and 3 more similar warnings elsewhere)
[33m╵[0m[0m
[90m
─────────────────────────────────────────────────────────────────────────────[0m

Saved the plan to: tfplan

To perform exactly these actions, run the following command to apply:
    terraform apply "tfplan"
