[0m[1mdata.aws_availability_zones.available: Reading...[0m[0m
[0m[1mdata.aws_region.current: Reading...[0m[0m
[0m[1mmodule.eks.data.aws_caller_identity.current: Reading...[0m[0m
[0m[1mdata.aws_caller_identity.current: Reading...[0m[0m
[0m[1mmodule.eks.module.kms.data.aws_partition.current[0]: Reading...[0m[0m
[0m[1mmodule.eks.data.aws_partition.current: Reading...[0m[0m
[0m[1mmodule.eks.module.kms.data.aws_caller_identity.current[0]: Reading...[0m[0m
[0m[1mmodule.eks.aws_cloudwatch_log_group.this[0]: Refreshing state... [id=/aws/eks/fluss-eks-cluster/cluster][0m
[0m[1mmodule.vpc.aws_vpc.this[0]: Refreshing state... [id=vpc-075165244f45356a1][0m
[0m[1mdata.aws_region.current: Read complete after 0s [id=us-west-2][0m
[0m[1mmodule.eks.module.kms.data.aws_partition.current[0]: Read complete after 0s [id=aws][0m
[0m[1mmodule.eks.data.aws_partition.current: Read complete after 0s [id=aws][0m
[0m[1mmodule.eks.data.aws_iam_policy_document.assume_role_policy[0]: Reading...[0m[0m
[0m[1mmodule.eks.data.aws_iam_policy_document.assume_role_policy[0]: Read complete after 0s [id=2764486067][0m
[0m[1mmodule.eks.aws_iam_role.this[0]: Refreshing state... [id=fluss-eks-cluster-cluster-20251203094202677600000001][0m
[0m[1mmodule.eks.module.kms.data.aws_caller_identity.current[0]: Read complete after 0s [id=343218179954][0m
[0m[1mmodule.eks.data.aws_caller_identity.current: Read complete after 0s [id=343218179954][0m
[0m[1mmodule.eks.data.aws_iam_session_context.current: Reading...[0m[0m
[0m[1mmodule.eks.data.aws_iam_session_context.current: Read complete after 0s [id=arn:aws:iam::343218179954:user/streampipeline][0m
[0m[1mdata.aws_caller_identity.current: Read complete after 0s [id=343218179954][0m
[0m[1mdata.aws_availability_zones.available: Read complete after 1s [id=us-west-2][0m
[0m[1mmodule.eks.aws_iam_role_policy_attachment.this["AmazonEKSVPCResourceController"]: Refreshing state... [id=fluss-eks-cluster-cluster-20251203094202677600000001-20251203094205788200000002][0m
[0m[1mmodule.eks.aws_iam_role_policy_attachment.this["AmazonEKSClusterPolicy"]: Refreshing state... [id=fluss-eks-cluster-cluster-20251203094202677600000001-20251203094206144200000003][0m
[0m[1mmodule.eks.module.kms.data.aws_iam_policy_document.this[0]: Reading...[0m[0m
[0m[1mmodule.eks.module.kms.data.aws_iam_policy_document.this[0]: Read complete after 0s [id=2854560275][0m
[0m[1mmodule.eks.module.kms.aws_kms_key.this[0]: Refreshing state... [id=4847d29c-7449-4837-9b89-b80df039d877][0m
[0m[1mmodule.vpc.aws_default_route_table.default[0]: Refreshing state... [id=rtb-0acb730eaf4eb959d][0m
[0m[1mmodule.vpc.aws_default_network_acl.this[0]: Refreshing state... [id=acl-0850219a975e458b3][0m
[0m[1mmodule.vpc.aws_route_table.public[0]: Refreshing state... [id=rtb-0b3bc75065344fcd4][0m
[0m[1mmodule.vpc.aws_default_security_group.this[0]: Refreshing state... [id=sg-07392a6ef94befbae][0m
[0m[1mmodule.vpc.aws_subnet.public[0]: Refreshing state... [id=subnet-0327037039cebb266][0m
[0m[1mmodule.vpc.aws_subnet.private[0]: Refreshing state... [id=subnet-05106aeff2c93e64b][0m
[0m[1mmodule.vpc.aws_internet_gateway.this[0]: Refreshing state... [id=igw-0c858c5168b230957][0m
[0m[1mmodule.vpc.aws_subnet.public[1]: Refreshing state... [id=subnet-018a5639466ad859c][0m
[0m[1mmodule.eks.aws_security_group.cluster[0]: Refreshing state... [id=sg-05dad4fabc7de2e28][0m
[0m[1mmodule.eks.aws_security_group.node[0]: Refreshing state... [id=sg-0fa14be4715f60e85][0m
[0m[1mmodule.vpc.aws_route_table.private[0]: Refreshing state... [id=rtb-0fde57ad18dd7fb37][0m
[0m[1mmodule.eks.module.kms.aws_kms_alias.this["cluster"]: Refreshing state... [id=alias/eks/fluss-eks-cluster][0m
[0m[1mmodule.eks.aws_iam_policy.cluster_encryption[0]: Refreshing state... [id=arn:aws:iam::343218179954:policy/fluss-eks-cluster-cluster-ClusterEncryption20251203094232247100000022][0m
[0m[1mmodule.eks.module.eks_managed_node_group["flink_taskmanager"].data.aws_partition.current: Reading...[0m[0m
[0m[1mmodule.eks.module.eks_managed_node_group["producer"].data.aws_partition.current: Reading...[0m[0m
[0m[1mmodule.eks.module.eks_managed_node_group["tablet_server"].data.aws_partition.current: Reading...[0m[0m
[0m[1mmodule.eks.module.eks_managed_node_group["flink_jobmanager"].data.aws_partition.current: Reading...[0m[0m
[0m[1mmodule.eks.module.eks_managed_node_group["tablet_server"].data.aws_partition.current: Read complete after 0s [id=aws][0m
[0m[1mmodule.eks.module.eks_managed_node_group["flink_jobmanager"].data.aws_partition.current: Read complete after 0s [id=aws][0m
[0m[1mmodule.eks.module.eks_managed_node_group["flink_taskmanager"].data.aws_partition.current: Read complete after 0s [id=aws][0m
[0m[1mmodule.eks.module.eks_managed_node_group["producer"].data.aws_partition.current: Read complete after 0s [id=aws][0m
[0m[1mmodule.eks.module.eks_managed_node_group["tablet_server"].data.aws_caller_identity.current: Reading...[0m[0m
[0m[1mmodule.eks.module.eks_managed_node_group["coordinator"].data.aws_caller_identity.current: Reading...[0m[0m
[0m[1mmodule.eks.module.eks_managed_node_group["coordinator"].data.aws_partition.current: Reading...[0m[0m
[0m[1mmodule.eks.module.eks_managed_node_group["flink_jobmanager"].data.aws_caller_identity.current: Reading...[0m[0m
[0m[1mmodule.eks.module.eks_managed_node_group["coordinator"].data.aws_partition.current: Read complete after 0s [id=aws][0m
[0m[1mmodule.eks.module.eks_managed_node_group["flink_taskmanager"].data.aws_caller_identity.current: Reading...[0m[0m
[0m[1mmodule.eks.module.eks_managed_node_group["producer"].data.aws_caller_identity.current: Reading...[0m[0m
[0m[1mmodule.eks.module.eks_managed_node_group["tablet_server"].data.aws_iam_policy_document.assume_role_policy[0]: Reading...[0m[0m
[0m[1mmodule.eks.module.eks_managed_node_group["tablet_server"].data.aws_iam_policy_document.assume_role_policy[0]: Read complete after 0s [id=2560088296][0m
[0m[1mmodule.eks.module.eks_managed_node_group["coordinator"].data.aws_iam_policy_document.assume_role_policy[0]: Reading...[0m[0m
[0m[1mmodule.eks.module.eks_managed_node_group["coordinator"].data.aws_iam_policy_document.assume_role_policy[0]: Read complete after 0s [id=2560088296][0m
[0m[1mmodule.eks.module.eks_managed_node_group["producer"].data.aws_iam_policy_document.assume_role_policy[0]: Reading...[0m[0m
[0m[1mmodule.eks.module.eks_managed_node_group["flink_taskmanager"].data.aws_iam_policy_document.assume_role_policy[0]: Reading...[0m[0m
[0m[1mmodule.eks.module.eks_managed_node_group["producer"].data.aws_iam_policy_document.assume_role_policy[0]: Read complete after 0s [id=2560088296][0m
[0m[1mmodule.eks.module.eks_managed_node_group["flink_taskmanager"].data.aws_iam_policy_document.assume_role_policy[0]: Read complete after 0s [id=2560088296][0m
[0m[1mmodule.eks.module.eks_managed_node_group["flink_jobmanager"].data.aws_iam_policy_document.assume_role_policy[0]: Reading...[0m[0m
[0m[1mmodule.eks.module.eks_managed_node_group["flink_jobmanager"].data.aws_iam_policy_document.assume_role_policy[0]: Read complete after 0s [id=2560088296][0m
[0m[1mmodule.vpc.aws_eip.nat[0]: Refreshing state... [id=eipalloc-0efdbe31ed6369732][0m
[0m[1mmodule.vpc.aws_route.public_internet_gateway[0]: Refreshing state... [id=r-rtb-0b3bc75065344fcd41080289494][0m
[0m[1mmodule.eks.module.eks_managed_node_group["tablet_server"].module.user_data.data.cloudinit_config.linux_eks_managed_node_group[0]: Reading...[0m[0m
[0m[1mmodule.eks.module.eks_managed_node_group["tablet_server"].module.user_data.data.cloudinit_config.linux_eks_managed_node_group[0]: Read complete after 0s [id=849341900][0m
[0m[1mmodule.vpc.aws_route_table_association.private[0]: Refreshing state... [id=rtbassoc-07025dbff76b7456c][0m
[0m[1mmodule.eks.module.eks_managed_node_group["tablet_server"].aws_iam_role.this[0]: Refreshing state... [id=tablet-server-eks-node-group-20251203094222393300000009][0m
[0m[1mmodule.eks.module.eks_managed_node_group["flink_jobmanager"].aws_iam_role.this[0]: Refreshing state... [id=flink-jobmanager-eks-node-group-20251203094222248400000008][0m
[0m[1mmodule.eks.module.eks_managed_node_group["coordinator"].data.aws_caller_identity.current: Read complete after 0s [id=343218179954][0m
[0m[1mmodule.eks.module.eks_managed_node_group["flink_jobmanager"].data.aws_caller_identity.current: Read complete after 0s [id=343218179954][0m
[0m[1mmodule.eks.module.eks_managed_node_group["coordinator"].aws_iam_role.this[0]: Refreshing state... [id=coordinator-eks-node-group-2025120309422293050000000c][0m
[0m[1mmodule.eks.module.eks_managed_node_group["flink_taskmanager"].aws_iam_role.this[0]: Refreshing state... [id=flink-taskmanager-eks-node-group-2025120309422257150000000a][0m
[0m[1mmodule.eks.module.eks_managed_node_group["tablet_server"].data.aws_caller_identity.current: Read complete after 0s [id=343218179954][0m
[0m[1mmodule.eks.module.eks_managed_node_group["producer"].aws_iam_role.this[0]: Refreshing state... [id=producer-eks-node-group-2025120309422262940000000b][0m
[0m[1mmodule.eks.aws_security_group_rule.node["egress_all"]: Refreshing state... [id=sgrule-287889447][0m
[0m[1mmodule.eks.aws_security_group_rule.node["ingress_cluster_6443_webhook"]: Refreshing state... [id=sgrule-3338724086][0m
[0m[1mmodule.eks.module.eks_managed_node_group["flink_taskmanager"].data.aws_caller_identity.current: Read complete after 0s [id=343218179954][0m
[0m[1mmodule.eks.module.eks_managed_node_group["producer"].data.aws_caller_identity.current: Read complete after 0s [id=343218179954][0m
[0m[1mmodule.eks.aws_security_group_rule.node["ingress_cluster_9443_webhook"]: Refreshing state... [id=sgrule-2969431324][0m
[0m[1mmodule.eks.aws_security_group_rule.node["ingress_nodes_ephemeral"]: Refreshing state... [id=sgrule-2971796506][0m
[0m[1mmodule.eks.aws_security_group_rule.node["ingress_self_coredns_tcp"]: Refreshing state... [id=sgrule-3839250344][0m
[0m[1mmodule.eks.aws_security_group_rule.node["ingress_cluster_8443_webhook"]: Refreshing state... [id=sgrule-3562856151][0m
[0m[1mmodule.eks.aws_security_group_rule.node["ingress_cluster_443"]: Refreshing state... [id=sgrule-1740035575][0m
[0m[1mmodule.eks.aws_security_group_rule.node["ingress_self_coredns_udp"]: Refreshing state... [id=sgrule-1082780743][0m
[0m[1mmodule.eks.aws_security_group_rule.node["ingress_cluster_kubelet"]: Refreshing state... [id=sgrule-3763303987][0m
[0m[1mmodule.eks.aws_security_group_rule.node["ingress_cluster_4443_webhook"]: Refreshing state... [id=sgrule-239240544][0m
[0m[1mmodule.vpc.aws_route_table_association.public[0]: Refreshing state... [id=rtbassoc-052d7e8e51d1e66a7][0m
[0m[1mmodule.eks.aws_iam_role_policy_attachment.cluster_encryption[0]: Refreshing state... [id=fluss-eks-cluster-cluster-20251203094202677600000001-20251203094233570600000023][0m
[0m[1mmodule.vpc.aws_route_table_association.public[1]: Refreshing state... [id=rtbassoc-0dad47a303b04cc68][0m
[0m[1mmodule.eks.aws_security_group_rule.cluster["ingress_nodes_443"]: Refreshing state... [id=sgrule-2890811607][0m
[0m[1mmodule.eks.module.eks_managed_node_group["flink_jobmanager"].aws_iam_role_policy_attachment.additional["AmazonEBSCSIDriverPolicy"]: Refreshing state... [id=flink-jobmanager-eks-node-group-20251203094222248400000008-20251203094224466900000010][0m
[0m[1mmodule.eks.module.eks_managed_node_group["coordinator"].aws_iam_role_policy_attachment.additional["AmazonEBSCSIDriverPolicy"]: Refreshing state... [id=coordinator-eks-node-group-2025120309422293050000000c-20251203094224468600000011][0m
[0m[1mmodule.eks.module.eks_managed_node_group["producer"].aws_iam_role_policy_attachment.additional["AmazonEBSCSIDriverPolicy"]: Refreshing state... [id=producer-eks-node-group-2025120309422262940000000b-2025120309422445700000000f][0m
[0m[1mmodule.eks.module.eks_managed_node_group["flink_taskmanager"].aws_iam_role_policy_attachment.additional["AmazonEBSCSIDriverPolicy"]: Refreshing state... [id=flink-taskmanager-eks-node-group-2025120309422257150000000a-2025120309422441950000000e][0m
[0m[1mmodule.eks.module.eks_managed_node_group["tablet_server"].aws_iam_role_policy_attachment.additional["AmazonEBSCSIDriverPolicy"]: Refreshing state... [id=tablet-server-eks-node-group-20251203094222393300000009-20251203094224492300000012][0m
[0m[1mmodule.vpc.aws_nat_gateway.this[0]: Refreshing state... [id=nat-0eefd9443175d4830][0m
[0m[1mmodule.eks.module.eks_managed_node_group["flink_taskmanager"].aws_iam_role_policy_attachment.this["arn:aws:iam::aws:policy/AmazonEC2ContainerRegistryReadOnly"]: Refreshing state... [id=flink-taskmanager-eks-node-group-2025120309422257150000000a-2025120309422549030000001c][0m
[0m[1mmodule.eks.module.eks_managed_node_group["flink_jobmanager"].aws_iam_role_policy_attachment.this["arn:aws:iam::aws:policy/AmazonEC2ContainerRegistryReadOnly"]: Refreshing state... [id=flink-jobmanager-eks-node-group-20251203094222248400000008-20251203094225711100000020][0m
[0m[1mmodule.eks.module.eks_managed_node_group["producer"].aws_iam_role_policy_attachment.this["arn:aws:iam::aws:policy/AmazonEKSWorkerNodePolicy"]: Refreshing state... [id=producer-eks-node-group-2025120309422262940000000b-2025120309422562140000001e][0m
[0m[1mmodule.eks.module.eks_managed_node_group["flink_taskmanager"].aws_iam_role_policy_attachment.this["arn:aws:iam::aws:policy/AmazonEKSWorkerNodePolicy"]: Refreshing state... [id=flink-taskmanager-eks-node-group-2025120309422257150000000a-20251203094225711100000021][0m
[0m[1mmodule.eks.module.eks_managed_node_group["coordinator"].aws_iam_role_policy_attachment.this["arn:aws:iam::aws:policy/AmazonEKSWorkerNodePolicy"]: Refreshing state... [id=coordinator-eks-node-group-2025120309422293050000000c-2025120309422534670000001b][0m
[0m[1mmodule.eks.module.eks_managed_node_group["flink_jobmanager"].aws_iam_role_policy_attachment.this["arn:aws:iam::aws:policy/AmazonEKS_CNI_Policy"]: Refreshing state... [id=flink-jobmanager-eks-node-group-20251203094222248400000008-2025120309422518630000001a][0m
[0m[1mmodule.eks.module.eks_managed_node_group["flink_taskmanager"].aws_iam_role_policy_attachment.this["arn:aws:iam::aws:policy/AmazonEKS_CNI_Policy"]: Refreshing state... [id=flink-taskmanager-eks-node-group-2025120309422257150000000a-20251203094225053700000017][0m
[0m[1mmodule.eks.module.eks_managed_node_group["producer"].aws_iam_role_policy_attachment.this["arn:aws:iam::aws:policy/AmazonEC2ContainerRegistryReadOnly"]: Refreshing state... [id=producer-eks-node-group-2025120309422262940000000b-20251203094225020700000015][0m
[0m[1mmodule.eks.module.eks_managed_node_group["flink_jobmanager"].aws_iam_role_policy_attachment.this["arn:aws:iam::aws:policy/AmazonEKSWorkerNodePolicy"]: Refreshing state... [id=flink-jobmanager-eks-node-group-20251203094222248400000008-20251203094225072900000019][0m
[0m[1mmodule.eks.module.eks_managed_node_group["tablet_server"].aws_iam_role_policy_attachment.this["arn:aws:iam::aws:policy/AmazonEKSWorkerNodePolicy"]: Refreshing state... [id=tablet-server-eks-node-group-20251203094222393300000009-2025120309422556550000001d][0m
[0m[1mmodule.eks.module.eks_managed_node_group["producer"].aws_iam_role_policy_attachment.this["arn:aws:iam::aws:policy/AmazonEKS_CNI_Policy"]: Refreshing state... [id=producer-eks-node-group-2025120309422262940000000b-20251203094224719300000013][0m
[0m[1mmodule.eks.module.eks_managed_node_group["coordinator"].aws_iam_role_policy_attachment.this["arn:aws:iam::aws:policy/AmazonEKS_CNI_Policy"]: Refreshing state... [id=coordinator-eks-node-group-2025120309422293050000000c-20251203094225026800000016][0m
[0m[1mmodule.eks.module.eks_managed_node_group["tablet_server"].aws_iam_role_policy_attachment.this["arn:aws:iam::aws:policy/AmazonEKS_CNI_Policy"]: Refreshing state... [id=tablet-server-eks-node-group-20251203094222393300000009-20251203094225064900000018][0m
[0m[1mmodule.eks.module.eks_managed_node_group["tablet_server"].aws_iam_role_policy_attachment.this["arn:aws:iam::aws:policy/AmazonEC2ContainerRegistryReadOnly"]: Refreshing state... [id=tablet-server-eks-node-group-20251203094222393300000009-2025120309422571110000001f][0m
[0m[1mmodule.eks.module.eks_managed_node_group["coordinator"].aws_iam_role_policy_attachment.this["arn:aws:iam::aws:policy/AmazonEC2ContainerRegistryReadOnly"]: Refreshing state... [id=coordinator-eks-node-group-2025120309422293050000000c-20251203094224958100000014][0m
[0m[1mmodule.vpc.aws_route.private_nat_gateway[0]: Refreshing state... [id=r-rtb-0fde57ad18dd7fb371080289494][0m

Terraform used the selected providers to generate the following execution
plan. Resource actions are indicated with the following symbols:
  [32m+[0m create[0m
 [36m<=[0m read (data resources)[0m

Terraform will perform the following actions:

[1m  # aws_eks_addon.ebs_csi_driver[0][0m will be created
[0m  [32m+[0m[0m resource "aws_eks_addon" "ebs_csi_driver" {
      [32m+[0m[0m addon_name                  = "aws-ebs-csi-driver"
      [32m+[0m[0m addon_version               = (known after apply)
      [32m+[0m[0m arn                         = (known after apply)
      [32m+[0m[0m cluster_name                = "fluss-eks-cluster"
      [32m+[0m[0m configuration_values        = (known after apply)
      [32m+[0m[0m created_at                  = (known after apply)
      [32m+[0m[0m id                          = (known after apply)
      [32m+[0m[0m modified_at                 = (known after apply)
      [32m+[0m[0m resolve_conflicts_on_create = "OVERWRITE"
      [32m+[0m[0m resolve_conflicts_on_update = "OVERWRITE"
      [32m+[0m[0m service_account_role_arn    = (known after apply)
      [32m+[0m[0m tags                        = {
          [32m+[0m[0m "Environment" = "dev"
          [32m+[0m[0m "ManagedBy"   = "terraform"
          [32m+[0m[0m "Name"        = "fluss-eks-cluster-ebs-csi-driver"
          [32m+[0m[0m "Project"     = "fluss-deployment"
        }
      [32m+[0m[0m tags_all                    = {
          [32m+[0m[0m "Environment" = "dev"
          [32m+[0m[0m "ManagedBy"   = "terraform"
          [32m+[0m[0m "Name"        = "fluss-eks-cluster-ebs-csi-driver"
          [32m+[0m[0m "Project"     = "fluss-deployment"
        }

      [32m+[0m[0m timeouts {
          [32m+[0m[0m create = "10m"
          [32m+[0m[0m delete = "10m"
          [32m+[0m[0m update = "10m"
        }
    }

[1m  # module.ebs_csi_irsa[0].data.aws_caller_identity.current[0m will be read during apply
  # (depends on a resource or a module with changes pending)
[0m [36m<=[0m[0m data "aws_caller_identity" "current" {
      [32m+[0m[0m account_id = (known after apply)
      [32m+[0m[0m arn        = (known after apply)
      [32m+[0m[0m id         = (known after apply)
      [32m+[0m[0m user_id    = (known after apply)
    }

[1m  # module.ebs_csi_irsa[0].data.aws_iam_policy_document.ebs_csi[0][0m will be read during apply
  # (config refers to values not yet known)
[0m [36m<=[0m[0m data "aws_iam_policy_document" "ebs_csi" {
      [32m+[0m[0m id            = (known after apply)
      [32m+[0m[0m json          = (known after apply)
      [32m+[0m[0m minified_json = (known after apply)

      [32m+[0m[0m statement {
          [32m+[0m[0m actions   = [
              [32m+[0m[0m "ec2:DescribeAvailabilityZones",
              [32m+[0m[0m "ec2:DescribeInstances",
              [32m+[0m[0m "ec2:DescribeSnapshots",
              [32m+[0m[0m "ec2:DescribeTags",
              [32m+[0m[0m "ec2:DescribeVolumes",
              [32m+[0m[0m "ec2:DescribeVolumesModifications",
            ]
          [32m+[0m[0m resources = [
              [32m+[0m[0m "*",
            ]
        }
      [32m+[0m[0m statement {
          [32m+[0m[0m actions   = [
              [32m+[0m[0m "ec2:CreateSnapshot",
              [32m+[0m[0m "ec2:ModifyVolume",
            ]
          [32m+[0m[0m resources = [
              [32m+[0m[0m (known after apply),
            ]
        }
      [32m+[0m[0m statement {
          [32m+[0m[0m actions   = [
              [32m+[0m[0m "ec2:AttachVolume",
              [32m+[0m[0m "ec2:DetachVolume",
            ]
          [32m+[0m[0m resources = [
              [32m+[0m[0m (known after apply),
              [32m+[0m[0m (known after apply),
            ]
        }
      [32m+[0m[0m statement {
          [32m+[0m[0m actions   = [
              [32m+[0m[0m "ec2:CreateVolume",
              [32m+[0m[0m "ec2:EnableFastSnapshotRestores",
            ]
          [32m+[0m[0m resources = [
              [32m+[0m[0m (known after apply),
            ]
        }
      [32m+[0m[0m statement {
          [32m+[0m[0m actions   = [
              [32m+[0m[0m "ec2:CreateTags",
            ]
          [32m+[0m[0m resources = [
              [32m+[0m[0m (known after apply),
              [32m+[0m[0m (known after apply),
            ]

          [32m+[0m[0m condition {
              [32m+[0m[0m test     = "StringEquals"
              [32m+[0m[0m values   = [
                  [32m+[0m[0m "CreateVolume",
                  [32m+[0m[0m "CreateSnapshot",
                ]
              [32m+[0m[0m variable = "ec2:CreateAction"
            }
        }
      [32m+[0m[0m statement {
          [32m+[0m[0m actions   = [
              [32m+[0m[0m "ec2:DeleteTags",
            ]
          [32m+[0m[0m resources = [
              [32m+[0m[0m (known after apply),
              [32m+[0m[0m (known after apply),
            ]
        }
      [32m+[0m[0m statement {
          [32m+[0m[0m actions   = [
              [32m+[0m[0m "ec2:CreateVolume",
            ]
          [32m+[0m[0m resources = [
              [32m+[0m[0m (known after apply),
            ]

          [32m+[0m[0m condition {
              [32m+[0m[0m test     = "StringLike"
              [32m+[0m[0m values   = [
                  [32m+[0m[0m "true",
                ]
              [32m+[0m[0m variable = "aws:RequestTag/ebs.csi.aws.com/cluster"
            }
        }
      [32m+[0m[0m statement {
          [32m+[0m[0m actions   = [
              [32m+[0m[0m "ec2:CreateVolume",
            ]
          [32m+[0m[0m resources = [
              [32m+[0m[0m (known after apply),
            ]

          [32m+[0m[0m condition {
              [32m+[0m[0m test     = "StringLike"
              [32m+[0m[0m values   = [
                  [32m+[0m[0m "*",
                ]
              [32m+[0m[0m variable = "aws:RequestTag/CSIVolumeName"
            }
        }
      [32m+[0m[0m statement {
          [32m+[0m[0m actions   = [
              [32m+[0m[0m "ec2:DeleteVolume",
            ]
          [32m+[0m[0m resources = [
              [32m+[0m[0m (known after apply),
            ]

          [32m+[0m[0m condition {
              [32m+[0m[0m test     = "StringLike"
              [32m+[0m[0m values   = [
                  [32m+[0m[0m "true",
                ]
              [32m+[0m[0m variable = "aws:ResourceTag/ebs.csi.aws.com/cluster"
            }
        }
      [32m+[0m[0m statement {
          [32m+[0m[0m actions   = [
              [32m+[0m[0m "ec2:DeleteVolume",
            ]
          [32m+[0m[0m resources = [
              [32m+[0m[0m (known after apply),
            ]

          [32m+[0m[0m condition {
              [32m+[0m[0m test     = "StringLike"
              [32m+[0m[0m values   = [
                  [32m+[0m[0m "*",
                ]
              [32m+[0m[0m variable = "aws:ResourceTag/CSIVolumeName"
            }
        }
      [32m+[0m[0m statement {
          [32m+[0m[0m actions   = [
              [32m+[0m[0m "ec2:DeleteVolume",
            ]
          [32m+[0m[0m resources = [
              [32m+[0m[0m (known after apply),
            ]

          [32m+[0m[0m condition {
              [32m+[0m[0m test     = "StringLike"
              [32m+[0m[0m values   = [
                  [32m+[0m[0m "*",
                ]
              [32m+[0m[0m variable = "ec2:ResourceTag/kubernetes.io/created-for/pvc/name"
            }
        }
      [32m+[0m[0m statement {
          [32m+[0m[0m actions   = [
              [32m+[0m[0m "ec2:CreateSnapshot",
            ]
          [32m+[0m[0m resources = [
              [32m+[0m[0m (known after apply),
            ]

          [32m+[0m[0m condition {
              [32m+[0m[0m test     = "StringLike"
              [32m+[0m[0m values   = [
                  [32m+[0m[0m "*",
                ]
              [32m+[0m[0m variable = "aws:RequestTag/CSIVolumeSnapshotName"
            }
        }
      [32m+[0m[0m statement {
          [32m+[0m[0m actions   = [
              [32m+[0m[0m "ec2:CreateSnapshot",
            ]
          [32m+[0m[0m resources = [
              [32m+[0m[0m (known after apply),
            ]

          [32m+[0m[0m condition {
              [32m+[0m[0m test     = "StringLike"
              [32m+[0m[0m values   = [
                  [32m+[0m[0m "true",
                ]
              [32m+[0m[0m variable = "aws:RequestTag/ebs.csi.aws.com/cluster"
            }
        }
      [32m+[0m[0m statement {
          [32m+[0m[0m actions   = [
              [32m+[0m[0m "ec2:DeleteSnapshot",
            ]
          [32m+[0m[0m resources = [
              [32m+[0m[0m (known after apply),
            ]

          [32m+[0m[0m condition {
              [32m+[0m[0m test     = "StringLike"
              [32m+[0m[0m values   = [
                  [32m+[0m[0m "*",
                ]
              [32m+[0m[0m variable = "aws:ResourceTag/CSIVolumeSnapshotName"
            }
        }
      [32m+[0m[0m statement {
          [32m+[0m[0m actions   = [
              [32m+[0m[0m "ec2:DeleteSnapshot",
            ]
          [32m+[0m[0m resources = [
              [32m+[0m[0m (known after apply),
            ]

          [32m+[0m[0m condition {
              [32m+[0m[0m test     = "StringLike"
              [32m+[0m[0m values   = [
                  [32m+[0m[0m "true",
                ]
              [32m+[0m[0m variable = "aws:ResourceTag/ebs.csi.aws.com/cluster"
            }
        }
    }

[1m  # module.ebs_csi_irsa[0].data.aws_iam_policy_document.this[0][0m will be read during apply
  # (config refers to values not yet known)
[0m [36m<=[0m[0m data "aws_iam_policy_document" "this" {
      [32m+[0m[0m id            = (known after apply)
      [32m+[0m[0m json          = (known after apply)
      [32m+[0m[0m minified_json = (known after apply)

      [32m+[0m[0m statement {
          [32m+[0m[0m actions = [
              [32m+[0m[0m "sts:AssumeRoleWithWebIdentity",
            ]
          [32m+[0m[0m effect  = "Allow"

          [32m+[0m[0m condition {
              [32m+[0m[0m test     = "StringEquals"
              [32m+[0m[0m values   = [
                  [32m+[0m[0m "sts.amazonaws.com",
                ]
              [32m+[0m[0m variable = (known after apply)
            }
          [32m+[0m[0m condition {
              [32m+[0m[0m test     = "StringEquals"
              [32m+[0m[0m values   = [
                  [32m+[0m[0m "system:serviceaccount:kube-system:ebs-csi-controller-sa",
                ]
              [32m+[0m[0m variable = (known after apply)
            }

          [32m+[0m[0m principals {
              [32m+[0m[0m identifiers = [
                  [32m+[0m[0m (known after apply),
                ]
              [32m+[0m[0m type        = "Federated"
            }
        }
    }

[1m  # module.ebs_csi_irsa[0].data.aws_partition.current[0m will be read during apply
  # (depends on a resource or a module with changes pending)
[0m [36m<=[0m[0m data "aws_partition" "current" {
      [32m+[0m[0m dns_suffix         = (known after apply)
      [32m+[0m[0m id                 = (known after apply)
      [32m+[0m[0m partition          = (known after apply)
      [32m+[0m[0m reverse_dns_prefix = (known after apply)
    }

[1m  # module.ebs_csi_irsa[0].data.aws_region.current[0m will be read during apply
  # (depends on a resource or a module with changes pending)
[0m [36m<=[0m[0m data "aws_region" "current" {
      [32m+[0m[0m description = (known after apply)
      [32m+[0m[0m endpoint    = (known after apply)
      [32m+[0m[0m id          = (known after apply)
      [32m+[0m[0m name        = (known after apply)
    }

[1m  # module.ebs_csi_irsa[0].aws_iam_policy.ebs_csi[0][0m will be created
[0m  [32m+[0m[0m resource "aws_iam_policy" "ebs_csi" {
      [32m+[0m[0m arn              = (known after apply)
      [32m+[0m[0m attachment_count = (known after apply)
      [32m+[0m[0m description      = "Provides permissions to manage EBS volumes via the container storage interface driver"
      [32m+[0m[0m id               = (known after apply)
      [32m+[0m[0m name             = (known after apply)
      [32m+[0m[0m name_prefix      = "AmazonEKS_EBS_CSI_Policy-"
      [32m+[0m[0m path             = "/"
      [32m+[0m[0m policy           = (known after apply)
      [32m+[0m[0m policy_id        = (known after apply)
      [32m+[0m[0m tags             = {
          [32m+[0m[0m "Environment" = "dev"
          [32m+[0m[0m "ManagedBy"   = "terraform"
          [32m+[0m[0m "Name"        = "fluss-eks-cluster-ebs-csi-driver"
          [32m+[0m[0m "Project"     = "fluss-deployment"
        }
      [32m+[0m[0m tags_all         = {
          [32m+[0m[0m "Environment" = "dev"
          [32m+[0m[0m "ManagedBy"   = "terraform"
          [32m+[0m[0m "Name"        = "fluss-eks-cluster-ebs-csi-driver"
          [32m+[0m[0m "Project"     = "fluss-deployment"
        }
    }

[1m  # module.ebs_csi_irsa[0].aws_iam_role.this[0][0m will be created
[0m  [32m+[0m[0m resource "aws_iam_role" "this" {
      [32m+[0m[0m arn                   = (known after apply)
      [32m+[0m[0m assume_role_policy    = (known after apply)
      [32m+[0m[0m create_date           = (known after apply)
      [32m+[0m[0m force_detach_policies = true
      [32m+[0m[0m id                    = (known after apply)
      [32m+[0m[0m managed_policy_arns   = (known after apply)
      [32m+[0m[0m max_session_duration  = 3600
      [32m+[0m[0m name                  = "fluss-eks-cluster-ebs-csi-driver"
      [32m+[0m[0m name_prefix           = (known after apply)
      [32m+[0m[0m path                  = "/"
      [32m+[0m[0m tags                  = {
          [32m+[0m[0m "Environment" = "dev"
          [32m+[0m[0m "ManagedBy"   = "terraform"
          [32m+[0m[0m "Name"        = "fluss-eks-cluster-ebs-csi-driver"
          [32m+[0m[0m "Project"     = "fluss-deployment"
        }
      [32m+[0m[0m tags_all              = {
          [32m+[0m[0m "Environment" = "dev"
          [32m+[0m[0m "ManagedBy"   = "terraform"
          [32m+[0m[0m "Name"        = "fluss-eks-cluster-ebs-csi-driver"
          [32m+[0m[0m "Project"     = "fluss-deployment"
        }
      [32m+[0m[0m unique_id             = (known after apply)

      [32m+[0m[0m inline_policy (known after apply)
    }

[1m  # module.ebs_csi_irsa[0].aws_iam_role_policy_attachment.ebs_csi[0][0m will be created
[0m  [32m+[0m[0m resource "aws_iam_role_policy_attachment" "ebs_csi" {
      [32m+[0m[0m id         = (known after apply)
      [32m+[0m[0m policy_arn = (known after apply)
      [32m+[0m[0m role       = "fluss-eks-cluster-ebs-csi-driver"
    }

[1m  # module.eks.data.aws_eks_addon_version.this["coredns"][0m will be read during apply
  # (depends on a resource or a module with changes pending)
[0m [36m<=[0m[0m data "aws_eks_addon_version" "this" {
      [32m+[0m[0m addon_name         = "coredns"
      [32m+[0m[0m id                 = (known after apply)
      [32m+[0m[0m kubernetes_version = "1.28"
      [32m+[0m[0m most_recent        = true
      [32m+[0m[0m version            = (known after apply)
    }

[1m  # module.eks.data.aws_eks_addon_version.this["kube-proxy"][0m will be read during apply
  # (depends on a resource or a module with changes pending)
[0m [36m<=[0m[0m data "aws_eks_addon_version" "this" {
      [32m+[0m[0m addon_name         = "kube-proxy"
      [32m+[0m[0m id                 = (known after apply)
      [32m+[0m[0m kubernetes_version = "1.28"
      [32m+[0m[0m most_recent        = true
      [32m+[0m[0m version            = (known after apply)
    }

[1m  # module.eks.data.aws_eks_addon_version.this["vpc-cni"][0m will be read during apply
  # (depends on a resource or a module with changes pending)
[0m [36m<=[0m[0m data "aws_eks_addon_version" "this" {
      [32m+[0m[0m addon_name         = "vpc-cni"
      [32m+[0m[0m id                 = (known after apply)
      [32m+[0m[0m kubernetes_version = "1.28"
      [32m+[0m[0m most_recent        = true
      [32m+[0m[0m version            = (known after apply)
    }

[1m  # module.eks.data.tls_certificate.this[0][0m will be read during apply
  # (config refers to values not yet known)
[0m [36m<=[0m[0m data "tls_certificate" "this" {
      [32m+[0m[0m certificates = (known after apply)
      [32m+[0m[0m id           = (known after apply)
      [32m+[0m[0m url          = (known after apply)
    }

[1m  # module.eks.aws_ec2_tag.cluster_primary_security_group["Environment"][0m will be created
[0m  [32m+[0m[0m resource "aws_ec2_tag" "cluster_primary_security_group" {
      [32m+[0m[0m id          = (known after apply)
      [32m+[0m[0m key         = "Environment"
      [32m+[0m[0m resource_id = (known after apply)
      [32m+[0m[0m value       = "dev"
    }

[1m  # module.eks.aws_ec2_tag.cluster_primary_security_group["ManagedBy"][0m will be created
[0m  [32m+[0m[0m resource "aws_ec2_tag" "cluster_primary_security_group" {
      [32m+[0m[0m id          = (known after apply)
      [32m+[0m[0m key         = "ManagedBy"
      [32m+[0m[0m resource_id = (known after apply)
      [32m+[0m[0m value       = "terraform"
    }

[1m  # module.eks.aws_ec2_tag.cluster_primary_security_group["Project"][0m will be created
[0m  [32m+[0m[0m resource "aws_ec2_tag" "cluster_primary_security_group" {
      [32m+[0m[0m id          = (known after apply)
      [32m+[0m[0m key         = "Project"
      [32m+[0m[0m resource_id = (known after apply)
      [32m+[0m[0m value       = "fluss-deployment"
    }

[1m  # module.eks.aws_eks_addon.this["coredns"][0m will be created
[0m  [32m+[0m[0m resource "aws_eks_addon" "this" {
      [32m+[0m[0m addon_name           = "coredns"
      [32m+[0m[0m addon_version        = (known after apply)
      [32m+[0m[0m arn                  = (known after apply)
      [32m+[0m[0m cluster_name         = "fluss-eks-cluster"
      [32m+[0m[0m configuration_values = (known after apply)
      [32m+[0m[0m created_at           = (known after apply)
      [32m+[0m[0m id                   = (known after apply)
      [32m+[0m[0m modified_at          = (known after apply)
      [32m+[0m[0m resolve_conflicts    = "OVERWRITE"
      [32m+[0m[0m tags                 = {
          [32m+[0m[0m "Environment" = "dev"
          [32m+[0m[0m "ManagedBy"   = "terraform"
          [32m+[0m[0m "Name"        = "fluss-eks-cluster"
          [32m+[0m[0m "Project"     = "fluss-deployment"
        }
      [32m+[0m[0m tags_all             = {
          [32m+[0m[0m "Environment" = "dev"
          [32m+[0m[0m "ManagedBy"   = "terraform"
          [32m+[0m[0m "Name"        = "fluss-eks-cluster"
          [32m+[0m[0m "Project"     = "fluss-deployment"
        }

      [32m+[0m[0m timeouts {}
    }

[1m  # module.eks.aws_eks_addon.this["kube-proxy"][0m will be created
[0m  [32m+[0m[0m resource "aws_eks_addon" "this" {
      [32m+[0m[0m addon_name           = "kube-proxy"
      [32m+[0m[0m addon_version        = (known after apply)
      [32m+[0m[0m arn                  = (known after apply)
      [32m+[0m[0m cluster_name         = "fluss-eks-cluster"
      [32m+[0m[0m configuration_values = (known after apply)
      [32m+[0m[0m created_at           = (known after apply)
      [32m+[0m[0m id                   = (known after apply)
      [32m+[0m[0m modified_at          = (known after apply)
      [32m+[0m[0m resolve_conflicts    = "OVERWRITE"
      [32m+[0m[0m tags                 = {
          [32m+[0m[0m "Environment" = "dev"
          [32m+[0m[0m "ManagedBy"   = "terraform"
          [32m+[0m[0m "Name"        = "fluss-eks-cluster"
          [32m+[0m[0m "Project"     = "fluss-deployment"
        }
      [32m+[0m[0m tags_all             = {
          [32m+[0m[0m "Environment" = "dev"
          [32m+[0m[0m "ManagedBy"   = "terraform"
          [32m+[0m[0m "Name"        = "fluss-eks-cluster"
          [32m+[0m[0m "Project"     = "fluss-deployment"
        }

      [32m+[0m[0m timeouts {}
    }

[1m  # module.eks.aws_eks_addon.this["vpc-cni"][0m will be created
[0m  [32m+[0m[0m resource "aws_eks_addon" "this" {
      [32m+[0m[0m addon_name           = "vpc-cni"
      [32m+[0m[0m addon_version        = (known after apply)
      [32m+[0m[0m arn                  = (known after apply)
      [32m+[0m[0m cluster_name         = "fluss-eks-cluster"
      [32m+[0m[0m configuration_values = (known after apply)
      [32m+[0m[0m created_at           = (known after apply)
      [32m+[0m[0m id                   = (known after apply)
      [32m+[0m[0m modified_at          = (known after apply)
      [32m+[0m[0m resolve_conflicts    = "OVERWRITE"
      [32m+[0m[0m tags                 = {
          [32m+[0m[0m "Environment" = "dev"
          [32m+[0m[0m "ManagedBy"   = "terraform"
          [32m+[0m[0m "Name"        = "fluss-eks-cluster"
          [32m+[0m[0m "Project"     = "fluss-deployment"
        }
      [32m+[0m[0m tags_all             = {
          [32m+[0m[0m "Environment" = "dev"
          [32m+[0m[0m "ManagedBy"   = "terraform"
          [32m+[0m[0m "Name"        = "fluss-eks-cluster"
          [32m+[0m[0m "Project"     = "fluss-deployment"
        }

      [32m+[0m[0m timeouts {}
    }

[1m  # module.eks.aws_eks_cluster.this[0][0m will be created
[0m  [32m+[0m[0m resource "aws_eks_cluster" "this" {
      [32m+[0m[0m arn                           = (known after apply)
      [32m+[0m[0m bootstrap_self_managed_addons = true
      [32m+[0m[0m certificate_authority         = (known after apply)
      [32m+[0m[0m cluster_id                    = (known after apply)
      [32m+[0m[0m created_at                    = (known after apply)
      [32m+[0m[0m enabled_cluster_log_types     = [
          [32m+[0m[0m "api",
          [32m+[0m[0m "audit",
          [32m+[0m[0m "authenticator",
          [32m+[0m[0m "controllerManager",
          [32m+[0m[0m "scheduler",
        ]
      [32m+[0m[0m endpoint                      = (known after apply)
      [32m+[0m[0m id                            = (known after apply)
      [32m+[0m[0m identity                      = (known after apply)
      [32m+[0m[0m name                          = "fluss-eks-cluster"
      [32m+[0m[0m platform_version              = (known after apply)
      [32m+[0m[0m role_arn                      = "arn:aws:iam::343218179954:role/fluss-eks-cluster-cluster-20251203094202677600000001"
      [32m+[0m[0m status                        = (known after apply)
      [32m+[0m[0m tags                          = {
          [32m+[0m[0m "Environment" = "dev"
          [32m+[0m[0m "ManagedBy"   = "terraform"
          [32m+[0m[0m "Name"        = "fluss-eks-cluster"
          [32m+[0m[0m "Project"     = "fluss-deployment"
        }
      [32m+[0m[0m tags_all                      = {
          [32m+[0m[0m "Environment" = "dev"
          [32m+[0m[0m "ManagedBy"   = "terraform"
          [32m+[0m[0m "Name"        = "fluss-eks-cluster"
          [32m+[0m[0m "Project"     = "fluss-deployment"
        }
      [32m+[0m[0m version                       = "1.28"

      [32m+[0m[0m access_config (known after apply)

      [32m+[0m[0m encryption_config {
          [32m+[0m[0m resources = [
              [32m+[0m[0m "secrets",
            ]

          [32m+[0m[0m provider {
              [32m+[0m[0m key_arn = "arn:aws:kms:us-west-2:343218179954:key/4847d29c-7449-4837-9b89-b80df039d877"
            }
        }

      [32m+[0m[0m kubernetes_network_config {
          [32m+[0m[0m ip_family         = (known after apply)
          [32m+[0m[0m service_ipv4_cidr = (known after apply)
          [32m+[0m[0m service_ipv6_cidr = (known after apply)

          [32m+[0m[0m elastic_load_balancing (known after apply)
        }

      [32m+[0m[0m timeouts {}

      [32m+[0m[0m upgrade_policy (known after apply)

      [32m+[0m[0m vpc_config {
          [32m+[0m[0m cluster_security_group_id = (known after apply)
          [32m+[0m[0m endpoint_private_access   = true
          [32m+[0m[0m endpoint_public_access    = true
          [32m+[0m[0m public_access_cidrs       = [
              [32m+[0m[0m "0.0.0.0/0",
            ]
          [32m+[0m[0m security_group_ids        = [
              [32m+[0m[0m "sg-05dad4fabc7de2e28",
            ]
          [32m+[0m[0m subnet_ids                = (known after apply)
          [32m+[0m[0m vpc_id                    = (known after apply)
        }
    }

[1m  # module.eks.aws_iam_openid_connect_provider.oidc_provider[0][0m will be created
[0m  [32m+[0m[0m resource "aws_iam_openid_connect_provider" "oidc_provider" {
      [32m+[0m[0m arn             = (known after apply)
      [32m+[0m[0m client_id_list  = [
          [32m+[0m[0m "sts.amazonaws.com",
        ]
      [32m+[0m[0m id              = (known after apply)
      [32m+[0m[0m tags            = {
          [32m+[0m[0m "Environment" = "dev"
          [32m+[0m[0m "ManagedBy"   = "terraform"
          [32m+[0m[0m "Name"        = "fluss-eks-cluster"
          [32m+[0m[0m "Project"     = "fluss-deployment"
        }
      [32m+[0m[0m tags_all        = {
          [32m+[0m[0m "Environment" = "dev"
          [32m+[0m[0m "ManagedBy"   = "terraform"
          [32m+[0m[0m "Name"        = "fluss-eks-cluster"
          [32m+[0m[0m "Project"     = "fluss-deployment"
        }
      [32m+[0m[0m thumbprint_list = (known after apply)
      [32m+[0m[0m url             = (known after apply)
    }

[1m  # module.eks.kubernetes_config_map_v1_data.aws_auth[0][0m will be created
[0m  [32m+[0m[0m resource "kubernetes_config_map_v1_data" "aws_auth" {
      [32m+[0m[0m data          = {
          [32m+[0m[0m "mapAccounts" = jsonencode([])
          [32m+[0m[0m "mapRoles"    = <<-EOT
                - "groups":
                  - "system:bootstrappers"
                  - "system:nodes"
                  "rolearn": "arn:aws:iam::343218179954:role/coordinator-eks-node-group-2025120309422293050000000c"
                  "username": "system:node:{{EC2PrivateDNSName}}"
                - "groups":
                  - "system:bootstrappers"
                  - "system:nodes"
                  "rolearn": "arn:aws:iam::343218179954:role/flink-jobmanager-eks-node-group-20251203094222248400000008"
                  "username": "system:node:{{EC2PrivateDNSName}}"
                - "groups":
                  - "system:bootstrappers"
                  - "system:nodes"
                  "rolearn": "arn:aws:iam::343218179954:role/flink-taskmanager-eks-node-group-2025120309422257150000000a"
                  "username": "system:node:{{EC2PrivateDNSName}}"
                - "groups":
                  - "system:bootstrappers"
                  - "system:nodes"
                  "rolearn": "arn:aws:iam::343218179954:role/producer-eks-node-group-2025120309422262940000000b"
                  "username": "system:node:{{EC2PrivateDNSName}}"
                - "groups":
                  - "system:bootstrappers"
                  - "system:nodes"
                  "rolearn": "arn:aws:iam::343218179954:role/tablet-server-eks-node-group-20251203094222393300000009"
                  "username": "system:node:{{EC2PrivateDNSName}}"
            EOT
          [32m+[0m[0m "mapUsers"    = jsonencode([])
        }
      [32m+[0m[0m field_manager = "Terraform"
      [32m+[0m[0m force         = true
      [32m+[0m[0m id            = (known after apply)

      [32m+[0m[0m metadata {
          [32m+[0m[0m name      = "aws-auth"
          [32m+[0m[0m namespace = "kube-system"
        }
    }

[1m  # module.eks.time_sleep.this[0][0m will be created
[0m  [32m+[0m[0m resource "time_sleep" "this" {
      [32m+[0m[0m create_duration = "30s"
      [32m+[0m[0m id              = (known after apply)
      [32m+[0m[0m triggers        = {
          [32m+[0m[0m "cluster_certificate_authority_data" = (known after apply)
          [32m+[0m[0m "cluster_endpoint"                   = (known after apply)
          [32m+[0m[0m "cluster_name"                       = "fluss-eks-cluster"
          [32m+[0m[0m "cluster_version"                    = "1.28"
        }
    }

[1m  # module.vpc.aws_route_table_association.private[1][0m will be created
[0m  [32m+[0m[0m resource "aws_route_table_association" "private" {
      [32m+[0m[0m id             = (known after apply)
      [32m+[0m[0m route_table_id = "rtb-0fde57ad18dd7fb37"
      [32m+[0m[0m subnet_id      = (known after apply)
    }

[1m  # module.vpc.aws_subnet.private[1][0m will be created
[0m  [32m+[0m[0m resource "aws_subnet" "private" {
      [32m+[0m[0m arn                                            = (known after apply)
      [32m+[0m[0m assign_ipv6_address_on_creation                = false
      [32m+[0m[0m availability_zone                              = "us-west-2b"
      [32m+[0m[0m availability_zone_id                           = (known after apply)
      [32m+[0m[0m cidr_block                                     = "10.0.16.0/20"
      [32m+[0m[0m enable_dns64                                   = false
      [32m+[0m[0m enable_resource_name_dns_a_record_on_launch    = false
      [32m+[0m[0m enable_resource_name_dns_aaaa_record_on_launch = false
      [32m+[0m[0m id                                             = (known after apply)
      [32m+[0m[0m ipv6_cidr_block_association_id                 = (known after apply)
      [32m+[0m[0m ipv6_native                                    = false
      [32m+[0m[0m map_public_ip_on_launch                        = false
      [32m+[0m[0m owner_id                                       = (known after apply)
      [32m+[0m[0m private_dns_hostname_type_on_launch            = (known after apply)
      [32m+[0m[0m tags                                           = {
          [32m+[0m[0m "Environment"                             = "dev"
          [32m+[0m[0m "ManagedBy"                               = "terraform"
          [32m+[0m[0m "Name"                                    = "fluss-eks-cluster-vpc"
          [32m+[0m[0m "Project"                                 = "fluss-deployment"
          [32m+[0m[0m "kubernetes.io/cluster/fluss-eks-cluster" = "shared"
          [32m+[0m[0m "kubernetes.io/role/internal-elb"         = "1"
        }
      [32m+[0m[0m tags_all                                       = {
          [32m+[0m[0m "Environment"                             = "dev"
          [32m+[0m[0m "ManagedBy"                               = "terraform"
          [32m+[0m[0m "Name"                                    = "fluss-eks-cluster-vpc"
          [32m+[0m[0m "Project"                                 = "fluss-deployment"
          [32m+[0m[0m "kubernetes.io/cluster/fluss-eks-cluster" = "shared"
          [32m+[0m[0m "kubernetes.io/role/internal-elb"         = "1"
        }
      [32m+[0m[0m vpc_id                                         = "vpc-075165244f45356a1"
    }

[1m  # module.eks.module.eks_managed_node_group["coordinator"].aws_eks_node_group.this[0][0m will be created
[0m  [32m+[0m[0m resource "aws_eks_node_group" "this" {
      [32m+[0m[0m ami_type               = (known after apply)
      [32m+[0m[0m arn                    = (known after apply)
      [32m+[0m[0m capacity_type          = "ON_DEMAND"
      [32m+[0m[0m cluster_name           = "fluss-eks-cluster"
      [32m+[0m[0m disk_size              = (known after apply)
      [32m+[0m[0m id                     = (known after apply)
      [32m+[0m[0m instance_types         = [
          [32m+[0m[0m "c5.2xlarge",
        ]
      [32m+[0m[0m labels                 = {
          [32m+[0m[0m "fluss-component" = "coordinator"
          [32m+[0m[0m "node-type"       = "coordinator"
          [32m+[0m[0m "service"         = "coordinator"
          [32m+[0m[0m "workload"        = "fluss"
        }
      [32m+[0m[0m node_group_name        = (known after apply)
      [32m+[0m[0m node_group_name_prefix = "coordinator-"
      [32m+[0m[0m node_role_arn          = "arn:aws:iam::343218179954:role/coordinator-eks-node-group-2025120309422293050000000c"
      [32m+[0m[0m release_version        = (known after apply)
      [32m+[0m[0m resources              = (known after apply)
      [32m+[0m[0m status                 = (known after apply)
      [32m+[0m[0m subnet_ids             = [
          [32m+[0m[0m "subnet-05106aeff2c93e64b",
        ]
      [32m+[0m[0m tags                   = {
          [32m+[0m[0m "Component"   = "coordinator"
          [32m+[0m[0m "Environment" = "dev"
          [32m+[0m[0m "ManagedBy"   = "terraform"
          [32m+[0m[0m "Name"        = "coordinator"
          [32m+[0m[0m "Project"     = "fluss-deployment"
          [32m+[0m[0m "Service"     = "fluss"
        }
      [32m+[0m[0m tags_all               = {
          [32m+[0m[0m "Component"   = "coordinator"
          [32m+[0m[0m "Environment" = "dev"
          [32m+[0m[0m "ManagedBy"   = "terraform"
          [32m+[0m[0m "Name"        = "coordinator"
          [32m+[0m[0m "Project"     = "fluss-deployment"
          [32m+[0m[0m "Service"     = "fluss"
        }
      [32m+[0m[0m version                = "1.28"

      [32m+[0m[0m launch_template {
          [32m+[0m[0m id      = (known after apply)
          [32m+[0m[0m name    = (known after apply)
          [32m+[0m[0m version = (known after apply)
        }

      [32m+[0m[0m node_repair_config (known after apply)

      [32m+[0m[0m scaling_config {
          [32m+[0m[0m desired_size = 1
          [32m+[0m[0m max_size     = 1
          [32m+[0m[0m min_size     = 1
        }

      [32m+[0m[0m taint {
          [32m+[0m[0m effect = "NO_SCHEDULE"
          [32m+[0m[0m key    = "fluss-component"
          [32m+[0m[0m value  = "coordinator"
        }

      [32m+[0m[0m timeouts {}

      [32m+[0m[0m update_config {
          [32m+[0m[0m max_unavailable_percentage = 33
        }
    }

[1m  # module.eks.module.eks_managed_node_group["coordinator"].aws_launch_template.this[0][0m will be created
[0m  [32m+[0m[0m resource "aws_launch_template" "this" {
      [32m+[0m[0m arn                    = (known after apply)
      [32m+[0m[0m default_version        = (known after apply)
      [32m+[0m[0m description            = "Custom launch template for coordinator EKS managed node group"
      [32m+[0m[0m id                     = (known after apply)
      [32m+[0m[0m latest_version         = (known after apply)
      [32m+[0m[0m name                   = (known after apply)
      [32m+[0m[0m name_prefix            = "coordinator-"
      [32m+[0m[0m tags                   = {
          [32m+[0m[0m "Component"   = "coordinator"
          [32m+[0m[0m "Environment" = "dev"
          [32m+[0m[0m "ManagedBy"   = "terraform"
          [32m+[0m[0m "Name"        = "fluss-eks-cluster-coordinator"
          [32m+[0m[0m "Project"     = "fluss-deployment"
          [32m+[0m[0m "Service"     = "fluss"
        }
      [32m+[0m[0m tags_all               = {
          [32m+[0m[0m "Component"   = "coordinator"
          [32m+[0m[0m "Environment" = "dev"
          [32m+[0m[0m "ManagedBy"   = "terraform"
          [32m+[0m[0m "Name"        = "fluss-eks-cluster-coordinator"
          [32m+[0m[0m "Project"     = "fluss-deployment"
          [32m+[0m[0m "Service"     = "fluss"
        }
      [32m+[0m[0m update_default_version = true
      [32m+[0m[0m vpc_security_group_ids = [
          [32m+[0m[0m "sg-0fa14be4715f60e85",
        ]
        [90m# (2 unchanged attributes hidden)[0m[0m

      [32m+[0m[0m metadata_options {
          [32m+[0m[0m http_endpoint               = "enabled"
          [32m+[0m[0m http_protocol_ipv6          = (known after apply)
          [32m+[0m[0m http_put_response_hop_limit = 2
          [32m+[0m[0m http_tokens                 = "required"
          [32m+[0m[0m instance_metadata_tags      = (known after apply)
        }

      [32m+[0m[0m tag_specifications {
          [32m+[0m[0m resource_type = "instance"
          [32m+[0m[0m tags          = {
              [32m+[0m[0m "Component"   = "coordinator"
              [32m+[0m[0m "Environment" = "dev"
              [32m+[0m[0m "ManagedBy"   = "terraform"
              [32m+[0m[0m "Name"        = "coordinator"
              [32m+[0m[0m "Project"     = "fluss-deployment"
              [32m+[0m[0m "Service"     = "fluss"
            }
        }
      [32m+[0m[0m tag_specifications {
          [32m+[0m[0m resource_type = "network-interface"
          [32m+[0m[0m tags          = {
              [32m+[0m[0m "Component"   = "coordinator"
              [32m+[0m[0m "Environment" = "dev"
              [32m+[0m[0m "ManagedBy"   = "terraform"
              [32m+[0m[0m "Name"        = "coordinator"
              [32m+[0m[0m "Project"     = "fluss-deployment"
              [32m+[0m[0m "Service"     = "fluss"
            }
        }
      [32m+[0m[0m tag_specifications {
          [32m+[0m[0m resource_type = "volume"
          [32m+[0m[0m tags          = {
              [32m+[0m[0m "Component"   = "coordinator"
              [32m+[0m[0m "Environment" = "dev"
              [32m+[0m[0m "ManagedBy"   = "terraform"
              [32m+[0m[0m "Name"        = "coordinator"
              [32m+[0m[0m "Project"     = "fluss-deployment"
              [32m+[0m[0m "Service"     = "fluss"
            }
        }
    }

[1m  # module.eks.module.eks_managed_node_group["flink_jobmanager"].aws_eks_node_group.this[0][0m will be created
[0m  [32m+[0m[0m resource "aws_eks_node_group" "this" {
      [32m+[0m[0m ami_type               = (known after apply)
      [32m+[0m[0m arn                    = (known after apply)
      [32m+[0m[0m capacity_type          = "ON_DEMAND"
      [32m+[0m[0m cluster_name           = "fluss-eks-cluster"
      [32m+[0m[0m disk_size              = (known after apply)
      [32m+[0m[0m id                     = (known after apply)
      [32m+[0m[0m instance_types         = [
          [32m+[0m[0m "c5.4xlarge",
        ]
      [32m+[0m[0m labels                 = {
          [32m+[0m[0m "flink-component" = "jobmanager"
          [32m+[0m[0m "node-type"       = "flink-jobmanager"
          [32m+[0m[0m "service"         = "flink-jobmanager"
          [32m+[0m[0m "workload"        = "flink"
        }
      [32m+[0m[0m node_group_name        = (known after apply)
      [32m+[0m[0m node_group_name_prefix = "flink-jobmanager-"
      [32m+[0m[0m node_role_arn          = "arn:aws:iam::343218179954:role/flink-jobmanager-eks-node-group-20251203094222248400000008"
      [32m+[0m[0m release_version        = (known after apply)
      [32m+[0m[0m resources              = (known after apply)
      [32m+[0m[0m status                 = (known after apply)
      [32m+[0m[0m subnet_ids             = [
          [32m+[0m[0m "subnet-05106aeff2c93e64b",
        ]
      [32m+[0m[0m tags                   = {
          [32m+[0m[0m "Component"   = "flink-jobmanager"
          [32m+[0m[0m "Environment" = "dev"
          [32m+[0m[0m "ManagedBy"   = "terraform"
          [32m+[0m[0m "Name"        = "flink-jobmanager"
          [32m+[0m[0m "Project"     = "fluss-deployment"
          [32m+[0m[0m "Service"     = "flink"
        }
      [32m+[0m[0m tags_all               = {
          [32m+[0m[0m "Component"   = "flink-jobmanager"
          [32m+[0m[0m "Environment" = "dev"
          [32m+[0m[0m "ManagedBy"   = "terraform"
          [32m+[0m[0m "Name"        = "flink-jobmanager"
          [32m+[0m[0m "Project"     = "fluss-deployment"
          [32m+[0m[0m "Service"     = "flink"
        }
      [32m+[0m[0m version                = "1.28"

      [32m+[0m[0m launch_template {
          [32m+[0m[0m id      = (known after apply)
          [32m+[0m[0m name    = (known after apply)
          [32m+[0m[0m version = (known after apply)
        }

      [32m+[0m[0m node_repair_config (known after apply)

      [32m+[0m[0m scaling_config {
          [32m+[0m[0m desired_size = 1
          [32m+[0m[0m max_size     = 1
          [32m+[0m[0m min_size     = 1
        }

      [32m+[0m[0m taint {
          [32m+[0m[0m effect = "NO_SCHEDULE"
          [32m+[0m[0m key    = "flink-component"
          [32m+[0m[0m value  = "jobmanager"
        }

      [32m+[0m[0m timeouts {}

      [32m+[0m[0m update_config {
          [32m+[0m[0m max_unavailable_percentage = 33
        }
    }

[1m  # module.eks.module.eks_managed_node_group["flink_jobmanager"].aws_launch_template.this[0][0m will be created
[0m  [32m+[0m[0m resource "aws_launch_template" "this" {
      [32m+[0m[0m arn                    = (known after apply)
      [32m+[0m[0m default_version        = (known after apply)
      [32m+[0m[0m description            = "Custom launch template for flink-jobmanager EKS managed node group"
      [32m+[0m[0m id                     = (known after apply)
      [32m+[0m[0m latest_version         = (known after apply)
      [32m+[0m[0m name                   = (known after apply)
      [32m+[0m[0m name_prefix            = "flink_jobmanager-"
      [32m+[0m[0m tags                   = {
          [32m+[0m[0m "Component"   = "flink-jobmanager"
          [32m+[0m[0m "Environment" = "dev"
          [32m+[0m[0m "ManagedBy"   = "terraform"
          [32m+[0m[0m "Name"        = "fluss-eks-cluster-flink-jobmanager"
          [32m+[0m[0m "Project"     = "fluss-deployment"
          [32m+[0m[0m "Service"     = "flink"
        }
      [32m+[0m[0m tags_all               = {
          [32m+[0m[0m "Component"   = "flink-jobmanager"
          [32m+[0m[0m "Environment" = "dev"
          [32m+[0m[0m "ManagedBy"   = "terraform"
          [32m+[0m[0m "Name"        = "fluss-eks-cluster-flink-jobmanager"
          [32m+[0m[0m "Project"     = "fluss-deployment"
          [32m+[0m[0m "Service"     = "flink"
        }
      [32m+[0m[0m update_default_version = true
      [32m+[0m[0m vpc_security_group_ids = [
          [32m+[0m[0m "sg-0fa14be4715f60e85",
        ]
        [90m# (2 unchanged attributes hidden)[0m[0m

      [32m+[0m[0m metadata_options {
          [32m+[0m[0m http_endpoint               = "enabled"
          [32m+[0m[0m http_protocol_ipv6          = (known after apply)
          [32m+[0m[0m http_put_response_hop_limit = 2
          [32m+[0m[0m http_tokens                 = "required"
          [32m+[0m[0m instance_metadata_tags      = (known after apply)
        }

      [32m+[0m[0m tag_specifications {
          [32m+[0m[0m resource_type = "instance"
          [32m+[0m[0m tags          = {
              [32m+[0m[0m "Component"   = "flink-jobmanager"
              [32m+[0m[0m "Environment" = "dev"
              [32m+[0m[0m "ManagedBy"   = "terraform"
              [32m+[0m[0m "Name"        = "flink-jobmanager"
              [32m+[0m[0m "Project"     = "fluss-deployment"
              [32m+[0m[0m "Service"     = "flink"
            }
        }
      [32m+[0m[0m tag_specifications {
          [32m+[0m[0m resource_type = "network-interface"
          [32m+[0m[0m tags          = {
              [32m+[0m[0m "Component"   = "flink-jobmanager"
              [32m+[0m[0m "Environment" = "dev"
              [32m+[0m[0m "ManagedBy"   = "terraform"
              [32m+[0m[0m "Name"        = "flink-jobmanager"
              [32m+[0m[0m "Project"     = "fluss-deployment"
              [32m+[0m[0m "Service"     = "flink"
            }
        }
      [32m+[0m[0m tag_specifications {
          [32m+[0m[0m resource_type = "volume"
          [32m+[0m[0m tags          = {
              [32m+[0m[0m "Component"   = "flink-jobmanager"
              [32m+[0m[0m "Environment" = "dev"
              [32m+[0m[0m "ManagedBy"   = "terraform"
              [32m+[0m[0m "Name"        = "flink-jobmanager"
              [32m+[0m[0m "Project"     = "fluss-deployment"
              [32m+[0m[0m "Service"     = "flink"
            }
        }
    }

[1m  # module.eks.module.eks_managed_node_group["flink_taskmanager"].aws_eks_node_group.this[0][0m will be created
[0m  [32m+[0m[0m resource "aws_eks_node_group" "this" {
      [32m+[0m[0m ami_type               = (known after apply)
      [32m+[0m[0m arn                    = (known after apply)
      [32m+[0m[0m capacity_type          = "ON_DEMAND"
      [32m+[0m[0m cluster_name           = "fluss-eks-cluster"
      [32m+[0m[0m disk_size              = (known after apply)
      [32m+[0m[0m id                     = (known after apply)
      [32m+[0m[0m instance_types         = [
          [32m+[0m[0m "c5.4xlarge",
        ]
      [32m+[0m[0m labels                 = {
          [32m+[0m[0m "flink-component" = "taskmanager"
          [32m+[0m[0m "node-type"       = "flink-taskmanager"
          [32m+[0m[0m "service"         = "flink-taskmanager"
          [32m+[0m[0m "workload"        = "flink"
        }
      [32m+[0m[0m node_group_name        = (known after apply)
      [32m+[0m[0m node_group_name_prefix = "flink-taskmanager-"
      [32m+[0m[0m node_role_arn          = "arn:aws:iam::343218179954:role/flink-taskmanager-eks-node-group-2025120309422257150000000a"
      [32m+[0m[0m release_version        = (known after apply)
      [32m+[0m[0m resources              = (known after apply)
      [32m+[0m[0m status                 = (known after apply)
      [32m+[0m[0m subnet_ids             = [
          [32m+[0m[0m "subnet-05106aeff2c93e64b",
        ]
      [32m+[0m[0m tags                   = {
          [32m+[0m[0m "Component"   = "flink-taskmanager"
          [32m+[0m[0m "Environment" = "dev"
          [32m+[0m[0m "ManagedBy"   = "terraform"
          [32m+[0m[0m "Name"        = "flink-taskmanager"
          [32m+[0m[0m "Project"     = "fluss-deployment"
          [32m+[0m[0m "Service"     = "flink"
        }
      [32m+[0m[0m tags_all               = {
          [32m+[0m[0m "Component"   = "flink-taskmanager"
          [32m+[0m[0m "Environment" = "dev"
          [32m+[0m[0m "ManagedBy"   = "terraform"
          [32m+[0m[0m "Name"        = "flink-taskmanager"
          [32m+[0m[0m "Project"     = "fluss-deployment"
          [32m+[0m[0m "Service"     = "flink"
        }
      [32m+[0m[0m version                = "1.28"

      [32m+[0m[0m launch_template {
          [32m+[0m[0m id      = (known after apply)
          [32m+[0m[0m name    = (known after apply)
          [32m+[0m[0m version = (known after apply)
        }

      [32m+[0m[0m node_repair_config (known after apply)

      [32m+[0m[0m scaling_config {
          [32m+[0m[0m desired_size = 2
          [32m+[0m[0m max_size     = 2
          [32m+[0m[0m min_size     = 2
        }

      [32m+[0m[0m taint {
          [32m+[0m[0m effect = "NO_SCHEDULE"
          [32m+[0m[0m key    = "flink-component"
          [32m+[0m[0m value  = "taskmanager"
        }

      [32m+[0m[0m timeouts {}

      [32m+[0m[0m update_config {
          [32m+[0m[0m max_unavailable_percentage = 33
        }
    }

[1m  # module.eks.module.eks_managed_node_group["flink_taskmanager"].aws_launch_template.this[0][0m will be created
[0m  [32m+[0m[0m resource "aws_launch_template" "this" {
      [32m+[0m[0m arn                    = (known after apply)
      [32m+[0m[0m default_version        = (known after apply)
      [32m+[0m[0m description            = "Custom launch template for flink-taskmanager EKS managed node group"
      [32m+[0m[0m id                     = (known after apply)
      [32m+[0m[0m latest_version         = (known after apply)
      [32m+[0m[0m name                   = (known after apply)
      [32m+[0m[0m name_prefix            = "flink_taskmanager-"
      [32m+[0m[0m tags                   = {
          [32m+[0m[0m "Component"   = "flink-taskmanager"
          [32m+[0m[0m "Environment" = "dev"
          [32m+[0m[0m "ManagedBy"   = "terraform"
          [32m+[0m[0m "Name"        = "fluss-eks-cluster-flink-taskmanager"
          [32m+[0m[0m "Project"     = "fluss-deployment"
          [32m+[0m[0m "Service"     = "flink"
        }
      [32m+[0m[0m tags_all               = {
          [32m+[0m[0m "Component"   = "flink-taskmanager"
          [32m+[0m[0m "Environment" = "dev"
          [32m+[0m[0m "ManagedBy"   = "terraform"
          [32m+[0m[0m "Name"        = "fluss-eks-cluster-flink-taskmanager"
          [32m+[0m[0m "Project"     = "fluss-deployment"
          [32m+[0m[0m "Service"     = "flink"
        }
      [32m+[0m[0m update_default_version = true
      [32m+[0m[0m vpc_security_group_ids = [
          [32m+[0m[0m "sg-0fa14be4715f60e85",
        ]
        [90m# (2 unchanged attributes hidden)[0m[0m

      [32m+[0m[0m metadata_options {
          [32m+[0m[0m http_endpoint               = "enabled"
          [32m+[0m[0m http_protocol_ipv6          = (known after apply)
          [32m+[0m[0m http_put_response_hop_limit = 2
          [32m+[0m[0m http_tokens                 = "required"
          [32m+[0m[0m instance_metadata_tags      = (known after apply)
        }

      [32m+[0m[0m tag_specifications {
          [32m+[0m[0m resource_type = "instance"
          [32m+[0m[0m tags          = {
              [32m+[0m[0m "Component"   = "flink-taskmanager"
              [32m+[0m[0m "Environment" = "dev"
              [32m+[0m[0m "ManagedBy"   = "terraform"
              [32m+[0m[0m "Name"        = "flink-taskmanager"
              [32m+[0m[0m "Project"     = "fluss-deployment"
              [32m+[0m[0m "Service"     = "flink"
            }
        }
      [32m+[0m[0m tag_specifications {
          [32m+[0m[0m resource_type = "network-interface"
          [32m+[0m[0m tags          = {
              [32m+[0m[0m "Component"   = "flink-taskmanager"
              [32m+[0m[0m "Environment" = "dev"
              [32m+[0m[0m "ManagedBy"   = "terraform"
              [32m+[0m[0m "Name"        = "flink-taskmanager"
              [32m+[0m[0m "Project"     = "fluss-deployment"
              [32m+[0m[0m "Service"     = "flink"
            }
        }
      [32m+[0m[0m tag_specifications {
          [32m+[0m[0m resource_type = "volume"
          [32m+[0m[0m tags          = {
              [32m+[0m[0m "Component"   = "flink-taskmanager"
              [32m+[0m[0m "Environment" = "dev"
              [32m+[0m[0m "ManagedBy"   = "terraform"
              [32m+[0m[0m "Name"        = "flink-taskmanager"
              [32m+[0m[0m "Project"     = "fluss-deployment"
              [32m+[0m[0m "Service"     = "flink"
            }
        }
    }

[1m  # module.eks.module.eks_managed_node_group["producer"].aws_eks_node_group.this[0][0m will be created
[0m  [32m+[0m[0m resource "aws_eks_node_group" "this" {
      [32m+[0m[0m ami_type               = (known after apply)
      [32m+[0m[0m arn                    = (known after apply)
      [32m+[0m[0m capacity_type          = "ON_DEMAND"
      [32m+[0m[0m cluster_name           = "fluss-eks-cluster"
      [32m+[0m[0m disk_size              = (known after apply)
      [32m+[0m[0m id                     = (known after apply)
      [32m+[0m[0m instance_types         = [
          [32m+[0m[0m "c5.2xlarge",
        ]
      [32m+[0m[0m labels                 = {
          [32m+[0m[0m "node-type"          = "producer"
          [32m+[0m[0m "producer-component" = "producer"
          [32m+[0m[0m "service"            = "producer"
          [32m+[0m[0m "workload"           = "producer"
        }
      [32m+[0m[0m node_group_name        = (known after apply)
      [32m+[0m[0m node_group_name_prefix = "producer-"
      [32m+[0m[0m node_role_arn          = "arn:aws:iam::343218179954:role/producer-eks-node-group-2025120309422262940000000b"
      [32m+[0m[0m release_version        = (known after apply)
      [32m+[0m[0m resources              = (known after apply)
      [32m+[0m[0m status                 = (known after apply)
      [32m+[0m[0m subnet_ids             = [
          [32m+[0m[0m "subnet-05106aeff2c93e64b",
        ]
      [32m+[0m[0m tags                   = {
          [32m+[0m[0m "Component"   = "producer"
          [32m+[0m[0m "Environment" = "dev"
          [32m+[0m[0m "ManagedBy"   = "terraform"
          [32m+[0m[0m "Name"        = "producer"
          [32m+[0m[0m "Project"     = "fluss-deployment"
          [32m+[0m[0m "Service"     = "producer"
        }
      [32m+[0m[0m tags_all               = {
          [32m+[0m[0m "Component"   = "producer"
          [32m+[0m[0m "Environment" = "dev"
          [32m+[0m[0m "ManagedBy"   = "terraform"
          [32m+[0m[0m "Name"        = "producer"
          [32m+[0m[0m "Project"     = "fluss-deployment"
          [32m+[0m[0m "Service"     = "producer"
        }
      [32m+[0m[0m version                = "1.28"

      [32m+[0m[0m launch_template {
          [32m+[0m[0m id      = (known after apply)
          [32m+[0m[0m name    = (known after apply)
          [32m+[0m[0m version = (known after apply)
        }

      [32m+[0m[0m node_repair_config (known after apply)

      [32m+[0m[0m scaling_config {
          [32m+[0m[0m desired_size = 1
          [32m+[0m[0m max_size     = 1
          [32m+[0m[0m min_size     = 1
        }

      [32m+[0m[0m taint {
          [32m+[0m[0m effect = "NO_SCHEDULE"
          [32m+[0m[0m key    = "producer-component"
          [32m+[0m[0m value  = "producer"
        }

      [32m+[0m[0m timeouts {}

      [32m+[0m[0m update_config {
          [32m+[0m[0m max_unavailable_percentage = 33
        }
    }

[1m  # module.eks.module.eks_managed_node_group["producer"].aws_launch_template.this[0][0m will be created
[0m  [32m+[0m[0m resource "aws_launch_template" "this" {
      [32m+[0m[0m arn                    = (known after apply)
      [32m+[0m[0m default_version        = (known after apply)
      [32m+[0m[0m description            = "Custom launch template for producer EKS managed node group"
      [32m+[0m[0m id                     = (known after apply)
      [32m+[0m[0m latest_version         = (known after apply)
      [32m+[0m[0m name                   = (known after apply)
      [32m+[0m[0m name_prefix            = "producer-"
      [32m+[0m[0m tags                   = {
          [32m+[0m[0m "Component"   = "producer"
          [32m+[0m[0m "Environment" = "dev"
          [32m+[0m[0m "ManagedBy"   = "terraform"
          [32m+[0m[0m "Name"        = "fluss-eks-cluster-producer"
          [32m+[0m[0m "Project"     = "fluss-deployment"
          [32m+[0m[0m "Service"     = "producer"
        }
      [32m+[0m[0m tags_all               = {
          [32m+[0m[0m "Component"   = "producer"
          [32m+[0m[0m "Environment" = "dev"
          [32m+[0m[0m "ManagedBy"   = "terraform"
          [32m+[0m[0m "Name"        = "fluss-eks-cluster-producer"
          [32m+[0m[0m "Project"     = "fluss-deployment"
          [32m+[0m[0m "Service"     = "producer"
        }
      [32m+[0m[0m update_default_version = true
      [32m+[0m[0m vpc_security_group_ids = [
          [32m+[0m[0m "sg-0fa14be4715f60e85",
        ]
        [90m# (2 unchanged attributes hidden)[0m[0m

      [32m+[0m[0m metadata_options {
          [32m+[0m[0m http_endpoint               = "enabled"
          [32m+[0m[0m http_protocol_ipv6          = (known after apply)
          [32m+[0m[0m http_put_response_hop_limit = 2
          [32m+[0m[0m http_tokens                 = "required"
          [32m+[0m[0m instance_metadata_tags      = (known after apply)
        }

      [32m+[0m[0m tag_specifications {
          [32m+[0m[0m resource_type = "instance"
          [32m+[0m[0m tags          = {
              [32m+[0m[0m "Component"   = "producer"
              [32m+[0m[0m "Environment" = "dev"
              [32m+[0m[0m "ManagedBy"   = "terraform"
              [32m+[0m[0m "Name"        = "producer"
              [32m+[0m[0m "Project"     = "fluss-deployment"
              [32m+[0m[0m "Service"     = "producer"
            }
        }
      [32m+[0m[0m tag_specifications {
          [32m+[0m[0m resource_type = "network-interface"
          [32m+[0m[0m tags          = {
              [32m+[0m[0m "Component"   = "producer"
              [32m+[0m[0m "Environment" = "dev"
              [32m+[0m[0m "ManagedBy"   = "terraform"
              [32m+[0m[0m "Name"        = "producer"
              [32m+[0m[0m "Project"     = "fluss-deployment"
              [32m+[0m[0m "Service"     = "producer"
            }
        }
      [32m+[0m[0m tag_specifications {
          [32m+[0m[0m resource_type = "volume"
          [32m+[0m[0m tags          = {
              [32m+[0m[0m "Component"   = "producer"
              [32m+[0m[0m "Environment" = "dev"
              [32m+[0m[0m "ManagedBy"   = "terraform"
              [32m+[0m[0m "Name"        = "producer"
              [32m+[0m[0m "Project"     = "fluss-deployment"
              [32m+[0m[0m "Service"     = "producer"
            }
        }
    }

[1m  # module.eks.module.eks_managed_node_group["tablet_server"].aws_eks_node_group.this[0][0m will be created
[0m  [32m+[0m[0m resource "aws_eks_node_group" "this" {
      [32m+[0m[0m ami_type               = (known after apply)
      [32m+[0m[0m arn                    = (known after apply)
      [32m+[0m[0m capacity_type          = "ON_DEMAND"
      [32m+[0m[0m cluster_name           = "fluss-eks-cluster"
      [32m+[0m[0m disk_size              = (known after apply)
      [32m+[0m[0m id                     = (known after apply)
      [32m+[0m[0m instance_types         = [
          [32m+[0m[0m "i7i.8xlarge",
        ]
      [32m+[0m[0m labels                 = {
          [32m+[0m[0m "fluss-component"                  = "tablet-server"
          [32m+[0m[0m "node-type"                        = "tablet-server"
          [32m+[0m[0m "node.kubernetes.io/instance-type" = "i7i.8xlarge"
          [32m+[0m[0m "service"                          = "tablet-server"
          [32m+[0m[0m "storage-type"                     = "nvme"
          [32m+[0m[0m "workload"                         = "fluss"
        }
      [32m+[0m[0m node_group_name        = (known after apply)
      [32m+[0m[0m node_group_name_prefix = "tablet-server-"
      [32m+[0m[0m node_role_arn          = "arn:aws:iam::343218179954:role/tablet-server-eks-node-group-20251203094222393300000009"
      [32m+[0m[0m release_version        = (known after apply)
      [32m+[0m[0m resources              = (known after apply)
      [32m+[0m[0m status                 = (known after apply)
      [32m+[0m[0m subnet_ids             = [
          [32m+[0m[0m "subnet-05106aeff2c93e64b",
        ]
      [32m+[0m[0m tags                   = {
          [32m+[0m[0m "Component"   = "tablet-server"
          [32m+[0m[0m "Environment" = "dev"
          [32m+[0m[0m "ManagedBy"   = "terraform"
          [32m+[0m[0m "Name"        = "tablet-server"
          [32m+[0m[0m "Project"     = "fluss-deployment"
          [32m+[0m[0m "Service"     = "fluss"
        }
      [32m+[0m[0m tags_all               = {
          [32m+[0m[0m "Component"   = "tablet-server"
          [32m+[0m[0m "Environment" = "dev"
          [32m+[0m[0m "ManagedBy"   = "terraform"
          [32m+[0m[0m "Name"        = "tablet-server"
          [32m+[0m[0m "Project"     = "fluss-deployment"
          [32m+[0m[0m "Service"     = "fluss"
        }
      [32m+[0m[0m version                = "1.28"

      [32m+[0m[0m launch_template {
          [32m+[0m[0m id      = (known after apply)
          [32m+[0m[0m name    = (known after apply)
          [32m+[0m[0m version = (known after apply)
        }

      [32m+[0m[0m node_repair_config (known after apply)

      [32m+[0m[0m scaling_config {
          [32m+[0m[0m desired_size = 3
          [32m+[0m[0m max_size     = 3
          [32m+[0m[0m min_size     = 3
        }

      [32m+[0m[0m timeouts {}

      [32m+[0m[0m update_config {
          [32m+[0m[0m max_unavailable_percentage = 33
        }
    }

[1m  # module.eks.module.eks_managed_node_group["tablet_server"].aws_launch_template.this[0][0m will be created
[0m  [32m+[0m[0m resource "aws_launch_template" "this" {
      [32m+[0m[0m arn                    = (known after apply)
      [32m+[0m[0m default_version        = (known after apply)
      [32m+[0m[0m description            = "Custom launch template for tablet-server EKS managed node group"
      [32m+[0m[0m id                     = (known after apply)
      [32m+[0m[0m latest_version         = (known after apply)
      [32m+[0m[0m name                   = (known after apply)
      [32m+[0m[0m name_prefix            = "tablet_server-"
      [32m+[0m[0m tags                   = {
          [32m+[0m[0m "Component"   = "tablet-server"
          [32m+[0m[0m "Environment" = "dev"
          [32m+[0m[0m "ManagedBy"   = "terraform"
          [32m+[0m[0m "Name"        = "fluss-eks-cluster-tablet-server"
          [32m+[0m[0m "Project"     = "fluss-deployment"
          [32m+[0m[0m "Service"     = "fluss"
        }
      [32m+[0m[0m tags_all               = {
          [32m+[0m[0m "Component"   = "tablet-server"
          [32m+[0m[0m "Environment" = "dev"
          [32m+[0m[0m "ManagedBy"   = "terraform"
          [32m+[0m[0m "Name"        = "fluss-eks-cluster-tablet-server"
          [32m+[0m[0m "Project"     = "fluss-deployment"
          [32m+[0m[0m "Service"     = "fluss"
        }
      [32m+[0m[0m update_default_version = true
      [32m+[0m[0m user_data              = "Q29udGVudC1UeXBlOiBtdWx0aXBhcnQvbWl4ZWQ7IGJvdW5kYXJ5PSIvLyIKTUlNRS1WZXJzaW9uOiAxLjANCg0KLS0vLw0KQ29udGVudC1UcmFuc2Zlci1FbmNvZGluZzogN2JpdA0KQ29udGVudC1UeXBlOiB0ZXh0L3gtc2hlbGxzY3JpcHQNCk1pbWUtVmVyc2lvbjogMS4wDQoNCiMhL2Jpbi9iYXNoCiMgRm9ybWF0IGFuZCBtb3VudCBOVk1lIGRyaXZlcyBmb3IgRmx1c3MgdGFibGV0IHNlcnZlcnMKICAgICAgCiMgV2FpdCBmb3IgTlZNZSBkcml2ZXMgdG8gYmUgYXZhaWxhYmxlCiMgQ2hlY2sgZm9yIGF2YWlsYWJsZSBOVk1lIGRldmljZXMgKGRpZmZlcmVudCBpbnN0YW5jZSB0eXBlcyBoYXZlIGRpZmZlcmVudCBudW1iZXJzKQpOVk1FX0NPVU5UPTAKTUFYX1dBSVQ9NjAKV0FJVF9DT1VOVD0wCiAgICAgIAp3aGlsZSBbICRXQUlUX0NPVU5UIC1sdCAkTUFYX1dBSVQgXTsgZG8KICBOVk1FX0NPVU5UPSQobHNibGsgLWQgLW4gLW8gTkFNRSB8IGdyZXAgLWMgIl5udm1lIiB8fCBlY2hvICIwIikKICBpZiBbICROVk1FX0NPVU5UIC1ndCAwIF07IHRoZW4KICAgIGJyZWFrCiAgZmkKICBzbGVlcCAyCiAgV0FJVF9DT1VOVD0kKChXQUlUX0NPVU5UICsgMikpCmRvbmUKICAgICAgCiMgRm9ybWF0IGFuZCBtb3VudCBOVk1lIGRyaXZlcwojIEZvciBpN2kuOHhsYXJnZTogdHlwaWNhbGx5IGhhcyAyIE5WTWUgZHJpdmVzIChudm1lMW4xLCBudm1lMm4xKQojIEZvciBpM2VuLjZ4bGFyZ2U6IHR5cGljYWxseSBoYXMgMiBOVk1lIGRyaXZlcwojIEZvciByNmlkLjR4bGFyZ2U6IHR5cGljYWxseSBoYXMgMSBOVk1lIGRyaXZlIChudm1lMW4xKQogICAgICAKaWYgWyAtZSAvZGV2L252bWUxbjEgXTsgdGhlbgogIGVjaG8gIlNldHRpbmcgdXAgTlZNZSBkcml2ZSAvZGV2L252bWUxbjEgZm9yIEZsdXNzIHRhYmxldCBzZXJ2ZXIgZGF0YS4uLiIKICBta2ZzLmV4dDQgLUYgL2Rldi9udm1lMW4xCiAgbWtkaXIgLXAgL21udC9mbHVzcy10YWJsZXQtZGF0YQogIG1vdW50IC9kZXYvbnZtZTFuMSAvbW50L2ZsdXNzLXRhYmxldC1kYXRhCiAgZWNobyAiL2Rldi9udm1lMW4xIC9tbnQvZmx1c3MtdGFibGV0LWRhdGEgZXh0NCBkZWZhdWx0cyxub2F0aW1lIDAgMiIgPj4gL2V0Yy9mc3RhYgogIGNobW9kIDc1NSAvbW50L2ZsdXNzLXRhYmxldC1kYXRhCiAgIyBTZXQgb3duZXJzaGlwIChhc3N1bWluZyBGbHVzcyBydW5zIGFzIFVJRCAxMDAwLCBhZGp1c3QgaWYgbmVlZGVkKQogIGNob3duIC1SIDEwMDA6MTAwMCAvbW50L2ZsdXNzLXRhYmxldC1kYXRhIHx8IHRydWUKICBlY2hvICJOVk1lIGRyaXZlIC9kZXYvbnZtZTFuMSBtb3VudGVkIHRvIC9tbnQvZmx1c3MtdGFibGV0LWRhdGEiCmZpCiAgICAgIAppZiBbIC1lIC9kZXYvbnZtZTJuMSBdOyB0aGVuCiAgZWNobyAiU2V0dGluZyB1cCBOVk1lIGRyaXZlIC9kZXYvbnZtZTJuMSBmb3IgRmx1c3MgdGFibGV0IHNlcnZlciBsb2dzLi4uIgogIG1rZnMuZXh0NCAtRiAvZGV2L252bWUybjEKICBta2RpciAtcCAvbW50L2ZsdXNzLXRhYmxldC1sb2dzCiAgbW91bnQgL2Rldi9udm1lMm4xIC9tbnQvZmx1c3MtdGFibGV0LWxvZ3MKICBlY2hvICIvZGV2L252bWUybjEgL21udC9mbHVzcy10YWJsZXQtbG9ncyBleHQ0IGRlZmF1bHRzLG5vYXRpbWUgMCAyIiA+PiAvZXRjL2ZzdGFiCiAgY2htb2QgNzU1IC9tbnQvZmx1c3MtdGFibGV0LWxvZ3MKICBjaG93biAtUiAxMDAwOjEwMDAgL21udC9mbHVzcy10YWJsZXQtbG9ncyB8fCB0cnVlCiAgZWNobyAiTlZNZSBkcml2ZSAvZGV2L252bWUybjEgbW91bnRlZCB0byAvbW50L2ZsdXNzLXRhYmxldC1sb2dzIgpmaQogICAgICAKIyBDcmVhdGUgRmx1c3MgZGF0YSBkaXJlY3RvcmllcwppZiBbIC1kIC9tbnQvZmx1c3MtdGFibGV0LWRhdGEgXTsgdGhlbgogIG1rZGlyIC1wIC9tbnQvZmx1c3MtdGFibGV0LWRhdGEvZmx1c3MvZGF0YQogIGNob3duIC1SIDEwMDA6MTAwMCAvbW50L2ZsdXNzLXRhYmxldC1kYXRhL2ZsdXNzIHx8IHRydWUKZmkKICAgICAgCmlmIFsgLWQgL21udC9mbHVzcy10YWJsZXQtbG9ncyBdOyB0aGVuCiAgbWtkaXIgLXAgL21udC9mbHVzcy10YWJsZXQtbG9ncy9mbHVzcy9sb2dzCiAgY2hvd24gLVIgMTAwMDoxMDAwIC9tbnQvZmx1c3MtdGFibGV0LWxvZ3MvZmx1c3MgfHwgdHJ1ZQpmaQogICAgICAKZWNobyAiTlZNZSBzZXR1cCBjb21wbGV0ZWQgZm9yIEZsdXNzIHRhYmxldCBzZXJ2ZXJzIgoNCi0tLy8tLQ0K"
      [32m+[0m[0m vpc_security_group_ids = [
          [32m+[0m[0m "sg-0fa14be4715f60e85",
        ]
        [90m# (1 unchanged attribute hidden)[0m[0m

      [32m+[0m[0m metadata_options {
          [32m+[0m[0m http_endpoint               = "enabled"
          [32m+[0m[0m http_protocol_ipv6          = (known after apply)
          [32m+[0m[0m http_put_response_hop_limit = 2
          [32m+[0m[0m http_tokens                 = "required"
          [32m+[0m[0m instance_metadata_tags      = (known after apply)
        }

      [32m+[0m[0m tag_specifications {
          [32m+[0m[0m resource_type = "instance"
          [32m+[0m[0m tags          = {
              [32m+[0m[0m "Component"   = "tablet-server"
              [32m+[0m[0m "Environment" = "dev"
              [32m+[0m[0m "ManagedBy"   = "terraform"
              [32m+[0m[0m "Name"        = "tablet-server"
              [32m+[0m[0m "Project"     = "fluss-deployment"
              [32m+[0m[0m "Service"     = "fluss"
            }
        }
      [32m+[0m[0m tag_specifications {
          [32m+[0m[0m resource_type = "network-interface"
          [32m+[0m[0m tags          = {
              [32m+[0m[0m "Component"   = "tablet-server"
              [32m+[0m[0m "Environment" = "dev"
              [32m+[0m[0m "ManagedBy"   = "terraform"
              [32m+[0m[0m "Name"        = "tablet-server"
              [32m+[0m[0m "Project"     = "fluss-deployment"
              [32m+[0m[0m "Service"     = "fluss"
            }
        }
      [32m+[0m[0m tag_specifications {
          [32m+[0m[0m resource_type = "volume"
          [32m+[0m[0m tags          = {
              [32m+[0m[0m "Component"   = "tablet-server"
              [32m+[0m[0m "Environment" = "dev"
              [32m+[0m[0m "ManagedBy"   = "terraform"
              [32m+[0m[0m "Name"        = "tablet-server"
              [32m+[0m[0m "Project"     = "fluss-deployment"
              [32m+[0m[0m "Service"     = "fluss"
            }
        }
    }

[1mPlan:[0m 26 to add, 0 to change, 0 to destroy.
[0m
Changes to Outputs:
  [32m+[0m[0m coordinator_node_group_id   = (known after apply)
  [32m+[0m[0m ebs_csi_driver_role_arn     = (known after apply)
  [32m+[0m[0m eks_cluster_endpoint        = (known after apply)
  [33m~[0m[0m private_subnet_ids          = [
        "subnet-05106aeff2c93e64b",
      [33m~[0m[0m "subnet-08fd6d56bce3eabab" -> (known after apply),
    ]
  [32m+[0m[0m tablet_server_node_group_id = (known after apply)
[0m[1mmodule.vpc.aws_subnet.private[1]: Creating...[0m[0m
[0m[1mmodule.vpc.aws_subnet.private[1]: Creation complete after 2s [id=subnet-097a25c54d582924f][0m
[0m[1mmodule.vpc.aws_route_table_association.private[1]: Creating...[0m[0m
[0m[1mmodule.eks.aws_eks_cluster.this[0]: Creating...[0m[0m
[0m[1mmodule.vpc.aws_route_table_association.private[1]: Creation complete after 1s [id=rtbassoc-0db6e4e094e36ab64][0m
[0m[1mmodule.eks.aws_eks_cluster.this[0]: Still creating... [10s elapsed][0m[0m
[0m[1mmodule.eks.aws_eks_cluster.this[0]: Still creating... [20s elapsed][0m[0m
[0m[1mmodule.eks.aws_eks_cluster.this[0]: Still creating... [30s elapsed][0m[0m
[0m[1mmodule.eks.aws_eks_cluster.this[0]: Still creating... [40s elapsed][0m[0m
[0m[1mmodule.eks.aws_eks_cluster.this[0]: Still creating... [50s elapsed][0m[0m
[0m[1mmodule.eks.aws_eks_cluster.this[0]: Still creating... [1m0s elapsed][0m[0m
[0m[1mmodule.eks.aws_eks_cluster.this[0]: Still creating... [1m10s elapsed][0m[0m
[0m[1mmodule.eks.aws_eks_cluster.this[0]: Still creating... [1m20s elapsed][0m[0m
[0m[1mmodule.eks.aws_eks_cluster.this[0]: Still creating... [1m30s elapsed][0m[0m
[0m[1mmodule.eks.aws_eks_cluster.this[0]: Still creating... [1m40s elapsed][0m[0m
[0m[1mmodule.eks.aws_eks_cluster.this[0]: Still creating... [1m50s elapsed][0m[0m
[0m[1mmodule.eks.aws_eks_cluster.this[0]: Still creating... [2m0s elapsed][0m[0m
[0m[1mmodule.eks.aws_eks_cluster.this[0]: Still creating... [2m10s elapsed][0m[0m
[0m[1mmodule.eks.aws_eks_cluster.this[0]: Still creating... [2m20s elapsed][0m[0m
[0m[1mmodule.eks.aws_eks_cluster.this[0]: Still creating... [2m30s elapsed][0m[0m
[0m[1mmodule.eks.aws_eks_cluster.this[0]: Still creating... [2m40s elapsed][0m[0m
[0m[1mmodule.eks.aws_eks_cluster.this[0]: Still creating... [2m50s elapsed][0m[0m
[0m[1mmodule.eks.aws_eks_cluster.this[0]: Still creating... [3m0s elapsed][0m[0m
[0m[1mmodule.eks.aws_eks_cluster.this[0]: Still creating... [3m10s elapsed][0m[0m
[0m[1mmodule.eks.aws_eks_cluster.this[0]: Still creating... [3m20s elapsed][0m[0m
[0m[1mmodule.eks.aws_eks_cluster.this[0]: Still creating... [3m30s elapsed][0m[0m
[0m[1mmodule.eks.aws_eks_cluster.this[0]: Still creating... [3m40s elapsed][0m[0m
[0m[1mmodule.eks.aws_eks_cluster.this[0]: Still creating... [3m50s elapsed][0m[0m
[0m[1mmodule.eks.aws_eks_cluster.this[0]: Still creating... [4m0s elapsed][0m[0m
[0m[1mmodule.eks.aws_eks_cluster.this[0]: Still creating... [4m10s elapsed][0m[0m
[0m[1mmodule.eks.aws_eks_cluster.this[0]: Still creating... [4m20s elapsed][0m[0m
[0m[1mmodule.eks.aws_eks_cluster.this[0]: Still creating... [4m30s elapsed][0m[0m
[0m[1mmodule.eks.aws_eks_cluster.this[0]: Still creating... [4m40s elapsed][0m[0m
[0m[1mmodule.eks.aws_eks_cluster.this[0]: Still creating... [4m50s elapsed][0m[0m
[0m[1mmodule.eks.aws_eks_cluster.this[0]: Still creating... [5m0s elapsed][0m[0m
[0m[1mmodule.eks.aws_eks_cluster.this[0]: Still creating... [5m10s elapsed][0m[0m
[0m[1mmodule.eks.aws_eks_cluster.this[0]: Still creating... [5m20s elapsed][0m[0m
[0m[1mmodule.eks.aws_eks_cluster.this[0]: Still creating... [5m30s elapsed][0m[0m
[0m[1mmodule.eks.aws_eks_cluster.this[0]: Still creating... [5m40s elapsed][0m[0m
[0m[1mmodule.eks.aws_eks_cluster.this[0]: Still creating... [5m50s elapsed][0m[0m
[0m[1mmodule.eks.aws_eks_cluster.this[0]: Still creating... [6m0s elapsed][0m[0m
[0m[1mmodule.eks.aws_eks_cluster.this[0]: Still creating... [6m10s elapsed][0m[0m
[0m[1mmodule.eks.aws_eks_cluster.this[0]: Still creating... [6m20s elapsed][0m[0m
[0m[1mmodule.eks.aws_eks_cluster.this[0]: Still creating... [6m30s elapsed][0m[0m
[0m[1mmodule.eks.aws_eks_cluster.this[0]: Still creating... [6m40s elapsed][0m[0m
[0m[1mmodule.eks.aws_eks_cluster.this[0]: Still creating... [6m50s elapsed][0m[0m
[0m[1mmodule.eks.aws_eks_cluster.this[0]: Still creating... [7m0s elapsed][0m[0m
[0m[1mmodule.eks.aws_eks_cluster.this[0]: Still creating... [7m10s elapsed][0m[0m
[0m[1mmodule.eks.aws_eks_cluster.this[0]: Still creating... [7m20s elapsed][0m[0m
[0m[1mmodule.eks.aws_eks_cluster.this[0]: Still creating... [7m30s elapsed][0m[0m
[0m[1mmodule.eks.aws_eks_cluster.this[0]: Still creating... [7m40s elapsed][0m[0m
[0m[1mmodule.eks.aws_eks_cluster.this[0]: Still creating... [7m50s elapsed][0m[0m
[0m[1mmodule.eks.aws_eks_cluster.this[0]: Still creating... [8m0s elapsed][0m[0m
[0m[1mmodule.eks.aws_eks_cluster.this[0]: Still creating... [8m10s elapsed][0m[0m
[0m[1mmodule.eks.aws_eks_cluster.this[0]: Still creating... [8m20s elapsed][0m[0m
[0m[1mmodule.eks.aws_eks_cluster.this[0]: Still creating... [8m30s elapsed][0m[0m
[0m[1mmodule.eks.aws_eks_cluster.this[0]: Still creating... [8m40s elapsed][0m[0m
[0m[1mmodule.eks.aws_eks_cluster.this[0]: Still creating... [8m50s elapsed][0m[0m
[0m[1mmodule.eks.aws_eks_cluster.this[0]: Still creating... [9m0s elapsed][0m[0m
[0m[1mmodule.eks.aws_eks_cluster.this[0]: Still creating... [9m10s elapsed][0m[0m
[0m[1mmodule.eks.aws_eks_cluster.this[0]: Still creating... [9m20s elapsed][0m[0m
[0m[1mmodule.eks.aws_eks_cluster.this[0]: Still creating... [9m30s elapsed][0m[0m
[0m[1mmodule.eks.aws_eks_cluster.this[0]: Creation complete after 9m35s [id=fluss-eks-cluster][0m
[0m[1mmodule.eks.data.aws_eks_addon_version.this["vpc-cni"]: Reading...[0m[0m
[0m[1mmodule.eks.data.aws_eks_addon_version.this["kube-proxy"]: Reading...[0m[0m
[0m[1mmodule.eks.data.aws_eks_addon_version.this["coredns"]: Reading...[0m[0m
[0m[1mmodule.eks.data.tls_certificate.this[0]: Reading...[0m[0m
[0m[1mmodule.eks.aws_ec2_tag.cluster_primary_security_group["Environment"]: Creating...[0m[0m
[0m[1mmodule.eks.aws_ec2_tag.cluster_primary_security_group["Project"]: Creating...[0m[0m
[0m[1mmodule.eks.aws_ec2_tag.cluster_primary_security_group["ManagedBy"]: Creating...[0m[0m
[0m[1mmodule.eks.time_sleep.this[0]: Creating...[0m[0m
[0m[1mmodule.eks.data.aws_eks_addon_version.this["vpc-cni"]: Read complete after 1s [id=vpc-cni][0m
[0m[1mmodule.eks.data.aws_eks_addon_version.this["kube-proxy"]: Read complete after 1s [id=kube-proxy][0m
[0m[1mmodule.eks.data.aws_eks_addon_version.this["coredns"]: Read complete after 1s [id=coredns][0m
[0m[1mmodule.eks.data.tls_certificate.this[0]: Read complete after 1s [id=4687b9863b4f2caa907e2ad6c9ffcf73433dc367][0m
[0m[1mmodule.eks.aws_iam_openid_connect_provider.oidc_provider[0]: Creating...[0m[0m
[0m[1mmodule.eks.aws_ec2_tag.cluster_primary_security_group["ManagedBy"]: Creation complete after 2s [id=sg-007e687c39cdac295,ManagedBy][0m
[0m[1mmodule.eks.aws_ec2_tag.cluster_primary_security_group["Environment"]: Creation complete after 2s [id=sg-007e687c39cdac295,Environment][0m
[0m[1mmodule.eks.aws_ec2_tag.cluster_primary_security_group["Project"]: Creation complete after 2s [id=sg-007e687c39cdac295,Project][0m
[0m[1mmodule.eks.aws_iam_openid_connect_provider.oidc_provider[0]: Creation complete after 2s [id=arn:aws:iam::343218179954:oidc-provider/oidc.eks.us-west-2.amazonaws.com/id/7FBCD2ACF26FFBB919C76BF8C0C82FBA][0m
[0m[1mmodule.eks.time_sleep.this[0]: Still creating... [10s elapsed][0m[0m
[0m[1mmodule.eks.time_sleep.this[0]: Still creating... [20s elapsed][0m[0m
[0m[1mmodule.eks.time_sleep.this[0]: Still creating... [30s elapsed][0m[0m
[0m[1mmodule.eks.time_sleep.this[0]: Creation complete after 30s [id=2025-12-03T09:57:54Z][0m
[0m[1mmodule.eks.module.eks_managed_node_group["flink_taskmanager"].aws_launch_template.this[0]: Creating...[0m[0m
[0m[1mmodule.eks.module.eks_managed_node_group["coordinator"].aws_launch_template.this[0]: Creating...[0m[0m
[0m[1mmodule.eks.module.eks_managed_node_group["producer"].aws_launch_template.this[0]: Creating...[0m[0m
[0m[1mmodule.eks.module.eks_managed_node_group["tablet_server"].aws_launch_template.this[0]: Creating...[0m[0m
[0m[1mmodule.eks.module.eks_managed_node_group["flink_jobmanager"].aws_launch_template.this[0]: Creating...[0m[0m
[0m[1mmodule.eks.module.eks_managed_node_group["flink_jobmanager"].aws_launch_template.this[0]: Creation complete after 8s [id=lt-0b720149d19b67632][0m
[0m[1mmodule.eks.module.eks_managed_node_group["flink_taskmanager"].aws_launch_template.this[0]: Creation complete after 8s [id=lt-0d1e301a614bf5ddc][0m
[0m[1mmodule.eks.module.eks_managed_node_group["coordinator"].aws_launch_template.this[0]: Creation complete after 8s [id=lt-0f2793c161c0697c8][0m
[0m[1mmodule.eks.module.eks_managed_node_group["producer"].aws_launch_template.this[0]: Creation complete after 9s [id=lt-0df3a5a8dcdc29de1][0m
[0m[1mmodule.eks.module.eks_managed_node_group["tablet_server"].aws_launch_template.this[0]: Creation complete after 9s [id=lt-078d47306bb88ac40][0m
[0m[1mmodule.eks.module.eks_managed_node_group["flink_jobmanager"].aws_eks_node_group.this[0]: Creating...[0m[0m
[0m[1mmodule.eks.module.eks_managed_node_group["producer"].aws_eks_node_group.this[0]: Creating...[0m[0m
[0m[1mmodule.eks.module.eks_managed_node_group["coordinator"].aws_eks_node_group.this[0]: Creating...[0m[0m
[0m[1mmodule.eks.module.eks_managed_node_group["tablet_server"].aws_eks_node_group.this[0]: Creating...[0m[0m
[0m[1mmodule.eks.module.eks_managed_node_group["flink_taskmanager"].aws_eks_node_group.this[0]: Creating...[0m[0m
[0m[1mmodule.eks.module.eks_managed_node_group["flink_jobmanager"].aws_eks_node_group.this[0]: Still creating... [10s elapsed][0m[0m
[0m[1mmodule.eks.module.eks_managed_node_group["flink_taskmanager"].aws_eks_node_group.this[0]: Still creating... [10s elapsed][0m[0m
[0m[1mmodule.eks.module.eks_managed_node_group["coordinator"].aws_eks_node_group.this[0]: Still creating... [10s elapsed][0m[0m
[0m[1mmodule.eks.module.eks_managed_node_group["tablet_server"].aws_eks_node_group.this[0]: Still creating... [10s elapsed][0m[0m
[0m[1mmodule.eks.module.eks_managed_node_group["producer"].aws_eks_node_group.this[0]: Still creating... [10s elapsed][0m[0m
[0m[1mmodule.eks.module.eks_managed_node_group["flink_taskmanager"].aws_eks_node_group.this[0]: Still creating... [20s elapsed][0m[0m
[0m[1mmodule.eks.module.eks_managed_node_group["coordinator"].aws_eks_node_group.this[0]: Still creating... [20s elapsed][0m[0m
[0m[1mmodule.eks.module.eks_managed_node_group["flink_jobmanager"].aws_eks_node_group.this[0]: Still creating... [20s elapsed][0m[0m
[0m[1mmodule.eks.module.eks_managed_node_group["producer"].aws_eks_node_group.this[0]: Still creating... [20s elapsed][0m[0m
[0m[1mmodule.eks.module.eks_managed_node_group["tablet_server"].aws_eks_node_group.this[0]: Still creating... [20s elapsed][0m[0m
[0m[1mmodule.eks.module.eks_managed_node_group["producer"].aws_eks_node_group.this[0]: Still creating... [30s elapsed][0m[0m
[0m[1mmodule.eks.module.eks_managed_node_group["flink_jobmanager"].aws_eks_node_group.this[0]: Still creating... [30s elapsed][0m[0m
[0m[1mmodule.eks.module.eks_managed_node_group["tablet_server"].aws_eks_node_group.this[0]: Still creating... [30s elapsed][0m[0m
[0m[1mmodule.eks.module.eks_managed_node_group["coordinator"].aws_eks_node_group.this[0]: Still creating... [30s elapsed][0m[0m
[0m[1mmodule.eks.module.eks_managed_node_group["flink_taskmanager"].aws_eks_node_group.this[0]: Still creating... [30s elapsed][0m[0m
[0m[1mmodule.eks.module.eks_managed_node_group["producer"].aws_eks_node_group.this[0]: Still creating... [40s elapsed][0m[0m
[0m[1mmodule.eks.module.eks_managed_node_group["flink_taskmanager"].aws_eks_node_group.this[0]: Still creating... [40s elapsed][0m[0m
[0m[1mmodule.eks.module.eks_managed_node_group["flink_jobmanager"].aws_eks_node_group.this[0]: Still creating... [40s elapsed][0m[0m
[0m[1mmodule.eks.module.eks_managed_node_group["tablet_server"].aws_eks_node_group.this[0]: Still creating... [40s elapsed][0m[0m
[0m[1mmodule.eks.module.eks_managed_node_group["coordinator"].aws_eks_node_group.this[0]: Still creating... [40s elapsed][0m[0m
[0m[1mmodule.eks.module.eks_managed_node_group["producer"].aws_eks_node_group.this[0]: Still creating... [50s elapsed][0m[0m
[0m[1mmodule.eks.module.eks_managed_node_group["flink_jobmanager"].aws_eks_node_group.this[0]: Still creating... [50s elapsed][0m[0m
[0m[1mmodule.eks.module.eks_managed_node_group["coordinator"].aws_eks_node_group.this[0]: Still creating... [50s elapsed][0m[0m
[0m[1mmodule.eks.module.eks_managed_node_group["tablet_server"].aws_eks_node_group.this[0]: Still creating... [50s elapsed][0m[0m
[0m[1mmodule.eks.module.eks_managed_node_group["flink_taskmanager"].aws_eks_node_group.this[0]: Still creating... [50s elapsed][0m[0m
[0m[1mmodule.eks.module.eks_managed_node_group["tablet_server"].aws_eks_node_group.this[0]: Still creating... [1m0s elapsed][0m[0m
[0m[1mmodule.eks.module.eks_managed_node_group["flink_taskmanager"].aws_eks_node_group.this[0]: Still creating... [1m0s elapsed][0m[0m
[0m[1mmodule.eks.module.eks_managed_node_group["flink_jobmanager"].aws_eks_node_group.this[0]: Still creating... [1m0s elapsed][0m[0m
[0m[1mmodule.eks.module.eks_managed_node_group["coordinator"].aws_eks_node_group.this[0]: Still creating... [1m0s elapsed][0m[0m
[0m[1mmodule.eks.module.eks_managed_node_group["producer"].aws_eks_node_group.this[0]: Still creating... [1m0s elapsed][0m[0m
[0m[1mmodule.eks.module.eks_managed_node_group["flink_jobmanager"].aws_eks_node_group.this[0]: Still creating... [1m10s elapsed][0m[0m
[0m[1mmodule.eks.module.eks_managed_node_group["producer"].aws_eks_node_group.this[0]: Still creating... [1m10s elapsed][0m[0m
[0m[1mmodule.eks.module.eks_managed_node_group["coordinator"].aws_eks_node_group.this[0]: Still creating... [1m10s elapsed][0m[0m
[0m[1mmodule.eks.module.eks_managed_node_group["tablet_server"].aws_eks_node_group.this[0]: Still creating... [1m10s elapsed][0m[0m
[0m[1mmodule.eks.module.eks_managed_node_group["flink_taskmanager"].aws_eks_node_group.this[0]: Still creating... [1m10s elapsed][0m[0m
[0m[1mmodule.eks.module.eks_managed_node_group["flink_taskmanager"].aws_eks_node_group.this[0]: Still creating... [1m20s elapsed][0m[0m
[0m[1mmodule.eks.module.eks_managed_node_group["coordinator"].aws_eks_node_group.this[0]: Still creating... [1m20s elapsed][0m[0m
[0m[1mmodule.eks.module.eks_managed_node_group["tablet_server"].aws_eks_node_group.this[0]: Still creating... [1m20s elapsed][0m[0m
[0m[1mmodule.eks.module.eks_managed_node_group["producer"].aws_eks_node_group.this[0]: Still creating... [1m20s elapsed][0m[0m
[0m[1mmodule.eks.module.eks_managed_node_group["flink_jobmanager"].aws_eks_node_group.this[0]: Still creating... [1m20s elapsed][0m[0m
[0m[1mmodule.eks.module.eks_managed_node_group["tablet_server"].aws_eks_node_group.this[0]: Creation complete after 1m22s [id=fluss-eks-cluster:tablet-server-20251203095802760700000013][0m
[0m[1mmodule.eks.module.eks_managed_node_group["coordinator"].aws_eks_node_group.this[0]: Still creating... [1m30s elapsed][0m[0m
[0m[1mmodule.eks.module.eks_managed_node_group["flink_jobmanager"].aws_eks_node_group.this[0]: Still creating... [1m30s elapsed][0m[0m
[0m[1mmodule.eks.module.eks_managed_node_group["flink_taskmanager"].aws_eks_node_group.this[0]: Still creating... [1m30s elapsed][0m[0m
[0m[1mmodule.eks.module.eks_managed_node_group["producer"].aws_eks_node_group.this[0]: Still creating... [1m30s elapsed][0m[0m
[0m[1mmodule.eks.module.eks_managed_node_group["flink_taskmanager"].aws_eks_node_group.this[0]: Still creating... [1m40s elapsed][0m[0m
[0m[1mmodule.eks.module.eks_managed_node_group["flink_jobmanager"].aws_eks_node_group.this[0]: Still creating... [1m40s elapsed][0m[0m
[0m[1mmodule.eks.module.eks_managed_node_group["coordinator"].aws_eks_node_group.this[0]: Still creating... [1m40s elapsed][0m[0m
[0m[1mmodule.eks.module.eks_managed_node_group["producer"].aws_eks_node_group.this[0]: Still creating... [1m40s elapsed][0m[0m
[0m[1mmodule.eks.module.eks_managed_node_group["flink_jobmanager"].aws_eks_node_group.this[0]: Creation complete after 1m43s [id=fluss-eks-cluster:flink-jobmanager-2025120309580275400000000b][0m
[0m[1mmodule.eks.module.eks_managed_node_group["producer"].aws_eks_node_group.this[0]: Creation complete after 1m43s [id=fluss-eks-cluster:producer-2025120309580275660000000f][0m
[0m[1mmodule.eks.module.eks_managed_node_group["coordinator"].aws_eks_node_group.this[0]: Creation complete after 1m45s [id=fluss-eks-cluster:coordinator-2025120309580275560000000d][0m
[0m[1mmodule.eks.module.eks_managed_node_group["flink_taskmanager"].aws_eks_node_group.this[0]: Still creating... [1m50s elapsed][0m[0m
[0m[1mmodule.eks.module.eks_managed_node_group["flink_taskmanager"].aws_eks_node_group.this[0]: Still creating... [2m0s elapsed][0m[0m
[0m[1mmodule.eks.module.eks_managed_node_group["flink_taskmanager"].aws_eks_node_group.this[0]: Creation complete after 2m5s [id=fluss-eks-cluster:flink-taskmanager-20251203095802757600000011][0m
[0m[1mmodule.eks.aws_eks_addon.this["kube-proxy"]: Creating...[0m[0m
[0m[1mmodule.eks.aws_eks_addon.this["coredns"]: Creating...[0m[0m
[0m[1mmodule.eks.aws_eks_addon.this["vpc-cni"]: Creating...[0m[0m
[0m[1mmodule.eks.kubernetes_config_map_v1_data.aws_auth[0]: Creating...[0m[0m
[0m[1mmodule.eks.kubernetes_config_map_v1_data.aws_auth[0]: Creation complete after 2s [id=kube-system/aws-auth][0m
[0m[1mmodule.eks.aws_eks_addon.this["kube-proxy"]: Still creating... [10s elapsed][0m[0m
[0m[1mmodule.eks.aws_eks_addon.this["vpc-cni"]: Still creating... [10s elapsed][0m[0m
[0m[1mmodule.eks.aws_eks_addon.this["coredns"]: Still creating... [10s elapsed][0m[0m
[0m[1mmodule.eks.aws_eks_addon.this["coredns"]: Creation complete after 17s [id=fluss-eks-cluster:coredns][0m
[0m[1mmodule.eks.aws_eks_addon.this["kube-proxy"]: Still creating... [20s elapsed][0m[0m
[0m[1mmodule.eks.aws_eks_addon.this["vpc-cni"]: Still creating... [20s elapsed][0m[0m
[0m[1mmodule.eks.aws_eks_addon.this["kube-proxy"]: Creation complete after 28s [id=fluss-eks-cluster:kube-proxy][0m
[0m[1mmodule.eks.aws_eks_addon.this["vpc-cni"]: Still creating... [30s elapsed][0m[0m
[0m[1mmodule.eks.aws_eks_addon.this["vpc-cni"]: Still creating... [40s elapsed][0m[0m
[0m[1mmodule.eks.aws_eks_addon.this["vpc-cni"]: Still creating... [50s elapsed][0m[0m
[0m[1mmodule.eks.aws_eks_addon.this["vpc-cni"]: Still creating... [1m0s elapsed][0m[0m
[0m[1mmodule.eks.aws_eks_addon.this["vpc-cni"]: Creation complete after 1m10s [id=fluss-eks-cluster:vpc-cni][0m
[0m[1mmodule.ebs_csi_irsa[0].data.aws_region.current: Reading...[0m[0m
[0m[1mmodule.ebs_csi_irsa[0].data.aws_partition.current: Reading...[0m[0m
[0m[1mmodule.ebs_csi_irsa[0].data.aws_caller_identity.current: Reading...[0m[0m
[0m[1mmodule.ebs_csi_irsa[0].data.aws_region.current: Read complete after 0s [id=us-west-2][0m
[0m[1mmodule.ebs_csi_irsa[0].data.aws_partition.current: Read complete after 0s [id=aws][0m
[0m[1mmodule.ebs_csi_irsa[0].data.aws_iam_policy_document.ebs_csi[0]: Reading...[0m[0m
[0m[1mmodule.ebs_csi_irsa[0].data.aws_iam_policy_document.ebs_csi[0]: Read complete after 0s [id=4189668531][0m
[0m[1mmodule.ebs_csi_irsa[0].aws_iam_policy.ebs_csi[0]: Creating...[0m[0m
[0m[1mmodule.ebs_csi_irsa[0].data.aws_caller_identity.current: Read complete after 1s [id=343218179954][0m
[0m[1mmodule.ebs_csi_irsa[0].data.aws_iam_policy_document.this[0]: Reading...[0m[0m
[0m[1mmodule.ebs_csi_irsa[0].data.aws_iam_policy_document.this[0]: Read complete after 0s [id=910145305][0m
[0m[1mmodule.ebs_csi_irsa[0].aws_iam_role.this[0]: Creating...[0m[0m
[0m[1mmodule.ebs_csi_irsa[0].aws_iam_policy.ebs_csi[0]: Creation complete after 2s [id=arn:aws:iam::343218179954:policy/AmazonEKS_EBS_CSI_Policy-20251203100117985700000018][0m
[0m[1mmodule.ebs_csi_irsa[0].aws_iam_role.this[0]: Creation complete after 2s [id=fluss-eks-cluster-ebs-csi-driver][0m
[0m[1mmodule.ebs_csi_irsa[0].aws_iam_role_policy_attachment.ebs_csi[0]: Creating...[0m[0m
[0m[1mmodule.ebs_csi_irsa[0].aws_iam_role_policy_attachment.ebs_csi[0]: Creation complete after 0s [id=fluss-eks-cluster-ebs-csi-driver-20251203100120861400000019][0m
[0m[1maws_eks_addon.ebs_csi_driver[0]: Creating...[0m[0m
[0m[1maws_eks_addon.ebs_csi_driver[0]: Still creating... [10s elapsed][0m[0m
[0m[1maws_eks_addon.ebs_csi_driver[0]: Still creating... [20s elapsed][0m[0m
[0m[1maws_eks_addon.ebs_csi_driver[0]: Still creating... [30s elapsed][0m[0m
[0m[1maws_eks_addon.ebs_csi_driver[0]: Still creating... [40s elapsed][0m[0m
[0m[1maws_eks_addon.ebs_csi_driver[0]: Creation complete after 48s [id=fluss-eks-cluster:aws-ebs-csi-driver][0m
[33m╷[0m[0m
[33m│[0m [0m[1m[33mWarning: [0m[0m[1mArgument is deprecated[0m
[33m│[0m [0m
[33m│[0m [0m[0m  with module.eks.aws_iam_role.this[0],
[33m│[0m [0m  on .terraform/modules/eks/main.tf line 293, in resource "aws_iam_role" "this":
[33m│[0m [0m 293: resource "aws_iam_role" "this" [4m{[0m[0m
[33m│[0m [0m
[33m│[0m [0minline_policy is deprecated. Use the aws_iam_role_policy resource instead.
[33m│[0m [0mIf Terraform should exclusively manage all inline policy associations (the
[33m│[0m [0mcurrent behavior of this argument), use the aws_iam_role_policies_exclusive
[33m│[0m [0mresource as well.
[33m│[0m [0m
[33m│[0m [0m(and 6 more similar warnings elsewhere)
[33m╵[0m[0m
[0m[1m[32m
Apply complete! Resources: 26 added, 0 changed, 0 destroyed.
[0m[0m[1m[32m
Outputs:

[0mcoordinator_node_group_id = "fluss-eks-cluster:coordinator-2025120309580275560000000d"
demo_image_repository = "343218179954.dkr.ecr.us-west-2.amazonaws.com/fluss-demo"
ebs_csi_driver_installed = true
ebs_csi_driver_role_arn = "arn:aws:iam::343218179954:role/fluss-eks-cluster-ebs-csi-driver"
eks_cluster_endpoint = "https://7FBCD2ACF26FFBB919C76BF8C0C82FBA.gr7.us-west-2.eks.amazonaws.com"
eks_cluster_name = "fluss-eks-cluster"
fluss_coordinator_service = "coordinator-server-hs.fluss.svc.cluster.local:9124"
fluss_image_repository = "343218179954.dkr.ecr.us-west-2.amazonaws.com/fluss"
grafana_credentials = "Username: admin, Password: admin123"
grafana_url = "Access Grafana via: kubectl port-forward -n monitoring svc/prometheus-grafana 3000:80"
monitoring_namespace = "monitoring"
namespace = "fluss"
private_subnet_ids = [
  "subnet-05106aeff2c93e64b",
  "subnet-097a25c54d582924f",
]
prometheus_url = "http://prometheus-kube-prometheus-prometheus.monitoring.svc.cluster.local:9090"
public_subnet_ids = [
  "subnet-0327037039cebb266",
  "subnet-018a5639466ad859c",
]
tablet_server_node_group_id = "fluss-eks-cluster:tablet-server-20251203095802760700000013"
vpc_id = "vpc-075165244f45356a1"
zookeeper_service = "zk-svc.fluss.svc.cluster.local:2181"
